{
  "version": 4,
  "terraform_version": "1.14.7",
  "serial": 5,
  "lineage": "ea241b50-0e10-a017-49bd-2c6a5378f68b",
  "outputs": {
    "student_vms": {
      "value": [
        "192.168.1.232",
        "192.168.1.231",
        "192.168.1.233"
      ],
      "type": [
        "tuple",
        [
          "string",
          "string",
          "string"
        ]
      ]
    }
  },
  "resources": [
    {
      "mode": "data",
      "type": "vsphere_compute_cluster",
      "name": "cluster",
      "provider": "provider[\"registry.terraform.io/hashicorp/vsphere\"]",
      "instances": [
        {
          "schema_version": 0,
          "attributes": {
            "datacenter_id": "datacenter-1001",
            "id": "domain-c1019",
            "name": "Lab-Cluster",
            "resource_pool_id": "resgroup-1020"
          },
          "sensitive_attributes": [],
          "identity_schema_version": 0
        }
      ]
    },
    {
      "mode": "data",
      "type": "vsphere_datacenter",
      "name": "dc",
      "provider": "provider[\"registry.terraform.io/hashicorp/vsphere\"]",
      "instances": [
        {
          "schema_version": 0,
          "attributes": {
            "id": "datacenter-1001",
            "name": "LAB-DC",
            "virtual_machines": [
              "AD-DNS",
              "DS-mgr01",
              "DS-mgr02",
              "DS-mgr03",
              "Kube-WN01",
              "Kube-WN02",
              "Kube-master",
              "LAB-NFS-Server",
              "guacamole-server",
              "guacamole-server-old",
              "pfsense-main",
              "stuvm1",
              "stuvm10",
              "stuvm11",
              "stuvm12",
              "stuvm13",
              "stuvm14",
              "stuvm15",
              "stuvm16",
              "stuvm17",
              "stuvm18",
              "stuvm19",
              "stuvm20",
              "stuvm21",
              "stuvm22",
              "stuvm23",
              "stuvm24",
              "stuvm25",
              "stuvm26",
              "stuvm3",
              "stuvm4",
              "stuvm5",
              "stuvm6",
              "stuvm7",
              "stuvm8",
              "stuvm9",
              "test-vm02",
              "tf-ubuntu-MAIN-hacked",
              "ubuntu-temp01",
              "ubuntu-template",
              "vCLS-a7235b07-8021-420d-8fe4-4601c93bb291",
              "vcsa-01",
              "vyos-router",
              "win-10"
            ]
          },
          "sensitive_attributes": [],
          "identity_schema_version": 0
        }
      ]
    },
    {
      "mode": "data",
      "type": "vsphere_datastore",
      "name": "datastore",
      "provider": "provider[\"registry.terraform.io/hashicorp/vsphere\"]",
      "instances": [
        {
          "schema_version": 0,
          "attributes": {
            "datacenter_id": "datacenter-1001",
            "id": "datastore-1013",
            "name": "datastore1",
            "stats": {
              "capacity": "11380589592576",
              "free": "8486958137344"
            }
          },
          "sensitive_attributes": [],
          "identity_schema_version": 0
        }
      ]
    },
    {
      "mode": "data",
      "type": "vsphere_network",
      "name": "network",
      "provider": "provider[\"registry.terraform.io/hashicorp/vsphere\"]",
      "instances": [
        {
          "schema_version": 0,
          "attributes": {
            "datacenter_id": "datacenter-1001",
            "distributed_virtual_switch_uuid": null,
            "filter": null,
            "id": "network-2001",
            "name": "private-192",
            "retry_interval": 500,
            "retry_timeout": 0,
            "type": "Network"
          },
          "sensitive_attributes": [],
          "identity_schema_version": 0
        }
      ]
    },
    {
      "mode": "data",
      "type": "vsphere_virtual_machine",
      "name": "template",
      "provider": "provider[\"registry.terraform.io/hashicorp/vsphere\"]",
      "instances": [
        {
          "schema_version": 0,
          "attributes": {
            "alternate_guest_name": "",
            "annotation": "",
            "boot_delay": 0,
            "boot_retry_delay": 10000,
            "boot_retry_enabled": false,
            "change_version": "2026-04-28T03:30:57.808653Z",
            "cpu_hot_add_enabled": true,
            "cpu_hot_remove_enabled": false,
            "cpu_limit": -1,
            "cpu_performance_counters_enabled": false,
            "cpu_reservation": 0,
            "cpu_share_count": 2000,
            "cpu_share_level": "normal",
            "datacenter_id": "datacenter-1001",
            "default_ip_address": "192.168.1.118",
            "disks": [],
            "efi_secure_boot_enabled": false,
            "enable_disk_uuid": false,
            "enable_logging": true,
            "ept_rvi_mode": "automatic",
            "extra_config": {},
            "extra_config_reboot_required": true,
            "firmware": "bios",
            "folder": null,
            "guest_id": "ubuntu64Guest",
            "guest_ip_addresses": [
              "192.168.1.118",
              "fe80::d31d:8501:69fc:ad9a"
            ],
            "hardware_version": 10,
            "hv_mode": "hvAuto",
            "id": "564da9f3-ebd0-f686-ea9a-8a9a37c6883d",
            "ide_controller_scan_count": 2,
            "instance_uuid": "52c9f45b-cd5a-f0d4-3c5e-a001d5473a54",
            "latency_sensitivity": "normal",
            "memory": 4096,
            "memory_hot_add_enabled": true,
            "memory_limit": -1,
            "memory_reservation": 0,
            "memory_reservation_locked_to_max": false,
            "memory_share_count": 40960,
            "memory_share_level": "normal",
            "moid": "vm-2013",
            "name": "ubuntu-temp01",
            "nested_hv_enabled": false,
            "network_interface_types": [
              "e1000"
            ],
            "network_interfaces": [
              {
                "adapter_type": "e1000",
                "bandwidth_limit": -1,
                "bandwidth_reservation": 0,
                "bandwidth_share_count": 50,
                "bandwidth_share_level": "normal",
                "mac_address": "00:0c:29:c6:88:3d",
                "network_id": "network-2001",
                "physical_function": ""
              }
            ],
            "num_cores_per_socket": 1,
            "num_cpus": 2,
            "nvme_controller_scan_count": 1,
            "replace_trigger": null,
            "run_tools_scripts_after_power_on": true,
            "run_tools_scripts_after_resume": true,
            "run_tools_scripts_before_guest_reboot": false,
            "run_tools_scripts_before_guest_shutdown": true,
            "run_tools_scripts_before_guest_standby": true,
            "sata_controller_scan_count": 0,
            "scsi_bus_sharing": "unknown",
            "scsi_controller_scan_count": 1,
            "scsi_type": "unknown",
            "storage_policy_id": null,
            "swap_placement_policy": "inherit",
            "sync_time_with_host": false,
            "sync_time_with_host_periodically": false,
            "tools_upgrade_policy": "manual",
            "uuid": "564da9f3-ebd0-f686-ea9a-8a9a37c6883d",
            "vapp": null,
            "vapp_transport": [],
            "vbs_enabled": false,
            "vtpm": false,
            "vvtd_enabled": false
          },
          "sensitive_attributes": [],
          "identity_schema_version": 0
        }
      ]
    },
    {
      "mode": "managed",
      "type": "vsphere_virtual_machine",
      "name": "student_vm",
      "provider": "provider[\"registry.terraform.io/hashicorp/vsphere\"]",
      "instances": [
        {
          "index_key": 0,
          "schema_version": 3,
          "attributes": {
            "alternate_guest_name": "",
            "annotation": "",
            "boot_delay": 0,
            "boot_retry_delay": 10000,
            "boot_retry_enabled": false,
            "cdrom": [],
            "change_version": "2026-06-08T04:38:21.257091Z",
            "clone": [
              {
                "customization_spec": [],
                "customize": [],
                "linked_clone": false,
                "ovf_network_map": null,
                "ovf_storage_map": null,
                "template_uuid": "564da9f3-ebd0-f686-ea9a-8a9a37c6883d",
                "timeout": 30
              }
            ],
            "cpu_hot_add_enabled": false,
            "cpu_hot_remove_enabled": false,
            "cpu_limit": -1,
            "cpu_performance_counters_enabled": false,
            "cpu_reservation": 0,
            "cpu_share_count": 4000,
            "cpu_share_level": "normal",
            "custom_attributes": null,
            "datacenter_id": null,
            "datastore_cluster_id": null,
            "datastore_id": "datastore-1013",
            "default_ip_address": "192.168.1.232",
            "disk": [
              {
                "attach": false,
                "controller_type": "scsi",
                "datastore_id": "datastore-1013",
                "device_address": "scsi:0:0",
                "disk_mode": "persistent",
                "disk_sharing": "sharingNone",
                "eagerly_scrub": false,
                "io_limit": -1,
                "io_reservation": 0,
                "io_share_count": 1000,
                "io_share_level": "normal",
                "keep_on_remove": false,
                "key": 2000,
                "label": "disk0",
                "path": "stuvm27/stuvm27_1.vmdk",
                "size": 500,
                "storage_policy_id": "",
                "thin_provisioned": true,
                "unit_number": 0,
                "uuid": "6000C29a-4b87-48d8-6d50-3aaadd072535",
                "write_through": false
              },
              {
                "attach": false,
                "controller_type": "sata",
                "datastore_id": "datastore-1013",
                "device_address": "sata:0:0",
                "disk_mode": "persistent",
                "disk_sharing": "sharingNone",
                "eagerly_scrub": false,
                "io_limit": -1,
                "io_reservation": 0,
                "io_share_count": 1000,
                "io_share_level": "normal",
                "keep_on_remove": true,
                "key": 16000,
                "label": "orphaned_disk_0",
                "path": "stuvm27/stuvm27.vmdk",
                "size": 500,
                "storage_policy_id": "",
                "thin_provisioned": true,
                "unit_number": 0,
                "uuid": "6000C29b-9172-22be-4859-9e476ebb6fcc",
                "write_through": false
              }
            ],
            "efi_secure_boot_enabled": false,
            "enable_disk_uuid": false,
            "enable_logging": false,
            "ept_rvi_mode": "automatic",
            "extra_config": {
              "guestinfo.userdata": "I2Nsb3VkLWNvbmZpZwoKaG9zdG5hbWU6IHN0dXZtMjcKCnBhY2thZ2VfdXBkYXRlOiB0cnVlCgpwYWNrYWdlczoKICAtIHVidW50dS1kZXNrdG9wCiAgLSB4cmRwCiAgLSBvcGVuc3NoLXNlcnZlcgogIC0gZG9ja2VyLmlvCiAgLSBnaXQKICAtIGN1cmwKICAtIG5mcy1jb21tb24KCnVzZXJzOgogIC0gZGVmYXVsdAogIC0gbmFtZTogc3R1ZGVudAogICAgZ3JvdXBzOiBzdWRvLGRvY2tlcgogICAgc2hlbGw6IC9iaW4vYmFzaAogICAgc3VkbzogQUxMPShBTEwpIE5PUEFTU1dEOkFMTAogICAgbG9ja19wYXNzd2Q6IGZhbHNlCiAgICBwYXNzd2Q6ICQ2JEFOV25QU1VWYTcvWHRNTFgkRkNBYTh6eVdFVWVvZWl4SGZkaGRaZGQ2UnpuUHF1cGdWc2phdjNCOXZGQzNCY0Jpb3Q0OWs1aHU2dGd0cUoycy5SVTd5b0cyVVVpWWZHTy5FYklKVy8KCnNzaF9wd2F1dGg6IHRydWUKCnJ1bmNtZDoKICAtIHN5c3RlbWN0bCBlbmFibGUgc3NoCiAgLSBzeXN0ZW1jdGwgc3RhcnQgc3NoCiAgLSBzeXN0ZW1jdGwgZW5hYmxlIHhyZHAKICAtIHN5c3RlbWN0bCBzdGFydCB4cmRwCiAgLSBlY2hvICJzdHVkZW50OlN0dWRlbnRAMTIzIiB8IGNocGFzc3dkCiAgLSBta2RpciAtcCAvbW50L25mc3NoYXJlCiAgLSBlY2hvICIxOTIuMTY4LjEuOTk6L21udC9uZnNzaGFyZSAvbW50L25mc3NoYXJlIG5mcyBkZWZhdWx0cyxfbmV0ZGV2LG5vZmFpbCAwIDAiID4+IC9ldGMvZnN0YWIKICAtIG1vdW50IC1hCiAgLSBta2RpciAtcCAvbW50L25mc3NoYXJlL3N0dXZtMjcKICAtIG1rZGlyIC1wIC9ob21lL3N0dWRlbnQvd29ya3NwYWNlCiAgLSBtb3VudCAtLWJpbmQgL21udC9uZnNzaGFyZS9zdHV2bTI3IC9ob21lL3N0dWRlbnQvd29ya3NwYWNlCiAgLSBlY2hvICIvbW50L25mc3NoYXJlL3N0dXZtMjcgL2hvbWUvc3R1ZGVudC93b3Jrc3BhY2Ugbm9uZSBiaW5kIDAgMCIgPj4gL2V0Yy9mc3RhYgogIC0gY2hvd24gLVIgc3R1ZGVudDpzdHVkZW50IC9tbnQvbmZzc2hhcmUvc3R1dm0yNwogIC0gY2hvd24gLVIgc3R1ZGVudDpzdHVkZW50IC9ob21lL3N0dWRlbnQvd29ya3NwYWNlCg==",
              "guestinfo.userdata.encoding": "base64"
            },
            "extra_config_reboot_required": true,
            "firmware": "bios",
            "folder": "",
            "force_power_off": true,
            "guest_id": "ubuntu64Guest",
            "guest_ip_addresses": [
              "192.168.1.232",
              "fe80::250:56ff:feb1:4ce6"
            ],
            "hardware_version": 10,
            "host_system_id": "host-1010",
            "hv_mode": "hvAuto",
            "id": "4231e162-25aa-8cf7-e8ca-50e6f2e8345e",
            "ide_controller_count": 2,
            "ignored_guest_ips": null,
            "imported": null,
            "latency_sensitivity": "normal",
            "memory": 8096,
            "memory_hot_add_enabled": false,
            "memory_limit": -1,
            "memory_reservation": 0,
            "memory_reservation_locked_to_max": false,
            "memory_share_count": 80960,
            "memory_share_level": "normal",
            "migrate_wait_timeout": 30,
            "moid": "vm-3115",
            "name": "stuvm27",
            "nested_hv_enabled": false,
            "network_interface": [
              {
                "adapter_type": "vmxnet3",
                "bandwidth_limit": -1,
                "bandwidth_reservation": 0,
                "bandwidth_share_count": 50,
                "bandwidth_share_level": "normal",
                "device_address": "pci:0:7",
                "key": 4000,
                "mac_address": "00:50:56:b1:4c:e6",
                "network_id": "network-2001",
                "ovf_mapping": "",
                "physical_function": "",
                "use_static_mac": false
              }
            ],
            "num_cores_per_socket": 1,
            "num_cpus": 4,
            "nvme_controller_count": 0,
            "ovf_deploy": [],
            "pci_device_id": null,
            "power_state": "on",
            "poweron_timeout": 300,
            "reboot_required": false,
            "replace_trigger": null,
            "resource_pool_id": "resgroup-1020",
            "run_tools_scripts_after_power_on": true,
            "run_tools_scripts_after_resume": true,
            "run_tools_scripts_before_guest_reboot": false,
            "run_tools_scripts_before_guest_shutdown": true,
            "run_tools_scripts_before_guest_standby": true,
            "sata_controller_count": 0,
            "scsi_bus_sharing": "noSharing",
            "scsi_controller_count": 1,
            "scsi_type": "pvscsi",
            "shutdown_wait_timeout": 3,
            "storage_policy_id": "",
            "swap_placement_policy": "inherit",
            "sync_time_with_host": false,
            "sync_time_with_host_periodically": false,
            "tags": null,
            "tools_upgrade_policy": "manual",
            "uuid": "4231e162-25aa-8cf7-e8ca-50e6f2e8345e",
            "vapp": [],
            "vapp_transport": [],
            "vbs_enabled": false,
            "vmware_tools_status": "guestToolsRunning",
            "vmx_path": "stuvm27/stuvm27.vmx",
            "vtpm": [],
            "vvtd_enabled": false,
            "wait_for_guest_ip_timeout": 0,
            "wait_for_guest_net_routable": true,
            "wait_for_guest_net_timeout": 5
          },
          "sensitive_attributes": [],
          "identity_schema_version": 0,
          "private": "eyJzY2hlbWFfdmVyc2lvbiI6IjMifQ==",
          "dependencies": [
            "data.vsphere_compute_cluster.cluster",
            "data.vsphere_datacenter.dc",
            "data.vsphere_datastore.datastore",
            "data.vsphere_network.network",
            "data.vsphere_virtual_machine.template"
          ]
        },
        {
          "index_key": 1,
          "schema_version": 3,
          "attributes": {
            "alternate_guest_name": "",
            "annotation": "",
            "boot_delay": 0,
            "boot_retry_delay": 10000,
            "boot_retry_enabled": false,
            "cdrom": [],
            "change_version": "2026-06-08T04:38:21.405652Z",
            "clone": [
              {
                "customization_spec": [],
                "customize": [],
                "linked_clone": false,
                "ovf_network_map": null,
                "ovf_storage_map": null,
                "template_uuid": "564da9f3-ebd0-f686-ea9a-8a9a37c6883d",
                "timeout": 30
              }
            ],
            "cpu_hot_add_enabled": false,
            "cpu_hot_remove_enabled": false,
            "cpu_limit": -1,
            "cpu_performance_counters_enabled": false,
            "cpu_reservation": 0,
            "cpu_share_count": 4000,
            "cpu_share_level": "normal",
            "custom_attributes": null,
            "datacenter_id": null,
            "datastore_cluster_id": null,
            "datastore_id": "datastore-1013",
            "default_ip_address": "192.168.1.231",
            "disk": [
              {
                "attach": false,
                "controller_type": "scsi",
                "datastore_id": "datastore-1013",
                "device_address": "scsi:0:0",
                "disk_mode": "persistent",
                "disk_sharing": "sharingNone",
                "eagerly_scrub": false,
                "io_limit": -1,
                "io_reservation": 0,
                "io_share_count": 1000,
                "io_share_level": "normal",
                "keep_on_remove": false,
                "key": 2000,
                "label": "disk0",
                "path": "stuvm28/stuvm28_1.vmdk",
                "size": 500,
                "storage_policy_id": "",
                "thin_provisioned": true,
                "unit_number": 0,
                "uuid": "6000C292-79c3-7e06-b146-cb212852dd13",
                "write_through": false
              },
              {
                "attach": false,
                "controller_type": "sata",
                "datastore_id": "datastore-1013",
                "device_address": "sata:0:0",
                "disk_mode": "persistent",
                "disk_sharing": "sharingNone",
                "eagerly_scrub": false,
                "io_limit": -1,
                "io_reservation": 0,
                "io_share_count": 1000,
                "io_share_level": "normal",
                "keep_on_remove": true,
                "key": 16000,
                "label": "orphaned_disk_0",
                "path": "stuvm28/stuvm28.vmdk",
                "size": 500,
                "storage_policy_id": "",
                "thin_provisioned": true,
                "unit_number": 0,
                "uuid": "6000C295-76ff-4e8b-7761-938501aaa042",
                "write_through": false
              }
            ],
            "efi_secure_boot_enabled": false,
            "enable_disk_uuid": false,
            "enable_logging": false,
            "ept_rvi_mode": "automatic",
            "extra_config": {
              "guestinfo.userdata": "I2Nsb3VkLWNvbmZpZwoKaG9zdG5hbWU6IHN0dXZtMjgKCnBhY2thZ2VfdXBkYXRlOiB0cnVlCgpwYWNrYWdlczoKICAtIHVidW50dS1kZXNrdG9wCiAgLSB4cmRwCiAgLSBvcGVuc3NoLXNlcnZlcgogIC0gZG9ja2VyLmlvCiAgLSBnaXQKICAtIGN1cmwKICAtIG5mcy1jb21tb24KCnVzZXJzOgogIC0gZGVmYXVsdAogIC0gbmFtZTogc3R1ZGVudAogICAgZ3JvdXBzOiBzdWRvLGRvY2tlcgogICAgc2hlbGw6IC9iaW4vYmFzaAogICAgc3VkbzogQUxMPShBTEwpIE5PUEFTU1dEOkFMTAogICAgbG9ja19wYXNzd2Q6IGZhbHNlCiAgICBwYXNzd2Q6ICQ2JEFOV25QU1VWYTcvWHRNTFgkRkNBYTh6eVdFVWVvZWl4SGZkaGRaZGQ2UnpuUHF1cGdWc2phdjNCOXZGQzNCY0Jpb3Q0OWs1aHU2dGd0cUoycy5SVTd5b0cyVVVpWWZHTy5FYklKVy8KCnNzaF9wd2F1dGg6IHRydWUKCnJ1bmNtZDoKICAtIHN5c3RlbWN0bCBlbmFibGUgc3NoCiAgLSBzeXN0ZW1jdGwgc3RhcnQgc3NoCiAgLSBzeXN0ZW1jdGwgZW5hYmxlIHhyZHAKICAtIHN5c3RlbWN0bCBzdGFydCB4cmRwCiAgLSBlY2hvICJzdHVkZW50OlN0dWRlbnRAMTIzIiB8IGNocGFzc3dkCiAgLSBta2RpciAtcCAvbW50L25mc3NoYXJlCiAgLSBlY2hvICIxOTIuMTY4LjEuOTk6L21udC9uZnNzaGFyZSAvbW50L25mc3NoYXJlIG5mcyBkZWZhdWx0cyxfbmV0ZGV2LG5vZmFpbCAwIDAiID4+IC9ldGMvZnN0YWIKICAtIG1vdW50IC1hCiAgLSBta2RpciAtcCAvbW50L25mc3NoYXJlL3N0dXZtMjgKICAtIG1rZGlyIC1wIC9ob21lL3N0dWRlbnQvd29ya3NwYWNlCiAgLSBtb3VudCAtLWJpbmQgL21udC9uZnNzaGFyZS9zdHV2bTI4IC9ob21lL3N0dWRlbnQvd29ya3NwYWNlCiAgLSBlY2hvICIvbW50L25mc3NoYXJlL3N0dXZtMjggL2hvbWUvc3R1ZGVudC93b3Jrc3BhY2Ugbm9uZSBiaW5kIDAgMCIgPj4gL2V0Yy9mc3RhYgogIC0gY2hvd24gLVIgc3R1ZGVudDpzdHVkZW50IC9tbnQvbmZzc2hhcmUvc3R1dm0yOAogIC0gY2hvd24gLVIgc3R1ZGVudDpzdHVkZW50IC9ob21lL3N0dWRlbnQvd29ya3NwYWNlCg==",
              "guestinfo.userdata.encoding": "base64"
            },
            "extra_config_reboot_required": true,
            "firmware": "bios",
            "folder": "",
            "force_power_off": true,
            "guest_id": "ubuntu64Guest",
            "guest_ip_addresses": [
              "192.168.1.231",
              "fe80::250:56ff:feb1:f53a"
            ],
            "hardware_version": 10,
            "host_system_id": "host-1010",
            "hv_mode": "hvAuto",
            "id": "42311ba3-910a-a847-3f15-2db843386796",
            "ide_controller_count": 2,
            "ignored_guest_ips": null,
            "imported": null,
            "latency_sensitivity": "normal",
            "memory": 8096,
            "memory_hot_add_enabled": false,
            "memory_limit": -1,
            "memory_reservation": 0,
            "memory_reservation_locked_to_max": false,
            "memory_share_count": 80960,
            "memory_share_level": "normal",
            "migrate_wait_timeout": 30,
            "moid": "vm-3114",
            "name": "stuvm28",
            "nested_hv_enabled": false,
            "network_interface": [
              {
                "adapter_type": "vmxnet3",
                "bandwidth_limit": -1,
                "bandwidth_reservation": 0,
                "bandwidth_share_count": 50,
                "bandwidth_share_level": "normal",
                "device_address": "pci:0:7",
                "key": 4000,
                "mac_address": "00:50:56:b1:f5:3a",
                "network_id": "network-2001",
                "ovf_mapping": "",
                "physical_function": "",
                "use_static_mac": false
              }
            ],
            "num_cores_per_socket": 1,
            "num_cpus": 4,
            "nvme_controller_count": 0,
            "ovf_deploy": [],
            "pci_device_id": null,
            "power_state": "on",
            "poweron_timeout": 300,
            "reboot_required": false,
            "replace_trigger": null,
            "resource_pool_id": "resgroup-1020",
            "run_tools_scripts_after_power_on": true,
            "run_tools_scripts_after_resume": true,
            "run_tools_scripts_before_guest_reboot": false,
            "run_tools_scripts_before_guest_shutdown": true,
            "run_tools_scripts_before_guest_standby": true,
            "sata_controller_count": 0,
            "scsi_bus_sharing": "noSharing",
            "scsi_controller_count": 1,
            "scsi_type": "pvscsi",
            "shutdown_wait_timeout": 3,
            "storage_policy_id": "",
            "swap_placement_policy": "inherit",
            "sync_time_with_host": false,
            "sync_time_with_host_periodically": false,
            "tags": null,
            "tools_upgrade_policy": "manual",
            "uuid": "42311ba3-910a-a847-3f15-2db843386796",
            "vapp": [],
            "vapp_transport": [],
            "vbs_enabled": false,
            "vmware_tools_status": "guestToolsRunning",
            "vmx_path": "stuvm28/stuvm28.vmx",
            "vtpm": [],
            "vvtd_enabled": false,
            "wait_for_guest_ip_timeout": 0,
            "wait_for_guest_net_routable": true,
            "wait_for_guest_net_timeout": 5
          },
          "sensitive_attributes": [],
          "identity_schema_version": 0,
          "private": "eyJzY2hlbWFfdmVyc2lvbiI6IjMifQ==",
          "dependencies": [
            "data.vsphere_compute_cluster.cluster",
            "data.vsphere_datacenter.dc",
            "data.vsphere_datastore.datastore",
            "data.vsphere_network.network",
            "data.vsphere_virtual_machine.template"
          ]
        },
        {
          "index_key": 2,
          "schema_version": 3,
          "attributes": {
            "alternate_guest_name": "",
            "annotation": "",
            "boot_delay": 0,
            "boot_retry_delay": 10000,
            "boot_retry_enabled": false,
            "cdrom": [],
            "change_version": "2026-06-08T04:39:23.155998Z",
            "clone": [
              {
                "customization_spec": [],
                "customize": [],
                "linked_clone": false,
                "ovf_network_map": null,
                "ovf_storage_map": null,
                "template_uuid": "564da9f3-ebd0-f686-ea9a-8a9a37c6883d",
                "timeout": 30
              }
            ],
            "cpu_hot_add_enabled": false,
            "cpu_hot_remove_enabled": false,
            "cpu_limit": -1,
            "cpu_performance_counters_enabled": false,
            "cpu_reservation": 0,
            "cpu_share_count": 4000,
            "cpu_share_level": "normal",
            "custom_attributes": null,
            "datacenter_id": null,
            "datastore_cluster_id": null,
            "datastore_id": "datastore-1013",
            "default_ip_address": "192.168.1.233",
            "disk": [
              {
                "attach": false,
                "controller_type": "scsi",
                "datastore_id": "datastore-1013",
                "device_address": "scsi:0:0",
                "disk_mode": "persistent",
                "disk_sharing": "sharingNone",
                "eagerly_scrub": false,
                "io_limit": -1,
                "io_reservation": 0,
                "io_share_count": 1000,
                "io_share_level": "normal",
                "keep_on_remove": false,
                "key": 2000,
                "label": "disk0",
                "path": "stuvm29/stuvm29_1.vmdk",
                "size": 500,
                "storage_policy_id": "",
                "thin_provisioned": true,
                "unit_number": 0,
                "uuid": "6000C29d-948d-c2de-a8aa-c12e5130b535",
                "write_through": false
              },
              {
                "attach": false,
                "controller_type": "sata",
                "datastore_id": "datastore-1013",
                "device_address": "sata:0:0",
                "disk_mode": "persistent",
                "disk_sharing": "sharingNone",
                "eagerly_scrub": false,
                "io_limit": -1,
                "io_reservation": 0,
                "io_share_count": 1000,
                "io_share_level": "normal",
                "keep_on_remove": true,
                "key": 16000,
                "label": "orphaned_disk_0",
                "path": "stuvm29/stuvm29.vmdk",
                "size": 500,
                "storage_policy_id": "",
                "thin_provisioned": true,
                "unit_number": 0,
                "uuid": "6000C296-8868-13cd-2fa5-e94d03ef5bf0",
                "write_through": false
              }
            ],
            "efi_secure_boot_enabled": false,
            "enable_disk_uuid": false,
            "enable_logging": false,
            "ept_rvi_mode": "automatic",
            "extra_config": {
              "guestinfo.userdata": "I2Nsb3VkLWNvbmZpZwoKaG9zdG5hbWU6IHN0dXZtMjkKCnBhY2thZ2VfdXBkYXRlOiB0cnVlCgpwYWNrYWdlczoKICAtIHVidW50dS1kZXNrdG9wCiAgLSB4cmRwCiAgLSBvcGVuc3NoLXNlcnZlcgogIC0gZG9ja2VyLmlvCiAgLSBnaXQKICAtIGN1cmwKICAtIG5mcy1jb21tb24KCnVzZXJzOgogIC0gZGVmYXVsdAogIC0gbmFtZTogc3R1ZGVudAogICAgZ3JvdXBzOiBzdWRvLGRvY2tlcgogICAgc2hlbGw6IC9iaW4vYmFzaAogICAgc3VkbzogQUxMPShBTEwpIE5PUEFTU1dEOkFMTAogICAgbG9ja19wYXNzd2Q6IGZhbHNlCiAgICBwYXNzd2Q6ICQ2JEFOV25QU1VWYTcvWHRNTFgkRkNBYTh6eVdFVWVvZWl4SGZkaGRaZGQ2UnpuUHF1cGdWc2phdjNCOXZGQzNCY0Jpb3Q0OWs1aHU2dGd0cUoycy5SVTd5b0cyVVVpWWZHTy5FYklKVy8KCnNzaF9wd2F1dGg6IHRydWUKCnJ1bmNtZDoKICAtIHN5c3RlbWN0bCBlbmFibGUgc3NoCiAgLSBzeXN0ZW1jdGwgc3RhcnQgc3NoCiAgLSBzeXN0ZW1jdGwgZW5hYmxlIHhyZHAKICAtIHN5c3RlbWN0bCBzdGFydCB4cmRwCiAgLSBlY2hvICJzdHVkZW50OlN0dWRlbnRAMTIzIiB8IGNocGFzc3dkCiAgLSBta2RpciAtcCAvbW50L25mc3NoYXJlCiAgLSBlY2hvICIxOTIuMTY4LjEuOTk6L21udC9uZnNzaGFyZSAvbW50L25mc3NoYXJlIG5mcyBkZWZhdWx0cyxfbmV0ZGV2LG5vZmFpbCAwIDAiID4+IC9ldGMvZnN0YWIKICAtIG1vdW50IC1hCiAgLSBta2RpciAtcCAvbW50L25mc3NoYXJlL3N0dXZtMjkKICAtIG1rZGlyIC1wIC9ob21lL3N0dWRlbnQvd29ya3NwYWNlCiAgLSBtb3VudCAtLWJpbmQgL21udC9uZnNzaGFyZS9zdHV2bTI5IC9ob21lL3N0dWRlbnQvd29ya3NwYWNlCiAgLSBlY2hvICIvbW50L25mc3NoYXJlL3N0dXZtMjkgL2hvbWUvc3R1ZGVudC93b3Jrc3BhY2Ugbm9uZSBiaW5kIDAgMCIgPj4gL2V0Yy9mc3RhYgogIC0gY2hvd24gLVIgc3R1ZGVudDpzdHVkZW50IC9tbnQvbmZzc2hhcmUvc3R1dm0yOQogIC0gY2hvd24gLVIgc3R1ZGVudDpzdHVkZW50IC9ob21lL3N0dWRlbnQvd29ya3NwYWNlCg==",
              "guestinfo.userdata.encoding": "base64"
            },
            "extra_config_reboot_required": true,
            "firmware": "bios",
            "folder": "",
            "force_power_off": true,
            "guest_id": "ubuntu64Guest",
            "guest_ip_addresses": [
              "192.168.1.233",
              "fe80::250:56ff:feb1:d364"
            ],
            "hardware_version": 10,
            "host_system_id": "host-1010",
            "hv_mode": "hvAuto",
            "id": "4231823f-b9f9-153e-90db-f513a336da1a",
            "ide_controller_count": 2,
            "ignored_guest_ips": null,
            "imported": null,
            "latency_sensitivity": "normal",
            "memory": 8096,
            "memory_hot_add_enabled": false,
            "memory_limit": -1,
            "memory_reservation": 0,
            "memory_reservation_locked_to_max": false,
            "memory_share_count": 80960,
            "memory_share_level": "normal",
            "migrate_wait_timeout": 30,
            "moid": "vm-3116",
            "name": "stuvm29",
            "nested_hv_enabled": false,
            "network_interface": [
              {
                "adapter_type": "vmxnet3",
                "bandwidth_limit": -1,
                "bandwidth_reservation": 0,
                "bandwidth_share_count": 50,
                "bandwidth_share_level": "normal",
                "device_address": "pci:0:7",
                "key": 4000,
                "mac_address": "00:50:56:b1:d3:64",
                "network_id": "network-2001",
                "ovf_mapping": "",
                "physical_function": "",
                "use_static_mac": false
              }
            ],
            "num_cores_per_socket": 1,
            "num_cpus": 4,
            "nvme_controller_count": 0,
            "ovf_deploy": [],
            "pci_device_id": null,
            "power_state": "on",
            "poweron_timeout": 300,
            "reboot_required": false,
            "replace_trigger": null,
            "resource_pool_id": "resgroup-1020",
            "run_tools_scripts_after_power_on": true,
            "run_tools_scripts_after_resume": true,
            "run_tools_scripts_before_guest_reboot": false,
            "run_tools_scripts_before_guest_shutdown": true,
            "run_tools_scripts_before_guest_standby": true,
            "sata_controller_count": 0,
            "scsi_bus_sharing": "noSharing",
            "scsi_controller_count": 1,
            "scsi_type": "pvscsi",
            "shutdown_wait_timeout": 3,
            "storage_policy_id": "",
            "swap_placement_policy": "inherit",
            "sync_time_with_host": false,
            "sync_time_with_host_periodically": false,
            "tags": null,
            "tools_upgrade_policy": "manual",
            "uuid": "4231823f-b9f9-153e-90db-f513a336da1a",
            "vapp": [],
            "vapp_transport": [],
            "vbs_enabled": false,
            "vmware_tools_status": "guestToolsRunning",
            "vmx_path": "stuvm29/stuvm29.vmx",
            "vtpm": [],
            "vvtd_enabled": false,
            "wait_for_guest_ip_timeout": 0,
            "wait_for_guest_net_routable": true,
            "wait_for_guest_net_timeout": 5
          },
          "sensitive_attributes": [],
          "identity_schema_version": 0,
          "private": "eyJzY2hlbWFfdmVyc2lvbiI6IjMifQ==",
          "dependencies": [
            "data.vsphere_compute_cluster.cluster",
            "data.vsphere_datacenter.dc",
            "data.vsphere_datastore.datastore",
            "data.vsphere_network.network",
            "data.vsphere_virtual_machine.template"
          ]
        }
      ]
    }
  ],
  "check_results": null
}
