{
  "version": 4,
  "terraform_version": "1.14.7",
  "serial": 104,
  "lineage": "753da862-cd5c-f7aa-f151-8012e9bfff32",
  "outputs": {
    "guacamole_ip": {
      "value": "192.168.1.151",
      "type": "string"
    },
    "guacamole_url": {
      "value": "http://192.168.1.151:8080/guacamole",
      "type": "string"
    },
    "mysql_data_path": {
      "value": "/opt/guacamole/mysql-data",
      "type": "string"
    },
    "student_vms": {
      "value": [
        "192.168.1.153",
        "192.168.1.155",
        "192.168.1.154"
      ],
      "type": [
        "tuple",
        [
          "string",
          "string",
          "string"
        ]
      ]
    }
  },
  "resources": [
    {
      "mode": "data",
      "type": "vsphere_compute_cluster",
      "name": "cluster",
      "provider": "provider[\"registry.terraform.io/hashicorp/vsphere\"]",
      "instances": [
        {
          "schema_version": 0,
          "attributes": {
            "datacenter_id": "datacenter-1001",
            "id": "domain-c1019",
            "name": "Lab-Cluster",
            "resource_pool_id": "resgroup-1020"
          },
          "sensitive_attributes": [],
          "identity_schema_version": 0
        }
      ]
    },
    {
      "mode": "data",
      "type": "vsphere_datacenter",
      "name": "dc",
      "provider": "provider[\"registry.terraform.io/hashicorp/vsphere\"]",
      "instances": [
        {
          "schema_version": 0,
          "attributes": {
            "id": "datacenter-1001",
            "name": "LAB-DC",
            "virtual_machines": [
              "AD-DNS",
              "DS-mgr01",
              "DS-mgr02",
              "DS-mgr03",
              "Kube-WN01",
              "Kube-WN02",
              "Kube-master",
              "guacamole-server",
              "guacamole-server-old",
              "pfsense-main",
              "student-vm-1",
              "student-vm-2",
              "student-vm-3",
              "test-vm02",
              "tf-ubuntu-MAIN-hacked",
              "ubuntu-temp01",
              "ubuntu-template",
              "vCLS-a7235b07-8021-420d-8fe4-4601c93bb291",
              "vcsa-01",
              "vyos-router",
              "win-10"
            ]
          },
          "sensitive_attributes": [],
          "identity_schema_version": 0
        }
      ]
    },
    {
      "mode": "data",
      "type": "vsphere_datastore",
      "name": "datastore",
      "provider": "provider[\"registry.terraform.io/hashicorp/vsphere\"]",
      "instances": [
        {
          "schema_version": 0,
          "attributes": {
            "datacenter_id": "datacenter-1001",
            "id": "datastore-1013",
            "name": "datastore1",
            "stats": {
              "capacity": "11380589592576",
              "free": "9804521144320"
            }
          },
          "sensitive_attributes": [],
          "identity_schema_version": 0
        }
      ]
    },
    {
      "mode": "data",
      "type": "vsphere_network",
      "name": "network",
      "provider": "provider[\"registry.terraform.io/hashicorp/vsphere\"]",
      "instances": [
        {
          "schema_version": 0,
          "attributes": {
            "datacenter_id": "datacenter-1001",
            "distributed_virtual_switch_uuid": null,
            "filter": null,
            "id": "network-2001",
            "name": "private-192",
            "retry_interval": 500,
            "retry_timeout": 0,
            "type": "Network"
          },
          "sensitive_attributes": [],
          "identity_schema_version": 0
        }
      ]
    },
    {
      "mode": "data",
      "type": "vsphere_virtual_machine",
      "name": "template",
      "provider": "provider[\"registry.terraform.io/hashicorp/vsphere\"]",
      "instances": [
        {
          "schema_version": 0,
          "attributes": {
            "alternate_guest_name": "",
            "annotation": "",
            "boot_delay": 0,
            "boot_retry_delay": 10000,
            "boot_retry_enabled": false,
            "change_version": "2026-04-28T03:30:57.808653Z",
            "cpu_hot_add_enabled": true,
            "cpu_hot_remove_enabled": false,
            "cpu_limit": -1,
            "cpu_performance_counters_enabled": false,
            "cpu_reservation": 0,
            "cpu_share_count": 2000,
            "cpu_share_level": "normal",
            "datacenter_id": "datacenter-1001",
            "default_ip_address": "192.168.1.118",
            "disks": [],
            "efi_secure_boot_enabled": false,
            "enable_disk_uuid": false,
            "enable_logging": true,
            "ept_rvi_mode": "automatic",
            "extra_config": {},
            "extra_config_reboot_required": true,
            "firmware": "bios",
            "folder": null,
            "guest_id": "ubuntu64Guest",
            "guest_ip_addresses": [
              "192.168.1.118",
              "fe80::d31d:8501:69fc:ad9a"
            ],
            "hardware_version": 10,
            "hv_mode": "hvAuto",
            "id": "564da9f3-ebd0-f686-ea9a-8a9a37c6883d",
            "ide_controller_scan_count": 2,
            "instance_uuid": "52c9f45b-cd5a-f0d4-3c5e-a001d5473a54",
            "latency_sensitivity": "normal",
            "memory": 4096,
            "memory_hot_add_enabled": true,
            "memory_limit": -1,
            "memory_reservation": 0,
            "memory_reservation_locked_to_max": false,
            "memory_share_count": 40960,
            "memory_share_level": "normal",
            "moid": "vm-2013",
            "name": "ubuntu-temp01",
            "nested_hv_enabled": false,
            "network_interface_types": [
              "e1000"
            ],
            "network_interfaces": [
              {
                "adapter_type": "e1000",
                "bandwidth_limit": -1,
                "bandwidth_reservation": 0,
                "bandwidth_share_count": 50,
                "bandwidth_share_level": "normal",
                "mac_address": "00:0c:29:c6:88:3d",
                "network_id": "network-2001",
                "physical_function": ""
              }
            ],
            "num_cores_per_socket": 1,
            "num_cpus": 2,
            "nvme_controller_scan_count": 1,
            "replace_trigger": null,
            "run_tools_scripts_after_power_on": true,
            "run_tools_scripts_after_resume": true,
            "run_tools_scripts_before_guest_reboot": false,
            "run_tools_scripts_before_guest_shutdown": true,
            "run_tools_scripts_before_guest_standby": true,
            "sata_controller_scan_count": 0,
            "scsi_bus_sharing": "unknown",
            "scsi_controller_scan_count": 1,
            "scsi_type": "unknown",
            "storage_policy_id": null,
            "swap_placement_policy": "inherit",
            "sync_time_with_host": false,
            "sync_time_with_host_periodically": false,
            "tools_upgrade_policy": "manual",
            "uuid": "564da9f3-ebd0-f686-ea9a-8a9a37c6883d",
            "vapp": null,
            "vapp_transport": [],
            "vbs_enabled": false,
            "vtpm": false,
            "vvtd_enabled": false
          },
          "sensitive_attributes": [],
          "identity_schema_version": 0
        }
      ]
    },
    {
      "mode": "managed",
      "type": "vsphere_folder",
      "name": "web-ubuntu",
      "provider": "provider[\"registry.terraform.io/hashicorp/vsphere\"]",
      "instances": [
        {
          "schema_version": 1,
          "attributes": {
            "custom_attributes": {},
            "datacenter_id": "datacenter-1001",
            "id": "group-v3028",
            "path": "dev/web-ubuntu",
            "tags": [],
            "type": "vm"
          },
          "sensitive_attributes": [],
          "identity_schema_version": 0,
          "private": "eyJzY2hlbWFfdmVyc2lvbiI6IjEifQ==",
          "dependencies": [
            "data.vsphere_datacenter.dc"
          ]
        }
      ]
    },
    {
      "mode": "managed",
      "type": "vsphere_virtual_machine",
      "name": "guacamole",
      "provider": "provider[\"registry.terraform.io/hashicorp/vsphere\"]",
      "instances": [
        {
          "schema_version": 3,
          "attributes": {
            "alternate_guest_name": "",
            "annotation": "",
            "boot_delay": 0,
            "boot_retry_delay": 10000,
            "boot_retry_enabled": false,
            "cdrom": [],
            "change_version": "2026-05-20T07:19:29.495595Z",
            "clone": [
              {
                "customization_spec": [],
                "customize": [],
                "linked_clone": false,
                "ovf_network_map": {},
                "ovf_storage_map": {},
                "template_uuid": "564da9f3-ebd0-f686-ea9a-8a9a37c6883d",
                "timeout": 30
              }
            ],
            "cpu_hot_add_enabled": false,
            "cpu_hot_remove_enabled": false,
            "cpu_limit": -1,
            "cpu_performance_counters_enabled": false,
            "cpu_reservation": 0,
            "cpu_share_count": 2000,
            "cpu_share_level": "normal",
            "custom_attributes": {},
            "datacenter_id": null,
            "datastore_cluster_id": null,
            "datastore_id": "datastore-1013",
            "default_ip_address": "192.168.1.151",
            "disk": [
              {
                "attach": false,
                "controller_type": "scsi",
                "datastore_id": "datastore-1013",
                "device_address": "scsi:0:0",
                "disk_mode": "persistent",
                "disk_sharing": "sharingNone",
                "eagerly_scrub": false,
                "io_limit": -1,
                "io_reservation": 0,
                "io_share_count": 1000,
                "io_share_level": "normal",
                "keep_on_remove": false,
                "key": 2000,
                "label": "disk0",
                "path": "guacamole-server_3/guacamole-server_1.vmdk",
                "size": 500,
                "storage_policy_id": "",
                "thin_provisioned": true,
                "unit_number": 0,
                "uuid": "6000C296-36a9-35d4-8926-f9d04b4c0f94",
                "write_through": false
              }
            ],
            "efi_secure_boot_enabled": false,
            "enable_disk_uuid": false,
            "enable_logging": false,
            "ept_rvi_mode": "automatic",
            "extra_config": {
              "guestinfo.userdata": "I2Nsb3VkLWNvbmZpZwoKcGFja2FnZV91cGRhdGU6IHRydWUKCnBhY2thZ2VzOgogIC0gZG9ja2VyLmlvCiAgLSBkb2NrZXItY29tcG9zZQogIC0gY3VybAoKd3JpdGVfZmlsZXM6CgogICMgPT09PT09PT09PT09PT09PT09PT09PT09PT09PT09PT09PT09PT09PT09PT09PT09PT09PT0KICAjIERPQ0tFUiBDT01QT1NFCiAgIyA9PT09PT09PT09PT09PT09PT09PT09PT09PT09PT09PT09PT09PT09PT09PT09PT09PT09PQoKICAtIHBhdGg6IC9vcHQvZ3VhY2Ftb2xlL2RvY2tlci1jb21wb3NlLnltbAogICAgcGVybWlzc2lvbnM6ICcwNjQ0JwogICAgY29udGVudDogfAoKICAgICAgdmVyc2lvbjogJzMnCgogICAgICBzZXJ2aWNlczoKCiAgICAgICAgZ3VhY2Q6CiAgICAgICAgICBpbWFnZTogZ3VhY2Ftb2xlL2d1YWNkCiAgICAgICAgICBjb250YWluZXJfbmFtZTogZ3VhY2QKICAgICAgICAgIHJlc3RhcnQ6IGFsd2F5cwoKICAgICAgICBteXNxbDoKICAgICAgICAgIGltYWdlOiBteXNxbDo4CiAgICAgICAgICBjb250YWluZXJfbmFtZTogZ3VhYy1teXNxbAogICAgICAgICAgcmVzdGFydDogYWx3YXlzCgogICAgICAgICAgZW52aXJvbm1lbnQ6CiAgICAgICAgICAgIE1ZU1FMX1JPT1RfUEFTU1dPUkQ6IHJvb3RwYXNzCiAgICAgICAgICAgIE1ZU1FMX0RBVEFCQVNFOiBndWFjYW1vbGVfZGIKICAgICAgICAgICAgTVlTUUxfVVNFUjogZ3VhY3VzZXIKICAgICAgICAgICAgTVlTUUxfUEFTU1dPUkQ6IGd1YWNwYXNzCgogICAgICAgICAgdm9sdW1lczoKICAgICAgICAgICAgLSAvb3B0L2d1YWNhbW9sZS9teXNxbC1kYXRhOi92YXIvbGliL215c3FsCgogICAgICAgIGd1YWNhbW9sZToKICAgICAgICAgIGltYWdlOiBndWFjYW1vbGUvZ3VhY2Ftb2xlCiAgICAgICAgICBjb250YWluZXJfbmFtZTogZ3VhY2Ftb2xlCiAgICAgICAgICByZXN0YXJ0OiBhbHdheXMKCiAgICAgICAgICBwb3J0czoKICAgICAgICAgICAgLSAiODA4MDo4MDgwIgoKICAgICAgICAgIGVudmlyb25tZW50OgogICAgICAgICAgICBNWVNRTF9IT1NUTkFNRTogbXlzcWwKICAgICAgICAgICAgTVlTUUxfUE9SVDogMzMwNgogICAgICAgICAgICBNWVNRTF9EQVRBQkFTRTogZ3VhY2Ftb2xlX2RiCiAgICAgICAgICAgIE1ZU1FMX1VTRVI6IGd1YWN1c2VyCiAgICAgICAgICAgIE1ZU1FMX1BBU1NXT1JEOiBndWFjcGFzcwogICAgICAgICAgICBHVUFDRF9IT1NUTkFNRTogZ3VhY2QKCiAgICAgICAgICBkZXBlbmRzX29uOgogICAgICAgICAgICAtIG15c3FsCiAgICAgICAgICAgIC0gZ3VhY2QKCiAgIyA9PT09PT09PT09PT09PT09PT09PT09PT09PT09PT09PT09PT09PT09PT09PT09PT09PT09PQogICMgSU5JVCBTQ1JJUFQKICAjID09PT09PT09PT09PT09PT09PT09PT09PT09PT09PT09PT09PT09PT09PT09PT09PT09PT09CgogIC0gcGF0aDogL29wdC9ndWFjYW1vbGUvaW5pdC1ndWFjLnNoCiAgICBwZXJtaXNzaW9uczogJzA3NTUnCiAgICBjb250ZW50OiB8CgogICAgICAjIS9iaW4vYmFzaAoKICAgICAgc2xlZXAgNjAKCiAgICAgIGNkIC9vcHQvZ3VhY2Ftb2xlCgogICAgICBkb2NrZXIgY29tcG9zZSB1cCAtZAoKICAgICAgc2xlZXAgMzAKCiAgICAgIGRvY2tlciBydW4gLS1ybSBndWFjYW1vbGUvZ3VhY2Ftb2xlIFwKICAgICAgL29wdC9ndWFjYW1vbGUvYmluL2luaXRkYi5zaCAtLW15c3FsID4gL29wdC9ndWFjYW1vbGUvaW5pdGRiLnNxbAoKICAgICAgZG9ja2VyIGV4ZWMgLWkgZ3VhYy1teXNxbCBteXNxbCBcCiAgICAgIC11cm9vdCAtcHJvb3RwYXNzIGd1YWNhbW9sZV9kYiBcCiAgICAgIDwgL29wdC9ndWFjYW1vbGUvaW5pdGRiLnNxbAoKcnVuY21kOgoKICAtIG1rZGlyIC1wIC9vcHQvZ3VhY2Ftb2xlL215c3FsLWRhdGEKICAtIGNobW9kIC1SIDc3NyAvb3B0L2d1YWNhbW9sZQogIC0gc3lzdGVtY3RsIGVuYWJsZSBkb2NrZXIKICAtIHN5c3RlbWN0bCBzdGFydCBkb2NrZXIKICAtIGJhc2ggL29wdC9ndWFjYW1vbGUvaW5pdC1ndWFjLnNo",
              "guestinfo.userdata.encoding": "base64"
            },
            "extra_config_reboot_required": true,
            "firmware": "bios",
            "folder": "",
            "force_power_off": true,
            "guest_id": "ubuntu64Guest",
            "guest_ip_addresses": [
              "172.18.0.1",
              "fe80::f0fb:11ff:fecd:ca68",
              "192.168.1.151",
              "fe80::250:56ff:feb1:490"
            ],
            "hardware_version": 10,
            "host_system_id": "host-1010",
            "hv_mode": "hvAuto",
            "id": "423189d6-2f03-ce72-b205-475e65851bab",
            "ide_controller_count": 2,
            "ignored_guest_ips": null,
            "imported": null,
            "latency_sensitivity": "normal",
            "memory": 4096,
            "memory_hot_add_enabled": false,
            "memory_limit": -1,
            "memory_reservation": 0,
            "memory_reservation_locked_to_max": false,
            "memory_share_count": 40960,
            "memory_share_level": "normal",
            "migrate_wait_timeout": 30,
            "moid": "vm-3035",
            "name": "guacamole-server",
            "nested_hv_enabled": false,
            "network_interface": [
              {
                "adapter_type": "vmxnet3",
                "bandwidth_limit": -1,
                "bandwidth_reservation": 0,
                "bandwidth_share_count": 50,
                "bandwidth_share_level": "normal",
                "device_address": "pci:0:7",
                "key": 4000,
                "mac_address": "00:50:56:b1:04:90",
                "network_id": "network-2001",
                "ovf_mapping": "",
                "physical_function": "",
                "use_static_mac": false
              }
            ],
            "num_cores_per_socket": 1,
            "num_cpus": 2,
            "nvme_controller_count": 0,
            "ovf_deploy": [],
            "pci_device_id": [],
            "power_state": "on",
            "poweron_timeout": 300,
            "reboot_required": false,
            "replace_trigger": null,
            "resource_pool_id": "resgroup-1020",
            "run_tools_scripts_after_power_on": true,
            "run_tools_scripts_after_resume": true,
            "run_tools_scripts_before_guest_reboot": false,
            "run_tools_scripts_before_guest_shutdown": true,
            "run_tools_scripts_before_guest_standby": true,
            "sata_controller_count": 0,
            "scsi_bus_sharing": "noSharing",
            "scsi_controller_count": 1,
            "scsi_type": "pvscsi",
            "shutdown_wait_timeout": 3,
            "storage_policy_id": "",
            "swap_placement_policy": "inherit",
            "sync_time_with_host": false,
            "sync_time_with_host_periodically": false,
            "tags": [],
            "tools_upgrade_policy": "manual",
            "uuid": "423189d6-2f03-ce72-b205-475e65851bab",
            "vapp": [],
            "vapp_transport": [],
            "vbs_enabled": false,
            "vmware_tools_status": "guestToolsRunning",
            "vmx_path": "guacamole-server_3/guacamole-server.vmx",
            "vtpm": [],
            "vvtd_enabled": false,
            "wait_for_guest_ip_timeout": 0,
            "wait_for_guest_net_routable": true,
            "wait_for_guest_net_timeout": 5
          },
          "sensitive_attributes": [],
          "identity_schema_version": 0,
          "private": "eyJzY2hlbWFfdmVyc2lvbiI6IjMifQ==",
          "dependencies": [
            "data.vsphere_compute_cluster.cluster",
            "data.vsphere_datacenter.dc",
            "data.vsphere_datastore.datastore",
            "data.vsphere_network.network",
            "data.vsphere_virtual_machine.template"
          ]
        }
      ]
    },
    {
      "mode": "managed",
      "type": "vsphere_virtual_machine",
      "name": "student_vm",
      "provider": "provider[\"registry.terraform.io/hashicorp/vsphere\"]",
      "instances": [
        {
          "index_key": 0,
          "schema_version": 3,
          "attributes": {
            "alternate_guest_name": "",
            "annotation": "",
            "boot_delay": 0,
            "boot_retry_delay": 10000,
            "boot_retry_enabled": false,
            "cdrom": [],
            "change_version": "2026-05-20T07:19:59.262786Z",
            "clone": [
              {
                "customization_spec": [],
                "customize": [],
                "linked_clone": false,
                "ovf_network_map": null,
                "ovf_storage_map": null,
                "template_uuid": "564da9f3-ebd0-f686-ea9a-8a9a37c6883d",
                "timeout": 30
              }
            ],
            "cpu_hot_add_enabled": false,
            "cpu_hot_remove_enabled": false,
            "cpu_limit": -1,
            "cpu_performance_counters_enabled": false,
            "cpu_reservation": 0,
            "cpu_share_count": 2000,
            "cpu_share_level": "normal",
            "custom_attributes": null,
            "datacenter_id": null,
            "datastore_cluster_id": null,
            "datastore_id": "datastore-1013",
            "default_ip_address": "192.168.1.153",
            "disk": [
              {
                "attach": false,
                "controller_type": "scsi",
                "datastore_id": "datastore-1013",
                "device_address": "scsi:0:0",
                "disk_mode": "persistent",
                "disk_sharing": "sharingNone",
                "eagerly_scrub": false,
                "io_limit": -1,
                "io_reservation": 0,
                "io_share_count": 1000,
                "io_share_level": "normal",
                "keep_on_remove": false,
                "key": 2000,
                "label": "disk0",
                "path": "student-vm-1_5/student-vm-1_1.vmdk",
                "size": 500,
                "storage_policy_id": "",
                "thin_provisioned": true,
                "unit_number": 0,
                "uuid": "6000C298-f42d-0f8a-15fe-fc0f855814b3",
                "write_through": false
              },
              {
                "attach": false,
                "controller_type": "sata",
                "datastore_id": "datastore-1013",
                "device_address": "sata:0:0",
                "disk_mode": "persistent",
                "disk_sharing": "sharingNone",
                "eagerly_scrub": false,
                "io_limit": -1,
                "io_reservation": 0,
                "io_share_count": 1000,
                "io_share_level": "normal",
                "keep_on_remove": true,
                "key": 16000,
                "label": "orphaned_disk_0",
                "path": "student-vm-1_5/student-vm-1.vmdk",
                "size": 500,
                "storage_policy_id": "",
                "thin_provisioned": true,
                "unit_number": 0,
                "uuid": "6000C293-d654-4711-763f-23c9095f027d",
                "write_through": false
              }
            ],
            "efi_secure_boot_enabled": false,
            "enable_disk_uuid": false,
            "enable_logging": false,
            "ept_rvi_mode": "automatic",
            "extra_config": {
              "guestinfo.userdata": "I2Nsb3VkLWNvbmZpZwoKcGFja2FnZV91cGRhdGU6IHRydWUKCnBhY2thZ2VzOgogIC0gdWJ1bnR1LWRlc2t0b3AKICAtIHhyZHAKICAtIGRvY2tlci5pbwogIC0gZ2l0CiAgLSBjdXJsCgpydW5jbWQ6CiAgLSBzeXN0ZW1jdGwgZW5hYmxlIHhyZHAKICAtIHN5c3RlbWN0bCBzdGFydCB4cmRwCiAgLSB1c2VyYWRkIC1tIHN0dWRlbnQKICAtIGVjaG8gInN0dWRlbnQ6U3R1ZGVudEAxMjMiIHwgY2hwYXNzd2QKICAtIHVzZXJtb2QgLWFHIHN1ZG8gc3R1ZGVudA==",
              "guestinfo.userdata.encoding": "base64"
            },
            "extra_config_reboot_required": true,
            "firmware": "bios",
            "folder": "",
            "force_power_off": true,
            "guest_id": "ubuntu64Guest",
            "guest_ip_addresses": [
              "192.168.1.153",
              "fe80::250:56ff:feb1:3b01"
            ],
            "hardware_version": 10,
            "host_system_id": "host-1010",
            "hv_mode": "hvAuto",
            "id": "42319e78-a2b8-769d-5aae-f1e15317a4c3",
            "ide_controller_count": 2,
            "ignored_guest_ips": null,
            "imported": null,
            "latency_sensitivity": "normal",
            "memory": 4096,
            "memory_hot_add_enabled": false,
            "memory_limit": -1,
            "memory_reservation": 0,
            "memory_reservation_locked_to_max": false,
            "memory_share_count": 40960,
            "memory_share_level": "normal",
            "migrate_wait_timeout": 30,
            "moid": "vm-3038",
            "name": "student-vm-1",
            "nested_hv_enabled": false,
            "network_interface": [
              {
                "adapter_type": "vmxnet3",
                "bandwidth_limit": -1,
                "bandwidth_reservation": 0,
                "bandwidth_share_count": 50,
                "bandwidth_share_level": "normal",
                "device_address": "pci:0:7",
                "key": 4000,
                "mac_address": "00:50:56:b1:3b:01",
                "network_id": "network-2001",
                "ovf_mapping": "",
                "physical_function": "",
                "use_static_mac": false
              }
            ],
            "num_cores_per_socket": 1,
            "num_cpus": 2,
            "nvme_controller_count": 0,
            "ovf_deploy": [],
            "pci_device_id": null,
            "power_state": "on",
            "poweron_timeout": 300,
            "reboot_required": false,
            "replace_trigger": null,
            "resource_pool_id": "resgroup-1020",
            "run_tools_scripts_after_power_on": true,
            "run_tools_scripts_after_resume": true,
            "run_tools_scripts_before_guest_reboot": false,
            "run_tools_scripts_before_guest_shutdown": true,
            "run_tools_scripts_before_guest_standby": true,
            "sata_controller_count": 0,
            "scsi_bus_sharing": "noSharing",
            "scsi_controller_count": 1,
            "scsi_type": "pvscsi",
            "shutdown_wait_timeout": 3,
            "storage_policy_id": "",
            "swap_placement_policy": "inherit",
            "sync_time_with_host": false,
            "sync_time_with_host_periodically": false,
            "tags": null,
            "tools_upgrade_policy": "manual",
            "uuid": "42319e78-a2b8-769d-5aae-f1e15317a4c3",
            "vapp": [],
            "vapp_transport": [],
            "vbs_enabled": false,
            "vmware_tools_status": "guestToolsRunning",
            "vmx_path": "student-vm-1_5/student-vm-1.vmx",
            "vtpm": [],
            "vvtd_enabled": false,
            "wait_for_guest_ip_timeout": 0,
            "wait_for_guest_net_routable": true,
            "wait_for_guest_net_timeout": 5
          },
          "sensitive_attributes": [],
          "identity_schema_version": 0,
          "private": "eyJzY2hlbWFfdmVyc2lvbiI6IjMifQ==",
          "dependencies": [
            "data.vsphere_compute_cluster.cluster",
            "data.vsphere_datacenter.dc",
            "data.vsphere_datastore.datastore",
            "data.vsphere_network.network",
            "data.vsphere_virtual_machine.template"
          ]
        },
        {
          "index_key": 1,
          "schema_version": 3,
          "attributes": {
            "alternate_guest_name": "",
            "annotation": "",
            "boot_delay": 0,
            "boot_retry_delay": 10000,
            "boot_retry_enabled": false,
            "cdrom": [],
            "change_version": "2026-05-20T07:19:59.161187Z",
            "clone": [
              {
                "customization_spec": [],
                "customize": [],
                "linked_clone": false,
                "ovf_network_map": null,
                "ovf_storage_map": null,
                "template_uuid": "564da9f3-ebd0-f686-ea9a-8a9a37c6883d",
                "timeout": 30
              }
            ],
            "cpu_hot_add_enabled": false,
            "cpu_hot_remove_enabled": false,
            "cpu_limit": -1,
            "cpu_performance_counters_enabled": false,
            "cpu_reservation": 0,
            "cpu_share_count": 2000,
            "cpu_share_level": "normal",
            "custom_attributes": null,
            "datacenter_id": null,
            "datastore_cluster_id": null,
            "datastore_id": "datastore-1013",
            "default_ip_address": "192.168.1.155",
            "disk": [
              {
                "attach": false,
                "controller_type": "scsi",
                "datastore_id": "datastore-1013",
                "device_address": "scsi:0:0",
                "disk_mode": "persistent",
                "disk_sharing": "sharingNone",
                "eagerly_scrub": false,
                "io_limit": -1,
                "io_reservation": 0,
                "io_share_count": 1000,
                "io_share_level": "normal",
                "keep_on_remove": false,
                "key": 2000,
                "label": "disk0",
                "path": "student-vm-2_5/student-vm-2_1.vmdk",
                "size": 500,
                "storage_policy_id": "",
                "thin_provisioned": true,
                "unit_number": 0,
                "uuid": "6000C291-efcb-0658-ba4f-814e8c905494",
                "write_through": false
              },
              {
                "attach": false,
                "controller_type": "sata",
                "datastore_id": "datastore-1013",
                "device_address": "sata:0:0",
                "disk_mode": "persistent",
                "disk_sharing": "sharingNone",
                "eagerly_scrub": false,
                "io_limit": -1,
                "io_reservation": 0,
                "io_share_count": 1000,
                "io_share_level": "normal",
                "keep_on_remove": true,
                "key": 16000,
                "label": "orphaned_disk_0",
                "path": "student-vm-2_5/student-vm-2.vmdk",
                "size": 500,
                "storage_policy_id": "",
                "thin_provisioned": true,
                "unit_number": 0,
                "uuid": "6000C291-bff5-e740-830a-513b6f4ef3e3",
                "write_through": false
              }
            ],
            "efi_secure_boot_enabled": false,
            "enable_disk_uuid": false,
            "enable_logging": false,
            "ept_rvi_mode": "automatic",
            "extra_config": {
              "guestinfo.userdata": "I2Nsb3VkLWNvbmZpZwoKcGFja2FnZV91cGRhdGU6IHRydWUKCnBhY2thZ2VzOgogIC0gdWJ1bnR1LWRlc2t0b3AKICAtIHhyZHAKICAtIGRvY2tlci5pbwogIC0gZ2l0CiAgLSBjdXJsCgpydW5jbWQ6CiAgLSBzeXN0ZW1jdGwgZW5hYmxlIHhyZHAKICAtIHN5c3RlbWN0bCBzdGFydCB4cmRwCiAgLSB1c2VyYWRkIC1tIHN0dWRlbnQKICAtIGVjaG8gInN0dWRlbnQ6U3R1ZGVudEAxMjMiIHwgY2hwYXNzd2QKICAtIHVzZXJtb2QgLWFHIHN1ZG8gc3R1ZGVudA==",
              "guestinfo.userdata.encoding": "base64"
            },
            "extra_config_reboot_required": true,
            "firmware": "bios",
            "folder": "",
            "force_power_off": true,
            "guest_id": "ubuntu64Guest",
            "guest_ip_addresses": [
              "192.168.1.155",
              "fe80::250:56ff:feb1:b518"
            ],
            "hardware_version": 10,
            "host_system_id": "host-1010",
            "hv_mode": "hvAuto",
            "id": "42311cb8-77cd-f3f0-0bee-27676d0c22e6",
            "ide_controller_count": 2,
            "ignored_guest_ips": null,
            "imported": null,
            "latency_sensitivity": "normal",
            "memory": 4096,
            "memory_hot_add_enabled": false,
            "memory_limit": -1,
            "memory_reservation": 0,
            "memory_reservation_locked_to_max": false,
            "memory_share_count": 40960,
            "memory_share_level": "normal",
            "migrate_wait_timeout": 30,
            "moid": "vm-3036",
            "name": "student-vm-2",
            "nested_hv_enabled": false,
            "network_interface": [
              {
                "adapter_type": "vmxnet3",
                "bandwidth_limit": -1,
                "bandwidth_reservation": 0,
                "bandwidth_share_count": 50,
                "bandwidth_share_level": "normal",
                "device_address": "pci:0:7",
                "key": 4000,
                "mac_address": "00:50:56:b1:b5:18",
                "network_id": "network-2001",
                "ovf_mapping": "",
                "physical_function": "",
                "use_static_mac": false
              }
            ],
            "num_cores_per_socket": 1,
            "num_cpus": 2,
            "nvme_controller_count": 0,
            "ovf_deploy": [],
            "pci_device_id": null,
            "power_state": "on",
            "poweron_timeout": 300,
            "reboot_required": false,
            "replace_trigger": null,
            "resource_pool_id": "resgroup-1020",
            "run_tools_scripts_after_power_on": true,
            "run_tools_scripts_after_resume": true,
            "run_tools_scripts_before_guest_reboot": false,
            "run_tools_scripts_before_guest_shutdown": true,
            "run_tools_scripts_before_guest_standby": true,
            "sata_controller_count": 0,
            "scsi_bus_sharing": "noSharing",
            "scsi_controller_count": 1,
            "scsi_type": "pvscsi",
            "shutdown_wait_timeout": 3,
            "storage_policy_id": "",
            "swap_placement_policy": "inherit",
            "sync_time_with_host": false,
            "sync_time_with_host_periodically": false,
            "tags": null,
            "tools_upgrade_policy": "manual",
            "uuid": "42311cb8-77cd-f3f0-0bee-27676d0c22e6",
            "vapp": [],
            "vapp_transport": [],
            "vbs_enabled": false,
            "vmware_tools_status": "guestToolsRunning",
            "vmx_path": "student-vm-2_5/student-vm-2.vmx",
            "vtpm": [],
            "vvtd_enabled": false,
            "wait_for_guest_ip_timeout": 0,
            "wait_for_guest_net_routable": true,
            "wait_for_guest_net_timeout": 5
          },
          "sensitive_attributes": [],
          "identity_schema_version": 0,
          "private": "eyJzY2hlbWFfdmVyc2lvbiI6IjMifQ==",
          "dependencies": [
            "data.vsphere_compute_cluster.cluster",
            "data.vsphere_datacenter.dc",
            "data.vsphere_datastore.datastore",
            "data.vsphere_network.network",
            "data.vsphere_virtual_machine.template"
          ]
        },
        {
          "index_key": 2,
          "schema_version": 3,
          "attributes": {
            "alternate_guest_name": "",
            "annotation": "",
            "boot_delay": 0,
            "boot_retry_delay": 10000,
            "boot_retry_enabled": false,
            "cdrom": [],
            "change_version": "2026-05-20T07:19:59.320735Z",
            "clone": [
              {
                "customization_spec": [],
                "customize": [],
                "linked_clone": false,
                "ovf_network_map": null,
                "ovf_storage_map": null,
                "template_uuid": "564da9f3-ebd0-f686-ea9a-8a9a37c6883d",
                "timeout": 30
              }
            ],
            "cpu_hot_add_enabled": false,
            "cpu_hot_remove_enabled": false,
            "cpu_limit": -1,
            "cpu_performance_counters_enabled": false,
            "cpu_reservation": 0,
            "cpu_share_count": 2000,
            "cpu_share_level": "normal",
            "custom_attributes": null,
            "datacenter_id": null,
            "datastore_cluster_id": null,
            "datastore_id": "datastore-1013",
            "default_ip_address": "192.168.1.154",
            "disk": [
              {
                "attach": false,
                "controller_type": "scsi",
                "datastore_id": "datastore-1013",
                "device_address": "scsi:0:0",
                "disk_mode": "persistent",
                "disk_sharing": "sharingNone",
                "eagerly_scrub": false,
                "io_limit": -1,
                "io_reservation": 0,
                "io_share_count": 1000,
                "io_share_level": "normal",
                "keep_on_remove": false,
                "key": 2000,
                "label": "disk0",
                "path": "student-vm-3_5/student-vm-3_1.vmdk",
                "size": 500,
                "storage_policy_id": "",
                "thin_provisioned": true,
                "unit_number": 0,
                "uuid": "6000C29d-61b2-ced3-b599-abf5bcffafe4",
                "write_through": false
              },
              {
                "attach": false,
                "controller_type": "sata",
                "datastore_id": "datastore-1013",
                "device_address": "sata:0:0",
                "disk_mode": "persistent",
                "disk_sharing": "sharingNone",
                "eagerly_scrub": false,
                "io_limit": -1,
                "io_reservation": 0,
                "io_share_count": 1000,
                "io_share_level": "normal",
                "keep_on_remove": true,
                "key": 16000,
                "label": "orphaned_disk_0",
                "path": "student-vm-3_5/student-vm-3.vmdk",
                "size": 500,
                "storage_policy_id": "",
                "thin_provisioned": true,
                "unit_number": 0,
                "uuid": "6000C29f-6c46-d0d0-64d9-337463f6bea8",
                "write_through": false
              }
            ],
            "efi_secure_boot_enabled": false,
            "enable_disk_uuid": false,
            "enable_logging": false,
            "ept_rvi_mode": "automatic",
            "extra_config": {
              "guestinfo.userdata": "I2Nsb3VkLWNvbmZpZwoKcGFja2FnZV91cGRhdGU6IHRydWUKCnBhY2thZ2VzOgogIC0gdWJ1bnR1LWRlc2t0b3AKICAtIHhyZHAKICAtIGRvY2tlci5pbwogIC0gZ2l0CiAgLSBjdXJsCgpydW5jbWQ6CiAgLSBzeXN0ZW1jdGwgZW5hYmxlIHhyZHAKICAtIHN5c3RlbWN0bCBzdGFydCB4cmRwCiAgLSB1c2VyYWRkIC1tIHN0dWRlbnQKICAtIGVjaG8gInN0dWRlbnQ6U3R1ZGVudEAxMjMiIHwgY2hwYXNzd2QKICAtIHVzZXJtb2QgLWFHIHN1ZG8gc3R1ZGVudA==",
              "guestinfo.userdata.encoding": "base64"
            },
            "extra_config_reboot_required": true,
            "firmware": "bios",
            "folder": "",
            "force_power_off": true,
            "guest_id": "ubuntu64Guest",
            "guest_ip_addresses": [
              "192.168.1.154",
              "fe80::250:56ff:feb1:f0ae"
            ],
            "hardware_version": 10,
            "host_system_id": "host-1010",
            "hv_mode": "hvAuto",
            "id": "42313fe8-208b-5e21-d5f2-fe725c87d113",
            "ide_controller_count": 2,
            "ignored_guest_ips": null,
            "imported": null,
            "latency_sensitivity": "normal",
            "memory": 4096,
            "memory_hot_add_enabled": false,
            "memory_limit": -1,
            "memory_reservation": 0,
            "memory_reservation_locked_to_max": false,
            "memory_share_count": 40960,
            "memory_share_level": "normal",
            "migrate_wait_timeout": 30,
            "moid": "vm-3037",
            "name": "student-vm-3",
            "nested_hv_enabled": false,
            "network_interface": [
              {
                "adapter_type": "vmxnet3",
                "bandwidth_limit": -1,
                "bandwidth_reservation": 0,
                "bandwidth_share_count": 50,
                "bandwidth_share_level": "normal",
                "device_address": "pci:0:7",
                "key": 4000,
                "mac_address": "00:50:56:b1:f0:ae",
                "network_id": "network-2001",
                "ovf_mapping": "",
                "physical_function": "",
                "use_static_mac": false
              }
            ],
            "num_cores_per_socket": 1,
            "num_cpus": 2,
            "nvme_controller_count": 0,
            "ovf_deploy": [],
            "pci_device_id": null,
            "power_state": "on",
            "poweron_timeout": 300,
            "reboot_required": false,
            "replace_trigger": null,
            "resource_pool_id": "resgroup-1020",
            "run_tools_scripts_after_power_on": true,
            "run_tools_scripts_after_resume": true,
            "run_tools_scripts_before_guest_reboot": false,
            "run_tools_scripts_before_guest_shutdown": true,
            "run_tools_scripts_before_guest_standby": true,
            "sata_controller_count": 0,
            "scsi_bus_sharing": "noSharing",
            "scsi_controller_count": 1,
            "scsi_type": "pvscsi",
            "shutdown_wait_timeout": 3,
            "storage_policy_id": "",
            "swap_placement_policy": "inherit",
            "sync_time_with_host": false,
            "sync_time_with_host_periodically": false,
            "tags": null,
            "tools_upgrade_policy": "manual",
            "uuid": "42313fe8-208b-5e21-d5f2-fe725c87d113",
            "vapp": [],
            "vapp_transport": [],
            "vbs_enabled": false,
            "vmware_tools_status": "guestToolsRunning",
            "vmx_path": "student-vm-3_5/student-vm-3.vmx",
            "vtpm": [],
            "vvtd_enabled": false,
            "wait_for_guest_ip_timeout": 0,
            "wait_for_guest_net_routable": true,
            "wait_for_guest_net_timeout": 5
          },
          "sensitive_attributes": [],
          "identity_schema_version": 0,
          "private": "eyJzY2hlbWFfdmVyc2lvbiI6IjMifQ==",
          "dependencies": [
            "data.vsphere_compute_cluster.cluster",
            "data.vsphere_datacenter.dc",
            "data.vsphere_datastore.datastore",
            "data.vsphere_network.network",
            "data.vsphere_virtual_machine.template"
          ]
        }
      ]
    }
  ],
  "check_results": null
}
