{
  "version": 4,
  "terraform_version": "1.14.7",
  "serial": 1,
  "lineage": "f459fcf8-8513-3d99-dc50-8da638b6157d",
  "outputs": {},
  "resources": [
    {
      "mode": "data",
      "type": "vsphere_compute_cluster",
      "name": "cluster",
      "provider": "provider[\"registry.terraform.io/hashicorp/vsphere\"]",
      "instances": [
        {
          "schema_version": 0,
          "attributes": {
            "datacenter_id": "datacenter-1001",
            "id": "domain-c1019",
            "name": "Lab-Cluster",
            "resource_pool_id": "resgroup-1020"
          },
          "sensitive_attributes": [],
          "identity_schema_version": 0
        }
      ]
    },
    {
      "mode": "data",
      "type": "vsphere_datacenter",
      "name": "dc",
      "provider": "provider[\"registry.terraform.io/hashicorp/vsphere\"]",
      "instances": [
        {
          "schema_version": 0,
          "attributes": {
            "id": "datacenter-1001",
            "name": "LAB-DC",
            "virtual_machines": [
              "AD-DNS",
              "Kube-WN01",
              "Kube-WN02",
              "Kube-master",
              "pfsense-main",
              "test-vm02",
              "tf-ubuntu-MAIN-hacked",
              "ubuntu-temp01",
              "ubuntu-template",
              "vCLS-a7235b07-8021-420d-8fe4-4601c93bb291",
              "vcsa-01",
              "vyos-router",
              "win-10"
            ]
          },
          "sensitive_attributes": [],
          "identity_schema_version": 0
        }
      ]
    },
    {
      "mode": "data",
      "type": "vsphere_datastore",
      "name": "ds",
      "provider": "provider[\"registry.terraform.io/hashicorp/vsphere\"]",
      "instances": [
        {
          "schema_version": 0,
          "attributes": {
            "datacenter_id": "datacenter-1001",
            "id": "datastore-1013",
            "name": "datastore1",
            "stats": {
              "capacity": "11380589592576",
              "free": "10185476145152"
            }
          },
          "sensitive_attributes": [],
          "identity_schema_version": 0
        }
      ]
    },
    {
      "mode": "data",
      "type": "vsphere_network",
      "name": "net",
      "provider": "provider[\"registry.terraform.io/hashicorp/vsphere\"]",
      "instances": [
        {
          "schema_version": 0,
          "attributes": {
            "datacenter_id": "datacenter-1001",
            "distributed_virtual_switch_uuid": null,
            "filter": null,
            "id": "network-2001",
            "name": "private-192",
            "retry_interval": 500,
            "retry_timeout": 0,
            "type": "Network"
          },
          "sensitive_attributes": [],
          "identity_schema_version": 0
        }
      ]
    },
    {
      "mode": "data",
      "type": "vsphere_virtual_machine",
      "name": "template",
      "provider": "provider[\"registry.terraform.io/hashicorp/vsphere\"]",
      "instances": [
        {
          "schema_version": 0,
          "attributes": {
            "alternate_guest_name": "",
            "annotation": "",
            "boot_delay": 0,
            "boot_retry_delay": 10000,
            "boot_retry_enabled": false,
            "change_version": "2026-04-28T03:30:57.808653Z",
            "cpu_hot_add_enabled": true,
            "cpu_hot_remove_enabled": false,
            "cpu_limit": -1,
            "cpu_performance_counters_enabled": false,
            "cpu_reservation": 0,
            "cpu_share_count": 2000,
            "cpu_share_level": "normal",
            "datacenter_id": "datacenter-1001",
            "default_ip_address": "192.168.1.118",
            "disks": [],
            "efi_secure_boot_enabled": false,
            "enable_disk_uuid": false,
            "enable_logging": true,
            "ept_rvi_mode": "automatic",
            "extra_config": {},
            "extra_config_reboot_required": true,
            "firmware": "bios",
            "folder": null,
            "guest_id": "ubuntu64Guest",
            "guest_ip_addresses": [
              "192.168.1.118",
              "fe80::d31d:8501:69fc:ad9a"
            ],
            "hardware_version": 10,
            "hv_mode": "hvAuto",
            "id": "564da9f3-ebd0-f686-ea9a-8a9a37c6883d",
            "ide_controller_scan_count": 2,
            "instance_uuid": "52c9f45b-cd5a-f0d4-3c5e-a001d5473a54",
            "latency_sensitivity": "normal",
            "memory": 4096,
            "memory_hot_add_enabled": true,
            "memory_limit": -1,
            "memory_reservation": 0,
            "memory_reservation_locked_to_max": false,
            "memory_share_count": 40960,
            "memory_share_level": "normal",
            "moid": "vm-2013",
            "name": "ubuntu-temp01",
            "nested_hv_enabled": false,
            "network_interface_types": [
              "e1000"
            ],
            "network_interfaces": [
              {
                "adapter_type": "e1000",
                "bandwidth_limit": -1,
                "bandwidth_reservation": 0,
                "bandwidth_share_count": 50,
                "bandwidth_share_level": "normal",
                "mac_address": "00:0c:29:c6:88:3d",
                "network_id": "network-2001",
                "physical_function": ""
              }
            ],
            "num_cores_per_socket": 1,
            "num_cpus": 2,
            "nvme_controller_scan_count": 1,
            "replace_trigger": null,
            "run_tools_scripts_after_power_on": true,
            "run_tools_scripts_after_resume": true,
            "run_tools_scripts_before_guest_reboot": false,
            "run_tools_scripts_before_guest_shutdown": true,
            "run_tools_scripts_before_guest_standby": true,
            "sata_controller_scan_count": 0,
            "scsi_bus_sharing": "unknown",
            "scsi_controller_scan_count": 1,
            "scsi_type": "unknown",
            "storage_policy_id": null,
            "swap_placement_policy": "inherit",
            "sync_time_with_host": false,
            "sync_time_with_host_periodically": false,
            "tools_upgrade_policy": "manual",
            "uuid": "564da9f3-ebd0-f686-ea9a-8a9a37c6883d",
            "vapp": null,
            "vapp_transport": [],
            "vbs_enabled": false,
            "vtpm": false,
            "vvtd_enabled": false
          },
          "sensitive_attributes": [],
          "identity_schema_version": 0
        }
      ]
    },
    {
      "mode": "managed",
      "type": "vsphere_virtual_machine",
      "name": "guac_vm",
      "provider": "provider[\"registry.terraform.io/hashicorp/vsphere\"]",
      "instances": [
        {
          "status": "tainted",
          "schema_version": 3,
          "attributes": {
            "alternate_guest_name": null,
            "annotation": null,
            "boot_delay": null,
            "boot_retry_delay": 10000,
            "boot_retry_enabled": null,
            "cdrom": [],
            "change_version": null,
            "clone": [
              {
                "customization_spec": [],
                "customize": [
                  {
                    "dns_server_list": [
                      "8.8.8.8",
                      "1.1.1.1"
                    ],
                    "dns_suffix_list": [
                      "lab.local"
                    ],
                    "ipv4_gateway": "10.10.1.10",
                    "ipv6_gateway": "",
                    "linux_options": [
                      {
                        "domain": "lab.local",
                        "host_name": "guac",
                        "hw_clock_utc": true,
                        "script_text": "",
                        "time_zone": ""
                      }
                    ],
                    "network_interface": [
                      {
                        "dns_domain": "",
                        "dns_server_list": null,
                        "ipv4_address": "10.10.1.227",
                        "ipv4_netmask": 24,
                        "ipv6_address": "",
                        "ipv6_netmask": 0
                      }
                    ],
                    "timeout": 10,
                    "windows_options": [],
                    "windows_sysprep_text": ""
                  }
                ],
                "linked_clone": false,
                "ovf_network_map": null,
                "ovf_storage_map": null,
                "template_uuid": "564da9f3-ebd0-f686-ea9a-8a9a37c6883d",
                "timeout": 30
              }
            ],
            "cpu_hot_add_enabled": null,
            "cpu_hot_remove_enabled": null,
            "cpu_limit": -1,
            "cpu_performance_counters_enabled": null,
            "cpu_reservation": null,
            "cpu_share_count": null,
            "cpu_share_level": "normal",
            "custom_attributes": null,
            "datacenter_id": null,
            "datastore_cluster_id": null,
            "datastore_id": "datastore-1013",
            "default_ip_address": null,
            "disk": [
              {
                "attach": false,
                "controller_type": "scsi",
                "datastore_id": "\u003ccomputed\u003e",
                "device_address": "scsi:0:0",
                "disk_mode": "persistent",
                "disk_sharing": "sharingNone",
                "eagerly_scrub": false,
                "io_limit": -1,
                "io_reservation": 0,
                "io_share_count": 0,
                "io_share_level": "normal",
                "keep_on_remove": false,
                "key": -201,
                "label": "disk0",
                "path": "",
                "size": 500,
                "storage_policy_id": "",
                "thin_provisioned": true,
                "unit_number": 0,
                "uuid": "",
                "write_through": false
              }
            ],
            "efi_secure_boot_enabled": null,
            "enable_disk_uuid": null,
            "enable_logging": null,
            "ept_rvi_mode": null,
            "extra_config": {
              "guestinfo.userdata": "I2Nsb3VkLWNvbmZpZwoKcGFja2FnZV91cGRhdGU6IHRydWUKcGFja2FnZV91cGdyYWRlOiB0cnVlCgpwYWNrYWdlczoKICAtIG9wZW5qZGstMTEtamRrCiAgLSB0b21jYXQ5CiAgLSB0b21jYXQ5LWFkbWluCiAgLSBidWlsZC1lc3NlbnRpYWwKICAtIGxpYmNhaXJvMi1kZXYKICAtIGxpYmpwZWctdHVyYm84LWRldgogIC0gbGlicG5nLWRldgogIC0gbGlidG9vbC1iaW4KICAtIGxpYm9zc3AtdXVpZC1kZXYKICAtIGxpYmF2Y29kZWMtZGV2CiAgLSBsaWJhdmZvcm1hdC1kZXYKICAtIGxpYmF2dXRpbC1kZXYKICAtIGxpYnN3c2NhbGUtZGV2CiAgLSBmcmVlcmRwMi1kZXYKICAtIGxpYnBhbmdvMS4wLWRldgogIC0gbGlic3NoMi0xLWRldgogIC0gbGlidGVsbmV0LWRldgogIC0gbGlidm5jc2VydmVyLWRldgogIC0gbGlid2Vic29ja2V0cy1kZXYKICAtIGxpYnNzbC1kZXYKCnJ1bmNtZDoKICAtIGNkIC90bXAKICAtIHdnZXQgaHR0cHM6Ly9kb3dubG9hZHMuYXBhY2hlLm9yZy9ndWFjYW1vbGUvMS41LjUvc291cmNlL2d1YWNhbW9sZS1zZXJ2ZXItMS41LjUudGFyLmd6CiAgLSB0YXIgLXh2ZiBndWFjYW1vbGUtc2VydmVyLTEuNS41LnRhci5negogIC0gY2QgZ3VhY2Ftb2xlLXNlcnZlci0xLjUuNQogIC0gLi9jb25maWd1cmUgLS13aXRoLWluaXQtZGlyPS9ldGMvaW5pdC5kCiAgLSBtYWtlCiAgLSBtYWtlIGluc3RhbGwKICAtIGxkY29uZmlnCgogIC0gc3lzdGVtY3RsIGRhZW1vbi1yZWV4ZWMKICAtIHN5c3RlbWN0bCBlbmFibGUgZ3VhY2QKICAtIHN5c3RlbWN0bCBzdGFydCBndWFjZAoKICAtIHdnZXQgaHR0cHM6Ly9kb3dubG9hZHMuYXBhY2hlLm9yZy9ndWFjYW1vbGUvMS41LjUvYmluYXJ5L2d1YWNhbW9sZS0xLjUuNS53YXIKICAtIG12IGd1YWNhbW9sZS0xLjUuNS53YXIgL3Zhci9saWIvdG9tY2F0OS93ZWJhcHBzL2d1YWNhbW9sZS53YXIKCiAgLSBta2RpciAtcCAvZXRjL2d1YWNhbW9sZQoKICAtIGVjaG8gImd1YWNkLWhvc3RuYW1lOiBsb2NhbGhvc3QiID4+IC9ldGMvZ3VhY2Ftb2xlL2d1YWNhbW9sZS5wcm9wZXJ0aWVzCiAgLSBlY2hvICJndWFjZC1wb3J0OiA0ODIyIiA+PiAvZXRjL2d1YWNhbW9sZS9ndWFjYW1vbGUucHJvcGVydGllcwoKICAtIGxuIC1zIC9ldGMvZ3VhY2Ftb2xlIC91c3Ivc2hhcmUvdG9tY2F0OS8uZ3VhY2Ftb2xlCgogIC0gc3lzdGVtY3RsIHJlc3RhcnQgdG9tY2F0OQ==",
              "guestinfo.userdata.encoding": "base64"
            },
            "extra_config_reboot_required": true,
            "firmware": "bios",
            "folder": null,
            "force_power_off": true,
            "guest_id": "ubuntu64Guest",
            "guest_ip_addresses": null,
            "hardware_version": null,
            "host_system_id": null,
            "hv_mode": null,
            "id": "4231d5e1-1d44-9f9e-4cd7-7b557214ff86",
            "ide_controller_count": 2,
            "ignored_guest_ips": null,
            "imported": null,
            "latency_sensitivity": "normal",
            "memory": 4096,
            "memory_hot_add_enabled": null,
            "memory_limit": -1,
            "memory_reservation": null,
            "memory_reservation_locked_to_max": null,
            "memory_share_count": null,
            "memory_share_level": "normal",
            "migrate_wait_timeout": 30,
            "moid": null,
            "name": "guacamole-server",
            "nested_hv_enabled": null,
            "network_interface": [
              {
                "adapter_type": "e1000",
                "bandwidth_limit": -1,
                "bandwidth_reservation": 0,
                "bandwidth_share_count": 0,
                "bandwidth_share_level": "normal",
                "device_address": "pci:0:-1",
                "key": -202,
                "mac_address": "",
                "network_id": "network-2001",
                "ovf_mapping": "",
                "physical_function": "",
                "use_static_mac": false
              }
            ],
            "num_cores_per_socket": 1,
            "num_cpus": 2,
            "nvme_controller_count": 0,
            "ovf_deploy": [],
            "pci_device_id": null,
            "power_state": null,
            "poweron_timeout": 300,
            "reboot_required": true,
            "replace_trigger": null,
            "resource_pool_id": "resgroup-1020",
            "run_tools_scripts_after_power_on": true,
            "run_tools_scripts_after_resume": true,
            "run_tools_scripts_before_guest_reboot": null,
            "run_tools_scripts_before_guest_shutdown": true,
            "run_tools_scripts_before_guest_standby": true,
            "sata_controller_count": 0,
            "scsi_bus_sharing": "noSharing",
            "scsi_controller_count": 1,
            "scsi_type": "pvscsi",
            "shutdown_wait_timeout": 3,
            "storage_policy_id": null,
            "swap_placement_policy": "inherit",
            "sync_time_with_host": true,
            "sync_time_with_host_periodically": null,
            "tags": null,
            "tools_upgrade_policy": "manual",
            "uuid": null,
            "vapp": [],
            "vapp_transport": null,
            "vbs_enabled": null,
            "vmware_tools_status": null,
            "vmx_path": null,
            "vtpm": [],
            "vvtd_enabled": null,
            "wait_for_guest_ip_timeout": 0,
            "wait_for_guest_net_routable": true,
            "wait_for_guest_net_timeout": 5
          },
          "sensitive_attributes": [
            [
              {
                "type": "get_attr",
                "value": "clone"
              },
              {
                "type": "index",
                "value": {
                  "value": 0,
                  "type": "number"
                }
              },
              {
                "type": "get_attr",
                "value": "customize"
              },
              {
                "type": "index",
                "value": {
                  "value": 0,
                  "type": "number"
                }
              },
              {
                "type": "get_attr",
                "value": "linux_options"
              },
              {
                "type": "index",
                "value": {
                  "value": 0,
                  "type": "number"
                }
              },
              {
                "type": "get_attr",
                "value": "script_text"
              }
            ],
            [
              {
                "type": "get_attr",
                "value": "clone"
              },
              {
                "type": "index",
                "value": {
                  "value": 0,
                  "type": "number"
                }
              },
              {
                "type": "get_attr",
                "value": "customize"
              },
              {
                "type": "index",
                "value": {
                  "value": 0,
                  "type": "number"
                }
              },
              {
                "type": "get_attr",
                "value": "windows_sysprep_text"
              }
            ]
          ],
          "identity_schema_version": 0,
          "private": "eyJzY2hlbWFfdmVyc2lvbiI6IjMifQ==",
          "dependencies": [
            "data.vsphere_compute_cluster.cluster",
            "data.vsphere_datacenter.dc",
            "data.vsphere_datastore.ds",
            "data.vsphere_network.net",
            "data.vsphere_virtual_machine.template"
          ]
        }
      ]
    }
  ],
  "check_results": null
}
