{
  "version": 4,
  "terraform_version": "1.14.7",
  "serial": 140,
  "lineage": "28a42ca9-d9d4-7723-c7f6-27d9150d2424",
  "outputs": {
    "student_vms": {
      "value": [
        "192.168.1.202",
        "192.168.1.201",
        "192.168.1.226",
        "192.168.1.220",
        "192.168.1.222",
        "192.168.1.225",
        "192.168.1.206",
        "192.168.1.224",
        "192.168.1.214",
        "192.168.1.212",
        "192.168.1.204",
        "192.168.1.218",
        "192.168.1.210",
        "192.168.1.208",
        "192.168.1.203",
        "192.168.1.207",
        "192.168.1.215",
        "192.168.1.211",
        "192.168.1.227",
        "192.168.1.217",
        "192.168.1.213",
        "192.168.1.219",
        "192.168.1.205",
        "192.168.1.221",
        "192.168.1.209",
        "192.168.1.216"
      ],
      "type": [
        "tuple",
        [
          "string",
          "string",
          "string",
          "string",
          "string",
          "string",
          "string",
          "string",
          "string",
          "string",
          "string",
          "string",
          "string",
          "string",
          "string",
          "string",
          "string",
          "string",
          "string",
          "string",
          "string",
          "string",
          "string",
          "string",
          "string",
          "string"
        ]
      ]
    }
  },
  "resources": [
    {
      "mode": "data",
      "type": "vsphere_compute_cluster",
      "name": "cluster",
      "provider": "provider[\"registry.terraform.io/hashicorp/vsphere\"]",
      "instances": [
        {
          "schema_version": 0,
          "attributes": {
            "datacenter_id": "datacenter-1001",
            "id": "domain-c1019",
            "name": "Lab-Cluster",
            "resource_pool_id": "resgroup-1020"
          },
          "sensitive_attributes": [],
          "identity_schema_version": 0
        }
      ]
    },
    {
      "mode": "data",
      "type": "vsphere_datacenter",
      "name": "dc",
      "provider": "provider[\"registry.terraform.io/hashicorp/vsphere\"]",
      "instances": [
        {
          "schema_version": 0,
          "attributes": {
            "id": "datacenter-1001",
            "name": "LAB-DC",
            "virtual_machines": [
              "AD-DNS",
              "DS-mgr01",
              "DS-mgr02",
              "DS-mgr03",
              "Kube-WN01",
              "Kube-WN02",
              "Kube-master",
              "LAB-NFS-Server",
              "guacamole-server",
              "guacamole-server-old",
              "pfsense-main",
              "stuvm1",
              "stuvm2",
              "test-vm02",
              "tf-ubuntu-MAIN-hacked",
              "ubuntu-temp01",
              "ubuntu-template",
              "vCLS-a7235b07-8021-420d-8fe4-4601c93bb291",
              "vcsa-01",
              "vyos-router",
              "win-10"
            ]
          },
          "sensitive_attributes": [],
          "identity_schema_version": 0
        }
      ]
    },
    {
      "mode": "data",
      "type": "vsphere_datastore",
      "name": "datastore",
      "provider": "provider[\"registry.terraform.io/hashicorp/vsphere\"]",
      "instances": [
        {
          "schema_version": 0,
          "attributes": {
            "datacenter_id": "datacenter-1001",
            "id": "datastore-1013",
            "name": "datastore1",
            "stats": {
              "capacity": "11380589592576",
              "free": "9004244795392"
            }
          },
          "sensitive_attributes": [],
          "identity_schema_version": 0
        }
      ]
    },
    {
      "mode": "data",
      "type": "vsphere_network",
      "name": "network",
      "provider": "provider[\"registry.terraform.io/hashicorp/vsphere\"]",
      "instances": [
        {
          "schema_version": 0,
          "attributes": {
            "datacenter_id": "datacenter-1001",
            "distributed_virtual_switch_uuid": null,
            "filter": null,
            "id": "network-2001",
            "name": "private-192",
            "retry_interval": 500,
            "retry_timeout": 0,
            "type": "Network"
          },
          "sensitive_attributes": [],
          "identity_schema_version": 0
        }
      ]
    },
    {
      "mode": "data",
      "type": "vsphere_virtual_machine",
      "name": "template",
      "provider": "provider[\"registry.terraform.io/hashicorp/vsphere\"]",
      "instances": [
        {
          "schema_version": 0,
          "attributes": {
            "alternate_guest_name": "",
            "annotation": "",
            "boot_delay": 0,
            "boot_retry_delay": 10000,
            "boot_retry_enabled": false,
            "change_version": "2026-04-28T03:30:57.808653Z",
            "cpu_hot_add_enabled": true,
            "cpu_hot_remove_enabled": false,
            "cpu_limit": -1,
            "cpu_performance_counters_enabled": false,
            "cpu_reservation": 0,
            "cpu_share_count": 2000,
            "cpu_share_level": "normal",
            "datacenter_id": "datacenter-1001",
            "default_ip_address": "192.168.1.118",
            "disks": [],
            "efi_secure_boot_enabled": false,
            "enable_disk_uuid": false,
            "enable_logging": true,
            "ept_rvi_mode": "automatic",
            "extra_config": {},
            "extra_config_reboot_required": true,
            "firmware": "bios",
            "folder": null,
            "guest_id": "ubuntu64Guest",
            "guest_ip_addresses": [
              "192.168.1.118",
              "fe80::d31d:8501:69fc:ad9a"
            ],
            "hardware_version": 10,
            "hv_mode": "hvAuto",
            "id": "564da9f3-ebd0-f686-ea9a-8a9a37c6883d",
            "ide_controller_scan_count": 2,
            "instance_uuid": "52c9f45b-cd5a-f0d4-3c5e-a001d5473a54",
            "latency_sensitivity": "normal",
            "memory": 4096,
            "memory_hot_add_enabled": true,
            "memory_limit": -1,
            "memory_reservation": 0,
            "memory_reservation_locked_to_max": false,
            "memory_share_count": 40960,
            "memory_share_level": "normal",
            "moid": "vm-2013",
            "name": "ubuntu-temp01",
            "nested_hv_enabled": false,
            "network_interface_types": [
              "e1000"
            ],
            "network_interfaces": [
              {
                "adapter_type": "e1000",
                "bandwidth_limit": -1,
                "bandwidth_reservation": 0,
                "bandwidth_share_count": 50,
                "bandwidth_share_level": "normal",
                "mac_address": "00:0c:29:c6:88:3d",
                "network_id": "network-2001",
                "physical_function": ""
              }
            ],
            "num_cores_per_socket": 1,
            "num_cpus": 2,
            "nvme_controller_scan_count": 1,
            "replace_trigger": null,
            "run_tools_scripts_after_power_on": true,
            "run_tools_scripts_after_resume": true,
            "run_tools_scripts_before_guest_reboot": false,
            "run_tools_scripts_before_guest_shutdown": true,
            "run_tools_scripts_before_guest_standby": true,
            "sata_controller_scan_count": 0,
            "scsi_bus_sharing": "unknown",
            "scsi_controller_scan_count": 1,
            "scsi_type": "unknown",
            "storage_policy_id": null,
            "swap_placement_policy": "inherit",
            "sync_time_with_host": false,
            "sync_time_with_host_periodically": false,
            "tools_upgrade_policy": "manual",
            "uuid": "564da9f3-ebd0-f686-ea9a-8a9a37c6883d",
            "vapp": null,
            "vapp_transport": [],
            "vbs_enabled": false,
            "vtpm": false,
            "vvtd_enabled": false
          },
          "sensitive_attributes": [],
          "identity_schema_version": 0
        }
      ]
    },
    {
      "mode": "managed",
      "type": "vsphere_folder",
      "name": "web-ubuntu",
      "provider": "provider[\"registry.terraform.io/hashicorp/vsphere\"]",
      "instances": [
        {
          "schema_version": 1,
          "attributes": {
            "custom_attributes": {},
            "datacenter_id": "datacenter-1001",
            "id": "group-v3085",
            "path": "dev/students-vm",
            "tags": [],
            "type": "vm"
          },
          "sensitive_attributes": [],
          "identity_schema_version": 0,
          "private": "eyJzY2hlbWFfdmVyc2lvbiI6IjEifQ==",
          "dependencies": [
            "data.vsphere_datacenter.dc"
          ]
        }
      ]
    },
    {
      "mode": "managed",
      "type": "vsphere_virtual_machine",
      "name": "student_vm",
      "provider": "provider[\"registry.terraform.io/hashicorp/vsphere\"]",
      "instances": [
        {
          "index_key": 0,
          "schema_version": 3,
          "attributes": {
            "alternate_guest_name": "",
            "annotation": "",
            "boot_delay": 0,
            "boot_retry_delay": 10000,
            "boot_retry_enabled": false,
            "cdrom": [],
            "change_version": "2026-06-08T03:35:05.461903Z",
            "clone": [
              {
                "customization_spec": [],
                "customize": [],
                "linked_clone": false,
                "ovf_network_map": {},
                "ovf_storage_map": {},
                "template_uuid": "564da9f3-ebd0-f686-ea9a-8a9a37c6883d",
                "timeout": 30
              }
            ],
            "cpu_hot_add_enabled": false,
            "cpu_hot_remove_enabled": false,
            "cpu_limit": -1,
            "cpu_performance_counters_enabled": false,
            "cpu_reservation": 0,
            "cpu_share_count": 4000,
            "cpu_share_level": "normal",
            "custom_attributes": {},
            "datacenter_id": null,
            "datastore_cluster_id": null,
            "datastore_id": "datastore-1013",
            "default_ip_address": "192.168.1.202",
            "disk": [
              {
                "attach": false,
                "controller_type": "scsi",
                "datastore_id": "datastore-1013",
                "device_address": "scsi:0:0",
                "disk_mode": "persistent",
                "disk_sharing": "sharingNone",
                "eagerly_scrub": false,
                "io_limit": -1,
                "io_reservation": 0,
                "io_share_count": 1000,
                "io_share_level": "normal",
                "keep_on_remove": false,
                "key": 2000,
                "label": "disk0",
                "path": "stuvm1_1/stuvm1_1.vmdk",
                "size": 500,
                "storage_policy_id": "",
                "thin_provisioned": true,
                "unit_number": 0,
                "uuid": "6000C293-583c-af0a-c9ad-648da8e9f889",
                "write_through": false
              }
            ],
            "efi_secure_boot_enabled": false,
            "enable_disk_uuid": false,
            "enable_logging": false,
            "ept_rvi_mode": "automatic",
            "extra_config": {
              "guestinfo.userdata": "I2Nsb3VkLWNvbmZpZwoKaG9zdG5hbWU6IHN0dXZtMQoKcGFja2FnZV91cGRhdGU6IHRydWUKCnBhY2thZ2VzOgogIC0gdWJ1bnR1LWRlc2t0b3AKICAtIHhyZHAKICAtIG9wZW5zc2gtc2VydmVyCiAgLSBkb2NrZXIuaW8KICAtIGdpdAogIC0gY3VybAogIC0gbmZzLWNvbW1vbgoKdXNlcnM6CiAgLSBkZWZhdWx0CiAgLSBuYW1lOiBzdHVkZW50CiAgICBncm91cHM6IHN1ZG8sZG9ja2VyCiAgICBzaGVsbDogL2Jpbi9iYXNoCiAgICBzdWRvOiBBTEw9KEFMTCkgTk9QQVNTV0Q6QUxMCiAgICBsb2NrX3Bhc3N3ZDogZmFsc2UKICAgIHBhc3N3ZDogJDYkQU5XblBTVVZhNy9YdE1MWCRGQ0FhOHp5V0VVZW9laXhIZmRoZFpkZDZSem5QcXVwZ1ZzamF2M0I5dkZDM0JjQmlvdDQ5azVodTZ0Z3RxSjJzLlJVN3lvRzJVVWlZZkdPLkViSUpXLwoKc3NoX3B3YXV0aDogdHJ1ZQoKcnVuY21kOgogIC0gc3lzdGVtY3RsIGVuYWJsZSBzc2gKICAtIHN5c3RlbWN0bCBzdGFydCBzc2gKICAtIHN5c3RlbWN0bCBlbmFibGUgeHJkcAogIC0gc3lzdGVtY3RsIHN0YXJ0IHhyZHAKICAtIGVjaG8gInN0dWRlbnQ6U3R1ZGVudEAxMjMiIHwgY2hwYXNzd2QKICAtIG1rZGlyIC1wIC9tbnQvbmZzc2hhcmUKICAtIGVjaG8gIjE5Mi4xNjguMS45OTovbW50L25mc3NoYXJlIC9tbnQvbmZzc2hhcmUgbmZzIGRlZmF1bHRzLF9uZXRkZXYsbm9mYWlsIDAgMCIgPj4gL2V0Yy9mc3RhYgogIC0gbW91bnQgLWEKICAtIG1rZGlyIC1wIC9tbnQvbmZzc2hhcmUvc3R1dm0xCiAgLSBta2RpciAtcCAvaG9tZS9zdHVkZW50L3dvcmtzcGFjZQogIC0gbW91bnQgLS1iaW5kIC9tbnQvbmZzc2hhcmUvc3R1dm0xIC9ob21lL3N0dWRlbnQvd29ya3NwYWNlCiAgLSBlY2hvICIvbW50L25mc3NoYXJlL3N0dXZtMSAvaG9tZS9zdHVkZW50L3dvcmtzcGFjZSBub25lIGJpbmQgMCAwIiA+PiAvZXRjL2ZzdGFiCiAgLSBjaG93biAtUiBzdHVkZW50OnN0dWRlbnQgL21udC9uZnNzaGFyZS9zdHV2bTEKICAtIGNob3duIC1SIHN0dWRlbnQ6c3R1ZGVudCAvaG9tZS9zdHVkZW50L3dvcmtzcGFjZQo=",
              "guestinfo.userdata.encoding": "base64"
            },
            "extra_config_reboot_required": true,
            "firmware": "bios",
            "folder": "",
            "force_power_off": true,
            "guest_id": "ubuntu64Guest",
            "guest_ip_addresses": [
              "192.168.1.202"
            ],
            "hardware_version": 10,
            "host_system_id": "host-1010",
            "hv_mode": "hvAuto",
            "id": "4231bfc7-0ea0-07ac-5bab-5a43a52f8fb7",
            "ide_controller_count": 2,
            "ignored_guest_ips": null,
            "imported": null,
            "latency_sensitivity": "normal",
            "memory": 8096,
            "memory_hot_add_enabled": false,
            "memory_limit": -1,
            "memory_reservation": 0,
            "memory_reservation_locked_to_max": false,
            "memory_share_count": 80960,
            "memory_share_level": "normal",
            "migrate_wait_timeout": 30,
            "moid": "vm-3087",
            "name": "stuvm1",
            "nested_hv_enabled": false,
            "network_interface": [
              {
                "adapter_type": "vmxnet3",
                "bandwidth_limit": -1,
                "bandwidth_reservation": 0,
                "bandwidth_share_count": 50,
                "bandwidth_share_level": "normal",
                "device_address": "pci:0:7",
                "key": 4000,
                "mac_address": "00:50:56:b1:c3:2d",
                "network_id": "network-2001",
                "ovf_mapping": "",
                "physical_function": "",
                "use_static_mac": false
              }
            ],
            "num_cores_per_socket": 1,
            "num_cpus": 4,
            "nvme_controller_count": 0,
            "ovf_deploy": [],
            "pci_device_id": [],
            "power_state": "on",
            "poweron_timeout": 300,
            "reboot_required": false,
            "replace_trigger": null,
            "resource_pool_id": "resgroup-1020",
            "run_tools_scripts_after_power_on": true,
            "run_tools_scripts_after_resume": true,
            "run_tools_scripts_before_guest_reboot": false,
            "run_tools_scripts_before_guest_shutdown": true,
            "run_tools_scripts_before_guest_standby": true,
            "sata_controller_count": 0,
            "scsi_bus_sharing": "noSharing",
            "scsi_controller_count": 1,
            "scsi_type": "pvscsi",
            "shutdown_wait_timeout": 3,
            "storage_policy_id": "",
            "swap_placement_policy": "inherit",
            "sync_time_with_host": false,
            "sync_time_with_host_periodically": false,
            "tags": [],
            "tools_upgrade_policy": "manual",
            "uuid": "4231bfc7-0ea0-07ac-5bab-5a43a52f8fb7",
            "vapp": [],
            "vapp_transport": [],
            "vbs_enabled": false,
            "vmware_tools_status": "guestToolsRunning",
            "vmx_path": "stuvm1_1/stuvm1.vmx",
            "vtpm": [],
            "vvtd_enabled": false,
            "wait_for_guest_ip_timeout": 0,
            "wait_for_guest_net_routable": true,
            "wait_for_guest_net_timeout": 5
          },
          "sensitive_attributes": [],
          "identity_schema_version": 0,
          "private": "eyJzY2hlbWFfdmVyc2lvbiI6IjMifQ==",
          "dependencies": [
            "data.vsphere_compute_cluster.cluster",
            "data.vsphere_datacenter.dc",
            "data.vsphere_datastore.datastore",
            "data.vsphere_network.network",
            "data.vsphere_virtual_machine.template"
          ]
        },
        {
          "index_key": 1,
          "schema_version": 3,
          "attributes": {
            "alternate_guest_name": "",
            "annotation": "",
            "boot_delay": 0,
            "boot_retry_delay": 10000,
            "boot_retry_enabled": false,
            "cdrom": [],
            "change_version": "2026-06-08T03:37:15.001323Z",
            "clone": [
              {
                "customization_spec": [],
                "customize": [],
                "linked_clone": false,
                "ovf_network_map": {},
                "ovf_storage_map": {},
                "template_uuid": "564da9f3-ebd0-f686-ea9a-8a9a37c6883d",
                "timeout": 30
              }
            ],
            "cpu_hot_add_enabled": false,
            "cpu_hot_remove_enabled": false,
            "cpu_limit": -1,
            "cpu_performance_counters_enabled": false,
            "cpu_reservation": 0,
            "cpu_share_count": 4000,
            "cpu_share_level": "normal",
            "custom_attributes": {},
            "datacenter_id": null,
            "datastore_cluster_id": null,
            "datastore_id": "datastore-1013",
            "default_ip_address": "192.168.1.201",
            "disk": [
              {
                "attach": false,
                "controller_type": "scsi",
                "datastore_id": "datastore-1013",
                "device_address": "scsi:0:0",
                "disk_mode": "persistent",
                "disk_sharing": "sharingNone",
                "eagerly_scrub": false,
                "io_limit": -1,
                "io_reservation": 0,
                "io_share_count": 1000,
                "io_share_level": "normal",
                "keep_on_remove": false,
                "key": 2000,
                "label": "disk0",
                "path": "stuvm2_1/stuvm2_1.vmdk",
                "size": 500,
                "storage_policy_id": "",
                "thin_provisioned": true,
                "unit_number": 0,
                "uuid": "6000C29a-8672-c001-3de4-8286b911c263",
                "write_through": false
              }
            ],
            "efi_secure_boot_enabled": false,
            "enable_disk_uuid": false,
            "enable_logging": false,
            "ept_rvi_mode": "automatic",
            "extra_config": {
              "guestinfo.userdata": "I2Nsb3VkLWNvbmZpZwoKaG9zdG5hbWU6IHN0dXZtMgoKcGFja2FnZV91cGRhdGU6IHRydWUKCnBhY2thZ2VzOgogIC0gdWJ1bnR1LWRlc2t0b3AKICAtIHhyZHAKICAtIG9wZW5zc2gtc2VydmVyCiAgLSBkb2NrZXIuaW8KICAtIGdpdAogIC0gY3VybAogIC0gbmZzLWNvbW1vbgoKdXNlcnM6CiAgLSBkZWZhdWx0CiAgLSBuYW1lOiBzdHVkZW50CiAgICBncm91cHM6IHN1ZG8sZG9ja2VyCiAgICBzaGVsbDogL2Jpbi9iYXNoCiAgICBzdWRvOiBBTEw9KEFMTCkgTk9QQVNTV0Q6QUxMCiAgICBsb2NrX3Bhc3N3ZDogZmFsc2UKICAgIHBhc3N3ZDogJDYkQU5XblBTVVZhNy9YdE1MWCRGQ0FhOHp5V0VVZW9laXhIZmRoZFpkZDZSem5QcXVwZ1ZzamF2M0I5dkZDM0JjQmlvdDQ5azVodTZ0Z3RxSjJzLlJVN3lvRzJVVWlZZkdPLkViSUpXLwoKc3NoX3B3YXV0aDogdHJ1ZQoKcnVuY21kOgogIC0gc3lzdGVtY3RsIGVuYWJsZSBzc2gKICAtIHN5c3RlbWN0bCBzdGFydCBzc2gKICAtIHN5c3RlbWN0bCBlbmFibGUgeHJkcAogIC0gc3lzdGVtY3RsIHN0YXJ0IHhyZHAKICAtIGVjaG8gInN0dWRlbnQ6U3R1ZGVudEAxMjMiIHwgY2hwYXNzd2QKICAtIG1rZGlyIC1wIC9tbnQvbmZzc2hhcmUKICAtIGVjaG8gIjE5Mi4xNjguMS45OTovbW50L25mc3NoYXJlIC9tbnQvbmZzc2hhcmUgbmZzIGRlZmF1bHRzLF9uZXRkZXYsbm9mYWlsIDAgMCIgPj4gL2V0Yy9mc3RhYgogIC0gbW91bnQgLWEKICAtIG1rZGlyIC1wIC9tbnQvbmZzc2hhcmUvc3R1dm0yCiAgLSBta2RpciAtcCAvaG9tZS9zdHVkZW50L3dvcmtzcGFjZQogIC0gbW91bnQgLS1iaW5kIC9tbnQvbmZzc2hhcmUvc3R1dm0yIC9ob21lL3N0dWRlbnQvd29ya3NwYWNlCiAgLSBlY2hvICIvbW50L25mc3NoYXJlL3N0dXZtMiAvaG9tZS9zdHVkZW50L3dvcmtzcGFjZSBub25lIGJpbmQgMCAwIiA+PiAvZXRjL2ZzdGFiCiAgLSBjaG93biAtUiBzdHVkZW50OnN0dWRlbnQgL21udC9uZnNzaGFyZS9zdHV2bTIKICAtIGNob3duIC1SIHN0dWRlbnQ6c3R1ZGVudCAvaG9tZS9zdHVkZW50L3dvcmtzcGFjZQo=",
              "guestinfo.userdata.encoding": "base64"
            },
            "extra_config_reboot_required": true,
            "firmware": "bios",
            "folder": "",
            "force_power_off": true,
            "guest_id": "ubuntu64Guest",
            "guest_ip_addresses": [
              "192.168.1.201",
              "fe80::250:56ff:feb1:2d04"
            ],
            "hardware_version": 10,
            "host_system_id": "host-1010",
            "hv_mode": "hvAuto",
            "id": "4231137b-bb8e-a9f9-00a2-0cfcef355a68",
            "ide_controller_count": 2,
            "ignored_guest_ips": null,
            "imported": null,
            "latency_sensitivity": "normal",
            "memory": 8096,
            "memory_hot_add_enabled": false,
            "memory_limit": -1,
            "memory_reservation": 0,
            "memory_reservation_locked_to_max": false,
            "memory_share_count": 80960,
            "memory_share_level": "normal",
            "migrate_wait_timeout": 30,
            "moid": "vm-3086",
            "name": "stuvm2",
            "nested_hv_enabled": false,
            "network_interface": [
              {
                "adapter_type": "vmxnet3",
                "bandwidth_limit": -1,
                "bandwidth_reservation": 0,
                "bandwidth_share_count": 50,
                "bandwidth_share_level": "normal",
                "device_address": "pci:0:7",
                "key": 4000,
                "mac_address": "00:50:56:b1:2d:04",
                "network_id": "network-2001",
                "ovf_mapping": "",
                "physical_function": "",
                "use_static_mac": false
              }
            ],
            "num_cores_per_socket": 1,
            "num_cpus": 4,
            "nvme_controller_count": 0,
            "ovf_deploy": [],
            "pci_device_id": [],
            "power_state": "on",
            "poweron_timeout": 300,
            "reboot_required": false,
            "replace_trigger": null,
            "resource_pool_id": "resgroup-1020",
            "run_tools_scripts_after_power_on": true,
            "run_tools_scripts_after_resume": true,
            "run_tools_scripts_before_guest_reboot": false,
            "run_tools_scripts_before_guest_shutdown": true,
            "run_tools_scripts_before_guest_standby": true,
            "sata_controller_count": 0,
            "scsi_bus_sharing": "noSharing",
            "scsi_controller_count": 1,
            "scsi_type": "pvscsi",
            "shutdown_wait_timeout": 3,
            "storage_policy_id": "",
            "swap_placement_policy": "inherit",
            "sync_time_with_host": false,
            "sync_time_with_host_periodically": false,
            "tags": [],
            "tools_upgrade_policy": "manual",
            "uuid": "4231137b-bb8e-a9f9-00a2-0cfcef355a68",
            "vapp": [],
            "vapp_transport": [],
            "vbs_enabled": false,
            "vmware_tools_status": "guestToolsRunning",
            "vmx_path": "stuvm2_1/stuvm2.vmx",
            "vtpm": [],
            "vvtd_enabled": false,
            "wait_for_guest_ip_timeout": 0,
            "wait_for_guest_net_routable": true,
            "wait_for_guest_net_timeout": 5
          },
          "sensitive_attributes": [],
          "identity_schema_version": 0,
          "private": "eyJzY2hlbWFfdmVyc2lvbiI6IjMifQ==",
          "dependencies": [
            "data.vsphere_compute_cluster.cluster",
            "data.vsphere_datacenter.dc",
            "data.vsphere_datastore.datastore",
            "data.vsphere_network.network",
            "data.vsphere_virtual_machine.template"
          ]
        },
        {
          "index_key": 2,
          "schema_version": 3,
          "attributes": {
            "alternate_guest_name": "",
            "annotation": "",
            "boot_delay": 0,
            "boot_retry_delay": 10000,
            "boot_retry_enabled": false,
            "cdrom": [],
            "change_version": "2026-06-08T03:37:42.87248Z",
            "clone": [
              {
                "customization_spec": [],
                "customize": [],
                "linked_clone": false,
                "ovf_network_map": null,
                "ovf_storage_map": null,
                "template_uuid": "564da9f3-ebd0-f686-ea9a-8a9a37c6883d",
                "timeout": 30
              }
            ],
            "cpu_hot_add_enabled": false,
            "cpu_hot_remove_enabled": false,
            "cpu_limit": -1,
            "cpu_performance_counters_enabled": false,
            "cpu_reservation": 0,
            "cpu_share_count": 4000,
            "cpu_share_level": "normal",
            "custom_attributes": null,
            "datacenter_id": null,
            "datastore_cluster_id": null,
            "datastore_id": "datastore-1013",
            "default_ip_address": "192.168.1.226",
            "disk": [
              {
                "attach": false,
                "controller_type": "scsi",
                "datastore_id": "datastore-1013",
                "device_address": "scsi:0:0",
                "disk_mode": "persistent",
                "disk_sharing": "sharingNone",
                "eagerly_scrub": false,
                "io_limit": -1,
                "io_reservation": 0,
                "io_share_count": 1000,
                "io_share_level": "normal",
                "keep_on_remove": false,
                "key": 2000,
                "label": "disk0",
                "path": "stuvm3/stuvm3_1.vmdk",
                "size": 500,
                "storage_policy_id": "",
                "thin_provisioned": true,
                "unit_number": 0,
                "uuid": "6000C292-5789-3612-c987-050e751c4211",
                "write_through": false
              },
              {
                "attach": false,
                "controller_type": "sata",
                "datastore_id": "datastore-1013",
                "device_address": "sata:0:0",
                "disk_mode": "persistent",
                "disk_sharing": "sharingNone",
                "eagerly_scrub": false,
                "io_limit": -1,
                "io_reservation": 0,
                "io_share_count": 1000,
                "io_share_level": "normal",
                "keep_on_remove": true,
                "key": 16000,
                "label": "orphaned_disk_0",
                "path": "stuvm3/stuvm3.vmdk",
                "size": 500,
                "storage_policy_id": "",
                "thin_provisioned": true,
                "unit_number": 0,
                "uuid": "6000C296-1c02-5b0d-ab34-31e10bc41836",
                "write_through": false
              }
            ],
            "efi_secure_boot_enabled": false,
            "enable_disk_uuid": false,
            "enable_logging": false,
            "ept_rvi_mode": "automatic",
            "extra_config": {
              "guestinfo.userdata": "I2Nsb3VkLWNvbmZpZwoKaG9zdG5hbWU6IHN0dXZtMwoKcGFja2FnZV91cGRhdGU6IHRydWUKCnBhY2thZ2VzOgogIC0gdWJ1bnR1LWRlc2t0b3AKICAtIHhyZHAKICAtIG9wZW5zc2gtc2VydmVyCiAgLSBkb2NrZXIuaW8KICAtIGdpdAogIC0gY3VybAogIC0gbmZzLWNvbW1vbgoKdXNlcnM6CiAgLSBkZWZhdWx0CiAgLSBuYW1lOiBzdHVkZW50CiAgICBncm91cHM6IHN1ZG8sZG9ja2VyCiAgICBzaGVsbDogL2Jpbi9iYXNoCiAgICBzdWRvOiBBTEw9KEFMTCkgTk9QQVNTV0Q6QUxMCiAgICBsb2NrX3Bhc3N3ZDogZmFsc2UKICAgIHBhc3N3ZDogJDYkQU5XblBTVVZhNy9YdE1MWCRGQ0FhOHp5V0VVZW9laXhIZmRoZFpkZDZSem5QcXVwZ1ZzamF2M0I5dkZDM0JjQmlvdDQ5azVodTZ0Z3RxSjJzLlJVN3lvRzJVVWlZZkdPLkViSUpXLwoKc3NoX3B3YXV0aDogdHJ1ZQoKcnVuY21kOgogIC0gc3lzdGVtY3RsIGVuYWJsZSBzc2gKICAtIHN5c3RlbWN0bCBzdGFydCBzc2gKICAtIHN5c3RlbWN0bCBlbmFibGUgeHJkcAogIC0gc3lzdGVtY3RsIHN0YXJ0IHhyZHAKICAtIGVjaG8gInN0dWRlbnQ6U3R1ZGVudEAxMjMiIHwgY2hwYXNzd2QKICAtIG1rZGlyIC1wIC9tbnQvbmZzc2hhcmUKICAtIGVjaG8gIjE5Mi4xNjguMS45OTovbW50L25mc3NoYXJlIC9tbnQvbmZzc2hhcmUgbmZzIGRlZmF1bHRzLF9uZXRkZXYsbm9mYWlsIDAgMCIgPj4gL2V0Yy9mc3RhYgogIC0gbW91bnQgLWEKICAtIG1rZGlyIC1wIC9tbnQvbmZzc2hhcmUvc3R1dm0zCiAgLSBta2RpciAtcCAvaG9tZS9zdHVkZW50L3dvcmtzcGFjZQogIC0gbW91bnQgLS1iaW5kIC9tbnQvbmZzc2hhcmUvc3R1dm0zIC9ob21lL3N0dWRlbnQvd29ya3NwYWNlCiAgLSBlY2hvICIvbW50L25mc3NoYXJlL3N0dXZtMyAvaG9tZS9zdHVkZW50L3dvcmtzcGFjZSBub25lIGJpbmQgMCAwIiA+PiAvZXRjL2ZzdGFiCiAgLSBjaG93biAtUiBzdHVkZW50OnN0dWRlbnQgL21udC9uZnNzaGFyZS9zdHV2bTMKICAtIGNob3duIC1SIHN0dWRlbnQ6c3R1ZGVudCAvaG9tZS9zdHVkZW50L3dvcmtzcGFjZQo=",
              "guestinfo.userdata.encoding": "base64"
            },
            "extra_config_reboot_required": true,
            "firmware": "bios",
            "folder": "",
            "force_power_off": true,
            "guest_id": "ubuntu64Guest",
            "guest_ip_addresses": [
              "192.168.1.226",
              "fe80::250:56ff:feb1:f44e"
            ],
            "hardware_version": 10,
            "host_system_id": "host-1010",
            "hv_mode": "hvAuto",
            "id": "42318a58-30a8-2d2e-dd70-4e677b533434",
            "ide_controller_count": 2,
            "ignored_guest_ips": null,
            "imported": null,
            "latency_sensitivity": "normal",
            "memory": 8096,
            "memory_hot_add_enabled": false,
            "memory_limit": -1,
            "memory_reservation": 0,
            "memory_reservation_locked_to_max": false,
            "memory_share_count": 80960,
            "memory_share_level": "normal",
            "migrate_wait_timeout": 30,
            "moid": "vm-3111",
            "name": "stuvm3",
            "nested_hv_enabled": false,
            "network_interface": [
              {
                "adapter_type": "vmxnet3",
                "bandwidth_limit": -1,
                "bandwidth_reservation": 0,
                "bandwidth_share_count": 50,
                "bandwidth_share_level": "normal",
                "device_address": "pci:0:7",
                "key": 4000,
                "mac_address": "00:50:56:b1:f4:4e",
                "network_id": "network-2001",
                "ovf_mapping": "",
                "physical_function": "",
                "use_static_mac": false
              }
            ],
            "num_cores_per_socket": 1,
            "num_cpus": 4,
            "nvme_controller_count": 0,
            "ovf_deploy": [],
            "pci_device_id": null,
            "power_state": "on",
            "poweron_timeout": 300,
            "reboot_required": false,
            "replace_trigger": null,
            "resource_pool_id": "resgroup-1020",
            "run_tools_scripts_after_power_on": true,
            "run_tools_scripts_after_resume": true,
            "run_tools_scripts_before_guest_reboot": false,
            "run_tools_scripts_before_guest_shutdown": true,
            "run_tools_scripts_before_guest_standby": true,
            "sata_controller_count": 0,
            "scsi_bus_sharing": "noSharing",
            "scsi_controller_count": 1,
            "scsi_type": "pvscsi",
            "shutdown_wait_timeout": 3,
            "storage_policy_id": "",
            "swap_placement_policy": "inherit",
            "sync_time_with_host": false,
            "sync_time_with_host_periodically": false,
            "tags": null,
            "tools_upgrade_policy": "manual",
            "uuid": "42318a58-30a8-2d2e-dd70-4e677b533434",
            "vapp": [],
            "vapp_transport": [],
            "vbs_enabled": false,
            "vmware_tools_status": "guestToolsRunning",
            "vmx_path": "stuvm3/stuvm3.vmx",
            "vtpm": [],
            "vvtd_enabled": false,
            "wait_for_guest_ip_timeout": 0,
            "wait_for_guest_net_routable": true,
            "wait_for_guest_net_timeout": 5
          },
          "sensitive_attributes": [],
          "identity_schema_version": 0,
          "private": "eyJzY2hlbWFfdmVyc2lvbiI6IjMifQ==",
          "dependencies": [
            "data.vsphere_compute_cluster.cluster",
            "data.vsphere_datacenter.dc",
            "data.vsphere_datastore.datastore",
            "data.vsphere_network.network",
            "data.vsphere_virtual_machine.template"
          ]
        },
        {
          "index_key": 3,
          "schema_version": 3,
          "attributes": {
            "alternate_guest_name": "",
            "annotation": "",
            "boot_delay": 0,
            "boot_retry_delay": 10000,
            "boot_retry_enabled": false,
            "cdrom": [],
            "change_version": "2026-06-08T03:36:18.136997Z",
            "clone": [
              {
                "customization_spec": [],
                "customize": [],
                "linked_clone": false,
                "ovf_network_map": null,
                "ovf_storage_map": null,
                "template_uuid": "564da9f3-ebd0-f686-ea9a-8a9a37c6883d",
                "timeout": 30
              }
            ],
            "cpu_hot_add_enabled": false,
            "cpu_hot_remove_enabled": false,
            "cpu_limit": -1,
            "cpu_performance_counters_enabled": false,
            "cpu_reservation": 0,
            "cpu_share_count": 4000,
            "cpu_share_level": "normal",
            "custom_attributes": null,
            "datacenter_id": null,
            "datastore_cluster_id": null,
            "datastore_id": "datastore-1013",
            "default_ip_address": "192.168.1.220",
            "disk": [
              {
                "attach": false,
                "controller_type": "scsi",
                "datastore_id": "datastore-1013",
                "device_address": "scsi:0:0",
                "disk_mode": "persistent",
                "disk_sharing": "sharingNone",
                "eagerly_scrub": false,
                "io_limit": -1,
                "io_reservation": 0,
                "io_share_count": 1000,
                "io_share_level": "normal",
                "keep_on_remove": false,
                "key": 2000,
                "label": "disk0",
                "path": "stuvm4/stuvm4_1.vmdk",
                "size": 500,
                "storage_policy_id": "",
                "thin_provisioned": true,
                "unit_number": 0,
                "uuid": "6000C297-9900-03f5-a20f-faa349c66efc",
                "write_through": false
              },
              {
                "attach": false,
                "controller_type": "sata",
                "datastore_id": "datastore-1013",
                "device_address": "sata:0:0",
                "disk_mode": "persistent",
                "disk_sharing": "sharingNone",
                "eagerly_scrub": false,
                "io_limit": -1,
                "io_reservation": 0,
                "io_share_count": 1000,
                "io_share_level": "normal",
                "keep_on_remove": true,
                "key": 16000,
                "label": "orphaned_disk_0",
                "path": "stuvm4/stuvm4.vmdk",
                "size": 500,
                "storage_policy_id": "",
                "thin_provisioned": true,
                "unit_number": 0,
                "uuid": "6000C29c-8421-eabf-ceff-72d3c1496e1b",
                "write_through": false
              }
            ],
            "efi_secure_boot_enabled": false,
            "enable_disk_uuid": false,
            "enable_logging": false,
            "ept_rvi_mode": "automatic",
            "extra_config": {
              "guestinfo.userdata": "I2Nsb3VkLWNvbmZpZwoKaG9zdG5hbWU6IHN0dXZtNAoKcGFja2FnZV91cGRhdGU6IHRydWUKCnBhY2thZ2VzOgogIC0gdWJ1bnR1LWRlc2t0b3AKICAtIHhyZHAKICAtIG9wZW5zc2gtc2VydmVyCiAgLSBkb2NrZXIuaW8KICAtIGdpdAogIC0gY3VybAogIC0gbmZzLWNvbW1vbgoKdXNlcnM6CiAgLSBkZWZhdWx0CiAgLSBuYW1lOiBzdHVkZW50CiAgICBncm91cHM6IHN1ZG8sZG9ja2VyCiAgICBzaGVsbDogL2Jpbi9iYXNoCiAgICBzdWRvOiBBTEw9KEFMTCkgTk9QQVNTV0Q6QUxMCiAgICBsb2NrX3Bhc3N3ZDogZmFsc2UKICAgIHBhc3N3ZDogJDYkQU5XblBTVVZhNy9YdE1MWCRGQ0FhOHp5V0VVZW9laXhIZmRoZFpkZDZSem5QcXVwZ1ZzamF2M0I5dkZDM0JjQmlvdDQ5azVodTZ0Z3RxSjJzLlJVN3lvRzJVVWlZZkdPLkViSUpXLwoKc3NoX3B3YXV0aDogdHJ1ZQoKcnVuY21kOgogIC0gc3lzdGVtY3RsIGVuYWJsZSBzc2gKICAtIHN5c3RlbWN0bCBzdGFydCBzc2gKICAtIHN5c3RlbWN0bCBlbmFibGUgeHJkcAogIC0gc3lzdGVtY3RsIHN0YXJ0IHhyZHAKICAtIGVjaG8gInN0dWRlbnQ6U3R1ZGVudEAxMjMiIHwgY2hwYXNzd2QKICAtIG1rZGlyIC1wIC9tbnQvbmZzc2hhcmUKICAtIGVjaG8gIjE5Mi4xNjguMS45OTovbW50L25mc3NoYXJlIC9tbnQvbmZzc2hhcmUgbmZzIGRlZmF1bHRzLF9uZXRkZXYsbm9mYWlsIDAgMCIgPj4gL2V0Yy9mc3RhYgogIC0gbW91bnQgLWEKICAtIG1rZGlyIC1wIC9tbnQvbmZzc2hhcmUvc3R1dm00CiAgLSBta2RpciAtcCAvaG9tZS9zdHVkZW50L3dvcmtzcGFjZQogIC0gbW91bnQgLS1iaW5kIC9tbnQvbmZzc2hhcmUvc3R1dm00IC9ob21lL3N0dWRlbnQvd29ya3NwYWNlCiAgLSBlY2hvICIvbW50L25mc3NoYXJlL3N0dXZtNCAvaG9tZS9zdHVkZW50L3dvcmtzcGFjZSBub25lIGJpbmQgMCAwIiA+PiAvZXRjL2ZzdGFiCiAgLSBjaG93biAtUiBzdHVkZW50OnN0dWRlbnQgL21udC9uZnNzaGFyZS9zdHV2bTQKICAtIGNob3duIC1SIHN0dWRlbnQ6c3R1ZGVudCAvaG9tZS9zdHVkZW50L3dvcmtzcGFjZQo=",
              "guestinfo.userdata.encoding": "base64"
            },
            "extra_config_reboot_required": true,
            "firmware": "bios",
            "folder": "",
            "force_power_off": true,
            "guest_id": "ubuntu64Guest",
            "guest_ip_addresses": [
              "192.168.1.220",
              "fe80::250:56ff:feb1:1f7c"
            ],
            "hardware_version": 10,
            "host_system_id": "host-1010",
            "hv_mode": "hvAuto",
            "id": "4231f538-1c96-27af-49ea-05c4919cdee7",
            "ide_controller_count": 2,
            "ignored_guest_ips": null,
            "imported": null,
            "latency_sensitivity": "normal",
            "memory": 8096,
            "memory_hot_add_enabled": false,
            "memory_limit": -1,
            "memory_reservation": 0,
            "memory_reservation_locked_to_max": false,
            "memory_share_count": 80960,
            "memory_share_level": "normal",
            "migrate_wait_timeout": 30,
            "moid": "vm-3100",
            "name": "stuvm4",
            "nested_hv_enabled": false,
            "network_interface": [
              {
                "adapter_type": "vmxnet3",
                "bandwidth_limit": -1,
                "bandwidth_reservation": 0,
                "bandwidth_share_count": 50,
                "bandwidth_share_level": "normal",
                "device_address": "pci:0:7",
                "key": 4000,
                "mac_address": "00:50:56:b1:1f:7c",
                "network_id": "network-2001",
                "ovf_mapping": "",
                "physical_function": "",
                "use_static_mac": false
              }
            ],
            "num_cores_per_socket": 1,
            "num_cpus": 4,
            "nvme_controller_count": 0,
            "ovf_deploy": [],
            "pci_device_id": null,
            "power_state": "on",
            "poweron_timeout": 300,
            "reboot_required": false,
            "replace_trigger": null,
            "resource_pool_id": "resgroup-1020",
            "run_tools_scripts_after_power_on": true,
            "run_tools_scripts_after_resume": true,
            "run_tools_scripts_before_guest_reboot": false,
            "run_tools_scripts_before_guest_shutdown": true,
            "run_tools_scripts_before_guest_standby": true,
            "sata_controller_count": 0,
            "scsi_bus_sharing": "noSharing",
            "scsi_controller_count": 1,
            "scsi_type": "pvscsi",
            "shutdown_wait_timeout": 3,
            "storage_policy_id": "",
            "swap_placement_policy": "inherit",
            "sync_time_with_host": false,
            "sync_time_with_host_periodically": false,
            "tags": null,
            "tools_upgrade_policy": "manual",
            "uuid": "4231f538-1c96-27af-49ea-05c4919cdee7",
            "vapp": [],
            "vapp_transport": [],
            "vbs_enabled": false,
            "vmware_tools_status": "guestToolsRunning",
            "vmx_path": "stuvm4/stuvm4.vmx",
            "vtpm": [],
            "vvtd_enabled": false,
            "wait_for_guest_ip_timeout": 0,
            "wait_for_guest_net_routable": true,
            "wait_for_guest_net_timeout": 5
          },
          "sensitive_attributes": [],
          "identity_schema_version": 0,
          "private": "eyJzY2hlbWFfdmVyc2lvbiI6IjMifQ==",
          "dependencies": [
            "data.vsphere_compute_cluster.cluster",
            "data.vsphere_datacenter.dc",
            "data.vsphere_datastore.datastore",
            "data.vsphere_network.network",
            "data.vsphere_virtual_machine.template"
          ]
        },
        {
          "index_key": 4,
          "schema_version": 3,
          "attributes": {
            "alternate_guest_name": "",
            "annotation": "",
            "boot_delay": 0,
            "boot_retry_delay": 10000,
            "boot_retry_enabled": false,
            "cdrom": [],
            "change_version": "2026-06-08T03:36:37.320833Z",
            "clone": [
              {
                "customization_spec": [],
                "customize": [],
                "linked_clone": false,
                "ovf_network_map": null,
                "ovf_storage_map": null,
                "template_uuid": "564da9f3-ebd0-f686-ea9a-8a9a37c6883d",
                "timeout": 30
              }
            ],
            "cpu_hot_add_enabled": false,
            "cpu_hot_remove_enabled": false,
            "cpu_limit": -1,
            "cpu_performance_counters_enabled": false,
            "cpu_reservation": 0,
            "cpu_share_count": 4000,
            "cpu_share_level": "normal",
            "custom_attributes": null,
            "datacenter_id": null,
            "datastore_cluster_id": null,
            "datastore_id": "datastore-1013",
            "default_ip_address": "192.168.1.222",
            "disk": [
              {
                "attach": false,
                "controller_type": "scsi",
                "datastore_id": "datastore-1013",
                "device_address": "scsi:0:0",
                "disk_mode": "persistent",
                "disk_sharing": "sharingNone",
                "eagerly_scrub": false,
                "io_limit": -1,
                "io_reservation": 0,
                "io_share_count": 1000,
                "io_share_level": "normal",
                "keep_on_remove": false,
                "key": 2000,
                "label": "disk0",
                "path": "stuvm5/stuvm5_1.vmdk",
                "size": 500,
                "storage_policy_id": "",
                "thin_provisioned": true,
                "unit_number": 0,
                "uuid": "6000C290-4f8c-fd04-7d22-e79096bf31b3",
                "write_through": false
              },
              {
                "attach": false,
                "controller_type": "sata",
                "datastore_id": "datastore-1013",
                "device_address": "sata:0:0",
                "disk_mode": "persistent",
                "disk_sharing": "sharingNone",
                "eagerly_scrub": false,
                "io_limit": -1,
                "io_reservation": 0,
                "io_share_count": 1000,
                "io_share_level": "normal",
                "keep_on_remove": true,
                "key": 16000,
                "label": "orphaned_disk_0",
                "path": "stuvm5/stuvm5.vmdk",
                "size": 500,
                "storage_policy_id": "",
                "thin_provisioned": true,
                "unit_number": 0,
                "uuid": "6000C297-e2e5-6f8c-1c1e-7bf5288ad817",
                "write_through": false
              }
            ],
            "efi_secure_boot_enabled": false,
            "enable_disk_uuid": false,
            "enable_logging": false,
            "ept_rvi_mode": "automatic",
            "extra_config": {
              "guestinfo.userdata": "I2Nsb3VkLWNvbmZpZwoKaG9zdG5hbWU6IHN0dXZtNQoKcGFja2FnZV91cGRhdGU6IHRydWUKCnBhY2thZ2VzOgogIC0gdWJ1bnR1LWRlc2t0b3AKICAtIHhyZHAKICAtIG9wZW5zc2gtc2VydmVyCiAgLSBkb2NrZXIuaW8KICAtIGdpdAogIC0gY3VybAogIC0gbmZzLWNvbW1vbgoKdXNlcnM6CiAgLSBkZWZhdWx0CiAgLSBuYW1lOiBzdHVkZW50CiAgICBncm91cHM6IHN1ZG8sZG9ja2VyCiAgICBzaGVsbDogL2Jpbi9iYXNoCiAgICBzdWRvOiBBTEw9KEFMTCkgTk9QQVNTV0Q6QUxMCiAgICBsb2NrX3Bhc3N3ZDogZmFsc2UKICAgIHBhc3N3ZDogJDYkQU5XblBTVVZhNy9YdE1MWCRGQ0FhOHp5V0VVZW9laXhIZmRoZFpkZDZSem5QcXVwZ1ZzamF2M0I5dkZDM0JjQmlvdDQ5azVodTZ0Z3RxSjJzLlJVN3lvRzJVVWlZZkdPLkViSUpXLwoKc3NoX3B3YXV0aDogdHJ1ZQoKcnVuY21kOgogIC0gc3lzdGVtY3RsIGVuYWJsZSBzc2gKICAtIHN5c3RlbWN0bCBzdGFydCBzc2gKICAtIHN5c3RlbWN0bCBlbmFibGUgeHJkcAogIC0gc3lzdGVtY3RsIHN0YXJ0IHhyZHAKICAtIGVjaG8gInN0dWRlbnQ6U3R1ZGVudEAxMjMiIHwgY2hwYXNzd2QKICAtIG1rZGlyIC1wIC9tbnQvbmZzc2hhcmUKICAtIGVjaG8gIjE5Mi4xNjguMS45OTovbW50L25mc3NoYXJlIC9tbnQvbmZzc2hhcmUgbmZzIGRlZmF1bHRzLF9uZXRkZXYsbm9mYWlsIDAgMCIgPj4gL2V0Yy9mc3RhYgogIC0gbW91bnQgLWEKICAtIG1rZGlyIC1wIC9tbnQvbmZzc2hhcmUvc3R1dm01CiAgLSBta2RpciAtcCAvaG9tZS9zdHVkZW50L3dvcmtzcGFjZQogIC0gbW91bnQgLS1iaW5kIC9tbnQvbmZzc2hhcmUvc3R1dm01IC9ob21lL3N0dWRlbnQvd29ya3NwYWNlCiAgLSBlY2hvICIvbW50L25mc3NoYXJlL3N0dXZtNSAvaG9tZS9zdHVkZW50L3dvcmtzcGFjZSBub25lIGJpbmQgMCAwIiA+PiAvZXRjL2ZzdGFiCiAgLSBjaG93biAtUiBzdHVkZW50OnN0dWRlbnQgL21udC9uZnNzaGFyZS9zdHV2bTUKICAtIGNob3duIC1SIHN0dWRlbnQ6c3R1ZGVudCAvaG9tZS9zdHVkZW50L3dvcmtzcGFjZQo=",
              "guestinfo.userdata.encoding": "base64"
            },
            "extra_config_reboot_required": true,
            "firmware": "bios",
            "folder": "",
            "force_power_off": true,
            "guest_id": "ubuntu64Guest",
            "guest_ip_addresses": [
              "192.168.1.222",
              "fe80::250:56ff:feb1:3f52"
            ],
            "hardware_version": 10,
            "host_system_id": "host-1010",
            "hv_mode": "hvAuto",
            "id": "4231c08a-243a-5fbe-71f4-d8140389acd6",
            "ide_controller_count": 2,
            "ignored_guest_ips": null,
            "imported": null,
            "latency_sensitivity": "normal",
            "memory": 8096,
            "memory_hot_add_enabled": false,
            "memory_limit": -1,
            "memory_reservation": 0,
            "memory_reservation_locked_to_max": false,
            "memory_share_count": 80960,
            "memory_share_level": "normal",
            "migrate_wait_timeout": 30,
            "moid": "vm-3107",
            "name": "stuvm5",
            "nested_hv_enabled": false,
            "network_interface": [
              {
                "adapter_type": "vmxnet3",
                "bandwidth_limit": -1,
                "bandwidth_reservation": 0,
                "bandwidth_share_count": 50,
                "bandwidth_share_level": "normal",
                "device_address": "pci:0:7",
                "key": 4000,
                "mac_address": "00:50:56:b1:3f:52",
                "network_id": "network-2001",
                "ovf_mapping": "",
                "physical_function": "",
                "use_static_mac": false
              }
            ],
            "num_cores_per_socket": 1,
            "num_cpus": 4,
            "nvme_controller_count": 0,
            "ovf_deploy": [],
            "pci_device_id": null,
            "power_state": "on",
            "poweron_timeout": 300,
            "reboot_required": false,
            "replace_trigger": null,
            "resource_pool_id": "resgroup-1020",
            "run_tools_scripts_after_power_on": true,
            "run_tools_scripts_after_resume": true,
            "run_tools_scripts_before_guest_reboot": false,
            "run_tools_scripts_before_guest_shutdown": true,
            "run_tools_scripts_before_guest_standby": true,
            "sata_controller_count": 0,
            "scsi_bus_sharing": "noSharing",
            "scsi_controller_count": 1,
            "scsi_type": "pvscsi",
            "shutdown_wait_timeout": 3,
            "storage_policy_id": "",
            "swap_placement_policy": "inherit",
            "sync_time_with_host": false,
            "sync_time_with_host_periodically": false,
            "tags": null,
            "tools_upgrade_policy": "manual",
            "uuid": "4231c08a-243a-5fbe-71f4-d8140389acd6",
            "vapp": [],
            "vapp_transport": [],
            "vbs_enabled": false,
            "vmware_tools_status": "guestToolsRunning",
            "vmx_path": "stuvm5/stuvm5.vmx",
            "vtpm": [],
            "vvtd_enabled": false,
            "wait_for_guest_ip_timeout": 0,
            "wait_for_guest_net_routable": true,
            "wait_for_guest_net_timeout": 5
          },
          "sensitive_attributes": [],
          "identity_schema_version": 0,
          "private": "eyJzY2hlbWFfdmVyc2lvbiI6IjMifQ==",
          "dependencies": [
            "data.vsphere_compute_cluster.cluster",
            "data.vsphere_datacenter.dc",
            "data.vsphere_datastore.datastore",
            "data.vsphere_network.network",
            "data.vsphere_virtual_machine.template"
          ]
        },
        {
          "index_key": 5,
          "schema_version": 3,
          "attributes": {
            "alternate_guest_name": "",
            "annotation": "",
            "boot_delay": 0,
            "boot_retry_delay": 10000,
            "boot_retry_enabled": false,
            "cdrom": [],
            "change_version": "2026-06-08T03:37:35.742832Z",
            "clone": [
              {
                "customization_spec": [],
                "customize": [],
                "linked_clone": false,
                "ovf_network_map": null,
                "ovf_storage_map": null,
                "template_uuid": "564da9f3-ebd0-f686-ea9a-8a9a37c6883d",
                "timeout": 30
              }
            ],
            "cpu_hot_add_enabled": false,
            "cpu_hot_remove_enabled": false,
            "cpu_limit": -1,
            "cpu_performance_counters_enabled": false,
            "cpu_reservation": 0,
            "cpu_share_count": 4000,
            "cpu_share_level": "normal",
            "custom_attributes": null,
            "datacenter_id": null,
            "datastore_cluster_id": null,
            "datastore_id": "datastore-1013",
            "default_ip_address": "192.168.1.225",
            "disk": [
              {
                "attach": false,
                "controller_type": "scsi",
                "datastore_id": "datastore-1013",
                "device_address": "scsi:0:0",
                "disk_mode": "persistent",
                "disk_sharing": "sharingNone",
                "eagerly_scrub": false,
                "io_limit": -1,
                "io_reservation": 0,
                "io_share_count": 1000,
                "io_share_level": "normal",
                "keep_on_remove": false,
                "key": 2000,
                "label": "disk0",
                "path": "stuvm6/stuvm6_1.vmdk",
                "size": 500,
                "storage_policy_id": "",
                "thin_provisioned": true,
                "unit_number": 0,
                "uuid": "6000C299-40fc-2f1b-cbaa-a4c4c5a6f88d",
                "write_through": false
              },
              {
                "attach": false,
                "controller_type": "sata",
                "datastore_id": "datastore-1013",
                "device_address": "sata:0:0",
                "disk_mode": "persistent",
                "disk_sharing": "sharingNone",
                "eagerly_scrub": false,
                "io_limit": -1,
                "io_reservation": 0,
                "io_share_count": 1000,
                "io_share_level": "normal",
                "keep_on_remove": true,
                "key": 16000,
                "label": "orphaned_disk_0",
                "path": "stuvm6/stuvm6.vmdk",
                "size": 500,
                "storage_policy_id": "",
                "thin_provisioned": true,
                "unit_number": 0,
                "uuid": "6000C296-f8d0-85df-f88c-c568c0b603dc",
                "write_through": false
              }
            ],
            "efi_secure_boot_enabled": false,
            "enable_disk_uuid": false,
            "enable_logging": false,
            "ept_rvi_mode": "automatic",
            "extra_config": {
              "guestinfo.userdata": "I2Nsb3VkLWNvbmZpZwoKaG9zdG5hbWU6IHN0dXZtNgoKcGFja2FnZV91cGRhdGU6IHRydWUKCnBhY2thZ2VzOgogIC0gdWJ1bnR1LWRlc2t0b3AKICAtIHhyZHAKICAtIG9wZW5zc2gtc2VydmVyCiAgLSBkb2NrZXIuaW8KICAtIGdpdAogIC0gY3VybAogIC0gbmZzLWNvbW1vbgoKdXNlcnM6CiAgLSBkZWZhdWx0CiAgLSBuYW1lOiBzdHVkZW50CiAgICBncm91cHM6IHN1ZG8sZG9ja2VyCiAgICBzaGVsbDogL2Jpbi9iYXNoCiAgICBzdWRvOiBBTEw9KEFMTCkgTk9QQVNTV0Q6QUxMCiAgICBsb2NrX3Bhc3N3ZDogZmFsc2UKICAgIHBhc3N3ZDogJDYkQU5XblBTVVZhNy9YdE1MWCRGQ0FhOHp5V0VVZW9laXhIZmRoZFpkZDZSem5QcXVwZ1ZzamF2M0I5dkZDM0JjQmlvdDQ5azVodTZ0Z3RxSjJzLlJVN3lvRzJVVWlZZkdPLkViSUpXLwoKc3NoX3B3YXV0aDogdHJ1ZQoKcnVuY21kOgogIC0gc3lzdGVtY3RsIGVuYWJsZSBzc2gKICAtIHN5c3RlbWN0bCBzdGFydCBzc2gKICAtIHN5c3RlbWN0bCBlbmFibGUgeHJkcAogIC0gc3lzdGVtY3RsIHN0YXJ0IHhyZHAKICAtIGVjaG8gInN0dWRlbnQ6U3R1ZGVudEAxMjMiIHwgY2hwYXNzd2QKICAtIG1rZGlyIC1wIC9tbnQvbmZzc2hhcmUKICAtIGVjaG8gIjE5Mi4xNjguMS45OTovbW50L25mc3NoYXJlIC9tbnQvbmZzc2hhcmUgbmZzIGRlZmF1bHRzLF9uZXRkZXYsbm9mYWlsIDAgMCIgPj4gL2V0Yy9mc3RhYgogIC0gbW91bnQgLWEKICAtIG1rZGlyIC1wIC9tbnQvbmZzc2hhcmUvc3R1dm02CiAgLSBta2RpciAtcCAvaG9tZS9zdHVkZW50L3dvcmtzcGFjZQogIC0gbW91bnQgLS1iaW5kIC9tbnQvbmZzc2hhcmUvc3R1dm02IC9ob21lL3N0dWRlbnQvd29ya3NwYWNlCiAgLSBlY2hvICIvbW50L25mc3NoYXJlL3N0dXZtNiAvaG9tZS9zdHVkZW50L3dvcmtzcGFjZSBub25lIGJpbmQgMCAwIiA+PiAvZXRjL2ZzdGFiCiAgLSBjaG93biAtUiBzdHVkZW50OnN0dWRlbnQgL21udC9uZnNzaGFyZS9zdHV2bTYKICAtIGNob3duIC1SIHN0dWRlbnQ6c3R1ZGVudCAvaG9tZS9zdHVkZW50L3dvcmtzcGFjZQo=",
              "guestinfo.userdata.encoding": "base64"
            },
            "extra_config_reboot_required": true,
            "firmware": "bios",
            "folder": "",
            "force_power_off": true,
            "guest_id": "ubuntu64Guest",
            "guest_ip_addresses": [
              "192.168.1.225",
              "fe80::250:56ff:feb1:1cc3"
            ],
            "hardware_version": 10,
            "host_system_id": "host-1010",
            "hv_mode": "hvAuto",
            "id": "423150e9-f868-99ea-cae7-78ee2982b206",
            "ide_controller_count": 2,
            "ignored_guest_ips": null,
            "imported": null,
            "latency_sensitivity": "normal",
            "memory": 8096,
            "memory_hot_add_enabled": false,
            "memory_limit": -1,
            "memory_reservation": 0,
            "memory_reservation_locked_to_max": false,
            "memory_share_count": 80960,
            "memory_share_level": "normal",
            "migrate_wait_timeout": 30,
            "moid": "vm-3110",
            "name": "stuvm6",
            "nested_hv_enabled": false,
            "network_interface": [
              {
                "adapter_type": "vmxnet3",
                "bandwidth_limit": -1,
                "bandwidth_reservation": 0,
                "bandwidth_share_count": 50,
                "bandwidth_share_level": "normal",
                "device_address": "pci:0:7",
                "key": 4000,
                "mac_address": "00:50:56:b1:1c:c3",
                "network_id": "network-2001",
                "ovf_mapping": "",
                "physical_function": "",
                "use_static_mac": false
              }
            ],
            "num_cores_per_socket": 1,
            "num_cpus": 4,
            "nvme_controller_count": 0,
            "ovf_deploy": [],
            "pci_device_id": null,
            "power_state": "on",
            "poweron_timeout": 300,
            "reboot_required": false,
            "replace_trigger": null,
            "resource_pool_id": "resgroup-1020",
            "run_tools_scripts_after_power_on": true,
            "run_tools_scripts_after_resume": true,
            "run_tools_scripts_before_guest_reboot": false,
            "run_tools_scripts_before_guest_shutdown": true,
            "run_tools_scripts_before_guest_standby": true,
            "sata_controller_count": 0,
            "scsi_bus_sharing": "noSharing",
            "scsi_controller_count": 1,
            "scsi_type": "pvscsi",
            "shutdown_wait_timeout": 3,
            "storage_policy_id": "",
            "swap_placement_policy": "inherit",
            "sync_time_with_host": false,
            "sync_time_with_host_periodically": false,
            "tags": null,
            "tools_upgrade_policy": "manual",
            "uuid": "423150e9-f868-99ea-cae7-78ee2982b206",
            "vapp": [],
            "vapp_transport": [],
            "vbs_enabled": false,
            "vmware_tools_status": "guestToolsRunning",
            "vmx_path": "stuvm6/stuvm6.vmx",
            "vtpm": [],
            "vvtd_enabled": false,
            "wait_for_guest_ip_timeout": 0,
            "wait_for_guest_net_routable": true,
            "wait_for_guest_net_timeout": 5
          },
          "sensitive_attributes": [],
          "identity_schema_version": 0,
          "private": "eyJzY2hlbWFfdmVyc2lvbiI6IjMifQ==",
          "dependencies": [
            "data.vsphere_compute_cluster.cluster",
            "data.vsphere_datacenter.dc",
            "data.vsphere_datastore.datastore",
            "data.vsphere_network.network",
            "data.vsphere_virtual_machine.template"
          ]
        },
        {
          "index_key": 6,
          "schema_version": 3,
          "attributes": {
            "alternate_guest_name": "",
            "annotation": "",
            "boot_delay": 0,
            "boot_retry_delay": 10000,
            "boot_retry_enabled": false,
            "cdrom": [],
            "change_version": "2026-06-08T03:34:12.636566Z",
            "clone": [
              {
                "customization_spec": [],
                "customize": [],
                "linked_clone": false,
                "ovf_network_map": null,
                "ovf_storage_map": null,
                "template_uuid": "564da9f3-ebd0-f686-ea9a-8a9a37c6883d",
                "timeout": 30
              }
            ],
            "cpu_hot_add_enabled": false,
            "cpu_hot_remove_enabled": false,
            "cpu_limit": -1,
            "cpu_performance_counters_enabled": false,
            "cpu_reservation": 0,
            "cpu_share_count": 4000,
            "cpu_share_level": "normal",
            "custom_attributes": null,
            "datacenter_id": null,
            "datastore_cluster_id": null,
            "datastore_id": "datastore-1013",
            "default_ip_address": "192.168.1.206",
            "disk": [
              {
                "attach": false,
                "controller_type": "scsi",
                "datastore_id": "datastore-1013",
                "device_address": "scsi:0:0",
                "disk_mode": "persistent",
                "disk_sharing": "sharingNone",
                "eagerly_scrub": false,
                "io_limit": -1,
                "io_reservation": 0,
                "io_share_count": 1000,
                "io_share_level": "normal",
                "keep_on_remove": false,
                "key": 2000,
                "label": "disk0",
                "path": "stuvm7/stuvm7_1.vmdk",
                "size": 500,
                "storage_policy_id": "",
                "thin_provisioned": true,
                "unit_number": 0,
                "uuid": "6000C297-c4d5-c236-09f5-afba99bd6b8d",
                "write_through": false
              },
              {
                "attach": false,
                "controller_type": "sata",
                "datastore_id": "datastore-1013",
                "device_address": "sata:0:0",
                "disk_mode": "persistent",
                "disk_sharing": "sharingNone",
                "eagerly_scrub": false,
                "io_limit": -1,
                "io_reservation": 0,
                "io_share_count": 1000,
                "io_share_level": "normal",
                "keep_on_remove": true,
                "key": 16000,
                "label": "orphaned_disk_0",
                "path": "stuvm7/stuvm7.vmdk",
                "size": 500,
                "storage_policy_id": "",
                "thin_provisioned": true,
                "unit_number": 0,
                "uuid": "6000C298-304f-f1ec-475d-79d3c6dd7345",
                "write_through": false
              }
            ],
            "efi_secure_boot_enabled": false,
            "enable_disk_uuid": false,
            "enable_logging": false,
            "ept_rvi_mode": "automatic",
            "extra_config": {
              "guestinfo.userdata": "I2Nsb3VkLWNvbmZpZwoKaG9zdG5hbWU6IHN0dXZtNwoKcGFja2FnZV91cGRhdGU6IHRydWUKCnBhY2thZ2VzOgogIC0gdWJ1bnR1LWRlc2t0b3AKICAtIHhyZHAKICAtIG9wZW5zc2gtc2VydmVyCiAgLSBkb2NrZXIuaW8KICAtIGdpdAogIC0gY3VybAogIC0gbmZzLWNvbW1vbgoKdXNlcnM6CiAgLSBkZWZhdWx0CiAgLSBuYW1lOiBzdHVkZW50CiAgICBncm91cHM6IHN1ZG8sZG9ja2VyCiAgICBzaGVsbDogL2Jpbi9iYXNoCiAgICBzdWRvOiBBTEw9KEFMTCkgTk9QQVNTV0Q6QUxMCiAgICBsb2NrX3Bhc3N3ZDogZmFsc2UKICAgIHBhc3N3ZDogJDYkQU5XblBTVVZhNy9YdE1MWCRGQ0FhOHp5V0VVZW9laXhIZmRoZFpkZDZSem5QcXVwZ1ZzamF2M0I5dkZDM0JjQmlvdDQ5azVodTZ0Z3RxSjJzLlJVN3lvRzJVVWlZZkdPLkViSUpXLwoKc3NoX3B3YXV0aDogdHJ1ZQoKcnVuY21kOgogIC0gc3lzdGVtY3RsIGVuYWJsZSBzc2gKICAtIHN5c3RlbWN0bCBzdGFydCBzc2gKICAtIHN5c3RlbWN0bCBlbmFibGUgeHJkcAogIC0gc3lzdGVtY3RsIHN0YXJ0IHhyZHAKICAtIGVjaG8gInN0dWRlbnQ6U3R1ZGVudEAxMjMiIHwgY2hwYXNzd2QKICAtIG1rZGlyIC1wIC9tbnQvbmZzc2hhcmUKICAtIGVjaG8gIjE5Mi4xNjguMS45OTovbW50L25mc3NoYXJlIC9tbnQvbmZzc2hhcmUgbmZzIGRlZmF1bHRzLF9uZXRkZXYsbm9mYWlsIDAgMCIgPj4gL2V0Yy9mc3RhYgogIC0gbW91bnQgLWEKICAtIG1rZGlyIC1wIC9tbnQvbmZzc2hhcmUvc3R1dm03CiAgLSBta2RpciAtcCAvaG9tZS9zdHVkZW50L3dvcmtzcGFjZQogIC0gbW91bnQgLS1iaW5kIC9tbnQvbmZzc2hhcmUvc3R1dm03IC9ob21lL3N0dWRlbnQvd29ya3NwYWNlCiAgLSBlY2hvICIvbW50L25mc3NoYXJlL3N0dXZtNyAvaG9tZS9zdHVkZW50L3dvcmtzcGFjZSBub25lIGJpbmQgMCAwIiA+PiAvZXRjL2ZzdGFiCiAgLSBjaG93biAtUiBzdHVkZW50OnN0dWRlbnQgL21udC9uZnNzaGFyZS9zdHV2bTcKICAtIGNob3duIC1SIHN0dWRlbnQ6c3R1ZGVudCAvaG9tZS9zdHVkZW50L3dvcmtzcGFjZQo=",
              "guestinfo.userdata.encoding": "base64"
            },
            "extra_config_reboot_required": true,
            "firmware": "bios",
            "folder": "",
            "force_power_off": true,
            "guest_id": "ubuntu64Guest",
            "guest_ip_addresses": [
              "192.168.1.206",
              "fe80::250:56ff:feb1:a580"
            ],
            "hardware_version": 10,
            "host_system_id": "host-1010",
            "hv_mode": "hvAuto",
            "id": "4231560d-06c7-5fa9-917b-26c2bd706edb",
            "ide_controller_count": 2,
            "ignored_guest_ips": null,
            "imported": null,
            "latency_sensitivity": "normal",
            "memory": 8096,
            "memory_hot_add_enabled": false,
            "memory_limit": -1,
            "memory_reservation": 0,
            "memory_reservation_locked_to_max": false,
            "memory_share_count": 80960,
            "memory_share_level": "normal",
            "migrate_wait_timeout": 30,
            "moid": "vm-3090",
            "name": "stuvm7",
            "nested_hv_enabled": false,
            "network_interface": [
              {
                "adapter_type": "vmxnet3",
                "bandwidth_limit": -1,
                "bandwidth_reservation": 0,
                "bandwidth_share_count": 50,
                "bandwidth_share_level": "normal",
                "device_address": "pci:0:7",
                "key": 4000,
                "mac_address": "00:50:56:b1:a5:80",
                "network_id": "network-2001",
                "ovf_mapping": "",
                "physical_function": "",
                "use_static_mac": false
              }
            ],
            "num_cores_per_socket": 1,
            "num_cpus": 4,
            "nvme_controller_count": 0,
            "ovf_deploy": [],
            "pci_device_id": null,
            "power_state": "on",
            "poweron_timeout": 300,
            "reboot_required": false,
            "replace_trigger": null,
            "resource_pool_id": "resgroup-1020",
            "run_tools_scripts_after_power_on": true,
            "run_tools_scripts_after_resume": true,
            "run_tools_scripts_before_guest_reboot": false,
            "run_tools_scripts_before_guest_shutdown": true,
            "run_tools_scripts_before_guest_standby": true,
            "sata_controller_count": 0,
            "scsi_bus_sharing": "noSharing",
            "scsi_controller_count": 1,
            "scsi_type": "pvscsi",
            "shutdown_wait_timeout": 3,
            "storage_policy_id": "",
            "swap_placement_policy": "inherit",
            "sync_time_with_host": false,
            "sync_time_with_host_periodically": false,
            "tags": null,
            "tools_upgrade_policy": "manual",
            "uuid": "4231560d-06c7-5fa9-917b-26c2bd706edb",
            "vapp": [],
            "vapp_transport": [],
            "vbs_enabled": false,
            "vmware_tools_status": "guestToolsRunning",
            "vmx_path": "stuvm7/stuvm7.vmx",
            "vtpm": [],
            "vvtd_enabled": false,
            "wait_for_guest_ip_timeout": 0,
            "wait_for_guest_net_routable": true,
            "wait_for_guest_net_timeout": 5
          },
          "sensitive_attributes": [],
          "identity_schema_version": 0,
          "private": "eyJzY2hlbWFfdmVyc2lvbiI6IjMifQ==",
          "dependencies": [
            "data.vsphere_compute_cluster.cluster",
            "data.vsphere_datacenter.dc",
            "data.vsphere_datastore.datastore",
            "data.vsphere_network.network",
            "data.vsphere_virtual_machine.template"
          ]
        },
        {
          "index_key": 7,
          "schema_version": 3,
          "attributes": {
            "alternate_guest_name": "",
            "annotation": "",
            "boot_delay": 0,
            "boot_retry_delay": 10000,
            "boot_retry_enabled": false,
            "cdrom": [],
            "change_version": "2026-06-08T03:37:35.544445Z",
            "clone": [
              {
                "customization_spec": [],
                "customize": [],
                "linked_clone": false,
                "ovf_network_map": null,
                "ovf_storage_map": null,
                "template_uuid": "564da9f3-ebd0-f686-ea9a-8a9a37c6883d",
                "timeout": 30
              }
            ],
            "cpu_hot_add_enabled": false,
            "cpu_hot_remove_enabled": false,
            "cpu_limit": -1,
            "cpu_performance_counters_enabled": false,
            "cpu_reservation": 0,
            "cpu_share_count": 4000,
            "cpu_share_level": "normal",
            "custom_attributes": null,
            "datacenter_id": null,
            "datastore_cluster_id": null,
            "datastore_id": "datastore-1013",
            "default_ip_address": "192.168.1.224",
            "disk": [
              {
                "attach": false,
                "controller_type": "scsi",
                "datastore_id": "datastore-1013",
                "device_address": "scsi:0:0",
                "disk_mode": "persistent",
                "disk_sharing": "sharingNone",
                "eagerly_scrub": false,
                "io_limit": -1,
                "io_reservation": 0,
                "io_share_count": 1000,
                "io_share_level": "normal",
                "keep_on_remove": false,
                "key": 2000,
                "label": "disk0",
                "path": "stuvm8/stuvm8_1.vmdk",
                "size": 500,
                "storage_policy_id": "",
                "thin_provisioned": true,
                "unit_number": 0,
                "uuid": "6000C293-607f-eec7-1764-648ba175226c",
                "write_through": false
              },
              {
                "attach": false,
                "controller_type": "sata",
                "datastore_id": "datastore-1013",
                "device_address": "sata:0:0",
                "disk_mode": "persistent",
                "disk_sharing": "sharingNone",
                "eagerly_scrub": false,
                "io_limit": -1,
                "io_reservation": 0,
                "io_share_count": 1000,
                "io_share_level": "normal",
                "keep_on_remove": true,
                "key": 16000,
                "label": "orphaned_disk_0",
                "path": "stuvm8/stuvm8.vmdk",
                "size": 500,
                "storage_policy_id": "",
                "thin_provisioned": true,
                "unit_number": 0,
                "uuid": "6000C296-b6d2-69fa-0407-167b49e3dc1b",
                "write_through": false
              }
            ],
            "efi_secure_boot_enabled": false,
            "enable_disk_uuid": false,
            "enable_logging": false,
            "ept_rvi_mode": "automatic",
            "extra_config": {
              "guestinfo.userdata": "I2Nsb3VkLWNvbmZpZwoKaG9zdG5hbWU6IHN0dXZtOAoKcGFja2FnZV91cGRhdGU6IHRydWUKCnBhY2thZ2VzOgogIC0gdWJ1bnR1LWRlc2t0b3AKICAtIHhyZHAKICAtIG9wZW5zc2gtc2VydmVyCiAgLSBkb2NrZXIuaW8KICAtIGdpdAogIC0gY3VybAogIC0gbmZzLWNvbW1vbgoKdXNlcnM6CiAgLSBkZWZhdWx0CiAgLSBuYW1lOiBzdHVkZW50CiAgICBncm91cHM6IHN1ZG8sZG9ja2VyCiAgICBzaGVsbDogL2Jpbi9iYXNoCiAgICBzdWRvOiBBTEw9KEFMTCkgTk9QQVNTV0Q6QUxMCiAgICBsb2NrX3Bhc3N3ZDogZmFsc2UKICAgIHBhc3N3ZDogJDYkQU5XblBTVVZhNy9YdE1MWCRGQ0FhOHp5V0VVZW9laXhIZmRoZFpkZDZSem5QcXVwZ1ZzamF2M0I5dkZDM0JjQmlvdDQ5azVodTZ0Z3RxSjJzLlJVN3lvRzJVVWlZZkdPLkViSUpXLwoKc3NoX3B3YXV0aDogdHJ1ZQoKcnVuY21kOgogIC0gc3lzdGVtY3RsIGVuYWJsZSBzc2gKICAtIHN5c3RlbWN0bCBzdGFydCBzc2gKICAtIHN5c3RlbWN0bCBlbmFibGUgeHJkcAogIC0gc3lzdGVtY3RsIHN0YXJ0IHhyZHAKICAtIGVjaG8gInN0dWRlbnQ6U3R1ZGVudEAxMjMiIHwgY2hwYXNzd2QKICAtIG1rZGlyIC1wIC9tbnQvbmZzc2hhcmUKICAtIGVjaG8gIjE5Mi4xNjguMS45OTovbW50L25mc3NoYXJlIC9tbnQvbmZzc2hhcmUgbmZzIGRlZmF1bHRzLF9uZXRkZXYsbm9mYWlsIDAgMCIgPj4gL2V0Yy9mc3RhYgogIC0gbW91bnQgLWEKICAtIG1rZGlyIC1wIC9tbnQvbmZzc2hhcmUvc3R1dm04CiAgLSBta2RpciAtcCAvaG9tZS9zdHVkZW50L3dvcmtzcGFjZQogIC0gbW91bnQgLS1iaW5kIC9tbnQvbmZzc2hhcmUvc3R1dm04IC9ob21lL3N0dWRlbnQvd29ya3NwYWNlCiAgLSBlY2hvICIvbW50L25mc3NoYXJlL3N0dXZtOCAvaG9tZS9zdHVkZW50L3dvcmtzcGFjZSBub25lIGJpbmQgMCAwIiA+PiAvZXRjL2ZzdGFiCiAgLSBjaG93biAtUiBzdHVkZW50OnN0dWRlbnQgL21udC9uZnNzaGFyZS9zdHV2bTgKICAtIGNob3duIC1SIHN0dWRlbnQ6c3R1ZGVudCAvaG9tZS9zdHVkZW50L3dvcmtzcGFjZQo=",
              "guestinfo.userdata.encoding": "base64"
            },
            "extra_config_reboot_required": true,
            "firmware": "bios",
            "folder": "",
            "force_power_off": true,
            "guest_id": "ubuntu64Guest",
            "guest_ip_addresses": [
              "192.168.1.224",
              "fe80::250:56ff:feb1:1d94"
            ],
            "hardware_version": 10,
            "host_system_id": "host-1010",
            "hv_mode": "hvAuto",
            "id": "42314757-a3b1-15d2-c569-2d407eac6d6a",
            "ide_controller_count": 2,
            "ignored_guest_ips": null,
            "imported": null,
            "latency_sensitivity": "normal",
            "memory": 8096,
            "memory_hot_add_enabled": false,
            "memory_limit": -1,
            "memory_reservation": 0,
            "memory_reservation_locked_to_max": false,
            "memory_share_count": 80960,
            "memory_share_level": "normal",
            "migrate_wait_timeout": 30,
            "moid": "vm-3109",
            "name": "stuvm8",
            "nested_hv_enabled": false,
            "network_interface": [
              {
                "adapter_type": "vmxnet3",
                "bandwidth_limit": -1,
                "bandwidth_reservation": 0,
                "bandwidth_share_count": 50,
                "bandwidth_share_level": "normal",
                "device_address": "pci:0:7",
                "key": 4000,
                "mac_address": "00:50:56:b1:1d:94",
                "network_id": "network-2001",
                "ovf_mapping": "",
                "physical_function": "",
                "use_static_mac": false
              }
            ],
            "num_cores_per_socket": 1,
            "num_cpus": 4,
            "nvme_controller_count": 0,
            "ovf_deploy": [],
            "pci_device_id": null,
            "power_state": "on",
            "poweron_timeout": 300,
            "reboot_required": false,
            "replace_trigger": null,
            "resource_pool_id": "resgroup-1020",
            "run_tools_scripts_after_power_on": true,
            "run_tools_scripts_after_resume": true,
            "run_tools_scripts_before_guest_reboot": false,
            "run_tools_scripts_before_guest_shutdown": true,
            "run_tools_scripts_before_guest_standby": true,
            "sata_controller_count": 0,
            "scsi_bus_sharing": "noSharing",
            "scsi_controller_count": 1,
            "scsi_type": "pvscsi",
            "shutdown_wait_timeout": 3,
            "storage_policy_id": "",
            "swap_placement_policy": "inherit",
            "sync_time_with_host": false,
            "sync_time_with_host_periodically": false,
            "tags": null,
            "tools_upgrade_policy": "manual",
            "uuid": "42314757-a3b1-15d2-c569-2d407eac6d6a",
            "vapp": [],
            "vapp_transport": [],
            "vbs_enabled": false,
            "vmware_tools_status": "guestToolsRunning",
            "vmx_path": "stuvm8/stuvm8.vmx",
            "vtpm": [],
            "vvtd_enabled": false,
            "wait_for_guest_ip_timeout": 0,
            "wait_for_guest_net_routable": true,
            "wait_for_guest_net_timeout": 5
          },
          "sensitive_attributes": [],
          "identity_schema_version": 0,
          "private": "eyJzY2hlbWFfdmVyc2lvbiI6IjMifQ==",
          "dependencies": [
            "data.vsphere_compute_cluster.cluster",
            "data.vsphere_datacenter.dc",
            "data.vsphere_datastore.datastore",
            "data.vsphere_network.network",
            "data.vsphere_virtual_machine.template"
          ]
        },
        {
          "index_key": 8,
          "schema_version": 3,
          "attributes": {
            "alternate_guest_name": "",
            "annotation": "",
            "boot_delay": 0,
            "boot_retry_delay": 10000,
            "boot_retry_enabled": false,
            "cdrom": [],
            "change_version": "2026-06-08T03:36:17.858101Z",
            "clone": [
              {
                "customization_spec": [],
                "customize": [],
                "linked_clone": false,
                "ovf_network_map": null,
                "ovf_storage_map": null,
                "template_uuid": "564da9f3-ebd0-f686-ea9a-8a9a37c6883d",
                "timeout": 30
              }
            ],
            "cpu_hot_add_enabled": false,
            "cpu_hot_remove_enabled": false,
            "cpu_limit": -1,
            "cpu_performance_counters_enabled": false,
            "cpu_reservation": 0,
            "cpu_share_count": 4000,
            "cpu_share_level": "normal",
            "custom_attributes": null,
            "datacenter_id": null,
            "datastore_cluster_id": null,
            "datastore_id": "datastore-1013",
            "default_ip_address": "192.168.1.214",
            "disk": [
              {
                "attach": false,
                "controller_type": "scsi",
                "datastore_id": "datastore-1013",
                "device_address": "scsi:0:0",
                "disk_mode": "persistent",
                "disk_sharing": "sharingNone",
                "eagerly_scrub": false,
                "io_limit": -1,
                "io_reservation": 0,
                "io_share_count": 1000,
                "io_share_level": "normal",
                "keep_on_remove": false,
                "key": 2000,
                "label": "disk0",
                "path": "stuvm9/stuvm9_1.vmdk",
                "size": 500,
                "storage_policy_id": "",
                "thin_provisioned": true,
                "unit_number": 0,
                "uuid": "6000C292-8d7f-0461-a827-fe2a03d0086e",
                "write_through": false
              },
              {
                "attach": false,
                "controller_type": "sata",
                "datastore_id": "datastore-1013",
                "device_address": "sata:0:0",
                "disk_mode": "persistent",
                "disk_sharing": "sharingNone",
                "eagerly_scrub": false,
                "io_limit": -1,
                "io_reservation": 0,
                "io_share_count": 1000,
                "io_share_level": "normal",
                "keep_on_remove": true,
                "key": 16000,
                "label": "orphaned_disk_0",
                "path": "stuvm9/stuvm9.vmdk",
                "size": 500,
                "storage_policy_id": "",
                "thin_provisioned": true,
                "unit_number": 0,
                "uuid": "6000C294-9e14-b975-d10d-d73ac1d47f5d",
                "write_through": false
              }
            ],
            "efi_secure_boot_enabled": false,
            "enable_disk_uuid": false,
            "enable_logging": false,
            "ept_rvi_mode": "automatic",
            "extra_config": {
              "guestinfo.userdata": "I2Nsb3VkLWNvbmZpZwoKaG9zdG5hbWU6IHN0dXZtOQoKcGFja2FnZV91cGRhdGU6IHRydWUKCnBhY2thZ2VzOgogIC0gdWJ1bnR1LWRlc2t0b3AKICAtIHhyZHAKICAtIG9wZW5zc2gtc2VydmVyCiAgLSBkb2NrZXIuaW8KICAtIGdpdAogIC0gY3VybAogIC0gbmZzLWNvbW1vbgoKdXNlcnM6CiAgLSBkZWZhdWx0CiAgLSBuYW1lOiBzdHVkZW50CiAgICBncm91cHM6IHN1ZG8sZG9ja2VyCiAgICBzaGVsbDogL2Jpbi9iYXNoCiAgICBzdWRvOiBBTEw9KEFMTCkgTk9QQVNTV0Q6QUxMCiAgICBsb2NrX3Bhc3N3ZDogZmFsc2UKICAgIHBhc3N3ZDogJDYkQU5XblBTVVZhNy9YdE1MWCRGQ0FhOHp5V0VVZW9laXhIZmRoZFpkZDZSem5QcXVwZ1ZzamF2M0I5dkZDM0JjQmlvdDQ5azVodTZ0Z3RxSjJzLlJVN3lvRzJVVWlZZkdPLkViSUpXLwoKc3NoX3B3YXV0aDogdHJ1ZQoKcnVuY21kOgogIC0gc3lzdGVtY3RsIGVuYWJsZSBzc2gKICAtIHN5c3RlbWN0bCBzdGFydCBzc2gKICAtIHN5c3RlbWN0bCBlbmFibGUgeHJkcAogIC0gc3lzdGVtY3RsIHN0YXJ0IHhyZHAKICAtIGVjaG8gInN0dWRlbnQ6U3R1ZGVudEAxMjMiIHwgY2hwYXNzd2QKICAtIG1rZGlyIC1wIC9tbnQvbmZzc2hhcmUKICAtIGVjaG8gIjE5Mi4xNjguMS45OTovbW50L25mc3NoYXJlIC9tbnQvbmZzc2hhcmUgbmZzIGRlZmF1bHRzLF9uZXRkZXYsbm9mYWlsIDAgMCIgPj4gL2V0Yy9mc3RhYgogIC0gbW91bnQgLWEKICAtIG1rZGlyIC1wIC9tbnQvbmZzc2hhcmUvc3R1dm05CiAgLSBta2RpciAtcCAvaG9tZS9zdHVkZW50L3dvcmtzcGFjZQogIC0gbW91bnQgLS1iaW5kIC9tbnQvbmZzc2hhcmUvc3R1dm05IC9ob21lL3N0dWRlbnQvd29ya3NwYWNlCiAgLSBlY2hvICIvbW50L25mc3NoYXJlL3N0dXZtOSAvaG9tZS9zdHVkZW50L3dvcmtzcGFjZSBub25lIGJpbmQgMCAwIiA+PiAvZXRjL2ZzdGFiCiAgLSBjaG93biAtUiBzdHVkZW50OnN0dWRlbnQgL21udC9uZnNzaGFyZS9zdHV2bTkKICAtIGNob3duIC1SIHN0dWRlbnQ6c3R1ZGVudCAvaG9tZS9zdHVkZW50L3dvcmtzcGFjZQo=",
              "guestinfo.userdata.encoding": "base64"
            },
            "extra_config_reboot_required": true,
            "firmware": "bios",
            "folder": "",
            "force_power_off": true,
            "guest_id": "ubuntu64Guest",
            "guest_ip_addresses": [
              "192.168.1.214",
              "fe80::250:56ff:feb1:9a19"
            ],
            "hardware_version": 10,
            "host_system_id": "host-1010",
            "hv_mode": "hvAuto",
            "id": "4231e0af-21fa-333e-368c-a054bab51a79",
            "ide_controller_count": 2,
            "ignored_guest_ips": null,
            "imported": null,
            "latency_sensitivity": "normal",
            "memory": 8096,
            "memory_hot_add_enabled": false,
            "memory_limit": -1,
            "memory_reservation": 0,
            "memory_reservation_locked_to_max": false,
            "memory_share_count": 80960,
            "memory_share_level": "normal",
            "migrate_wait_timeout": 30,
            "moid": "vm-3098",
            "name": "stuvm9",
            "nested_hv_enabled": false,
            "network_interface": [
              {
                "adapter_type": "vmxnet3",
                "bandwidth_limit": -1,
                "bandwidth_reservation": 0,
                "bandwidth_share_count": 50,
                "bandwidth_share_level": "normal",
                "device_address": "pci:0:7",
                "key": 4000,
                "mac_address": "00:50:56:b1:9a:19",
                "network_id": "network-2001",
                "ovf_mapping": "",
                "physical_function": "",
                "use_static_mac": false
              }
            ],
            "num_cores_per_socket": 1,
            "num_cpus": 4,
            "nvme_controller_count": 0,
            "ovf_deploy": [],
            "pci_device_id": null,
            "power_state": "on",
            "poweron_timeout": 300,
            "reboot_required": false,
            "replace_trigger": null,
            "resource_pool_id": "resgroup-1020",
            "run_tools_scripts_after_power_on": true,
            "run_tools_scripts_after_resume": true,
            "run_tools_scripts_before_guest_reboot": false,
            "run_tools_scripts_before_guest_shutdown": true,
            "run_tools_scripts_before_guest_standby": true,
            "sata_controller_count": 0,
            "scsi_bus_sharing": "noSharing",
            "scsi_controller_count": 1,
            "scsi_type": "pvscsi",
            "shutdown_wait_timeout": 3,
            "storage_policy_id": "",
            "swap_placement_policy": "inherit",
            "sync_time_with_host": false,
            "sync_time_with_host_periodically": false,
            "tags": null,
            "tools_upgrade_policy": "manual",
            "uuid": "4231e0af-21fa-333e-368c-a054bab51a79",
            "vapp": [],
            "vapp_transport": [],
            "vbs_enabled": false,
            "vmware_tools_status": "guestToolsRunning",
            "vmx_path": "stuvm9/stuvm9.vmx",
            "vtpm": [],
            "vvtd_enabled": false,
            "wait_for_guest_ip_timeout": 0,
            "wait_for_guest_net_routable": true,
            "wait_for_guest_net_timeout": 5
          },
          "sensitive_attributes": [],
          "identity_schema_version": 0,
          "private": "eyJzY2hlbWFfdmVyc2lvbiI6IjMifQ==",
          "dependencies": [
            "data.vsphere_compute_cluster.cluster",
            "data.vsphere_datacenter.dc",
            "data.vsphere_datastore.datastore",
            "data.vsphere_network.network",
            "data.vsphere_virtual_machine.template"
          ]
        },
        {
          "index_key": 9,
          "schema_version": 3,
          "attributes": {
            "alternate_guest_name": "",
            "annotation": "",
            "boot_delay": 0,
            "boot_retry_delay": 10000,
            "boot_retry_enabled": false,
            "cdrom": [],
            "change_version": "2026-06-08T03:34:32.701329Z",
            "clone": [
              {
                "customization_spec": [],
                "customize": [],
                "linked_clone": false,
                "ovf_network_map": null,
                "ovf_storage_map": null,
                "template_uuid": "564da9f3-ebd0-f686-ea9a-8a9a37c6883d",
                "timeout": 30
              }
            ],
            "cpu_hot_add_enabled": false,
            "cpu_hot_remove_enabled": false,
            "cpu_limit": -1,
            "cpu_performance_counters_enabled": false,
            "cpu_reservation": 0,
            "cpu_share_count": 4000,
            "cpu_share_level": "normal",
            "custom_attributes": null,
            "datacenter_id": null,
            "datastore_cluster_id": null,
            "datastore_id": "datastore-1013",
            "default_ip_address": "192.168.1.212",
            "disk": [
              {
                "attach": false,
                "controller_type": "scsi",
                "datastore_id": "datastore-1013",
                "device_address": "scsi:0:0",
                "disk_mode": "persistent",
                "disk_sharing": "sharingNone",
                "eagerly_scrub": false,
                "io_limit": -1,
                "io_reservation": 0,
                "io_share_count": 1000,
                "io_share_level": "normal",
                "keep_on_remove": false,
                "key": 2000,
                "label": "disk0",
                "path": "stuvm10/stuvm10_1.vmdk",
                "size": 500,
                "storage_policy_id": "",
                "thin_provisioned": true,
                "unit_number": 0,
                "uuid": "6000C290-d03f-8148-c37d-31e89d98d4ca",
                "write_through": false
              },
              {
                "attach": false,
                "controller_type": "sata",
                "datastore_id": "datastore-1013",
                "device_address": "sata:0:0",
                "disk_mode": "persistent",
                "disk_sharing": "sharingNone",
                "eagerly_scrub": false,
                "io_limit": -1,
                "io_reservation": 0,
                "io_share_count": 1000,
                "io_share_level": "normal",
                "keep_on_remove": true,
                "key": 16000,
                "label": "orphaned_disk_0",
                "path": "stuvm10/stuvm10.vmdk",
                "size": 500,
                "storage_policy_id": "",
                "thin_provisioned": true,
                "unit_number": 0,
                "uuid": "6000C294-1443-ea83-3857-b32dbab4cdd7",
                "write_through": false
              }
            ],
            "efi_secure_boot_enabled": false,
            "enable_disk_uuid": false,
            "enable_logging": false,
            "ept_rvi_mode": "automatic",
            "extra_config": {
              "guestinfo.userdata": "I2Nsb3VkLWNvbmZpZwoKaG9zdG5hbWU6IHN0dXZtMTAKCnBhY2thZ2VfdXBkYXRlOiB0cnVlCgpwYWNrYWdlczoKICAtIHVidW50dS1kZXNrdG9wCiAgLSB4cmRwCiAgLSBvcGVuc3NoLXNlcnZlcgogIC0gZG9ja2VyLmlvCiAgLSBnaXQKICAtIGN1cmwKICAtIG5mcy1jb21tb24KCnVzZXJzOgogIC0gZGVmYXVsdAogIC0gbmFtZTogc3R1ZGVudAogICAgZ3JvdXBzOiBzdWRvLGRvY2tlcgogICAgc2hlbGw6IC9iaW4vYmFzaAogICAgc3VkbzogQUxMPShBTEwpIE5PUEFTU1dEOkFMTAogICAgbG9ja19wYXNzd2Q6IGZhbHNlCiAgICBwYXNzd2Q6ICQ2JEFOV25QU1VWYTcvWHRNTFgkRkNBYTh6eVdFVWVvZWl4SGZkaGRaZGQ2UnpuUHF1cGdWc2phdjNCOXZGQzNCY0Jpb3Q0OWs1aHU2dGd0cUoycy5SVTd5b0cyVVVpWWZHTy5FYklKVy8KCnNzaF9wd2F1dGg6IHRydWUKCnJ1bmNtZDoKICAtIHN5c3RlbWN0bCBlbmFibGUgc3NoCiAgLSBzeXN0ZW1jdGwgc3RhcnQgc3NoCiAgLSBzeXN0ZW1jdGwgZW5hYmxlIHhyZHAKICAtIHN5c3RlbWN0bCBzdGFydCB4cmRwCiAgLSBlY2hvICJzdHVkZW50OlN0dWRlbnRAMTIzIiB8IGNocGFzc3dkCiAgLSBta2RpciAtcCAvbW50L25mc3NoYXJlCiAgLSBlY2hvICIxOTIuMTY4LjEuOTk6L21udC9uZnNzaGFyZSAvbW50L25mc3NoYXJlIG5mcyBkZWZhdWx0cyxfbmV0ZGV2LG5vZmFpbCAwIDAiID4+IC9ldGMvZnN0YWIKICAtIG1vdW50IC1hCiAgLSBta2RpciAtcCAvbW50L25mc3NoYXJlL3N0dXZtMTAKICAtIG1rZGlyIC1wIC9ob21lL3N0dWRlbnQvd29ya3NwYWNlCiAgLSBtb3VudCAtLWJpbmQgL21udC9uZnNzaGFyZS9zdHV2bTEwIC9ob21lL3N0dWRlbnQvd29ya3NwYWNlCiAgLSBlY2hvICIvbW50L25mc3NoYXJlL3N0dXZtMTAgL2hvbWUvc3R1ZGVudC93b3Jrc3BhY2Ugbm9uZSBiaW5kIDAgMCIgPj4gL2V0Yy9mc3RhYgogIC0gY2hvd24gLVIgc3R1ZGVudDpzdHVkZW50IC9tbnQvbmZzc2hhcmUvc3R1dm0xMAogIC0gY2hvd24gLVIgc3R1ZGVudDpzdHVkZW50IC9ob21lL3N0dWRlbnQvd29ya3NwYWNlCg==",
              "guestinfo.userdata.encoding": "base64"
            },
            "extra_config_reboot_required": true,
            "firmware": "bios",
            "folder": "",
            "force_power_off": true,
            "guest_id": "ubuntu64Guest",
            "guest_ip_addresses": [
              "192.168.1.212",
              "fe80::250:56ff:feb1:cee7"
            ],
            "hardware_version": 10,
            "host_system_id": "host-1010",
            "hv_mode": "hvAuto",
            "id": "42312090-2a94-102d-d34d-3fae86a3f4a6",
            "ide_controller_count": 2,
            "ignored_guest_ips": null,
            "imported": null,
            "latency_sensitivity": "normal",
            "memory": 8096,
            "memory_hot_add_enabled": false,
            "memory_limit": -1,
            "memory_reservation": 0,
            "memory_reservation_locked_to_max": false,
            "memory_share_count": 80960,
            "memory_share_level": "normal",
            "migrate_wait_timeout": 30,
            "moid": "vm-3096",
            "name": "stuvm10",
            "nested_hv_enabled": false,
            "network_interface": [
              {
                "adapter_type": "vmxnet3",
                "bandwidth_limit": -1,
                "bandwidth_reservation": 0,
                "bandwidth_share_count": 50,
                "bandwidth_share_level": "normal",
                "device_address": "pci:0:7",
                "key": 4000,
                "mac_address": "00:50:56:b1:ce:e7",
                "network_id": "network-2001",
                "ovf_mapping": "",
                "physical_function": "",
                "use_static_mac": false
              }
            ],
            "num_cores_per_socket": 1,
            "num_cpus": 4,
            "nvme_controller_count": 0,
            "ovf_deploy": [],
            "pci_device_id": null,
            "power_state": "on",
            "poweron_timeout": 300,
            "reboot_required": false,
            "replace_trigger": null,
            "resource_pool_id": "resgroup-1020",
            "run_tools_scripts_after_power_on": true,
            "run_tools_scripts_after_resume": true,
            "run_tools_scripts_before_guest_reboot": false,
            "run_tools_scripts_before_guest_shutdown": true,
            "run_tools_scripts_before_guest_standby": true,
            "sata_controller_count": 0,
            "scsi_bus_sharing": "noSharing",
            "scsi_controller_count": 1,
            "scsi_type": "pvscsi",
            "shutdown_wait_timeout": 3,
            "storage_policy_id": "",
            "swap_placement_policy": "inherit",
            "sync_time_with_host": false,
            "sync_time_with_host_periodically": false,
            "tags": null,
            "tools_upgrade_policy": "manual",
            "uuid": "42312090-2a94-102d-d34d-3fae86a3f4a6",
            "vapp": [],
            "vapp_transport": [],
            "vbs_enabled": false,
            "vmware_tools_status": "guestToolsRunning",
            "vmx_path": "stuvm10/stuvm10.vmx",
            "vtpm": [],
            "vvtd_enabled": false,
            "wait_for_guest_ip_timeout": 0,
            "wait_for_guest_net_routable": true,
            "wait_for_guest_net_timeout": 5
          },
          "sensitive_attributes": [],
          "identity_schema_version": 0,
          "private": "eyJzY2hlbWFfdmVyc2lvbiI6IjMifQ==",
          "dependencies": [
            "data.vsphere_compute_cluster.cluster",
            "data.vsphere_datacenter.dc",
            "data.vsphere_datastore.datastore",
            "data.vsphere_network.network",
            "data.vsphere_virtual_machine.template"
          ]
        },
        {
          "index_key": 10,
          "schema_version": 3,
          "attributes": {
            "alternate_guest_name": "",
            "annotation": "",
            "boot_delay": 0,
            "boot_retry_delay": 10000,
            "boot_retry_enabled": false,
            "cdrom": [],
            "change_version": "2026-06-08T03:34:13.027184Z",
            "clone": [
              {
                "customization_spec": [],
                "customize": [],
                "linked_clone": false,
                "ovf_network_map": null,
                "ovf_storage_map": null,
                "template_uuid": "564da9f3-ebd0-f686-ea9a-8a9a37c6883d",
                "timeout": 30
              }
            ],
            "cpu_hot_add_enabled": false,
            "cpu_hot_remove_enabled": false,
            "cpu_limit": -1,
            "cpu_performance_counters_enabled": false,
            "cpu_reservation": 0,
            "cpu_share_count": 4000,
            "cpu_share_level": "normal",
            "custom_attributes": null,
            "datacenter_id": null,
            "datastore_cluster_id": null,
            "datastore_id": "datastore-1013",
            "default_ip_address": "192.168.1.204",
            "disk": [
              {
                "attach": false,
                "controller_type": "scsi",
                "datastore_id": "datastore-1013",
                "device_address": "scsi:0:0",
                "disk_mode": "persistent",
                "disk_sharing": "sharingNone",
                "eagerly_scrub": false,
                "io_limit": -1,
                "io_reservation": 0,
                "io_share_count": 1000,
                "io_share_level": "normal",
                "keep_on_remove": false,
                "key": 2000,
                "label": "disk0",
                "path": "stuvm11/stuvm11_1.vmdk",
                "size": 500,
                "storage_policy_id": "",
                "thin_provisioned": true,
                "unit_number": 0,
                "uuid": "6000C29f-7033-0fdd-8854-f2afba53486c",
                "write_through": false
              },
              {
                "attach": false,
                "controller_type": "sata",
                "datastore_id": "datastore-1013",
                "device_address": "sata:0:0",
                "disk_mode": "persistent",
                "disk_sharing": "sharingNone",
                "eagerly_scrub": false,
                "io_limit": -1,
                "io_reservation": 0,
                "io_share_count": 1000,
                "io_share_level": "normal",
                "keep_on_remove": true,
                "key": 16000,
                "label": "orphaned_disk_0",
                "path": "stuvm11/stuvm11.vmdk",
                "size": 500,
                "storage_policy_id": "",
                "thin_provisioned": true,
                "unit_number": 0,
                "uuid": "6000C29e-d97a-5647-407a-a6c99962c92b",
                "write_through": false
              }
            ],
            "efi_secure_boot_enabled": false,
            "enable_disk_uuid": false,
            "enable_logging": false,
            "ept_rvi_mode": "automatic",
            "extra_config": {
              "guestinfo.userdata": "I2Nsb3VkLWNvbmZpZwoKaG9zdG5hbWU6IHN0dXZtMTEKCnBhY2thZ2VfdXBkYXRlOiB0cnVlCgpwYWNrYWdlczoKICAtIHVidW50dS1kZXNrdG9wCiAgLSB4cmRwCiAgLSBvcGVuc3NoLXNlcnZlcgogIC0gZG9ja2VyLmlvCiAgLSBnaXQKICAtIGN1cmwKICAtIG5mcy1jb21tb24KCnVzZXJzOgogIC0gZGVmYXVsdAogIC0gbmFtZTogc3R1ZGVudAogICAgZ3JvdXBzOiBzdWRvLGRvY2tlcgogICAgc2hlbGw6IC9iaW4vYmFzaAogICAgc3VkbzogQUxMPShBTEwpIE5PUEFTU1dEOkFMTAogICAgbG9ja19wYXNzd2Q6IGZhbHNlCiAgICBwYXNzd2Q6ICQ2JEFOV25QU1VWYTcvWHRNTFgkRkNBYTh6eVdFVWVvZWl4SGZkaGRaZGQ2UnpuUHF1cGdWc2phdjNCOXZGQzNCY0Jpb3Q0OWs1aHU2dGd0cUoycy5SVTd5b0cyVVVpWWZHTy5FYklKVy8KCnNzaF9wd2F1dGg6IHRydWUKCnJ1bmNtZDoKICAtIHN5c3RlbWN0bCBlbmFibGUgc3NoCiAgLSBzeXN0ZW1jdGwgc3RhcnQgc3NoCiAgLSBzeXN0ZW1jdGwgZW5hYmxlIHhyZHAKICAtIHN5c3RlbWN0bCBzdGFydCB4cmRwCiAgLSBlY2hvICJzdHVkZW50OlN0dWRlbnRAMTIzIiB8IGNocGFzc3dkCiAgLSBta2RpciAtcCAvbW50L25mc3NoYXJlCiAgLSBlY2hvICIxOTIuMTY4LjEuOTk6L21udC9uZnNzaGFyZSAvbW50L25mc3NoYXJlIG5mcyBkZWZhdWx0cyxfbmV0ZGV2LG5vZmFpbCAwIDAiID4+IC9ldGMvZnN0YWIKICAtIG1vdW50IC1hCiAgLSBta2RpciAtcCAvbW50L25mc3NoYXJlL3N0dXZtMTEKICAtIG1rZGlyIC1wIC9ob21lL3N0dWRlbnQvd29ya3NwYWNlCiAgLSBtb3VudCAtLWJpbmQgL21udC9uZnNzaGFyZS9zdHV2bTExIC9ob21lL3N0dWRlbnQvd29ya3NwYWNlCiAgLSBlY2hvICIvbW50L25mc3NoYXJlL3N0dXZtMTEgL2hvbWUvc3R1ZGVudC93b3Jrc3BhY2Ugbm9uZSBiaW5kIDAgMCIgPj4gL2V0Yy9mc3RhYgogIC0gY2hvd24gLVIgc3R1ZGVudDpzdHVkZW50IC9tbnQvbmZzc2hhcmUvc3R1dm0xMQogIC0gY2hvd24gLVIgc3R1ZGVudDpzdHVkZW50IC9ob21lL3N0dWRlbnQvd29ya3NwYWNlCg==",
              "guestinfo.userdata.encoding": "base64"
            },
            "extra_config_reboot_required": true,
            "firmware": "bios",
            "folder": "",
            "force_power_off": true,
            "guest_id": "ubuntu64Guest",
            "guest_ip_addresses": [
              "192.168.1.204",
              "fe80::250:56ff:feb1:29f6"
            ],
            "hardware_version": 10,
            "host_system_id": "host-1010",
            "hv_mode": "hvAuto",
            "id": "42312c75-3fb6-73d6-2606-2eb572f02e7a",
            "ide_controller_count": 2,
            "ignored_guest_ips": null,
            "imported": null,
            "latency_sensitivity": "normal",
            "memory": 8096,
            "memory_hot_add_enabled": false,
            "memory_limit": -1,
            "memory_reservation": 0,
            "memory_reservation_locked_to_max": false,
            "memory_share_count": 80960,
            "memory_share_level": "normal",
            "migrate_wait_timeout": 30,
            "moid": "vm-3095",
            "name": "stuvm11",
            "nested_hv_enabled": false,
            "network_interface": [
              {
                "adapter_type": "vmxnet3",
                "bandwidth_limit": -1,
                "bandwidth_reservation": 0,
                "bandwidth_share_count": 50,
                "bandwidth_share_level": "normal",
                "device_address": "pci:0:7",
                "key": 4000,
                "mac_address": "00:50:56:b1:29:f6",
                "network_id": "network-2001",
                "ovf_mapping": "",
                "physical_function": "",
                "use_static_mac": false
              }
            ],
            "num_cores_per_socket": 1,
            "num_cpus": 4,
            "nvme_controller_count": 0,
            "ovf_deploy": [],
            "pci_device_id": null,
            "power_state": "on",
            "poweron_timeout": 300,
            "reboot_required": false,
            "replace_trigger": null,
            "resource_pool_id": "resgroup-1020",
            "run_tools_scripts_after_power_on": true,
            "run_tools_scripts_after_resume": true,
            "run_tools_scripts_before_guest_reboot": false,
            "run_tools_scripts_before_guest_shutdown": true,
            "run_tools_scripts_before_guest_standby": true,
            "sata_controller_count": 0,
            "scsi_bus_sharing": "noSharing",
            "scsi_controller_count": 1,
            "scsi_type": "pvscsi",
            "shutdown_wait_timeout": 3,
            "storage_policy_id": "",
            "swap_placement_policy": "inherit",
            "sync_time_with_host": false,
            "sync_time_with_host_periodically": false,
            "tags": null,
            "tools_upgrade_policy": "manual",
            "uuid": "42312c75-3fb6-73d6-2606-2eb572f02e7a",
            "vapp": [],
            "vapp_transport": [],
            "vbs_enabled": false,
            "vmware_tools_status": "guestToolsRunning",
            "vmx_path": "stuvm11/stuvm11.vmx",
            "vtpm": [],
            "vvtd_enabled": false,
            "wait_for_guest_ip_timeout": 0,
            "wait_for_guest_net_routable": true,
            "wait_for_guest_net_timeout": 5
          },
          "sensitive_attributes": [],
          "identity_schema_version": 0,
          "private": "eyJzY2hlbWFfdmVyc2lvbiI6IjMifQ==",
          "dependencies": [
            "data.vsphere_compute_cluster.cluster",
            "data.vsphere_datacenter.dc",
            "data.vsphere_datastore.datastore",
            "data.vsphere_network.network",
            "data.vsphere_virtual_machine.template"
          ]
        },
        {
          "index_key": 11,
          "schema_version": 3,
          "attributes": {
            "alternate_guest_name": "",
            "annotation": "",
            "boot_delay": 0,
            "boot_retry_delay": 10000,
            "boot_retry_enabled": false,
            "cdrom": [],
            "change_version": "2026-06-08T03:36:17.931529Z",
            "clone": [
              {
                "customization_spec": [],
                "customize": [],
                "linked_clone": false,
                "ovf_network_map": null,
                "ovf_storage_map": null,
                "template_uuid": "564da9f3-ebd0-f686-ea9a-8a9a37c6883d",
                "timeout": 30
              }
            ],
            "cpu_hot_add_enabled": false,
            "cpu_hot_remove_enabled": false,
            "cpu_limit": -1,
            "cpu_performance_counters_enabled": false,
            "cpu_reservation": 0,
            "cpu_share_count": 4000,
            "cpu_share_level": "normal",
            "custom_attributes": null,
            "datacenter_id": null,
            "datastore_cluster_id": null,
            "datastore_id": "datastore-1013",
            "default_ip_address": "192.168.1.218",
            "disk": [
              {
                "attach": false,
                "controller_type": "scsi",
                "datastore_id": "datastore-1013",
                "device_address": "scsi:0:0",
                "disk_mode": "persistent",
                "disk_sharing": "sharingNone",
                "eagerly_scrub": false,
                "io_limit": -1,
                "io_reservation": 0,
                "io_share_count": 1000,
                "io_share_level": "normal",
                "keep_on_remove": false,
                "key": 2000,
                "label": "disk0",
                "path": "stuvm12/stuvm12_1.vmdk",
                "size": 500,
                "storage_policy_id": "",
                "thin_provisioned": true,
                "unit_number": 0,
                "uuid": "6000C290-ac68-0f34-e266-9cc729ca6302",
                "write_through": false
              },
              {
                "attach": false,
                "controller_type": "sata",
                "datastore_id": "datastore-1013",
                "device_address": "sata:0:0",
                "disk_mode": "persistent",
                "disk_sharing": "sharingNone",
                "eagerly_scrub": false,
                "io_limit": -1,
                "io_reservation": 0,
                "io_share_count": 1000,
                "io_share_level": "normal",
                "keep_on_remove": true,
                "key": 16000,
                "label": "orphaned_disk_0",
                "path": "stuvm12/stuvm12.vmdk",
                "size": 500,
                "storage_policy_id": "",
                "thin_provisioned": true,
                "unit_number": 0,
                "uuid": "6000C29f-d595-e542-0caf-6178e6cae618",
                "write_through": false
              }
            ],
            "efi_secure_boot_enabled": false,
            "enable_disk_uuid": false,
            "enable_logging": false,
            "ept_rvi_mode": "automatic",
            "extra_config": {
              "guestinfo.userdata": "I2Nsb3VkLWNvbmZpZwoKaG9zdG5hbWU6IHN0dXZtMTIKCnBhY2thZ2VfdXBkYXRlOiB0cnVlCgpwYWNrYWdlczoKICAtIHVidW50dS1kZXNrdG9wCiAgLSB4cmRwCiAgLSBvcGVuc3NoLXNlcnZlcgogIC0gZG9ja2VyLmlvCiAgLSBnaXQKICAtIGN1cmwKICAtIG5mcy1jb21tb24KCnVzZXJzOgogIC0gZGVmYXVsdAogIC0gbmFtZTogc3R1ZGVudAogICAgZ3JvdXBzOiBzdWRvLGRvY2tlcgogICAgc2hlbGw6IC9iaW4vYmFzaAogICAgc3VkbzogQUxMPShBTEwpIE5PUEFTU1dEOkFMTAogICAgbG9ja19wYXNzd2Q6IGZhbHNlCiAgICBwYXNzd2Q6ICQ2JEFOV25QU1VWYTcvWHRNTFgkRkNBYTh6eVdFVWVvZWl4SGZkaGRaZGQ2UnpuUHF1cGdWc2phdjNCOXZGQzNCY0Jpb3Q0OWs1aHU2dGd0cUoycy5SVTd5b0cyVVVpWWZHTy5FYklKVy8KCnNzaF9wd2F1dGg6IHRydWUKCnJ1bmNtZDoKICAtIHN5c3RlbWN0bCBlbmFibGUgc3NoCiAgLSBzeXN0ZW1jdGwgc3RhcnQgc3NoCiAgLSBzeXN0ZW1jdGwgZW5hYmxlIHhyZHAKICAtIHN5c3RlbWN0bCBzdGFydCB4cmRwCiAgLSBlY2hvICJzdHVkZW50OlN0dWRlbnRAMTIzIiB8IGNocGFzc3dkCiAgLSBta2RpciAtcCAvbW50L25mc3NoYXJlCiAgLSBlY2hvICIxOTIuMTY4LjEuOTk6L21udC9uZnNzaGFyZSAvbW50L25mc3NoYXJlIG5mcyBkZWZhdWx0cyxfbmV0ZGV2LG5vZmFpbCAwIDAiID4+IC9ldGMvZnN0YWIKICAtIG1vdW50IC1hCiAgLSBta2RpciAtcCAvbW50L25mc3NoYXJlL3N0dXZtMTIKICAtIG1rZGlyIC1wIC9ob21lL3N0dWRlbnQvd29ya3NwYWNlCiAgLSBtb3VudCAtLWJpbmQgL21udC9uZnNzaGFyZS9zdHV2bTEyIC9ob21lL3N0dWRlbnQvd29ya3NwYWNlCiAgLSBlY2hvICIvbW50L25mc3NoYXJlL3N0dXZtMTIgL2hvbWUvc3R1ZGVudC93b3Jrc3BhY2Ugbm9uZSBiaW5kIDAgMCIgPj4gL2V0Yy9mc3RhYgogIC0gY2hvd24gLVIgc3R1ZGVudDpzdHVkZW50IC9tbnQvbmZzc2hhcmUvc3R1dm0xMgogIC0gY2hvd24gLVIgc3R1ZGVudDpzdHVkZW50IC9ob21lL3N0dWRlbnQvd29ya3NwYWNlCg==",
              "guestinfo.userdata.encoding": "base64"
            },
            "extra_config_reboot_required": true,
            "firmware": "bios",
            "folder": "",
            "force_power_off": true,
            "guest_id": "ubuntu64Guest",
            "guest_ip_addresses": [
              "192.168.1.218",
              "fe80::250:56ff:feb1:1925"
            ],
            "hardware_version": 10,
            "host_system_id": "host-1010",
            "hv_mode": "hvAuto",
            "id": "42318bff-15ac-9321-55e8-f4a0fc3c49b1",
            "ide_controller_count": 2,
            "ignored_guest_ips": null,
            "imported": null,
            "latency_sensitivity": "normal",
            "memory": 8096,
            "memory_hot_add_enabled": false,
            "memory_limit": -1,
            "memory_reservation": 0,
            "memory_reservation_locked_to_max": false,
            "memory_share_count": 80960,
            "memory_share_level": "normal",
            "migrate_wait_timeout": 30,
            "moid": "vm-3101",
            "name": "stuvm12",
            "nested_hv_enabled": false,
            "network_interface": [
              {
                "adapter_type": "vmxnet3",
                "bandwidth_limit": -1,
                "bandwidth_reservation": 0,
                "bandwidth_share_count": 50,
                "bandwidth_share_level": "normal",
                "device_address": "pci:0:7",
                "key": 4000,
                "mac_address": "00:50:56:b1:19:25",
                "network_id": "network-2001",
                "ovf_mapping": "",
                "physical_function": "",
                "use_static_mac": false
              }
            ],
            "num_cores_per_socket": 1,
            "num_cpus": 4,
            "nvme_controller_count": 0,
            "ovf_deploy": [],
            "pci_device_id": null,
            "power_state": "on",
            "poweron_timeout": 300,
            "reboot_required": false,
            "replace_trigger": null,
            "resource_pool_id": "resgroup-1020",
            "run_tools_scripts_after_power_on": true,
            "run_tools_scripts_after_resume": true,
            "run_tools_scripts_before_guest_reboot": false,
            "run_tools_scripts_before_guest_shutdown": true,
            "run_tools_scripts_before_guest_standby": true,
            "sata_controller_count": 0,
            "scsi_bus_sharing": "noSharing",
            "scsi_controller_count": 1,
            "scsi_type": "pvscsi",
            "shutdown_wait_timeout": 3,
            "storage_policy_id": "",
            "swap_placement_policy": "inherit",
            "sync_time_with_host": false,
            "sync_time_with_host_periodically": false,
            "tags": null,
            "tools_upgrade_policy": "manual",
            "uuid": "42318bff-15ac-9321-55e8-f4a0fc3c49b1",
            "vapp": [],
            "vapp_transport": [],
            "vbs_enabled": false,
            "vmware_tools_status": "guestToolsRunning",
            "vmx_path": "stuvm12/stuvm12.vmx",
            "vtpm": [],
            "vvtd_enabled": false,
            "wait_for_guest_ip_timeout": 0,
            "wait_for_guest_net_routable": true,
            "wait_for_guest_net_timeout": 5
          },
          "sensitive_attributes": [],
          "identity_schema_version": 0,
          "private": "eyJzY2hlbWFfdmVyc2lvbiI6IjMifQ==",
          "dependencies": [
            "data.vsphere_compute_cluster.cluster",
            "data.vsphere_datacenter.dc",
            "data.vsphere_datastore.datastore",
            "data.vsphere_network.network",
            "data.vsphere_virtual_machine.template"
          ]
        },
        {
          "index_key": 12,
          "schema_version": 3,
          "attributes": {
            "alternate_guest_name": "",
            "annotation": "",
            "boot_delay": 0,
            "boot_retry_delay": 10000,
            "boot_retry_enabled": false,
            "cdrom": [],
            "change_version": "2026-06-08T03:34:12.702271Z",
            "clone": [
              {
                "customization_spec": [],
                "customize": [],
                "linked_clone": false,
                "ovf_network_map": null,
                "ovf_storage_map": null,
                "template_uuid": "564da9f3-ebd0-f686-ea9a-8a9a37c6883d",
                "timeout": 30
              }
            ],
            "cpu_hot_add_enabled": false,
            "cpu_hot_remove_enabled": false,
            "cpu_limit": -1,
            "cpu_performance_counters_enabled": false,
            "cpu_reservation": 0,
            "cpu_share_count": 4000,
            "cpu_share_level": "normal",
            "custom_attributes": null,
            "datacenter_id": null,
            "datastore_cluster_id": null,
            "datastore_id": "datastore-1013",
            "default_ip_address": "192.168.1.210",
            "disk": [
              {
                "attach": false,
                "controller_type": "scsi",
                "datastore_id": "datastore-1013",
                "device_address": "scsi:0:0",
                "disk_mode": "persistent",
                "disk_sharing": "sharingNone",
                "eagerly_scrub": false,
                "io_limit": -1,
                "io_reservation": 0,
                "io_share_count": 1000,
                "io_share_level": "normal",
                "keep_on_remove": false,
                "key": 2000,
                "label": "disk0",
                "path": "stuvm13/stuvm13_1.vmdk",
                "size": 500,
                "storage_policy_id": "",
                "thin_provisioned": true,
                "unit_number": 0,
                "uuid": "6000C297-917f-ca27-1a5c-acc5c5302334",
                "write_through": false
              },
              {
                "attach": false,
                "controller_type": "sata",
                "datastore_id": "datastore-1013",
                "device_address": "sata:0:0",
                "disk_mode": "persistent",
                "disk_sharing": "sharingNone",
                "eagerly_scrub": false,
                "io_limit": -1,
                "io_reservation": 0,
                "io_share_count": 1000,
                "io_share_level": "normal",
                "keep_on_remove": true,
                "key": 16000,
                "label": "orphaned_disk_0",
                "path": "stuvm13/stuvm13.vmdk",
                "size": 500,
                "storage_policy_id": "",
                "thin_provisioned": true,
                "unit_number": 0,
                "uuid": "6000C290-bed6-1ecd-743f-67eecfdaed73",
                "write_through": false
              }
            ],
            "efi_secure_boot_enabled": false,
            "enable_disk_uuid": false,
            "enable_logging": false,
            "ept_rvi_mode": "automatic",
            "extra_config": {
              "guestinfo.userdata": "I2Nsb3VkLWNvbmZpZwoKaG9zdG5hbWU6IHN0dXZtMTMKCnBhY2thZ2VfdXBkYXRlOiB0cnVlCgpwYWNrYWdlczoKICAtIHVidW50dS1kZXNrdG9wCiAgLSB4cmRwCiAgLSBvcGVuc3NoLXNlcnZlcgogIC0gZG9ja2VyLmlvCiAgLSBnaXQKICAtIGN1cmwKICAtIG5mcy1jb21tb24KCnVzZXJzOgogIC0gZGVmYXVsdAogIC0gbmFtZTogc3R1ZGVudAogICAgZ3JvdXBzOiBzdWRvLGRvY2tlcgogICAgc2hlbGw6IC9iaW4vYmFzaAogICAgc3VkbzogQUxMPShBTEwpIE5PUEFTU1dEOkFMTAogICAgbG9ja19wYXNzd2Q6IGZhbHNlCiAgICBwYXNzd2Q6ICQ2JEFOV25QU1VWYTcvWHRNTFgkRkNBYTh6eVdFVWVvZWl4SGZkaGRaZGQ2UnpuUHF1cGdWc2phdjNCOXZGQzNCY0Jpb3Q0OWs1aHU2dGd0cUoycy5SVTd5b0cyVVVpWWZHTy5FYklKVy8KCnNzaF9wd2F1dGg6IHRydWUKCnJ1bmNtZDoKICAtIHN5c3RlbWN0bCBlbmFibGUgc3NoCiAgLSBzeXN0ZW1jdGwgc3RhcnQgc3NoCiAgLSBzeXN0ZW1jdGwgZW5hYmxlIHhyZHAKICAtIHN5c3RlbWN0bCBzdGFydCB4cmRwCiAgLSBlY2hvICJzdHVkZW50OlN0dWRlbnRAMTIzIiB8IGNocGFzc3dkCiAgLSBta2RpciAtcCAvbW50L25mc3NoYXJlCiAgLSBlY2hvICIxOTIuMTY4LjEuOTk6L21udC9uZnNzaGFyZSAvbW50L25mc3NoYXJlIG5mcyBkZWZhdWx0cyxfbmV0ZGV2LG5vZmFpbCAwIDAiID4+IC9ldGMvZnN0YWIKICAtIG1vdW50IC1hCiAgLSBta2RpciAtcCAvbW50L25mc3NoYXJlL3N0dXZtMTMKICAtIG1rZGlyIC1wIC9ob21lL3N0dWRlbnQvd29ya3NwYWNlCiAgLSBtb3VudCAtLWJpbmQgL21udC9uZnNzaGFyZS9zdHV2bTEzIC9ob21lL3N0dWRlbnQvd29ya3NwYWNlCiAgLSBlY2hvICIvbW50L25mc3NoYXJlL3N0dXZtMTMgL2hvbWUvc3R1ZGVudC93b3Jrc3BhY2Ugbm9uZSBiaW5kIDAgMCIgPj4gL2V0Yy9mc3RhYgogIC0gY2hvd24gLVIgc3R1ZGVudDpzdHVkZW50IC9tbnQvbmZzc2hhcmUvc3R1dm0xMwogIC0gY2hvd24gLVIgc3R1ZGVudDpzdHVkZW50IC9ob21lL3N0dWRlbnQvd29ya3NwYWNlCg==",
              "guestinfo.userdata.encoding": "base64"
            },
            "extra_config_reboot_required": true,
            "firmware": "bios",
            "folder": "",
            "force_power_off": true,
            "guest_id": "ubuntu64Guest",
            "guest_ip_addresses": [
              "192.168.1.210",
              "fe80::250:56ff:feb1:62ff"
            ],
            "hardware_version": 10,
            "host_system_id": "host-1010",
            "hv_mode": "hvAuto",
            "id": "4231184b-aaa1-87c0-177f-df78d9699a09",
            "ide_controller_count": 2,
            "ignored_guest_ips": null,
            "imported": null,
            "latency_sensitivity": "normal",
            "memory": 8096,
            "memory_hot_add_enabled": false,
            "memory_limit": -1,
            "memory_reservation": 0,
            "memory_reservation_locked_to_max": false,
            "memory_share_count": 80960,
            "memory_share_level": "normal",
            "migrate_wait_timeout": 30,
            "moid": "vm-3091",
            "name": "stuvm13",
            "nested_hv_enabled": false,
            "network_interface": [
              {
                "adapter_type": "vmxnet3",
                "bandwidth_limit": -1,
                "bandwidth_reservation": 0,
                "bandwidth_share_count": 50,
                "bandwidth_share_level": "normal",
                "device_address": "pci:0:7",
                "key": 4000,
                "mac_address": "00:50:56:b1:62:ff",
                "network_id": "network-2001",
                "ovf_mapping": "",
                "physical_function": "",
                "use_static_mac": false
              }
            ],
            "num_cores_per_socket": 1,
            "num_cpus": 4,
            "nvme_controller_count": 0,
            "ovf_deploy": [],
            "pci_device_id": null,
            "power_state": "on",
            "poweron_timeout": 300,
            "reboot_required": false,
            "replace_trigger": null,
            "resource_pool_id": "resgroup-1020",
            "run_tools_scripts_after_power_on": true,
            "run_tools_scripts_after_resume": true,
            "run_tools_scripts_before_guest_reboot": false,
            "run_tools_scripts_before_guest_shutdown": true,
            "run_tools_scripts_before_guest_standby": true,
            "sata_controller_count": 0,
            "scsi_bus_sharing": "noSharing",
            "scsi_controller_count": 1,
            "scsi_type": "pvscsi",
            "shutdown_wait_timeout": 3,
            "storage_policy_id": "",
            "swap_placement_policy": "inherit",
            "sync_time_with_host": false,
            "sync_time_with_host_periodically": false,
            "tags": null,
            "tools_upgrade_policy": "manual",
            "uuid": "4231184b-aaa1-87c0-177f-df78d9699a09",
            "vapp": [],
            "vapp_transport": [],
            "vbs_enabled": false,
            "vmware_tools_status": "guestToolsRunning",
            "vmx_path": "stuvm13/stuvm13.vmx",
            "vtpm": [],
            "vvtd_enabled": false,
            "wait_for_guest_ip_timeout": 0,
            "wait_for_guest_net_routable": true,
            "wait_for_guest_net_timeout": 5
          },
          "sensitive_attributes": [],
          "identity_schema_version": 0,
          "private": "eyJzY2hlbWFfdmVyc2lvbiI6IjMifQ==",
          "dependencies": [
            "data.vsphere_compute_cluster.cluster",
            "data.vsphere_datacenter.dc",
            "data.vsphere_datastore.datastore",
            "data.vsphere_network.network",
            "data.vsphere_virtual_machine.template"
          ]
        },
        {
          "index_key": 13,
          "schema_version": 3,
          "attributes": {
            "alternate_guest_name": "",
            "annotation": "",
            "boot_delay": 0,
            "boot_retry_delay": 10000,
            "boot_retry_enabled": false,
            "cdrom": [],
            "change_version": "2026-06-08T03:34:12.857798Z",
            "clone": [
              {
                "customization_spec": [],
                "customize": [],
                "linked_clone": false,
                "ovf_network_map": null,
                "ovf_storage_map": null,
                "template_uuid": "564da9f3-ebd0-f686-ea9a-8a9a37c6883d",
                "timeout": 30
              }
            ],
            "cpu_hot_add_enabled": false,
            "cpu_hot_remove_enabled": false,
            "cpu_limit": -1,
            "cpu_performance_counters_enabled": false,
            "cpu_reservation": 0,
            "cpu_share_count": 4000,
            "cpu_share_level": "normal",
            "custom_attributes": null,
            "datacenter_id": null,
            "datastore_cluster_id": null,
            "datastore_id": "datastore-1013",
            "default_ip_address": "192.168.1.208",
            "disk": [
              {
                "attach": false,
                "controller_type": "scsi",
                "datastore_id": "datastore-1013",
                "device_address": "scsi:0:0",
                "disk_mode": "persistent",
                "disk_sharing": "sharingNone",
                "eagerly_scrub": false,
                "io_limit": -1,
                "io_reservation": 0,
                "io_share_count": 1000,
                "io_share_level": "normal",
                "keep_on_remove": false,
                "key": 2000,
                "label": "disk0",
                "path": "stuvm14/stuvm14_1.vmdk",
                "size": 500,
                "storage_policy_id": "",
                "thin_provisioned": true,
                "unit_number": 0,
                "uuid": "6000C29e-8fa5-f9c5-169a-5b01acfde896",
                "write_through": false
              },
              {
                "attach": false,
                "controller_type": "sata",
                "datastore_id": "datastore-1013",
                "device_address": "sata:0:0",
                "disk_mode": "persistent",
                "disk_sharing": "sharingNone",
                "eagerly_scrub": false,
                "io_limit": -1,
                "io_reservation": 0,
                "io_share_count": 1000,
                "io_share_level": "normal",
                "keep_on_remove": true,
                "key": 16000,
                "label": "orphaned_disk_0",
                "path": "stuvm14/stuvm14.vmdk",
                "size": 500,
                "storage_policy_id": "",
                "thin_provisioned": true,
                "unit_number": 0,
                "uuid": "6000C291-fff4-5b74-781d-3cac114de1e0",
                "write_through": false
              }
            ],
            "efi_secure_boot_enabled": false,
            "enable_disk_uuid": false,
            "enable_logging": false,
            "ept_rvi_mode": "automatic",
            "extra_config": {
              "guestinfo.userdata": "I2Nsb3VkLWNvbmZpZwoKaG9zdG5hbWU6IHN0dXZtMTQKCnBhY2thZ2VfdXBkYXRlOiB0cnVlCgpwYWNrYWdlczoKICAtIHVidW50dS1kZXNrdG9wCiAgLSB4cmRwCiAgLSBvcGVuc3NoLXNlcnZlcgogIC0gZG9ja2VyLmlvCiAgLSBnaXQKICAtIGN1cmwKICAtIG5mcy1jb21tb24KCnVzZXJzOgogIC0gZGVmYXVsdAogIC0gbmFtZTogc3R1ZGVudAogICAgZ3JvdXBzOiBzdWRvLGRvY2tlcgogICAgc2hlbGw6IC9iaW4vYmFzaAogICAgc3VkbzogQUxMPShBTEwpIE5PUEFTU1dEOkFMTAogICAgbG9ja19wYXNzd2Q6IGZhbHNlCiAgICBwYXNzd2Q6ICQ2JEFOV25QU1VWYTcvWHRNTFgkRkNBYTh6eVdFVWVvZWl4SGZkaGRaZGQ2UnpuUHF1cGdWc2phdjNCOXZGQzNCY0Jpb3Q0OWs1aHU2dGd0cUoycy5SVTd5b0cyVVVpWWZHTy5FYklKVy8KCnNzaF9wd2F1dGg6IHRydWUKCnJ1bmNtZDoKICAtIHN5c3RlbWN0bCBlbmFibGUgc3NoCiAgLSBzeXN0ZW1jdGwgc3RhcnQgc3NoCiAgLSBzeXN0ZW1jdGwgZW5hYmxlIHhyZHAKICAtIHN5c3RlbWN0bCBzdGFydCB4cmRwCiAgLSBlY2hvICJzdHVkZW50OlN0dWRlbnRAMTIzIiB8IGNocGFzc3dkCiAgLSBta2RpciAtcCAvbW50L25mc3NoYXJlCiAgLSBlY2hvICIxOTIuMTY4LjEuOTk6L21udC9uZnNzaGFyZSAvbW50L25mc3NoYXJlIG5mcyBkZWZhdWx0cyxfbmV0ZGV2LG5vZmFpbCAwIDAiID4+IC9ldGMvZnN0YWIKICAtIG1vdW50IC1hCiAgLSBta2RpciAtcCAvbW50L25mc3NoYXJlL3N0dXZtMTQKICAtIG1rZGlyIC1wIC9ob21lL3N0dWRlbnQvd29ya3NwYWNlCiAgLSBtb3VudCAtLWJpbmQgL21udC9uZnNzaGFyZS9zdHV2bTE0IC9ob21lL3N0dWRlbnQvd29ya3NwYWNlCiAgLSBlY2hvICIvbW50L25mc3NoYXJlL3N0dXZtMTQgL2hvbWUvc3R1ZGVudC93b3Jrc3BhY2Ugbm9uZSBiaW5kIDAgMCIgPj4gL2V0Yy9mc3RhYgogIC0gY2hvd24gLVIgc3R1ZGVudDpzdHVkZW50IC9tbnQvbmZzc2hhcmUvc3R1dm0xNAogIC0gY2hvd24gLVIgc3R1ZGVudDpzdHVkZW50IC9ob21lL3N0dWRlbnQvd29ya3NwYWNlCg==",
              "guestinfo.userdata.encoding": "base64"
            },
            "extra_config_reboot_required": true,
            "firmware": "bios",
            "folder": "",
            "force_power_off": true,
            "guest_id": "ubuntu64Guest",
            "guest_ip_addresses": [
              "192.168.1.208",
              "fe80::250:56ff:feb1:cea8"
            ],
            "hardware_version": 10,
            "host_system_id": "host-1010",
            "hv_mode": "hvAuto",
            "id": "4231e102-fd30-05f9-ee9e-36e762933211",
            "ide_controller_count": 2,
            "ignored_guest_ips": null,
            "imported": null,
            "latency_sensitivity": "normal",
            "memory": 8096,
            "memory_hot_add_enabled": false,
            "memory_limit": -1,
            "memory_reservation": 0,
            "memory_reservation_locked_to_max": false,
            "memory_share_count": 80960,
            "memory_share_level": "normal",
            "migrate_wait_timeout": 30,
            "moid": "vm-3092",
            "name": "stuvm14",
            "nested_hv_enabled": false,
            "network_interface": [
              {
                "adapter_type": "vmxnet3",
                "bandwidth_limit": -1,
                "bandwidth_reservation": 0,
                "bandwidth_share_count": 50,
                "bandwidth_share_level": "normal",
                "device_address": "pci:0:7",
                "key": 4000,
                "mac_address": "00:50:56:b1:ce:a8",
                "network_id": "network-2001",
                "ovf_mapping": "",
                "physical_function": "",
                "use_static_mac": false
              }
            ],
            "num_cores_per_socket": 1,
            "num_cpus": 4,
            "nvme_controller_count": 0,
            "ovf_deploy": [],
            "pci_device_id": null,
            "power_state": "on",
            "poweron_timeout": 300,
            "reboot_required": false,
            "replace_trigger": null,
            "resource_pool_id": "resgroup-1020",
            "run_tools_scripts_after_power_on": true,
            "run_tools_scripts_after_resume": true,
            "run_tools_scripts_before_guest_reboot": false,
            "run_tools_scripts_before_guest_shutdown": true,
            "run_tools_scripts_before_guest_standby": true,
            "sata_controller_count": 0,
            "scsi_bus_sharing": "noSharing",
            "scsi_controller_count": 1,
            "scsi_type": "pvscsi",
            "shutdown_wait_timeout": 3,
            "storage_policy_id": "",
            "swap_placement_policy": "inherit",
            "sync_time_with_host": false,
            "sync_time_with_host_periodically": false,
            "tags": null,
            "tools_upgrade_policy": "manual",
            "uuid": "4231e102-fd30-05f9-ee9e-36e762933211",
            "vapp": [],
            "vapp_transport": [],
            "vbs_enabled": false,
            "vmware_tools_status": "guestToolsRunning",
            "vmx_path": "stuvm14/stuvm14.vmx",
            "vtpm": [],
            "vvtd_enabled": false,
            "wait_for_guest_ip_timeout": 0,
            "wait_for_guest_net_routable": true,
            "wait_for_guest_net_timeout": 5
          },
          "sensitive_attributes": [],
          "identity_schema_version": 0,
          "private": "eyJzY2hlbWFfdmVyc2lvbiI6IjMifQ==",
          "dependencies": [
            "data.vsphere_compute_cluster.cluster",
            "data.vsphere_datacenter.dc",
            "data.vsphere_datastore.datastore",
            "data.vsphere_network.network",
            "data.vsphere_virtual_machine.template"
          ]
        },
        {
          "index_key": 14,
          "schema_version": 3,
          "attributes": {
            "alternate_guest_name": "",
            "annotation": "",
            "boot_delay": 0,
            "boot_retry_delay": 10000,
            "boot_retry_enabled": false,
            "cdrom": [],
            "change_version": "2026-06-08T03:34:12.334767Z",
            "clone": [
              {
                "customization_spec": [],
                "customize": [],
                "linked_clone": false,
                "ovf_network_map": null,
                "ovf_storage_map": null,
                "template_uuid": "564da9f3-ebd0-f686-ea9a-8a9a37c6883d",
                "timeout": 30
              }
            ],
            "cpu_hot_add_enabled": false,
            "cpu_hot_remove_enabled": false,
            "cpu_limit": -1,
            "cpu_performance_counters_enabled": false,
            "cpu_reservation": 0,
            "cpu_share_count": 4000,
            "cpu_share_level": "normal",
            "custom_attributes": null,
            "datacenter_id": null,
            "datastore_cluster_id": null,
            "datastore_id": "datastore-1013",
            "default_ip_address": "192.168.1.203",
            "disk": [
              {
                "attach": false,
                "controller_type": "scsi",
                "datastore_id": "datastore-1013",
                "device_address": "scsi:0:0",
                "disk_mode": "persistent",
                "disk_sharing": "sharingNone",
                "eagerly_scrub": false,
                "io_limit": -1,
                "io_reservation": 0,
                "io_share_count": 1000,
                "io_share_level": "normal",
                "keep_on_remove": false,
                "key": 2000,
                "label": "disk0",
                "path": "stuvm15/stuvm15_1.vmdk",
                "size": 500,
                "storage_policy_id": "",
                "thin_provisioned": true,
                "unit_number": 0,
                "uuid": "6000C29e-8033-fd9d-3026-6e8beae295fd",
                "write_through": false
              },
              {
                "attach": false,
                "controller_type": "sata",
                "datastore_id": "datastore-1013",
                "device_address": "sata:0:0",
                "disk_mode": "persistent",
                "disk_sharing": "sharingNone",
                "eagerly_scrub": false,
                "io_limit": -1,
                "io_reservation": 0,
                "io_share_count": 1000,
                "io_share_level": "normal",
                "keep_on_remove": true,
                "key": 16000,
                "label": "orphaned_disk_0",
                "path": "stuvm15/stuvm15.vmdk",
                "size": 500,
                "storage_policy_id": "",
                "thin_provisioned": true,
                "unit_number": 0,
                "uuid": "6000C29f-f8d2-2fc7-7887-37c5c58bd650",
                "write_through": false
              }
            ],
            "efi_secure_boot_enabled": false,
            "enable_disk_uuid": false,
            "enable_logging": false,
            "ept_rvi_mode": "automatic",
            "extra_config": {
              "guestinfo.userdata": "I2Nsb3VkLWNvbmZpZwoKaG9zdG5hbWU6IHN0dXZtMTUKCnBhY2thZ2VfdXBkYXRlOiB0cnVlCgpwYWNrYWdlczoKICAtIHVidW50dS1kZXNrdG9wCiAgLSB4cmRwCiAgLSBvcGVuc3NoLXNlcnZlcgogIC0gZG9ja2VyLmlvCiAgLSBnaXQKICAtIGN1cmwKICAtIG5mcy1jb21tb24KCnVzZXJzOgogIC0gZGVmYXVsdAogIC0gbmFtZTogc3R1ZGVudAogICAgZ3JvdXBzOiBzdWRvLGRvY2tlcgogICAgc2hlbGw6IC9iaW4vYmFzaAogICAgc3VkbzogQUxMPShBTEwpIE5PUEFTU1dEOkFMTAogICAgbG9ja19wYXNzd2Q6IGZhbHNlCiAgICBwYXNzd2Q6ICQ2JEFOV25QU1VWYTcvWHRNTFgkRkNBYTh6eVdFVWVvZWl4SGZkaGRaZGQ2UnpuUHF1cGdWc2phdjNCOXZGQzNCY0Jpb3Q0OWs1aHU2dGd0cUoycy5SVTd5b0cyVVVpWWZHTy5FYklKVy8KCnNzaF9wd2F1dGg6IHRydWUKCnJ1bmNtZDoKICAtIHN5c3RlbWN0bCBlbmFibGUgc3NoCiAgLSBzeXN0ZW1jdGwgc3RhcnQgc3NoCiAgLSBzeXN0ZW1jdGwgZW5hYmxlIHhyZHAKICAtIHN5c3RlbWN0bCBzdGFydCB4cmRwCiAgLSBlY2hvICJzdHVkZW50OlN0dWRlbnRAMTIzIiB8IGNocGFzc3dkCiAgLSBta2RpciAtcCAvbW50L25mc3NoYXJlCiAgLSBlY2hvICIxOTIuMTY4LjEuOTk6L21udC9uZnNzaGFyZSAvbW50L25mc3NoYXJlIG5mcyBkZWZhdWx0cyxfbmV0ZGV2LG5vZmFpbCAwIDAiID4+IC9ldGMvZnN0YWIKICAtIG1vdW50IC1hCiAgLSBta2RpciAtcCAvbW50L25mc3NoYXJlL3N0dXZtMTUKICAtIG1rZGlyIC1wIC9ob21lL3N0dWRlbnQvd29ya3NwYWNlCiAgLSBtb3VudCAtLWJpbmQgL21udC9uZnNzaGFyZS9zdHV2bTE1IC9ob21lL3N0dWRlbnQvd29ya3NwYWNlCiAgLSBlY2hvICIvbW50L25mc3NoYXJlL3N0dXZtMTUgL2hvbWUvc3R1ZGVudC93b3Jrc3BhY2Ugbm9uZSBiaW5kIDAgMCIgPj4gL2V0Yy9mc3RhYgogIC0gY2hvd24gLVIgc3R1ZGVudDpzdHVkZW50IC9tbnQvbmZzc2hhcmUvc3R1dm0xNQogIC0gY2hvd24gLVIgc3R1ZGVudDpzdHVkZW50IC9ob21lL3N0dWRlbnQvd29ya3NwYWNlCg==",
              "guestinfo.userdata.encoding": "base64"
            },
            "extra_config_reboot_required": true,
            "firmware": "bios",
            "folder": "",
            "force_power_off": true,
            "guest_id": "ubuntu64Guest",
            "guest_ip_addresses": [
              "192.168.1.203",
              "fe80::250:56ff:feb1:7d1b"
            ],
            "hardware_version": 10,
            "host_system_id": "host-1010",
            "hv_mode": "hvAuto",
            "id": "42317045-b77d-0075-2696-0627e73e25fc",
            "ide_controller_count": 2,
            "ignored_guest_ips": null,
            "imported": null,
            "latency_sensitivity": "normal",
            "memory": 8096,
            "memory_hot_add_enabled": false,
            "memory_limit": -1,
            "memory_reservation": 0,
            "memory_reservation_locked_to_max": false,
            "memory_share_count": 80960,
            "memory_share_level": "normal",
            "migrate_wait_timeout": 30,
            "moid": "vm-3089",
            "name": "stuvm15",
            "nested_hv_enabled": false,
            "network_interface": [
              {
                "adapter_type": "vmxnet3",
                "bandwidth_limit": -1,
                "bandwidth_reservation": 0,
                "bandwidth_share_count": 50,
                "bandwidth_share_level": "normal",
                "device_address": "pci:0:7",
                "key": 4000,
                "mac_address": "00:50:56:b1:7d:1b",
                "network_id": "network-2001",
                "ovf_mapping": "",
                "physical_function": "",
                "use_static_mac": false
              }
            ],
            "num_cores_per_socket": 1,
            "num_cpus": 4,
            "nvme_controller_count": 0,
            "ovf_deploy": [],
            "pci_device_id": null,
            "power_state": "on",
            "poweron_timeout": 300,
            "reboot_required": false,
            "replace_trigger": null,
            "resource_pool_id": "resgroup-1020",
            "run_tools_scripts_after_power_on": true,
            "run_tools_scripts_after_resume": true,
            "run_tools_scripts_before_guest_reboot": false,
            "run_tools_scripts_before_guest_shutdown": true,
            "run_tools_scripts_before_guest_standby": true,
            "sata_controller_count": 0,
            "scsi_bus_sharing": "noSharing",
            "scsi_controller_count": 1,
            "scsi_type": "pvscsi",
            "shutdown_wait_timeout": 3,
            "storage_policy_id": "",
            "swap_placement_policy": "inherit",
            "sync_time_with_host": false,
            "sync_time_with_host_periodically": false,
            "tags": null,
            "tools_upgrade_policy": "manual",
            "uuid": "42317045-b77d-0075-2696-0627e73e25fc",
            "vapp": [],
            "vapp_transport": [],
            "vbs_enabled": false,
            "vmware_tools_status": "guestToolsRunning",
            "vmx_path": "stuvm15/stuvm15.vmx",
            "vtpm": [],
            "vvtd_enabled": false,
            "wait_for_guest_ip_timeout": 0,
            "wait_for_guest_net_routable": true,
            "wait_for_guest_net_timeout": 5
          },
          "sensitive_attributes": [],
          "identity_schema_version": 0,
          "private": "eyJzY2hlbWFfdmVyc2lvbiI6IjMifQ==",
          "dependencies": [
            "data.vsphere_compute_cluster.cluster",
            "data.vsphere_datacenter.dc",
            "data.vsphere_datastore.datastore",
            "data.vsphere_network.network",
            "data.vsphere_virtual_machine.template"
          ]
        },
        {
          "index_key": 15,
          "schema_version": 3,
          "attributes": {
            "alternate_guest_name": "",
            "annotation": "",
            "boot_delay": 0,
            "boot_retry_delay": 10000,
            "boot_retry_enabled": false,
            "cdrom": [],
            "change_version": "2026-06-08T03:34:12.922423Z",
            "clone": [
              {
                "customization_spec": [],
                "customize": [],
                "linked_clone": false,
                "ovf_network_map": null,
                "ovf_storage_map": null,
                "template_uuid": "564da9f3-ebd0-f686-ea9a-8a9a37c6883d",
                "timeout": 30
              }
            ],
            "cpu_hot_add_enabled": false,
            "cpu_hot_remove_enabled": false,
            "cpu_limit": -1,
            "cpu_performance_counters_enabled": false,
            "cpu_reservation": 0,
            "cpu_share_count": 4000,
            "cpu_share_level": "normal",
            "custom_attributes": null,
            "datacenter_id": null,
            "datastore_cluster_id": null,
            "datastore_id": "datastore-1013",
            "default_ip_address": "192.168.1.207",
            "disk": [
              {
                "attach": false,
                "controller_type": "scsi",
                "datastore_id": "datastore-1013",
                "device_address": "scsi:0:0",
                "disk_mode": "persistent",
                "disk_sharing": "sharingNone",
                "eagerly_scrub": false,
                "io_limit": -1,
                "io_reservation": 0,
                "io_share_count": 1000,
                "io_share_level": "normal",
                "keep_on_remove": false,
                "key": 2000,
                "label": "disk0",
                "path": "stuvm16/stuvm16_1.vmdk",
                "size": 500,
                "storage_policy_id": "",
                "thin_provisioned": true,
                "unit_number": 0,
                "uuid": "6000C296-7d2e-2331-e013-9f7488a3ebfe",
                "write_through": false
              },
              {
                "attach": false,
                "controller_type": "sata",
                "datastore_id": "datastore-1013",
                "device_address": "sata:0:0",
                "disk_mode": "persistent",
                "disk_sharing": "sharingNone",
                "eagerly_scrub": false,
                "io_limit": -1,
                "io_reservation": 0,
                "io_share_count": 1000,
                "io_share_level": "normal",
                "keep_on_remove": true,
                "key": 16000,
                "label": "orphaned_disk_0",
                "path": "stuvm16/stuvm16.vmdk",
                "size": 500,
                "storage_policy_id": "",
                "thin_provisioned": true,
                "unit_number": 0,
                "uuid": "6000C291-9491-5b29-eb5d-41f0f386e1ae",
                "write_through": false
              }
            ],
            "efi_secure_boot_enabled": false,
            "enable_disk_uuid": false,
            "enable_logging": false,
            "ept_rvi_mode": "automatic",
            "extra_config": {
              "guestinfo.userdata": "I2Nsb3VkLWNvbmZpZwoKaG9zdG5hbWU6IHN0dXZtMTYKCnBhY2thZ2VfdXBkYXRlOiB0cnVlCgpwYWNrYWdlczoKICAtIHVidW50dS1kZXNrdG9wCiAgLSB4cmRwCiAgLSBvcGVuc3NoLXNlcnZlcgogIC0gZG9ja2VyLmlvCiAgLSBnaXQKICAtIGN1cmwKICAtIG5mcy1jb21tb24KCnVzZXJzOgogIC0gZGVmYXVsdAogIC0gbmFtZTogc3R1ZGVudAogICAgZ3JvdXBzOiBzdWRvLGRvY2tlcgogICAgc2hlbGw6IC9iaW4vYmFzaAogICAgc3VkbzogQUxMPShBTEwpIE5PUEFTU1dEOkFMTAogICAgbG9ja19wYXNzd2Q6IGZhbHNlCiAgICBwYXNzd2Q6ICQ2JEFOV25QU1VWYTcvWHRNTFgkRkNBYTh6eVdFVWVvZWl4SGZkaGRaZGQ2UnpuUHF1cGdWc2phdjNCOXZGQzNCY0Jpb3Q0OWs1aHU2dGd0cUoycy5SVTd5b0cyVVVpWWZHTy5FYklKVy8KCnNzaF9wd2F1dGg6IHRydWUKCnJ1bmNtZDoKICAtIHN5c3RlbWN0bCBlbmFibGUgc3NoCiAgLSBzeXN0ZW1jdGwgc3RhcnQgc3NoCiAgLSBzeXN0ZW1jdGwgZW5hYmxlIHhyZHAKICAtIHN5c3RlbWN0bCBzdGFydCB4cmRwCiAgLSBlY2hvICJzdHVkZW50OlN0dWRlbnRAMTIzIiB8IGNocGFzc3dkCiAgLSBta2RpciAtcCAvbW50L25mc3NoYXJlCiAgLSBlY2hvICIxOTIuMTY4LjEuOTk6L21udC9uZnNzaGFyZSAvbW50L25mc3NoYXJlIG5mcyBkZWZhdWx0cyxfbmV0ZGV2LG5vZmFpbCAwIDAiID4+IC9ldGMvZnN0YWIKICAtIG1vdW50IC1hCiAgLSBta2RpciAtcCAvbW50L25mc3NoYXJlL3N0dXZtMTYKICAtIG1rZGlyIC1wIC9ob21lL3N0dWRlbnQvd29ya3NwYWNlCiAgLSBtb3VudCAtLWJpbmQgL21udC9uZnNzaGFyZS9zdHV2bTE2IC9ob21lL3N0dWRlbnQvd29ya3NwYWNlCiAgLSBlY2hvICIvbW50L25mc3NoYXJlL3N0dXZtMTYgL2hvbWUvc3R1ZGVudC93b3Jrc3BhY2Ugbm9uZSBiaW5kIDAgMCIgPj4gL2V0Yy9mc3RhYgogIC0gY2hvd24gLVIgc3R1ZGVudDpzdHVkZW50IC9tbnQvbmZzc2hhcmUvc3R1dm0xNgogIC0gY2hvd24gLVIgc3R1ZGVudDpzdHVkZW50IC9ob21lL3N0dWRlbnQvd29ya3NwYWNlCg==",
              "guestinfo.userdata.encoding": "base64"
            },
            "extra_config_reboot_required": true,
            "firmware": "bios",
            "folder": "",
            "force_power_off": true,
            "guest_id": "ubuntu64Guest",
            "guest_ip_addresses": [
              "192.168.1.207",
              "fe80::250:56ff:feb1:749d"
            ],
            "hardware_version": 10,
            "host_system_id": "host-1010",
            "hv_mode": "hvAuto",
            "id": "4231eacf-fb1c-14d3-e68a-33ee66c02198",
            "ide_controller_count": 2,
            "ignored_guest_ips": null,
            "imported": null,
            "latency_sensitivity": "normal",
            "memory": 8096,
            "memory_hot_add_enabled": false,
            "memory_limit": -1,
            "memory_reservation": 0,
            "memory_reservation_locked_to_max": false,
            "memory_share_count": 80960,
            "memory_share_level": "normal",
            "migrate_wait_timeout": 30,
            "moid": "vm-3094",
            "name": "stuvm16",
            "nested_hv_enabled": false,
            "network_interface": [
              {
                "adapter_type": "vmxnet3",
                "bandwidth_limit": -1,
                "bandwidth_reservation": 0,
                "bandwidth_share_count": 50,
                "bandwidth_share_level": "normal",
                "device_address": "pci:0:7",
                "key": 4000,
                "mac_address": "00:50:56:b1:74:9d",
                "network_id": "network-2001",
                "ovf_mapping": "",
                "physical_function": "",
                "use_static_mac": false
              }
            ],
            "num_cores_per_socket": 1,
            "num_cpus": 4,
            "nvme_controller_count": 0,
            "ovf_deploy": [],
            "pci_device_id": null,
            "power_state": "on",
            "poweron_timeout": 300,
            "reboot_required": false,
            "replace_trigger": null,
            "resource_pool_id": "resgroup-1020",
            "run_tools_scripts_after_power_on": true,
            "run_tools_scripts_after_resume": true,
            "run_tools_scripts_before_guest_reboot": false,
            "run_tools_scripts_before_guest_shutdown": true,
            "run_tools_scripts_before_guest_standby": true,
            "sata_controller_count": 0,
            "scsi_bus_sharing": "noSharing",
            "scsi_controller_count": 1,
            "scsi_type": "pvscsi",
            "shutdown_wait_timeout": 3,
            "storage_policy_id": "",
            "swap_placement_policy": "inherit",
            "sync_time_with_host": false,
            "sync_time_with_host_periodically": false,
            "tags": null,
            "tools_upgrade_policy": "manual",
            "uuid": "4231eacf-fb1c-14d3-e68a-33ee66c02198",
            "vapp": [],
            "vapp_transport": [],
            "vbs_enabled": false,
            "vmware_tools_status": "guestToolsRunning",
            "vmx_path": "stuvm16/stuvm16.vmx",
            "vtpm": [],
            "vvtd_enabled": false,
            "wait_for_guest_ip_timeout": 0,
            "wait_for_guest_net_routable": true,
            "wait_for_guest_net_timeout": 5
          },
          "sensitive_attributes": [],
          "identity_schema_version": 0,
          "private": "eyJzY2hlbWFfdmVyc2lvbiI6IjMifQ==",
          "dependencies": [
            "data.vsphere_compute_cluster.cluster",
            "data.vsphere_datacenter.dc",
            "data.vsphere_datastore.datastore",
            "data.vsphere_network.network",
            "data.vsphere_virtual_machine.template"
          ]
        },
        {
          "index_key": 16,
          "schema_version": 3,
          "attributes": {
            "alternate_guest_name": "",
            "annotation": "",
            "boot_delay": 0,
            "boot_retry_delay": 10000,
            "boot_retry_enabled": false,
            "cdrom": [],
            "change_version": "2026-06-08T03:36:17.873693Z",
            "clone": [
              {
                "customization_spec": [],
                "customize": [],
                "linked_clone": false,
                "ovf_network_map": null,
                "ovf_storage_map": null,
                "template_uuid": "564da9f3-ebd0-f686-ea9a-8a9a37c6883d",
                "timeout": 30
              }
            ],
            "cpu_hot_add_enabled": false,
            "cpu_hot_remove_enabled": false,
            "cpu_limit": -1,
            "cpu_performance_counters_enabled": false,
            "cpu_reservation": 0,
            "cpu_share_count": 4000,
            "cpu_share_level": "normal",
            "custom_attributes": null,
            "datacenter_id": null,
            "datastore_cluster_id": null,
            "datastore_id": "datastore-1013",
            "default_ip_address": "192.168.1.215",
            "disk": [
              {
                "attach": false,
                "controller_type": "scsi",
                "datastore_id": "datastore-1013",
                "device_address": "scsi:0:0",
                "disk_mode": "persistent",
                "disk_sharing": "sharingNone",
                "eagerly_scrub": false,
                "io_limit": -1,
                "io_reservation": 0,
                "io_share_count": 1000,
                "io_share_level": "normal",
                "keep_on_remove": false,
                "key": 2000,
                "label": "disk0",
                "path": "stuvm17/stuvm17_1.vmdk",
                "size": 500,
                "storage_policy_id": "",
                "thin_provisioned": true,
                "unit_number": 0,
                "uuid": "6000C297-fdb9-b64d-9117-3daf731592d2",
                "write_through": false
              },
              {
                "attach": false,
                "controller_type": "sata",
                "datastore_id": "datastore-1013",
                "device_address": "sata:0:0",
                "disk_mode": "persistent",
                "disk_sharing": "sharingNone",
                "eagerly_scrub": false,
                "io_limit": -1,
                "io_reservation": 0,
                "io_share_count": 1000,
                "io_share_level": "normal",
                "keep_on_remove": true,
                "key": 16000,
                "label": "orphaned_disk_0",
                "path": "stuvm17/stuvm17.vmdk",
                "size": 500,
                "storage_policy_id": "",
                "thin_provisioned": true,
                "unit_number": 0,
                "uuid": "6000C29b-d25b-e1b3-53a4-78166f593d96",
                "write_through": false
              }
            ],
            "efi_secure_boot_enabled": false,
            "enable_disk_uuid": false,
            "enable_logging": false,
            "ept_rvi_mode": "automatic",
            "extra_config": {
              "guestinfo.userdata": "I2Nsb3VkLWNvbmZpZwoKaG9zdG5hbWU6IHN0dXZtMTcKCnBhY2thZ2VfdXBkYXRlOiB0cnVlCgpwYWNrYWdlczoKICAtIHVidW50dS1kZXNrdG9wCiAgLSB4cmRwCiAgLSBvcGVuc3NoLXNlcnZlcgogIC0gZG9ja2VyLmlvCiAgLSBnaXQKICAtIGN1cmwKICAtIG5mcy1jb21tb24KCnVzZXJzOgogIC0gZGVmYXVsdAogIC0gbmFtZTogc3R1ZGVudAogICAgZ3JvdXBzOiBzdWRvLGRvY2tlcgogICAgc2hlbGw6IC9iaW4vYmFzaAogICAgc3VkbzogQUxMPShBTEwpIE5PUEFTU1dEOkFMTAogICAgbG9ja19wYXNzd2Q6IGZhbHNlCiAgICBwYXNzd2Q6ICQ2JEFOV25QU1VWYTcvWHRNTFgkRkNBYTh6eVdFVWVvZWl4SGZkaGRaZGQ2UnpuUHF1cGdWc2phdjNCOXZGQzNCY0Jpb3Q0OWs1aHU2dGd0cUoycy5SVTd5b0cyVVVpWWZHTy5FYklKVy8KCnNzaF9wd2F1dGg6IHRydWUKCnJ1bmNtZDoKICAtIHN5c3RlbWN0bCBlbmFibGUgc3NoCiAgLSBzeXN0ZW1jdGwgc3RhcnQgc3NoCiAgLSBzeXN0ZW1jdGwgZW5hYmxlIHhyZHAKICAtIHN5c3RlbWN0bCBzdGFydCB4cmRwCiAgLSBlY2hvICJzdHVkZW50OlN0dWRlbnRAMTIzIiB8IGNocGFzc3dkCiAgLSBta2RpciAtcCAvbW50L25mc3NoYXJlCiAgLSBlY2hvICIxOTIuMTY4LjEuOTk6L21udC9uZnNzaGFyZSAvbW50L25mc3NoYXJlIG5mcyBkZWZhdWx0cyxfbmV0ZGV2LG5vZmFpbCAwIDAiID4+IC9ldGMvZnN0YWIKICAtIG1vdW50IC1hCiAgLSBta2RpciAtcCAvbW50L25mc3NoYXJlL3N0dXZtMTcKICAtIG1rZGlyIC1wIC9ob21lL3N0dWRlbnQvd29ya3NwYWNlCiAgLSBtb3VudCAtLWJpbmQgL21udC9uZnNzaGFyZS9zdHV2bTE3IC9ob21lL3N0dWRlbnQvd29ya3NwYWNlCiAgLSBlY2hvICIvbW50L25mc3NoYXJlL3N0dXZtMTcgL2hvbWUvc3R1ZGVudC93b3Jrc3BhY2Ugbm9uZSBiaW5kIDAgMCIgPj4gL2V0Yy9mc3RhYgogIC0gY2hvd24gLVIgc3R1ZGVudDpzdHVkZW50IC9tbnQvbmZzc2hhcmUvc3R1dm0xNwogIC0gY2hvd24gLVIgc3R1ZGVudDpzdHVkZW50IC9ob21lL3N0dWRlbnQvd29ya3NwYWNlCg==",
              "guestinfo.userdata.encoding": "base64"
            },
            "extra_config_reboot_required": true,
            "firmware": "bios",
            "folder": "",
            "force_power_off": true,
            "guest_id": "ubuntu64Guest",
            "guest_ip_addresses": [
              "192.168.1.215",
              "fe80::250:56ff:feb1:3d03"
            ],
            "hardware_version": 10,
            "host_system_id": "host-1010",
            "hv_mode": "hvAuto",
            "id": "42316945-c4ab-d67e-e671-5eb2383053bf",
            "ide_controller_count": 2,
            "ignored_guest_ips": null,
            "imported": null,
            "latency_sensitivity": "normal",
            "memory": 8096,
            "memory_hot_add_enabled": false,
            "memory_limit": -1,
            "memory_reservation": 0,
            "memory_reservation_locked_to_max": false,
            "memory_share_count": 80960,
            "memory_share_level": "normal",
            "migrate_wait_timeout": 30,
            "moid": "vm-3104",
            "name": "stuvm17",
            "nested_hv_enabled": false,
            "network_interface": [
              {
                "adapter_type": "vmxnet3",
                "bandwidth_limit": -1,
                "bandwidth_reservation": 0,
                "bandwidth_share_count": 50,
                "bandwidth_share_level": "normal",
                "device_address": "pci:0:7",
                "key": 4000,
                "mac_address": "00:50:56:b1:3d:03",
                "network_id": "network-2001",
                "ovf_mapping": "",
                "physical_function": "",
                "use_static_mac": false
              }
            ],
            "num_cores_per_socket": 1,
            "num_cpus": 4,
            "nvme_controller_count": 0,
            "ovf_deploy": [],
            "pci_device_id": null,
            "power_state": "on",
            "poweron_timeout": 300,
            "reboot_required": false,
            "replace_trigger": null,
            "resource_pool_id": "resgroup-1020",
            "run_tools_scripts_after_power_on": true,
            "run_tools_scripts_after_resume": true,
            "run_tools_scripts_before_guest_reboot": false,
            "run_tools_scripts_before_guest_shutdown": true,
            "run_tools_scripts_before_guest_standby": true,
            "sata_controller_count": 0,
            "scsi_bus_sharing": "noSharing",
            "scsi_controller_count": 1,
            "scsi_type": "pvscsi",
            "shutdown_wait_timeout": 3,
            "storage_policy_id": "",
            "swap_placement_policy": "inherit",
            "sync_time_with_host": false,
            "sync_time_with_host_periodically": false,
            "tags": null,
            "tools_upgrade_policy": "manual",
            "uuid": "42316945-c4ab-d67e-e671-5eb2383053bf",
            "vapp": [],
            "vapp_transport": [],
            "vbs_enabled": false,
            "vmware_tools_status": "guestToolsRunning",
            "vmx_path": "stuvm17/stuvm17.vmx",
            "vtpm": [],
            "vvtd_enabled": false,
            "wait_for_guest_ip_timeout": 0,
            "wait_for_guest_net_routable": true,
            "wait_for_guest_net_timeout": 5
          },
          "sensitive_attributes": [],
          "identity_schema_version": 0,
          "private": "eyJzY2hlbWFfdmVyc2lvbiI6IjMifQ==",
          "dependencies": [
            "data.vsphere_compute_cluster.cluster",
            "data.vsphere_datacenter.dc",
            "data.vsphere_datastore.datastore",
            "data.vsphere_network.network",
            "data.vsphere_virtual_machine.template"
          ]
        },
        {
          "index_key": 17,
          "schema_version": 3,
          "attributes": {
            "alternate_guest_name": "",
            "annotation": "",
            "boot_delay": 0,
            "boot_retry_delay": 10000,
            "boot_retry_enabled": false,
            "cdrom": [],
            "change_version": "2026-06-08T03:34:32.519981Z",
            "clone": [
              {
                "customization_spec": [],
                "customize": [],
                "linked_clone": false,
                "ovf_network_map": null,
                "ovf_storage_map": null,
                "template_uuid": "564da9f3-ebd0-f686-ea9a-8a9a37c6883d",
                "timeout": 30
              }
            ],
            "cpu_hot_add_enabled": false,
            "cpu_hot_remove_enabled": false,
            "cpu_limit": -1,
            "cpu_performance_counters_enabled": false,
            "cpu_reservation": 0,
            "cpu_share_count": 4000,
            "cpu_share_level": "normal",
            "custom_attributes": null,
            "datacenter_id": null,
            "datastore_cluster_id": null,
            "datastore_id": "datastore-1013",
            "default_ip_address": "192.168.1.211",
            "disk": [
              {
                "attach": false,
                "controller_type": "scsi",
                "datastore_id": "datastore-1013",
                "device_address": "scsi:0:0",
                "disk_mode": "persistent",
                "disk_sharing": "sharingNone",
                "eagerly_scrub": false,
                "io_limit": -1,
                "io_reservation": 0,
                "io_share_count": 1000,
                "io_share_level": "normal",
                "keep_on_remove": false,
                "key": 2000,
                "label": "disk0",
                "path": "stuvm18/stuvm18_1.vmdk",
                "size": 500,
                "storage_policy_id": "",
                "thin_provisioned": true,
                "unit_number": 0,
                "uuid": "6000C29b-56b8-9868-ef16-c31435de691a",
                "write_through": false
              },
              {
                "attach": false,
                "controller_type": "sata",
                "datastore_id": "datastore-1013",
                "device_address": "sata:0:0",
                "disk_mode": "persistent",
                "disk_sharing": "sharingNone",
                "eagerly_scrub": false,
                "io_limit": -1,
                "io_reservation": 0,
                "io_share_count": 1000,
                "io_share_level": "normal",
                "keep_on_remove": true,
                "key": 16000,
                "label": "orphaned_disk_0",
                "path": "stuvm18/stuvm18.vmdk",
                "size": 500,
                "storage_policy_id": "",
                "thin_provisioned": true,
                "unit_number": 0,
                "uuid": "6000C29f-fd35-4421-23ad-9ceecd072606",
                "write_through": false
              }
            ],
            "efi_secure_boot_enabled": false,
            "enable_disk_uuid": false,
            "enable_logging": false,
            "ept_rvi_mode": "automatic",
            "extra_config": {
              "guestinfo.userdata": "I2Nsb3VkLWNvbmZpZwoKaG9zdG5hbWU6IHN0dXZtMTgKCnBhY2thZ2VfdXBkYXRlOiB0cnVlCgpwYWNrYWdlczoKICAtIHVidW50dS1kZXNrdG9wCiAgLSB4cmRwCiAgLSBvcGVuc3NoLXNlcnZlcgogIC0gZG9ja2VyLmlvCiAgLSBnaXQKICAtIGN1cmwKICAtIG5mcy1jb21tb24KCnVzZXJzOgogIC0gZGVmYXVsdAogIC0gbmFtZTogc3R1ZGVudAogICAgZ3JvdXBzOiBzdWRvLGRvY2tlcgogICAgc2hlbGw6IC9iaW4vYmFzaAogICAgc3VkbzogQUxMPShBTEwpIE5PUEFTU1dEOkFMTAogICAgbG9ja19wYXNzd2Q6IGZhbHNlCiAgICBwYXNzd2Q6ICQ2JEFOV25QU1VWYTcvWHRNTFgkRkNBYTh6eVdFVWVvZWl4SGZkaGRaZGQ2UnpuUHF1cGdWc2phdjNCOXZGQzNCY0Jpb3Q0OWs1aHU2dGd0cUoycy5SVTd5b0cyVVVpWWZHTy5FYklKVy8KCnNzaF9wd2F1dGg6IHRydWUKCnJ1bmNtZDoKICAtIHN5c3RlbWN0bCBlbmFibGUgc3NoCiAgLSBzeXN0ZW1jdGwgc3RhcnQgc3NoCiAgLSBzeXN0ZW1jdGwgZW5hYmxlIHhyZHAKICAtIHN5c3RlbWN0bCBzdGFydCB4cmRwCiAgLSBlY2hvICJzdHVkZW50OlN0dWRlbnRAMTIzIiB8IGNocGFzc3dkCiAgLSBta2RpciAtcCAvbW50L25mc3NoYXJlCiAgLSBlY2hvICIxOTIuMTY4LjEuOTk6L21udC9uZnNzaGFyZSAvbW50L25mc3NoYXJlIG5mcyBkZWZhdWx0cyxfbmV0ZGV2LG5vZmFpbCAwIDAiID4+IC9ldGMvZnN0YWIKICAtIG1vdW50IC1hCiAgLSBta2RpciAtcCAvbW50L25mc3NoYXJlL3N0dXZtMTgKICAtIG1rZGlyIC1wIC9ob21lL3N0dWRlbnQvd29ya3NwYWNlCiAgLSBtb3VudCAtLWJpbmQgL21udC9uZnNzaGFyZS9zdHV2bTE4IC9ob21lL3N0dWRlbnQvd29ya3NwYWNlCiAgLSBlY2hvICIvbW50L25mc3NoYXJlL3N0dXZtMTggL2hvbWUvc3R1ZGVudC93b3Jrc3BhY2Ugbm9uZSBiaW5kIDAgMCIgPj4gL2V0Yy9mc3RhYgogIC0gY2hvd24gLVIgc3R1ZGVudDpzdHVkZW50IC9tbnQvbmZzc2hhcmUvc3R1dm0xOAogIC0gY2hvd24gLVIgc3R1ZGVudDpzdHVkZW50IC9ob21lL3N0dWRlbnQvd29ya3NwYWNlCg==",
              "guestinfo.userdata.encoding": "base64"
            },
            "extra_config_reboot_required": true,
            "firmware": "bios",
            "folder": "",
            "force_power_off": true,
            "guest_id": "ubuntu64Guest",
            "guest_ip_addresses": [
              "192.168.1.211",
              "fe80::250:56ff:feb1:6ba6"
            ],
            "hardware_version": 10,
            "host_system_id": "host-1010",
            "hv_mode": "hvAuto",
            "id": "42312772-122e-b700-bdad-1ba9fee47b78",
            "ide_controller_count": 2,
            "ignored_guest_ips": null,
            "imported": null,
            "latency_sensitivity": "normal",
            "memory": 8096,
            "memory_hot_add_enabled": false,
            "memory_limit": -1,
            "memory_reservation": 0,
            "memory_reservation_locked_to_max": false,
            "memory_share_count": 80960,
            "memory_share_level": "normal",
            "migrate_wait_timeout": 30,
            "moid": "vm-3097",
            "name": "stuvm18",
            "nested_hv_enabled": false,
            "network_interface": [
              {
                "adapter_type": "vmxnet3",
                "bandwidth_limit": -1,
                "bandwidth_reservation": 0,
                "bandwidth_share_count": 50,
                "bandwidth_share_level": "normal",
                "device_address": "pci:0:7",
                "key": 4000,
                "mac_address": "00:50:56:b1:6b:a6",
                "network_id": "network-2001",
                "ovf_mapping": "",
                "physical_function": "",
                "use_static_mac": false
              }
            ],
            "num_cores_per_socket": 1,
            "num_cpus": 4,
            "nvme_controller_count": 0,
            "ovf_deploy": [],
            "pci_device_id": null,
            "power_state": "on",
            "poweron_timeout": 300,
            "reboot_required": false,
            "replace_trigger": null,
            "resource_pool_id": "resgroup-1020",
            "run_tools_scripts_after_power_on": true,
            "run_tools_scripts_after_resume": true,
            "run_tools_scripts_before_guest_reboot": false,
            "run_tools_scripts_before_guest_shutdown": true,
            "run_tools_scripts_before_guest_standby": true,
            "sata_controller_count": 0,
            "scsi_bus_sharing": "noSharing",
            "scsi_controller_count": 1,
            "scsi_type": "pvscsi",
            "shutdown_wait_timeout": 3,
            "storage_policy_id": "",
            "swap_placement_policy": "inherit",
            "sync_time_with_host": false,
            "sync_time_with_host_periodically": false,
            "tags": null,
            "tools_upgrade_policy": "manual",
            "uuid": "42312772-122e-b700-bdad-1ba9fee47b78",
            "vapp": [],
            "vapp_transport": [],
            "vbs_enabled": false,
            "vmware_tools_status": "guestToolsRunning",
            "vmx_path": "stuvm18/stuvm18.vmx",
            "vtpm": [],
            "vvtd_enabled": false,
            "wait_for_guest_ip_timeout": 0,
            "wait_for_guest_net_routable": true,
            "wait_for_guest_net_timeout": 5
          },
          "sensitive_attributes": [],
          "identity_schema_version": 0,
          "private": "eyJzY2hlbWFfdmVyc2lvbiI6IjMifQ==",
          "dependencies": [
            "data.vsphere_compute_cluster.cluster",
            "data.vsphere_datacenter.dc",
            "data.vsphere_datastore.datastore",
            "data.vsphere_network.network",
            "data.vsphere_virtual_machine.template"
          ]
        },
        {
          "index_key": 18,
          "schema_version": 3,
          "attributes": {
            "alternate_guest_name": "",
            "annotation": "",
            "boot_delay": 0,
            "boot_retry_delay": 10000,
            "boot_retry_enabled": false,
            "cdrom": [],
            "change_version": "2026-06-08T03:37:42.842987Z",
            "clone": [
              {
                "customization_spec": [],
                "customize": [],
                "linked_clone": false,
                "ovf_network_map": null,
                "ovf_storage_map": null,
                "template_uuid": "564da9f3-ebd0-f686-ea9a-8a9a37c6883d",
                "timeout": 30
              }
            ],
            "cpu_hot_add_enabled": false,
            "cpu_hot_remove_enabled": false,
            "cpu_limit": -1,
            "cpu_performance_counters_enabled": false,
            "cpu_reservation": 0,
            "cpu_share_count": 4000,
            "cpu_share_level": "normal",
            "custom_attributes": null,
            "datacenter_id": null,
            "datastore_cluster_id": null,
            "datastore_id": "datastore-1013",
            "default_ip_address": "192.168.1.227",
            "disk": [
              {
                "attach": false,
                "controller_type": "scsi",
                "datastore_id": "datastore-1013",
                "device_address": "scsi:0:0",
                "disk_mode": "persistent",
                "disk_sharing": "sharingNone",
                "eagerly_scrub": false,
                "io_limit": -1,
                "io_reservation": 0,
                "io_share_count": 1000,
                "io_share_level": "normal",
                "keep_on_remove": false,
                "key": 2000,
                "label": "disk0",
                "path": "stuvm19/stuvm19_1.vmdk",
                "size": 500,
                "storage_policy_id": "",
                "thin_provisioned": true,
                "unit_number": 0,
                "uuid": "6000C295-0d4f-0527-4daa-9082505f36d6",
                "write_through": false
              },
              {
                "attach": false,
                "controller_type": "sata",
                "datastore_id": "datastore-1013",
                "device_address": "sata:0:0",
                "disk_mode": "persistent",
                "disk_sharing": "sharingNone",
                "eagerly_scrub": false,
                "io_limit": -1,
                "io_reservation": 0,
                "io_share_count": 1000,
                "io_share_level": "normal",
                "keep_on_remove": true,
                "key": 16000,
                "label": "orphaned_disk_0",
                "path": "stuvm19/stuvm19.vmdk",
                "size": 500,
                "storage_policy_id": "",
                "thin_provisioned": true,
                "unit_number": 0,
                "uuid": "6000C291-1c51-9948-e01c-1b381dc7368c",
                "write_through": false
              }
            ],
            "efi_secure_boot_enabled": false,
            "enable_disk_uuid": false,
            "enable_logging": false,
            "ept_rvi_mode": "automatic",
            "extra_config": {
              "guestinfo.userdata": "I2Nsb3VkLWNvbmZpZwoKaG9zdG5hbWU6IHN0dXZtMTkKCnBhY2thZ2VfdXBkYXRlOiB0cnVlCgpwYWNrYWdlczoKICAtIHVidW50dS1kZXNrdG9wCiAgLSB4cmRwCiAgLSBvcGVuc3NoLXNlcnZlcgogIC0gZG9ja2VyLmlvCiAgLSBnaXQKICAtIGN1cmwKICAtIG5mcy1jb21tb24KCnVzZXJzOgogIC0gZGVmYXVsdAogIC0gbmFtZTogc3R1ZGVudAogICAgZ3JvdXBzOiBzdWRvLGRvY2tlcgogICAgc2hlbGw6IC9iaW4vYmFzaAogICAgc3VkbzogQUxMPShBTEwpIE5PUEFTU1dEOkFMTAogICAgbG9ja19wYXNzd2Q6IGZhbHNlCiAgICBwYXNzd2Q6ICQ2JEFOV25QU1VWYTcvWHRNTFgkRkNBYTh6eVdFVWVvZWl4SGZkaGRaZGQ2UnpuUHF1cGdWc2phdjNCOXZGQzNCY0Jpb3Q0OWs1aHU2dGd0cUoycy5SVTd5b0cyVVVpWWZHTy5FYklKVy8KCnNzaF9wd2F1dGg6IHRydWUKCnJ1bmNtZDoKICAtIHN5c3RlbWN0bCBlbmFibGUgc3NoCiAgLSBzeXN0ZW1jdGwgc3RhcnQgc3NoCiAgLSBzeXN0ZW1jdGwgZW5hYmxlIHhyZHAKICAtIHN5c3RlbWN0bCBzdGFydCB4cmRwCiAgLSBlY2hvICJzdHVkZW50OlN0dWRlbnRAMTIzIiB8IGNocGFzc3dkCiAgLSBta2RpciAtcCAvbW50L25mc3NoYXJlCiAgLSBlY2hvICIxOTIuMTY4LjEuOTk6L21udC9uZnNzaGFyZSAvbW50L25mc3NoYXJlIG5mcyBkZWZhdWx0cyxfbmV0ZGV2LG5vZmFpbCAwIDAiID4+IC9ldGMvZnN0YWIKICAtIG1vdW50IC1hCiAgLSBta2RpciAtcCAvbW50L25mc3NoYXJlL3N0dXZtMTkKICAtIG1rZGlyIC1wIC9ob21lL3N0dWRlbnQvd29ya3NwYWNlCiAgLSBtb3VudCAtLWJpbmQgL21udC9uZnNzaGFyZS9zdHV2bTE5IC9ob21lL3N0dWRlbnQvd29ya3NwYWNlCiAgLSBlY2hvICIvbW50L25mc3NoYXJlL3N0dXZtMTkgL2hvbWUvc3R1ZGVudC93b3Jrc3BhY2Ugbm9uZSBiaW5kIDAgMCIgPj4gL2V0Yy9mc3RhYgogIC0gY2hvd24gLVIgc3R1ZGVudDpzdHVkZW50IC9tbnQvbmZzc2hhcmUvc3R1dm0xOQogIC0gY2hvd24gLVIgc3R1ZGVudDpzdHVkZW50IC9ob21lL3N0dWRlbnQvd29ya3NwYWNlCg==",
              "guestinfo.userdata.encoding": "base64"
            },
            "extra_config_reboot_required": true,
            "firmware": "bios",
            "folder": "",
            "force_power_off": true,
            "guest_id": "ubuntu64Guest",
            "guest_ip_addresses": [
              "192.168.1.227",
              "fe80::250:56ff:feb1:270f"
            ],
            "hardware_version": 10,
            "host_system_id": "host-1010",
            "hv_mode": "hvAuto",
            "id": "42314963-2750-2be2-6130-96a95cab70d6",
            "ide_controller_count": 2,
            "ignored_guest_ips": null,
            "imported": null,
            "latency_sensitivity": "normal",
            "memory": 8096,
            "memory_hot_add_enabled": false,
            "memory_limit": -1,
            "memory_reservation": 0,
            "memory_reservation_locked_to_max": false,
            "memory_share_count": 80960,
            "memory_share_level": "normal",
            "migrate_wait_timeout": 30,
            "moid": "vm-3108",
            "name": "stuvm19",
            "nested_hv_enabled": false,
            "network_interface": [
              {
                "adapter_type": "vmxnet3",
                "bandwidth_limit": -1,
                "bandwidth_reservation": 0,
                "bandwidth_share_count": 50,
                "bandwidth_share_level": "normal",
                "device_address": "pci:0:7",
                "key": 4000,
                "mac_address": "00:50:56:b1:27:0f",
                "network_id": "network-2001",
                "ovf_mapping": "",
                "physical_function": "",
                "use_static_mac": false
              }
            ],
            "num_cores_per_socket": 1,
            "num_cpus": 4,
            "nvme_controller_count": 0,
            "ovf_deploy": [],
            "pci_device_id": null,
            "power_state": "on",
            "poweron_timeout": 300,
            "reboot_required": false,
            "replace_trigger": null,
            "resource_pool_id": "resgroup-1020",
            "run_tools_scripts_after_power_on": true,
            "run_tools_scripts_after_resume": true,
            "run_tools_scripts_before_guest_reboot": false,
            "run_tools_scripts_before_guest_shutdown": true,
            "run_tools_scripts_before_guest_standby": true,
            "sata_controller_count": 0,
            "scsi_bus_sharing": "noSharing",
            "scsi_controller_count": 1,
            "scsi_type": "pvscsi",
            "shutdown_wait_timeout": 3,
            "storage_policy_id": "",
            "swap_placement_policy": "inherit",
            "sync_time_with_host": false,
            "sync_time_with_host_periodically": false,
            "tags": null,
            "tools_upgrade_policy": "manual",
            "uuid": "42314963-2750-2be2-6130-96a95cab70d6",
            "vapp": [],
            "vapp_transport": [],
            "vbs_enabled": false,
            "vmware_tools_status": "guestToolsRunning",
            "vmx_path": "stuvm19/stuvm19.vmx",
            "vtpm": [],
            "vvtd_enabled": false,
            "wait_for_guest_ip_timeout": 0,
            "wait_for_guest_net_routable": true,
            "wait_for_guest_net_timeout": 5
          },
          "sensitive_attributes": [],
          "identity_schema_version": 0,
          "private": "eyJzY2hlbWFfdmVyc2lvbiI6IjMifQ==",
          "dependencies": [
            "data.vsphere_compute_cluster.cluster",
            "data.vsphere_datacenter.dc",
            "data.vsphere_datastore.datastore",
            "data.vsphere_network.network",
            "data.vsphere_virtual_machine.template"
          ]
        },
        {
          "index_key": 19,
          "schema_version": 3,
          "attributes": {
            "alternate_guest_name": "",
            "annotation": "",
            "boot_delay": 0,
            "boot_retry_delay": 10000,
            "boot_retry_enabled": false,
            "cdrom": [],
            "change_version": "2026-06-08T03:36:18.103694Z",
            "clone": [
              {
                "customization_spec": [],
                "customize": [],
                "linked_clone": false,
                "ovf_network_map": null,
                "ovf_storage_map": null,
                "template_uuid": "564da9f3-ebd0-f686-ea9a-8a9a37c6883d",
                "timeout": 30
              }
            ],
            "cpu_hot_add_enabled": false,
            "cpu_hot_remove_enabled": false,
            "cpu_limit": -1,
            "cpu_performance_counters_enabled": false,
            "cpu_reservation": 0,
            "cpu_share_count": 4000,
            "cpu_share_level": "normal",
            "custom_attributes": null,
            "datacenter_id": null,
            "datastore_cluster_id": null,
            "datastore_id": "datastore-1013",
            "default_ip_address": "192.168.1.217",
            "disk": [
              {
                "attach": false,
                "controller_type": "scsi",
                "datastore_id": "datastore-1013",
                "device_address": "scsi:0:0",
                "disk_mode": "persistent",
                "disk_sharing": "sharingNone",
                "eagerly_scrub": false,
                "io_limit": -1,
                "io_reservation": 0,
                "io_share_count": 1000,
                "io_share_level": "normal",
                "keep_on_remove": false,
                "key": 2000,
                "label": "disk0",
                "path": "stuvm20/stuvm20_1.vmdk",
                "size": 500,
                "storage_policy_id": "",
                "thin_provisioned": true,
                "unit_number": 0,
                "uuid": "6000C29b-236b-97a9-e419-2cd726869bfb",
                "write_through": false
              },
              {
                "attach": false,
                "controller_type": "sata",
                "datastore_id": "datastore-1013",
                "device_address": "sata:0:0",
                "disk_mode": "persistent",
                "disk_sharing": "sharingNone",
                "eagerly_scrub": false,
                "io_limit": -1,
                "io_reservation": 0,
                "io_share_count": 1000,
                "io_share_level": "normal",
                "keep_on_remove": true,
                "key": 16000,
                "label": "orphaned_disk_0",
                "path": "stuvm20/stuvm20.vmdk",
                "size": 500,
                "storage_policy_id": "",
                "thin_provisioned": true,
                "unit_number": 0,
                "uuid": "6000C29d-431e-bd93-285e-43f3ecfd2c14",
                "write_through": false
              }
            ],
            "efi_secure_boot_enabled": false,
            "enable_disk_uuid": false,
            "enable_logging": false,
            "ept_rvi_mode": "automatic",
            "extra_config": {
              "guestinfo.userdata": "I2Nsb3VkLWNvbmZpZwoKaG9zdG5hbWU6IHN0dXZtMjAKCnBhY2thZ2VfdXBkYXRlOiB0cnVlCgpwYWNrYWdlczoKICAtIHVidW50dS1kZXNrdG9wCiAgLSB4cmRwCiAgLSBvcGVuc3NoLXNlcnZlcgogIC0gZG9ja2VyLmlvCiAgLSBnaXQKICAtIGN1cmwKICAtIG5mcy1jb21tb24KCnVzZXJzOgogIC0gZGVmYXVsdAogIC0gbmFtZTogc3R1ZGVudAogICAgZ3JvdXBzOiBzdWRvLGRvY2tlcgogICAgc2hlbGw6IC9iaW4vYmFzaAogICAgc3VkbzogQUxMPShBTEwpIE5PUEFTU1dEOkFMTAogICAgbG9ja19wYXNzd2Q6IGZhbHNlCiAgICBwYXNzd2Q6ICQ2JEFOV25QU1VWYTcvWHRNTFgkRkNBYTh6eVdFVWVvZWl4SGZkaGRaZGQ2UnpuUHF1cGdWc2phdjNCOXZGQzNCY0Jpb3Q0OWs1aHU2dGd0cUoycy5SVTd5b0cyVVVpWWZHTy5FYklKVy8KCnNzaF9wd2F1dGg6IHRydWUKCnJ1bmNtZDoKICAtIHN5c3RlbWN0bCBlbmFibGUgc3NoCiAgLSBzeXN0ZW1jdGwgc3RhcnQgc3NoCiAgLSBzeXN0ZW1jdGwgZW5hYmxlIHhyZHAKICAtIHN5c3RlbWN0bCBzdGFydCB4cmRwCiAgLSBlY2hvICJzdHVkZW50OlN0dWRlbnRAMTIzIiB8IGNocGFzc3dkCiAgLSBta2RpciAtcCAvbW50L25mc3NoYXJlCiAgLSBlY2hvICIxOTIuMTY4LjEuOTk6L21udC9uZnNzaGFyZSAvbW50L25mc3NoYXJlIG5mcyBkZWZhdWx0cyxfbmV0ZGV2LG5vZmFpbCAwIDAiID4+IC9ldGMvZnN0YWIKICAtIG1vdW50IC1hCiAgLSBta2RpciAtcCAvbW50L25mc3NoYXJlL3N0dXZtMjAKICAtIG1rZGlyIC1wIC9ob21lL3N0dWRlbnQvd29ya3NwYWNlCiAgLSBtb3VudCAtLWJpbmQgL21udC9uZnNzaGFyZS9zdHV2bTIwIC9ob21lL3N0dWRlbnQvd29ya3NwYWNlCiAgLSBlY2hvICIvbW50L25mc3NoYXJlL3N0dXZtMjAgL2hvbWUvc3R1ZGVudC93b3Jrc3BhY2Ugbm9uZSBiaW5kIDAgMCIgPj4gL2V0Yy9mc3RhYgogIC0gY2hvd24gLVIgc3R1ZGVudDpzdHVkZW50IC9tbnQvbmZzc2hhcmUvc3R1dm0yMAogIC0gY2hvd24gLVIgc3R1ZGVudDpzdHVkZW50IC9ob21lL3N0dWRlbnQvd29ya3NwYWNlCg==",
              "guestinfo.userdata.encoding": "base64"
            },
            "extra_config_reboot_required": true,
            "firmware": "bios",
            "folder": "",
            "force_power_off": true,
            "guest_id": "ubuntu64Guest",
            "guest_ip_addresses": [
              "192.168.1.217",
              "fe80::250:56ff:feb1:af3c"
            ],
            "hardware_version": 10,
            "host_system_id": "host-1010",
            "hv_mode": "hvAuto",
            "id": "4231a532-21b2-aa48-b2e1-542be6ae6550",
            "ide_controller_count": 2,
            "ignored_guest_ips": null,
            "imported": null,
            "latency_sensitivity": "normal",
            "memory": 8096,
            "memory_hot_add_enabled": false,
            "memory_limit": -1,
            "memory_reservation": 0,
            "memory_reservation_locked_to_max": false,
            "memory_share_count": 80960,
            "memory_share_level": "normal",
            "migrate_wait_timeout": 30,
            "moid": "vm-3105",
            "name": "stuvm20",
            "nested_hv_enabled": false,
            "network_interface": [
              {
                "adapter_type": "vmxnet3",
                "bandwidth_limit": -1,
                "bandwidth_reservation": 0,
                "bandwidth_share_count": 50,
                "bandwidth_share_level": "normal",
                "device_address": "pci:0:7",
                "key": 4000,
                "mac_address": "00:50:56:b1:af:3c",
                "network_id": "network-2001",
                "ovf_mapping": "",
                "physical_function": "",
                "use_static_mac": false
              }
            ],
            "num_cores_per_socket": 1,
            "num_cpus": 4,
            "nvme_controller_count": 0,
            "ovf_deploy": [],
            "pci_device_id": null,
            "power_state": "on",
            "poweron_timeout": 300,
            "reboot_required": false,
            "replace_trigger": null,
            "resource_pool_id": "resgroup-1020",
            "run_tools_scripts_after_power_on": true,
            "run_tools_scripts_after_resume": true,
            "run_tools_scripts_before_guest_reboot": false,
            "run_tools_scripts_before_guest_shutdown": true,
            "run_tools_scripts_before_guest_standby": true,
            "sata_controller_count": 0,
            "scsi_bus_sharing": "noSharing",
            "scsi_controller_count": 1,
            "scsi_type": "pvscsi",
            "shutdown_wait_timeout": 3,
            "storage_policy_id": "",
            "swap_placement_policy": "inherit",
            "sync_time_with_host": false,
            "sync_time_with_host_periodically": false,
            "tags": null,
            "tools_upgrade_policy": "manual",
            "uuid": "4231a532-21b2-aa48-b2e1-542be6ae6550",
            "vapp": [],
            "vapp_transport": [],
            "vbs_enabled": false,
            "vmware_tools_status": "guestToolsRunning",
            "vmx_path": "stuvm20/stuvm20.vmx",
            "vtpm": [],
            "vvtd_enabled": false,
            "wait_for_guest_ip_timeout": 0,
            "wait_for_guest_net_routable": true,
            "wait_for_guest_net_timeout": 5
          },
          "sensitive_attributes": [],
          "identity_schema_version": 0,
          "private": "eyJzY2hlbWFfdmVyc2lvbiI6IjMifQ==",
          "dependencies": [
            "data.vsphere_compute_cluster.cluster",
            "data.vsphere_datacenter.dc",
            "data.vsphere_datastore.datastore",
            "data.vsphere_network.network",
            "data.vsphere_virtual_machine.template"
          ]
        },
        {
          "index_key": 20,
          "schema_version": 3,
          "attributes": {
            "alternate_guest_name": "",
            "annotation": "",
            "boot_delay": 0,
            "boot_retry_delay": 10000,
            "boot_retry_enabled": false,
            "cdrom": [],
            "change_version": "2026-06-08T03:36:17.742765Z",
            "clone": [
              {
                "customization_spec": [],
                "customize": [],
                "linked_clone": false,
                "ovf_network_map": null,
                "ovf_storage_map": null,
                "template_uuid": "564da9f3-ebd0-f686-ea9a-8a9a37c6883d",
                "timeout": 30
              }
            ],
            "cpu_hot_add_enabled": false,
            "cpu_hot_remove_enabled": false,
            "cpu_limit": -1,
            "cpu_performance_counters_enabled": false,
            "cpu_reservation": 0,
            "cpu_share_count": 4000,
            "cpu_share_level": "normal",
            "custom_attributes": null,
            "datacenter_id": null,
            "datastore_cluster_id": null,
            "datastore_id": "datastore-1013",
            "default_ip_address": "192.168.1.213",
            "disk": [
              {
                "attach": false,
                "controller_type": "scsi",
                "datastore_id": "datastore-1013",
                "device_address": "scsi:0:0",
                "disk_mode": "persistent",
                "disk_sharing": "sharingNone",
                "eagerly_scrub": false,
                "io_limit": -1,
                "io_reservation": 0,
                "io_share_count": 1000,
                "io_share_level": "normal",
                "keep_on_remove": false,
                "key": 2000,
                "label": "disk0",
                "path": "stuvm21/stuvm21_1.vmdk",
                "size": 500,
                "storage_policy_id": "",
                "thin_provisioned": true,
                "unit_number": 0,
                "uuid": "6000C29f-27a0-9bb1-ad50-c4c42c093770",
                "write_through": false
              },
              {
                "attach": false,
                "controller_type": "sata",
                "datastore_id": "datastore-1013",
                "device_address": "sata:0:0",
                "disk_mode": "persistent",
                "disk_sharing": "sharingNone",
                "eagerly_scrub": false,
                "io_limit": -1,
                "io_reservation": 0,
                "io_share_count": 1000,
                "io_share_level": "normal",
                "keep_on_remove": true,
                "key": 16000,
                "label": "orphaned_disk_0",
                "path": "stuvm21/stuvm21.vmdk",
                "size": 500,
                "storage_policy_id": "",
                "thin_provisioned": true,
                "unit_number": 0,
                "uuid": "6000C29d-9198-7b24-d4c2-b0b518cb7630",
                "write_through": false
              }
            ],
            "efi_secure_boot_enabled": false,
            "enable_disk_uuid": false,
            "enable_logging": false,
            "ept_rvi_mode": "automatic",
            "extra_config": {
              "guestinfo.userdata": "I2Nsb3VkLWNvbmZpZwoKaG9zdG5hbWU6IHN0dXZtMjEKCnBhY2thZ2VfdXBkYXRlOiB0cnVlCgpwYWNrYWdlczoKICAtIHVidW50dS1kZXNrdG9wCiAgLSB4cmRwCiAgLSBvcGVuc3NoLXNlcnZlcgogIC0gZG9ja2VyLmlvCiAgLSBnaXQKICAtIGN1cmwKICAtIG5mcy1jb21tb24KCnVzZXJzOgogIC0gZGVmYXVsdAogIC0gbmFtZTogc3R1ZGVudAogICAgZ3JvdXBzOiBzdWRvLGRvY2tlcgogICAgc2hlbGw6IC9iaW4vYmFzaAogICAgc3VkbzogQUxMPShBTEwpIE5PUEFTU1dEOkFMTAogICAgbG9ja19wYXNzd2Q6IGZhbHNlCiAgICBwYXNzd2Q6ICQ2JEFOV25QU1VWYTcvWHRNTFgkRkNBYTh6eVdFVWVvZWl4SGZkaGRaZGQ2UnpuUHF1cGdWc2phdjNCOXZGQzNCY0Jpb3Q0OWs1aHU2dGd0cUoycy5SVTd5b0cyVVVpWWZHTy5FYklKVy8KCnNzaF9wd2F1dGg6IHRydWUKCnJ1bmNtZDoKICAtIHN5c3RlbWN0bCBlbmFibGUgc3NoCiAgLSBzeXN0ZW1jdGwgc3RhcnQgc3NoCiAgLSBzeXN0ZW1jdGwgZW5hYmxlIHhyZHAKICAtIHN5c3RlbWN0bCBzdGFydCB4cmRwCiAgLSBlY2hvICJzdHVkZW50OlN0dWRlbnRAMTIzIiB8IGNocGFzc3dkCiAgLSBta2RpciAtcCAvbW50L25mc3NoYXJlCiAgLSBlY2hvICIxOTIuMTY4LjEuOTk6L21udC9uZnNzaGFyZSAvbW50L25mc3NoYXJlIG5mcyBkZWZhdWx0cyxfbmV0ZGV2LG5vZmFpbCAwIDAiID4+IC9ldGMvZnN0YWIKICAtIG1vdW50IC1hCiAgLSBta2RpciAtcCAvbW50L25mc3NoYXJlL3N0dXZtMjEKICAtIG1rZGlyIC1wIC9ob21lL3N0dWRlbnQvd29ya3NwYWNlCiAgLSBtb3VudCAtLWJpbmQgL21udC9uZnNzaGFyZS9zdHV2bTIxIC9ob21lL3N0dWRlbnQvd29ya3NwYWNlCiAgLSBlY2hvICIvbW50L25mc3NoYXJlL3N0dXZtMjEgL2hvbWUvc3R1ZGVudC93b3Jrc3BhY2Ugbm9uZSBiaW5kIDAgMCIgPj4gL2V0Yy9mc3RhYgogIC0gY2hvd24gLVIgc3R1ZGVudDpzdHVkZW50IC9tbnQvbmZzc2hhcmUvc3R1dm0yMQogIC0gY2hvd24gLVIgc3R1ZGVudDpzdHVkZW50IC9ob21lL3N0dWRlbnQvd29ya3NwYWNlCg==",
              "guestinfo.userdata.encoding": "base64"
            },
            "extra_config_reboot_required": true,
            "firmware": "bios",
            "folder": "",
            "force_power_off": true,
            "guest_id": "ubuntu64Guest",
            "guest_ip_addresses": [
              "192.168.1.213",
              "fe80::250:56ff:feb1:3313"
            ],
            "hardware_version": 10,
            "host_system_id": "host-1010",
            "hv_mode": "hvAuto",
            "id": "42310b03-bb06-642f-c4bc-0c2e4192873f",
            "ide_controller_count": 2,
            "ignored_guest_ips": null,
            "imported": null,
            "latency_sensitivity": "normal",
            "memory": 8096,
            "memory_hot_add_enabled": false,
            "memory_limit": -1,
            "memory_reservation": 0,
            "memory_reservation_locked_to_max": false,
            "memory_share_count": 80960,
            "memory_share_level": "normal",
            "migrate_wait_timeout": 30,
            "moid": "vm-3103",
            "name": "stuvm21",
            "nested_hv_enabled": false,
            "network_interface": [
              {
                "adapter_type": "vmxnet3",
                "bandwidth_limit": -1,
                "bandwidth_reservation": 0,
                "bandwidth_share_count": 50,
                "bandwidth_share_level": "normal",
                "device_address": "pci:0:7",
                "key": 4000,
                "mac_address": "00:50:56:b1:33:13",
                "network_id": "network-2001",
                "ovf_mapping": "",
                "physical_function": "",
                "use_static_mac": false
              }
            ],
            "num_cores_per_socket": 1,
            "num_cpus": 4,
            "nvme_controller_count": 0,
            "ovf_deploy": [],
            "pci_device_id": null,
            "power_state": "on",
            "poweron_timeout": 300,
            "reboot_required": false,
            "replace_trigger": null,
            "resource_pool_id": "resgroup-1020",
            "run_tools_scripts_after_power_on": true,
            "run_tools_scripts_after_resume": true,
            "run_tools_scripts_before_guest_reboot": false,
            "run_tools_scripts_before_guest_shutdown": true,
            "run_tools_scripts_before_guest_standby": true,
            "sata_controller_count": 0,
            "scsi_bus_sharing": "noSharing",
            "scsi_controller_count": 1,
            "scsi_type": "pvscsi",
            "shutdown_wait_timeout": 3,
            "storage_policy_id": "",
            "swap_placement_policy": "inherit",
            "sync_time_with_host": false,
            "sync_time_with_host_periodically": false,
            "tags": null,
            "tools_upgrade_policy": "manual",
            "uuid": "42310b03-bb06-642f-c4bc-0c2e4192873f",
            "vapp": [],
            "vapp_transport": [],
            "vbs_enabled": false,
            "vmware_tools_status": "guestToolsRunning",
            "vmx_path": "stuvm21/stuvm21.vmx",
            "vtpm": [],
            "vvtd_enabled": false,
            "wait_for_guest_ip_timeout": 0,
            "wait_for_guest_net_routable": true,
            "wait_for_guest_net_timeout": 5
          },
          "sensitive_attributes": [],
          "identity_schema_version": 0,
          "private": "eyJzY2hlbWFfdmVyc2lvbiI6IjMifQ==",
          "dependencies": [
            "data.vsphere_compute_cluster.cluster",
            "data.vsphere_datacenter.dc",
            "data.vsphere_datastore.datastore",
            "data.vsphere_network.network",
            "data.vsphere_virtual_machine.template"
          ]
        },
        {
          "index_key": 21,
          "schema_version": 3,
          "attributes": {
            "alternate_guest_name": "",
            "annotation": "",
            "boot_delay": 0,
            "boot_retry_delay": 10000,
            "boot_retry_enabled": false,
            "cdrom": [],
            "change_version": "2026-06-08T03:36:18.060646Z",
            "clone": [
              {
                "customization_spec": [],
                "customize": [],
                "linked_clone": false,
                "ovf_network_map": null,
                "ovf_storage_map": null,
                "template_uuid": "564da9f3-ebd0-f686-ea9a-8a9a37c6883d",
                "timeout": 30
              }
            ],
            "cpu_hot_add_enabled": false,
            "cpu_hot_remove_enabled": false,
            "cpu_limit": -1,
            "cpu_performance_counters_enabled": false,
            "cpu_reservation": 0,
            "cpu_share_count": 4000,
            "cpu_share_level": "normal",
            "custom_attributes": null,
            "datacenter_id": null,
            "datastore_cluster_id": null,
            "datastore_id": "datastore-1013",
            "default_ip_address": "192.168.1.219",
            "disk": [
              {
                "attach": false,
                "controller_type": "scsi",
                "datastore_id": "datastore-1013",
                "device_address": "scsi:0:0",
                "disk_mode": "persistent",
                "disk_sharing": "sharingNone",
                "eagerly_scrub": false,
                "io_limit": -1,
                "io_reservation": 0,
                "io_share_count": 1000,
                "io_share_level": "normal",
                "keep_on_remove": false,
                "key": 2000,
                "label": "disk0",
                "path": "stuvm22/stuvm22_1.vmdk",
                "size": 500,
                "storage_policy_id": "",
                "thin_provisioned": true,
                "unit_number": 0,
                "uuid": "6000C292-552d-7c20-9c73-375cbcd8ca1c",
                "write_through": false
              },
              {
                "attach": false,
                "controller_type": "sata",
                "datastore_id": "datastore-1013",
                "device_address": "sata:0:0",
                "disk_mode": "persistent",
                "disk_sharing": "sharingNone",
                "eagerly_scrub": false,
                "io_limit": -1,
                "io_reservation": 0,
                "io_share_count": 1000,
                "io_share_level": "normal",
                "keep_on_remove": true,
                "key": 16000,
                "label": "orphaned_disk_0",
                "path": "stuvm22/stuvm22.vmdk",
                "size": 500,
                "storage_policy_id": "",
                "thin_provisioned": true,
                "unit_number": 0,
                "uuid": "6000C29b-3169-bf60-b03c-cfd4f319d80d",
                "write_through": false
              }
            ],
            "efi_secure_boot_enabled": false,
            "enable_disk_uuid": false,
            "enable_logging": false,
            "ept_rvi_mode": "automatic",
            "extra_config": {
              "guestinfo.userdata": "I2Nsb3VkLWNvbmZpZwoKaG9zdG5hbWU6IHN0dXZtMjIKCnBhY2thZ2VfdXBkYXRlOiB0cnVlCgpwYWNrYWdlczoKICAtIHVidW50dS1kZXNrdG9wCiAgLSB4cmRwCiAgLSBvcGVuc3NoLXNlcnZlcgogIC0gZG9ja2VyLmlvCiAgLSBnaXQKICAtIGN1cmwKICAtIG5mcy1jb21tb24KCnVzZXJzOgogIC0gZGVmYXVsdAogIC0gbmFtZTogc3R1ZGVudAogICAgZ3JvdXBzOiBzdWRvLGRvY2tlcgogICAgc2hlbGw6IC9iaW4vYmFzaAogICAgc3VkbzogQUxMPShBTEwpIE5PUEFTU1dEOkFMTAogICAgbG9ja19wYXNzd2Q6IGZhbHNlCiAgICBwYXNzd2Q6ICQ2JEFOV25QU1VWYTcvWHRNTFgkRkNBYTh6eVdFVWVvZWl4SGZkaGRaZGQ2UnpuUHF1cGdWc2phdjNCOXZGQzNCY0Jpb3Q0OWs1aHU2dGd0cUoycy5SVTd5b0cyVVVpWWZHTy5FYklKVy8KCnNzaF9wd2F1dGg6IHRydWUKCnJ1bmNtZDoKICAtIHN5c3RlbWN0bCBlbmFibGUgc3NoCiAgLSBzeXN0ZW1jdGwgc3RhcnQgc3NoCiAgLSBzeXN0ZW1jdGwgZW5hYmxlIHhyZHAKICAtIHN5c3RlbWN0bCBzdGFydCB4cmRwCiAgLSBlY2hvICJzdHVkZW50OlN0dWRlbnRAMTIzIiB8IGNocGFzc3dkCiAgLSBta2RpciAtcCAvbW50L25mc3NoYXJlCiAgLSBlY2hvICIxOTIuMTY4LjEuOTk6L21udC9uZnNzaGFyZSAvbW50L25mc3NoYXJlIG5mcyBkZWZhdWx0cyxfbmV0ZGV2LG5vZmFpbCAwIDAiID4+IC9ldGMvZnN0YWIKICAtIG1vdW50IC1hCiAgLSBta2RpciAtcCAvbW50L25mc3NoYXJlL3N0dXZtMjIKICAtIG1rZGlyIC1wIC9ob21lL3N0dWRlbnQvd29ya3NwYWNlCiAgLSBtb3VudCAtLWJpbmQgL21udC9uZnNzaGFyZS9zdHV2bTIyIC9ob21lL3N0dWRlbnQvd29ya3NwYWNlCiAgLSBlY2hvICIvbW50L25mc3NoYXJlL3N0dXZtMjIgL2hvbWUvc3R1ZGVudC93b3Jrc3BhY2Ugbm9uZSBiaW5kIDAgMCIgPj4gL2V0Yy9mc3RhYgogIC0gY2hvd24gLVIgc3R1ZGVudDpzdHVkZW50IC9tbnQvbmZzc2hhcmUvc3R1dm0yMgogIC0gY2hvd24gLVIgc3R1ZGVudDpzdHVkZW50IC9ob21lL3N0dWRlbnQvd29ya3NwYWNlCg==",
              "guestinfo.userdata.encoding": "base64"
            },
            "extra_config_reboot_required": true,
            "firmware": "bios",
            "folder": "",
            "force_power_off": true,
            "guest_id": "ubuntu64Guest",
            "guest_ip_addresses": [
              "192.168.1.219",
              "fe80::250:56ff:feb1:f729"
            ],
            "hardware_version": 10,
            "host_system_id": "host-1010",
            "hv_mode": "hvAuto",
            "id": "423181ac-249e-3068-ae0d-a1086b2f9a85",
            "ide_controller_count": 2,
            "ignored_guest_ips": null,
            "imported": null,
            "latency_sensitivity": "normal",
            "memory": 8096,
            "memory_hot_add_enabled": false,
            "memory_limit": -1,
            "memory_reservation": 0,
            "memory_reservation_locked_to_max": false,
            "memory_share_count": 80960,
            "memory_share_level": "normal",
            "migrate_wait_timeout": 30,
            "moid": "vm-3099",
            "name": "stuvm22",
            "nested_hv_enabled": false,
            "network_interface": [
              {
                "adapter_type": "vmxnet3",
                "bandwidth_limit": -1,
                "bandwidth_reservation": 0,
                "bandwidth_share_count": 50,
                "bandwidth_share_level": "normal",
                "device_address": "pci:0:7",
                "key": 4000,
                "mac_address": "00:50:56:b1:f7:29",
                "network_id": "network-2001",
                "ovf_mapping": "",
                "physical_function": "",
                "use_static_mac": false
              }
            ],
            "num_cores_per_socket": 1,
            "num_cpus": 4,
            "nvme_controller_count": 0,
            "ovf_deploy": [],
            "pci_device_id": null,
            "power_state": "on",
            "poweron_timeout": 300,
            "reboot_required": false,
            "replace_trigger": null,
            "resource_pool_id": "resgroup-1020",
            "run_tools_scripts_after_power_on": true,
            "run_tools_scripts_after_resume": true,
            "run_tools_scripts_before_guest_reboot": false,
            "run_tools_scripts_before_guest_shutdown": true,
            "run_tools_scripts_before_guest_standby": true,
            "sata_controller_count": 0,
            "scsi_bus_sharing": "noSharing",
            "scsi_controller_count": 1,
            "scsi_type": "pvscsi",
            "shutdown_wait_timeout": 3,
            "storage_policy_id": "",
            "swap_placement_policy": "inherit",
            "sync_time_with_host": false,
            "sync_time_with_host_periodically": false,
            "tags": null,
            "tools_upgrade_policy": "manual",
            "uuid": "423181ac-249e-3068-ae0d-a1086b2f9a85",
            "vapp": [],
            "vapp_transport": [],
            "vbs_enabled": false,
            "vmware_tools_status": "guestToolsRunning",
            "vmx_path": "stuvm22/stuvm22.vmx",
            "vtpm": [],
            "vvtd_enabled": false,
            "wait_for_guest_ip_timeout": 0,
            "wait_for_guest_net_routable": true,
            "wait_for_guest_net_timeout": 5
          },
          "sensitive_attributes": [],
          "identity_schema_version": 0,
          "private": "eyJzY2hlbWFfdmVyc2lvbiI6IjMifQ==",
          "dependencies": [
            "data.vsphere_compute_cluster.cluster",
            "data.vsphere_datacenter.dc",
            "data.vsphere_datastore.datastore",
            "data.vsphere_network.network",
            "data.vsphere_virtual_machine.template"
          ]
        },
        {
          "index_key": 22,
          "schema_version": 3,
          "attributes": {
            "alternate_guest_name": "",
            "annotation": "",
            "boot_delay": 0,
            "boot_retry_delay": 10000,
            "boot_retry_enabled": false,
            "cdrom": [],
            "change_version": "2026-06-08T03:34:12.987651Z",
            "clone": [
              {
                "customization_spec": [],
                "customize": [],
                "linked_clone": false,
                "ovf_network_map": null,
                "ovf_storage_map": null,
                "template_uuid": "564da9f3-ebd0-f686-ea9a-8a9a37c6883d",
                "timeout": 30
              }
            ],
            "cpu_hot_add_enabled": false,
            "cpu_hot_remove_enabled": false,
            "cpu_limit": -1,
            "cpu_performance_counters_enabled": false,
            "cpu_reservation": 0,
            "cpu_share_count": 4000,
            "cpu_share_level": "normal",
            "custom_attributes": null,
            "datacenter_id": null,
            "datastore_cluster_id": null,
            "datastore_id": "datastore-1013",
            "default_ip_address": "192.168.1.205",
            "disk": [
              {
                "attach": false,
                "controller_type": "scsi",
                "datastore_id": "datastore-1013",
                "device_address": "scsi:0:0",
                "disk_mode": "persistent",
                "disk_sharing": "sharingNone",
                "eagerly_scrub": false,
                "io_limit": -1,
                "io_reservation": 0,
                "io_share_count": 1000,
                "io_share_level": "normal",
                "keep_on_remove": false,
                "key": 2000,
                "label": "disk0",
                "path": "stuvm23/stuvm23_1.vmdk",
                "size": 500,
                "storage_policy_id": "",
                "thin_provisioned": true,
                "unit_number": 0,
                "uuid": "6000C292-4fc2-57d2-5132-e5ddbd0cdd4c",
                "write_through": false
              },
              {
                "attach": false,
                "controller_type": "sata",
                "datastore_id": "datastore-1013",
                "device_address": "sata:0:0",
                "disk_mode": "persistent",
                "disk_sharing": "sharingNone",
                "eagerly_scrub": false,
                "io_limit": -1,
                "io_reservation": 0,
                "io_share_count": 1000,
                "io_share_level": "normal",
                "keep_on_remove": true,
                "key": 16000,
                "label": "orphaned_disk_0",
                "path": "stuvm23/stuvm23.vmdk",
                "size": 500,
                "storage_policy_id": "",
                "thin_provisioned": true,
                "unit_number": 0,
                "uuid": "6000C290-0c8c-6c49-d6e1-d0e612d9a405",
                "write_through": false
              }
            ],
            "efi_secure_boot_enabled": false,
            "enable_disk_uuid": false,
            "enable_logging": false,
            "ept_rvi_mode": "automatic",
            "extra_config": {
              "guestinfo.userdata": "I2Nsb3VkLWNvbmZpZwoKaG9zdG5hbWU6IHN0dXZtMjMKCnBhY2thZ2VfdXBkYXRlOiB0cnVlCgpwYWNrYWdlczoKICAtIHVidW50dS1kZXNrdG9wCiAgLSB4cmRwCiAgLSBvcGVuc3NoLXNlcnZlcgogIC0gZG9ja2VyLmlvCiAgLSBnaXQKICAtIGN1cmwKICAtIG5mcy1jb21tb24KCnVzZXJzOgogIC0gZGVmYXVsdAogIC0gbmFtZTogc3R1ZGVudAogICAgZ3JvdXBzOiBzdWRvLGRvY2tlcgogICAgc2hlbGw6IC9iaW4vYmFzaAogICAgc3VkbzogQUxMPShBTEwpIE5PUEFTU1dEOkFMTAogICAgbG9ja19wYXNzd2Q6IGZhbHNlCiAgICBwYXNzd2Q6ICQ2JEFOV25QU1VWYTcvWHRNTFgkRkNBYTh6eVdFVWVvZWl4SGZkaGRaZGQ2UnpuUHF1cGdWc2phdjNCOXZGQzNCY0Jpb3Q0OWs1aHU2dGd0cUoycy5SVTd5b0cyVVVpWWZHTy5FYklKVy8KCnNzaF9wd2F1dGg6IHRydWUKCnJ1bmNtZDoKICAtIHN5c3RlbWN0bCBlbmFibGUgc3NoCiAgLSBzeXN0ZW1jdGwgc3RhcnQgc3NoCiAgLSBzeXN0ZW1jdGwgZW5hYmxlIHhyZHAKICAtIHN5c3RlbWN0bCBzdGFydCB4cmRwCiAgLSBlY2hvICJzdHVkZW50OlN0dWRlbnRAMTIzIiB8IGNocGFzc3dkCiAgLSBta2RpciAtcCAvbW50L25mc3NoYXJlCiAgLSBlY2hvICIxOTIuMTY4LjEuOTk6L21udC9uZnNzaGFyZSAvbW50L25mc3NoYXJlIG5mcyBkZWZhdWx0cyxfbmV0ZGV2LG5vZmFpbCAwIDAiID4+IC9ldGMvZnN0YWIKICAtIG1vdW50IC1hCiAgLSBta2RpciAtcCAvbW50L25mc3NoYXJlL3N0dXZtMjMKICAtIG1rZGlyIC1wIC9ob21lL3N0dWRlbnQvd29ya3NwYWNlCiAgLSBtb3VudCAtLWJpbmQgL21udC9uZnNzaGFyZS9zdHV2bTIzIC9ob21lL3N0dWRlbnQvd29ya3NwYWNlCiAgLSBlY2hvICIvbW50L25mc3NoYXJlL3N0dXZtMjMgL2hvbWUvc3R1ZGVudC93b3Jrc3BhY2Ugbm9uZSBiaW5kIDAgMCIgPj4gL2V0Yy9mc3RhYgogIC0gY2hvd24gLVIgc3R1ZGVudDpzdHVkZW50IC9tbnQvbmZzc2hhcmUvc3R1dm0yMwogIC0gY2hvd24gLVIgc3R1ZGVudDpzdHVkZW50IC9ob21lL3N0dWRlbnQvd29ya3NwYWNlCg==",
              "guestinfo.userdata.encoding": "base64"
            },
            "extra_config_reboot_required": true,
            "firmware": "bios",
            "folder": "",
            "force_power_off": true,
            "guest_id": "ubuntu64Guest",
            "guest_ip_addresses": [
              "192.168.1.205",
              "fe80::250:56ff:feb1:de1c"
            ],
            "hardware_version": 10,
            "host_system_id": "host-1010",
            "hv_mode": "hvAuto",
            "id": "42314cfa-5299-11e3-8a70-ddee7742d9c7",
            "ide_controller_count": 2,
            "ignored_guest_ips": null,
            "imported": null,
            "latency_sensitivity": "normal",
            "memory": 8096,
            "memory_hot_add_enabled": false,
            "memory_limit": -1,
            "memory_reservation": 0,
            "memory_reservation_locked_to_max": false,
            "memory_share_count": 80960,
            "memory_share_level": "normal",
            "migrate_wait_timeout": 30,
            "moid": "vm-3093",
            "name": "stuvm23",
            "nested_hv_enabled": false,
            "network_interface": [
              {
                "adapter_type": "vmxnet3",
                "bandwidth_limit": -1,
                "bandwidth_reservation": 0,
                "bandwidth_share_count": 50,
                "bandwidth_share_level": "normal",
                "device_address": "pci:0:7",
                "key": 4000,
                "mac_address": "00:50:56:b1:de:1c",
                "network_id": "network-2001",
                "ovf_mapping": "",
                "physical_function": "",
                "use_static_mac": false
              }
            ],
            "num_cores_per_socket": 1,
            "num_cpus": 4,
            "nvme_controller_count": 0,
            "ovf_deploy": [],
            "pci_device_id": null,
            "power_state": "on",
            "poweron_timeout": 300,
            "reboot_required": false,
            "replace_trigger": null,
            "resource_pool_id": "resgroup-1020",
            "run_tools_scripts_after_power_on": true,
            "run_tools_scripts_after_resume": true,
            "run_tools_scripts_before_guest_reboot": false,
            "run_tools_scripts_before_guest_shutdown": true,
            "run_tools_scripts_before_guest_standby": true,
            "sata_controller_count": 0,
            "scsi_bus_sharing": "noSharing",
            "scsi_controller_count": 1,
            "scsi_type": "pvscsi",
            "shutdown_wait_timeout": 3,
            "storage_policy_id": "",
            "swap_placement_policy": "inherit",
            "sync_time_with_host": false,
            "sync_time_with_host_periodically": false,
            "tags": null,
            "tools_upgrade_policy": "manual",
            "uuid": "42314cfa-5299-11e3-8a70-ddee7742d9c7",
            "vapp": [],
            "vapp_transport": [],
            "vbs_enabled": false,
            "vmware_tools_status": "guestToolsRunning",
            "vmx_path": "stuvm23/stuvm23.vmx",
            "vtpm": [],
            "vvtd_enabled": false,
            "wait_for_guest_ip_timeout": 0,
            "wait_for_guest_net_routable": true,
            "wait_for_guest_net_timeout": 5
          },
          "sensitive_attributes": [],
          "identity_schema_version": 0,
          "private": "eyJzY2hlbWFfdmVyc2lvbiI6IjMifQ==",
          "dependencies": [
            "data.vsphere_compute_cluster.cluster",
            "data.vsphere_datacenter.dc",
            "data.vsphere_datastore.datastore",
            "data.vsphere_network.network",
            "data.vsphere_virtual_machine.template"
          ]
        },
        {
          "index_key": 23,
          "schema_version": 3,
          "attributes": {
            "alternate_guest_name": "",
            "annotation": "",
            "boot_delay": 0,
            "boot_retry_delay": 10000,
            "boot_retry_enabled": false,
            "cdrom": [],
            "change_version": "2026-06-08T03:36:37.271014Z",
            "clone": [
              {
                "customization_spec": [],
                "customize": [],
                "linked_clone": false,
                "ovf_network_map": null,
                "ovf_storage_map": null,
                "template_uuid": "564da9f3-ebd0-f686-ea9a-8a9a37c6883d",
                "timeout": 30
              }
            ],
            "cpu_hot_add_enabled": false,
            "cpu_hot_remove_enabled": false,
            "cpu_limit": -1,
            "cpu_performance_counters_enabled": false,
            "cpu_reservation": 0,
            "cpu_share_count": 4000,
            "cpu_share_level": "normal",
            "custom_attributes": null,
            "datacenter_id": null,
            "datastore_cluster_id": null,
            "datastore_id": "datastore-1013",
            "default_ip_address": "192.168.1.221",
            "disk": [
              {
                "attach": false,
                "controller_type": "scsi",
                "datastore_id": "datastore-1013",
                "device_address": "scsi:0:0",
                "disk_mode": "persistent",
                "disk_sharing": "sharingNone",
                "eagerly_scrub": false,
                "io_limit": -1,
                "io_reservation": 0,
                "io_share_count": 1000,
                "io_share_level": "normal",
                "keep_on_remove": false,
                "key": 2000,
                "label": "disk0",
                "path": "stuvm24/stuvm24_1.vmdk",
                "size": 500,
                "storage_policy_id": "",
                "thin_provisioned": true,
                "unit_number": 0,
                "uuid": "6000C290-a1b5-51cc-008c-a6e5d933cb9d",
                "write_through": false
              },
              {
                "attach": false,
                "controller_type": "sata",
                "datastore_id": "datastore-1013",
                "device_address": "sata:0:0",
                "disk_mode": "persistent",
                "disk_sharing": "sharingNone",
                "eagerly_scrub": false,
                "io_limit": -1,
                "io_reservation": 0,
                "io_share_count": 1000,
                "io_share_level": "normal",
                "keep_on_remove": true,
                "key": 16000,
                "label": "orphaned_disk_0",
                "path": "stuvm24/stuvm24.vmdk",
                "size": 500,
                "storage_policy_id": "",
                "thin_provisioned": true,
                "unit_number": 0,
                "uuid": "6000C297-69af-bde7-1ada-bd703b715f20",
                "write_through": false
              }
            ],
            "efi_secure_boot_enabled": false,
            "enable_disk_uuid": false,
            "enable_logging": false,
            "ept_rvi_mode": "automatic",
            "extra_config": {
              "guestinfo.userdata": "I2Nsb3VkLWNvbmZpZwoKaG9zdG5hbWU6IHN0dXZtMjQKCnBhY2thZ2VfdXBkYXRlOiB0cnVlCgpwYWNrYWdlczoKICAtIHVidW50dS1kZXNrdG9wCiAgLSB4cmRwCiAgLSBvcGVuc3NoLXNlcnZlcgogIC0gZG9ja2VyLmlvCiAgLSBnaXQKICAtIGN1cmwKICAtIG5mcy1jb21tb24KCnVzZXJzOgogIC0gZGVmYXVsdAogIC0gbmFtZTogc3R1ZGVudAogICAgZ3JvdXBzOiBzdWRvLGRvY2tlcgogICAgc2hlbGw6IC9iaW4vYmFzaAogICAgc3VkbzogQUxMPShBTEwpIE5PUEFTU1dEOkFMTAogICAgbG9ja19wYXNzd2Q6IGZhbHNlCiAgICBwYXNzd2Q6ICQ2JEFOV25QU1VWYTcvWHRNTFgkRkNBYTh6eVdFVWVvZWl4SGZkaGRaZGQ2UnpuUHF1cGdWc2phdjNCOXZGQzNCY0Jpb3Q0OWs1aHU2dGd0cUoycy5SVTd5b0cyVVVpWWZHTy5FYklKVy8KCnNzaF9wd2F1dGg6IHRydWUKCnJ1bmNtZDoKICAtIHN5c3RlbWN0bCBlbmFibGUgc3NoCiAgLSBzeXN0ZW1jdGwgc3RhcnQgc3NoCiAgLSBzeXN0ZW1jdGwgZW5hYmxlIHhyZHAKICAtIHN5c3RlbWN0bCBzdGFydCB4cmRwCiAgLSBlY2hvICJzdHVkZW50OlN0dWRlbnRAMTIzIiB8IGNocGFzc3dkCiAgLSBta2RpciAtcCAvbW50L25mc3NoYXJlCiAgLSBlY2hvICIxOTIuMTY4LjEuOTk6L21udC9uZnNzaGFyZSAvbW50L25mc3NoYXJlIG5mcyBkZWZhdWx0cyxfbmV0ZGV2LG5vZmFpbCAwIDAiID4+IC9ldGMvZnN0YWIKICAtIG1vdW50IC1hCiAgLSBta2RpciAtcCAvbW50L25mc3NoYXJlL3N0dXZtMjQKICAtIG1rZGlyIC1wIC9ob21lL3N0dWRlbnQvd29ya3NwYWNlCiAgLSBtb3VudCAtLWJpbmQgL21udC9uZnNzaGFyZS9zdHV2bTI0IC9ob21lL3N0dWRlbnQvd29ya3NwYWNlCiAgLSBlY2hvICIvbW50L25mc3NoYXJlL3N0dXZtMjQgL2hvbWUvc3R1ZGVudC93b3Jrc3BhY2Ugbm9uZSBiaW5kIDAgMCIgPj4gL2V0Yy9mc3RhYgogIC0gY2hvd24gLVIgc3R1ZGVudDpzdHVkZW50IC9tbnQvbmZzc2hhcmUvc3R1dm0yNAogIC0gY2hvd24gLVIgc3R1ZGVudDpzdHVkZW50IC9ob21lL3N0dWRlbnQvd29ya3NwYWNlCg==",
              "guestinfo.userdata.encoding": "base64"
            },
            "extra_config_reboot_required": true,
            "firmware": "bios",
            "folder": "",
            "force_power_off": true,
            "guest_id": "ubuntu64Guest",
            "guest_ip_addresses": [
              "192.168.1.221",
              "fe80::250:56ff:feb1:359d"
            ],
            "hardware_version": 10,
            "host_system_id": "host-1010",
            "hv_mode": "hvAuto",
            "id": "4231e0f3-970f-052d-14e7-413b5ae47491",
            "ide_controller_count": 2,
            "ignored_guest_ips": null,
            "imported": null,
            "latency_sensitivity": "normal",
            "memory": 8096,
            "memory_hot_add_enabled": false,
            "memory_limit": -1,
            "memory_reservation": 0,
            "memory_reservation_locked_to_max": false,
            "memory_share_count": 80960,
            "memory_share_level": "normal",
            "migrate_wait_timeout": 30,
            "moid": "vm-3106",
            "name": "stuvm24",
            "nested_hv_enabled": false,
            "network_interface": [
              {
                "adapter_type": "vmxnet3",
                "bandwidth_limit": -1,
                "bandwidth_reservation": 0,
                "bandwidth_share_count": 50,
                "bandwidth_share_level": "normal",
                "device_address": "pci:0:7",
                "key": 4000,
                "mac_address": "00:50:56:b1:35:9d",
                "network_id": "network-2001",
                "ovf_mapping": "",
                "physical_function": "",
                "use_static_mac": false
              }
            ],
            "num_cores_per_socket": 1,
            "num_cpus": 4,
            "nvme_controller_count": 0,
            "ovf_deploy": [],
            "pci_device_id": null,
            "power_state": "on",
            "poweron_timeout": 300,
            "reboot_required": false,
            "replace_trigger": null,
            "resource_pool_id": "resgroup-1020",
            "run_tools_scripts_after_power_on": true,
            "run_tools_scripts_after_resume": true,
            "run_tools_scripts_before_guest_reboot": false,
            "run_tools_scripts_before_guest_shutdown": true,
            "run_tools_scripts_before_guest_standby": true,
            "sata_controller_count": 0,
            "scsi_bus_sharing": "noSharing",
            "scsi_controller_count": 1,
            "scsi_type": "pvscsi",
            "shutdown_wait_timeout": 3,
            "storage_policy_id": "",
            "swap_placement_policy": "inherit",
            "sync_time_with_host": false,
            "sync_time_with_host_periodically": false,
            "tags": null,
            "tools_upgrade_policy": "manual",
            "uuid": "4231e0f3-970f-052d-14e7-413b5ae47491",
            "vapp": [],
            "vapp_transport": [],
            "vbs_enabled": false,
            "vmware_tools_status": "guestToolsRunning",
            "vmx_path": "stuvm24/stuvm24.vmx",
            "vtpm": [],
            "vvtd_enabled": false,
            "wait_for_guest_ip_timeout": 0,
            "wait_for_guest_net_routable": true,
            "wait_for_guest_net_timeout": 5
          },
          "sensitive_attributes": [],
          "identity_schema_version": 0,
          "private": "eyJzY2hlbWFfdmVyc2lvbiI6IjMifQ==",
          "dependencies": [
            "data.vsphere_compute_cluster.cluster",
            "data.vsphere_datacenter.dc",
            "data.vsphere_datastore.datastore",
            "data.vsphere_network.network",
            "data.vsphere_virtual_machine.template"
          ]
        },
        {
          "index_key": 24,
          "schema_version": 3,
          "attributes": {
            "alternate_guest_name": "",
            "annotation": "",
            "boot_delay": 0,
            "boot_retry_delay": 10000,
            "boot_retry_enabled": false,
            "cdrom": [],
            "change_version": "2026-06-08T03:34:12.914966Z",
            "clone": [
              {
                "customization_spec": [],
                "customize": [],
                "linked_clone": false,
                "ovf_network_map": null,
                "ovf_storage_map": null,
                "template_uuid": "564da9f3-ebd0-f686-ea9a-8a9a37c6883d",
                "timeout": 30
              }
            ],
            "cpu_hot_add_enabled": false,
            "cpu_hot_remove_enabled": false,
            "cpu_limit": -1,
            "cpu_performance_counters_enabled": false,
            "cpu_reservation": 0,
            "cpu_share_count": 4000,
            "cpu_share_level": "normal",
            "custom_attributes": null,
            "datacenter_id": null,
            "datastore_cluster_id": null,
            "datastore_id": "datastore-1013",
            "default_ip_address": "192.168.1.209",
            "disk": [
              {
                "attach": false,
                "controller_type": "scsi",
                "datastore_id": "datastore-1013",
                "device_address": "scsi:0:0",
                "disk_mode": "persistent",
                "disk_sharing": "sharingNone",
                "eagerly_scrub": false,
                "io_limit": -1,
                "io_reservation": 0,
                "io_share_count": 1000,
                "io_share_level": "normal",
                "keep_on_remove": false,
                "key": 2000,
                "label": "disk0",
                "path": "stuvm25/stuvm25_1.vmdk",
                "size": 500,
                "storage_policy_id": "",
                "thin_provisioned": true,
                "unit_number": 0,
                "uuid": "6000C295-e8e6-f778-c9a5-3b1736260d84",
                "write_through": false
              },
              {
                "attach": false,
                "controller_type": "sata",
                "datastore_id": "datastore-1013",
                "device_address": "sata:0:0",
                "disk_mode": "persistent",
                "disk_sharing": "sharingNone",
                "eagerly_scrub": false,
                "io_limit": -1,
                "io_reservation": 0,
                "io_share_count": 1000,
                "io_share_level": "normal",
                "keep_on_remove": true,
                "key": 16000,
                "label": "orphaned_disk_0",
                "path": "stuvm25/stuvm25.vmdk",
                "size": 500,
                "storage_policy_id": "",
                "thin_provisioned": true,
                "unit_number": 0,
                "uuid": "6000C296-83e1-141a-11ca-4bbda7378451",
                "write_through": false
              }
            ],
            "efi_secure_boot_enabled": false,
            "enable_disk_uuid": false,
            "enable_logging": false,
            "ept_rvi_mode": "automatic",
            "extra_config": {
              "guestinfo.userdata": "I2Nsb3VkLWNvbmZpZwoKaG9zdG5hbWU6IHN0dXZtMjUKCnBhY2thZ2VfdXBkYXRlOiB0cnVlCgpwYWNrYWdlczoKICAtIHVidW50dS1kZXNrdG9wCiAgLSB4cmRwCiAgLSBvcGVuc3NoLXNlcnZlcgogIC0gZG9ja2VyLmlvCiAgLSBnaXQKICAtIGN1cmwKICAtIG5mcy1jb21tb24KCnVzZXJzOgogIC0gZGVmYXVsdAogIC0gbmFtZTogc3R1ZGVudAogICAgZ3JvdXBzOiBzdWRvLGRvY2tlcgogICAgc2hlbGw6IC9iaW4vYmFzaAogICAgc3VkbzogQUxMPShBTEwpIE5PUEFTU1dEOkFMTAogICAgbG9ja19wYXNzd2Q6IGZhbHNlCiAgICBwYXNzd2Q6ICQ2JEFOV25QU1VWYTcvWHRNTFgkRkNBYTh6eVdFVWVvZWl4SGZkaGRaZGQ2UnpuUHF1cGdWc2phdjNCOXZGQzNCY0Jpb3Q0OWs1aHU2dGd0cUoycy5SVTd5b0cyVVVpWWZHTy5FYklKVy8KCnNzaF9wd2F1dGg6IHRydWUKCnJ1bmNtZDoKICAtIHN5c3RlbWN0bCBlbmFibGUgc3NoCiAgLSBzeXN0ZW1jdGwgc3RhcnQgc3NoCiAgLSBzeXN0ZW1jdGwgZW5hYmxlIHhyZHAKICAtIHN5c3RlbWN0bCBzdGFydCB4cmRwCiAgLSBlY2hvICJzdHVkZW50OlN0dWRlbnRAMTIzIiB8IGNocGFzc3dkCiAgLSBta2RpciAtcCAvbW50L25mc3NoYXJlCiAgLSBlY2hvICIxOTIuMTY4LjEuOTk6L21udC9uZnNzaGFyZSAvbW50L25mc3NoYXJlIG5mcyBkZWZhdWx0cyxfbmV0ZGV2LG5vZmFpbCAwIDAiID4+IC9ldGMvZnN0YWIKICAtIG1vdW50IC1hCiAgLSBta2RpciAtcCAvbW50L25mc3NoYXJlL3N0dXZtMjUKICAtIG1rZGlyIC1wIC9ob21lL3N0dWRlbnQvd29ya3NwYWNlCiAgLSBtb3VudCAtLWJpbmQgL21udC9uZnNzaGFyZS9zdHV2bTI1IC9ob21lL3N0dWRlbnQvd29ya3NwYWNlCiAgLSBlY2hvICIvbW50L25mc3NoYXJlL3N0dXZtMjUgL2hvbWUvc3R1ZGVudC93b3Jrc3BhY2Ugbm9uZSBiaW5kIDAgMCIgPj4gL2V0Yy9mc3RhYgogIC0gY2hvd24gLVIgc3R1ZGVudDpzdHVkZW50IC9tbnQvbmZzc2hhcmUvc3R1dm0yNQogIC0gY2hvd24gLVIgc3R1ZGVudDpzdHVkZW50IC9ob21lL3N0dWRlbnQvd29ya3NwYWNlCg==",
              "guestinfo.userdata.encoding": "base64"
            },
            "extra_config_reboot_required": true,
            "firmware": "bios",
            "folder": "",
            "force_power_off": true,
            "guest_id": "ubuntu64Guest",
            "guest_ip_addresses": [
              "192.168.1.209",
              "fe80::250:56ff:feb1:fd25"
            ],
            "hardware_version": 10,
            "host_system_id": "host-1010",
            "hv_mode": "hvAuto",
            "id": "4231d9f0-76e4-6874-8920-2f54794ba645",
            "ide_controller_count": 2,
            "ignored_guest_ips": null,
            "imported": null,
            "latency_sensitivity": "normal",
            "memory": 8096,
            "memory_hot_add_enabled": false,
            "memory_limit": -1,
            "memory_reservation": 0,
            "memory_reservation_locked_to_max": false,
            "memory_share_count": 80960,
            "memory_share_level": "normal",
            "migrate_wait_timeout": 30,
            "moid": "vm-3088",
            "name": "stuvm25",
            "nested_hv_enabled": false,
            "network_interface": [
              {
                "adapter_type": "vmxnet3",
                "bandwidth_limit": -1,
                "bandwidth_reservation": 0,
                "bandwidth_share_count": 50,
                "bandwidth_share_level": "normal",
                "device_address": "pci:0:7",
                "key": 4000,
                "mac_address": "00:50:56:b1:fd:25",
                "network_id": "network-2001",
                "ovf_mapping": "",
                "physical_function": "",
                "use_static_mac": false
              }
            ],
            "num_cores_per_socket": 1,
            "num_cpus": 4,
            "nvme_controller_count": 0,
            "ovf_deploy": [],
            "pci_device_id": null,
            "power_state": "on",
            "poweron_timeout": 300,
            "reboot_required": false,
            "replace_trigger": null,
            "resource_pool_id": "resgroup-1020",
            "run_tools_scripts_after_power_on": true,
            "run_tools_scripts_after_resume": true,
            "run_tools_scripts_before_guest_reboot": false,
            "run_tools_scripts_before_guest_shutdown": true,
            "run_tools_scripts_before_guest_standby": true,
            "sata_controller_count": 0,
            "scsi_bus_sharing": "noSharing",
            "scsi_controller_count": 1,
            "scsi_type": "pvscsi",
            "shutdown_wait_timeout": 3,
            "storage_policy_id": "",
            "swap_placement_policy": "inherit",
            "sync_time_with_host": false,
            "sync_time_with_host_periodically": false,
            "tags": null,
            "tools_upgrade_policy": "manual",
            "uuid": "4231d9f0-76e4-6874-8920-2f54794ba645",
            "vapp": [],
            "vapp_transport": [],
            "vbs_enabled": false,
            "vmware_tools_status": "guestToolsRunning",
            "vmx_path": "stuvm25/stuvm25.vmx",
            "vtpm": [],
            "vvtd_enabled": false,
            "wait_for_guest_ip_timeout": 0,
            "wait_for_guest_net_routable": true,
            "wait_for_guest_net_timeout": 5
          },
          "sensitive_attributes": [],
          "identity_schema_version": 0,
          "private": "eyJzY2hlbWFfdmVyc2lvbiI6IjMifQ==",
          "dependencies": [
            "data.vsphere_compute_cluster.cluster",
            "data.vsphere_datacenter.dc",
            "data.vsphere_datastore.datastore",
            "data.vsphere_network.network",
            "data.vsphere_virtual_machine.template"
          ]
        },
        {
          "index_key": 25,
          "schema_version": 3,
          "attributes": {
            "alternate_guest_name": "",
            "annotation": "",
            "boot_delay": 0,
            "boot_retry_delay": 10000,
            "boot_retry_enabled": false,
            "cdrom": [],
            "change_version": "2026-06-08T03:36:18.151643Z",
            "clone": [
              {
                "customization_spec": [],
                "customize": [],
                "linked_clone": false,
                "ovf_network_map": null,
                "ovf_storage_map": null,
                "template_uuid": "564da9f3-ebd0-f686-ea9a-8a9a37c6883d",
                "timeout": 30
              }
            ],
            "cpu_hot_add_enabled": false,
            "cpu_hot_remove_enabled": false,
            "cpu_limit": -1,
            "cpu_performance_counters_enabled": false,
            "cpu_reservation": 0,
            "cpu_share_count": 4000,
            "cpu_share_level": "normal",
            "custom_attributes": null,
            "datacenter_id": null,
            "datastore_cluster_id": null,
            "datastore_id": "datastore-1013",
            "default_ip_address": "192.168.1.216",
            "disk": [
              {
                "attach": false,
                "controller_type": "scsi",
                "datastore_id": "datastore-1013",
                "device_address": "scsi:0:0",
                "disk_mode": "persistent",
                "disk_sharing": "sharingNone",
                "eagerly_scrub": false,
                "io_limit": -1,
                "io_reservation": 0,
                "io_share_count": 1000,
                "io_share_level": "normal",
                "keep_on_remove": false,
                "key": 2000,
                "label": "disk0",
                "path": "stuvm26/stuvm26_1.vmdk",
                "size": 500,
                "storage_policy_id": "",
                "thin_provisioned": true,
                "unit_number": 0,
                "uuid": "6000C293-35c3-dea3-737c-6075e0d5a7cc",
                "write_through": false
              },
              {
                "attach": false,
                "controller_type": "sata",
                "datastore_id": "datastore-1013",
                "device_address": "sata:0:0",
                "disk_mode": "persistent",
                "disk_sharing": "sharingNone",
                "eagerly_scrub": false,
                "io_limit": -1,
                "io_reservation": 0,
                "io_share_count": 1000,
                "io_share_level": "normal",
                "keep_on_remove": true,
                "key": 16000,
                "label": "orphaned_disk_0",
                "path": "stuvm26/stuvm26.vmdk",
                "size": 500,
                "storage_policy_id": "",
                "thin_provisioned": true,
                "unit_number": 0,
                "uuid": "6000C297-1d2d-bf9a-1eae-75cd6a84d971",
                "write_through": false
              }
            ],
            "efi_secure_boot_enabled": false,
            "enable_disk_uuid": false,
            "enable_logging": false,
            "ept_rvi_mode": "automatic",
            "extra_config": {
              "guestinfo.userdata": "I2Nsb3VkLWNvbmZpZwoKaG9zdG5hbWU6IHN0dXZtMjYKCnBhY2thZ2VfdXBkYXRlOiB0cnVlCgpwYWNrYWdlczoKICAtIHVidW50dS1kZXNrdG9wCiAgLSB4cmRwCiAgLSBvcGVuc3NoLXNlcnZlcgogIC0gZG9ja2VyLmlvCiAgLSBnaXQKICAtIGN1cmwKICAtIG5mcy1jb21tb24KCnVzZXJzOgogIC0gZGVmYXVsdAogIC0gbmFtZTogc3R1ZGVudAogICAgZ3JvdXBzOiBzdWRvLGRvY2tlcgogICAgc2hlbGw6IC9iaW4vYmFzaAogICAgc3VkbzogQUxMPShBTEwpIE5PUEFTU1dEOkFMTAogICAgbG9ja19wYXNzd2Q6IGZhbHNlCiAgICBwYXNzd2Q6ICQ2JEFOV25QU1VWYTcvWHRNTFgkRkNBYTh6eVdFVWVvZWl4SGZkaGRaZGQ2UnpuUHF1cGdWc2phdjNCOXZGQzNCY0Jpb3Q0OWs1aHU2dGd0cUoycy5SVTd5b0cyVVVpWWZHTy5FYklKVy8KCnNzaF9wd2F1dGg6IHRydWUKCnJ1bmNtZDoKICAtIHN5c3RlbWN0bCBlbmFibGUgc3NoCiAgLSBzeXN0ZW1jdGwgc3RhcnQgc3NoCiAgLSBzeXN0ZW1jdGwgZW5hYmxlIHhyZHAKICAtIHN5c3RlbWN0bCBzdGFydCB4cmRwCiAgLSBlY2hvICJzdHVkZW50OlN0dWRlbnRAMTIzIiB8IGNocGFzc3dkCiAgLSBta2RpciAtcCAvbW50L25mc3NoYXJlCiAgLSBlY2hvICIxOTIuMTY4LjEuOTk6L21udC9uZnNzaGFyZSAvbW50L25mc3NoYXJlIG5mcyBkZWZhdWx0cyxfbmV0ZGV2LG5vZmFpbCAwIDAiID4+IC9ldGMvZnN0YWIKICAtIG1vdW50IC1hCiAgLSBta2RpciAtcCAvbW50L25mc3NoYXJlL3N0dXZtMjYKICAtIG1rZGlyIC1wIC9ob21lL3N0dWRlbnQvd29ya3NwYWNlCiAgLSBtb3VudCAtLWJpbmQgL21udC9uZnNzaGFyZS9zdHV2bTI2IC9ob21lL3N0dWRlbnQvd29ya3NwYWNlCiAgLSBlY2hvICIvbW50L25mc3NoYXJlL3N0dXZtMjYgL2hvbWUvc3R1ZGVudC93b3Jrc3BhY2Ugbm9uZSBiaW5kIDAgMCIgPj4gL2V0Yy9mc3RhYgogIC0gY2hvd24gLVIgc3R1ZGVudDpzdHVkZW50IC9tbnQvbmZzc2hhcmUvc3R1dm0yNgogIC0gY2hvd24gLVIgc3R1ZGVudDpzdHVkZW50IC9ob21lL3N0dWRlbnQvd29ya3NwYWNlCg==",
              "guestinfo.userdata.encoding": "base64"
            },
            "extra_config_reboot_required": true,
            "firmware": "bios",
            "folder": "",
            "force_power_off": true,
            "guest_id": "ubuntu64Guest",
            "guest_ip_addresses": [
              "192.168.1.216",
              "fe80::250:56ff:feb1:e897"
            ],
            "hardware_version": 10,
            "host_system_id": "host-1010",
            "hv_mode": "hvAuto",
            "id": "4231b6ad-867c-85e3-bee4-aa1efeb97da7",
            "ide_controller_count": 2,
            "ignored_guest_ips": null,
            "imported": null,
            "latency_sensitivity": "normal",
            "memory": 8096,
            "memory_hot_add_enabled": false,
            "memory_limit": -1,
            "memory_reservation": 0,
            "memory_reservation_locked_to_max": false,
            "memory_share_count": 80960,
            "memory_share_level": "normal",
            "migrate_wait_timeout": 30,
            "moid": "vm-3102",
            "name": "stuvm26",
            "nested_hv_enabled": false,
            "network_interface": [
              {
                "adapter_type": "vmxnet3",
                "bandwidth_limit": -1,
                "bandwidth_reservation": 0,
                "bandwidth_share_count": 50,
                "bandwidth_share_level": "normal",
                "device_address": "pci:0:7",
                "key": 4000,
                "mac_address": "00:50:56:b1:e8:97",
                "network_id": "network-2001",
                "ovf_mapping": "",
                "physical_function": "",
                "use_static_mac": false
              }
            ],
            "num_cores_per_socket": 1,
            "num_cpus": 4,
            "nvme_controller_count": 0,
            "ovf_deploy": [],
            "pci_device_id": null,
            "power_state": "on",
            "poweron_timeout": 300,
            "reboot_required": false,
            "replace_trigger": null,
            "resource_pool_id": "resgroup-1020",
            "run_tools_scripts_after_power_on": true,
            "run_tools_scripts_after_resume": true,
            "run_tools_scripts_before_guest_reboot": false,
            "run_tools_scripts_before_guest_shutdown": true,
            "run_tools_scripts_before_guest_standby": true,
            "sata_controller_count": 0,
            "scsi_bus_sharing": "noSharing",
            "scsi_controller_count": 1,
            "scsi_type": "pvscsi",
            "shutdown_wait_timeout": 3,
            "storage_policy_id": "",
            "swap_placement_policy": "inherit",
            "sync_time_with_host": false,
            "sync_time_with_host_periodically": false,
            "tags": null,
            "tools_upgrade_policy": "manual",
            "uuid": "4231b6ad-867c-85e3-bee4-aa1efeb97da7",
            "vapp": [],
            "vapp_transport": [],
            "vbs_enabled": false,
            "vmware_tools_status": "guestToolsRunning",
            "vmx_path": "stuvm26/stuvm26.vmx",
            "vtpm": [],
            "vvtd_enabled": false,
            "wait_for_guest_ip_timeout": 0,
            "wait_for_guest_net_routable": true,
            "wait_for_guest_net_timeout": 5
          },
          "sensitive_attributes": [],
          "identity_schema_version": 0,
          "private": "eyJzY2hlbWFfdmVyc2lvbiI6IjMifQ==",
          "dependencies": [
            "data.vsphere_compute_cluster.cluster",
            "data.vsphere_datacenter.dc",
            "data.vsphere_datastore.datastore",
            "data.vsphere_network.network",
            "data.vsphere_virtual_machine.template"
          ]
        }
      ]
    }
  ],
  "check_results": null
}
