{
  "version": 4,
  "terraform_version": "1.14.7",
  "serial": 176,
  "lineage": "e0354533-8e65-1532-dd15-fe8f046afe54",
  "outputs": {
    "student_vms": {
      "value": [
        "192.168.1.240",
        "192.168.1.238"
      ],
      "type": [
        "tuple",
        [
          "string",
          "string"
        ]
      ]
    }
  },
  "resources": [
    {
      "mode": "data",
      "type": "vsphere_compute_cluster",
      "name": "cluster",
      "provider": "provider[\"registry.terraform.io/hashicorp/vsphere\"]",
      "instances": [
        {
          "schema_version": 0,
          "attributes": {
            "datacenter_id": "datacenter-1001",
            "id": "domain-c1019",
            "name": "Lab-Cluster",
            "resource_pool_id": "resgroup-1020"
          },
          "sensitive_attributes": [],
          "identity_schema_version": 0
        }
      ]
    },
    {
      "mode": "data",
      "type": "vsphere_datacenter",
      "name": "dc",
      "provider": "provider[\"registry.terraform.io/hashicorp/vsphere\"]",
      "instances": [
        {
          "schema_version": 0,
          "attributes": {
            "id": "datacenter-1001",
            "name": "LAB-DC",
            "virtual_machines": [
              "AD-DNS",
              "DS-mgr01",
              "DS-mgr02",
              "DS-mgr03",
              "Kube-WN01",
              "Kube-WN02",
              "Kube-master",
              "LAB-NFS-Server",
              "Ubuntu-24-jun26",
              "guacamole-server",
              "guacamole-server-old",
              "labvm1",
              "labvm10",
              "labvm11",
              "labvm12",
              "labvm13",
              "labvm14",
              "labvm15",
              "labvm16",
              "labvm17",
              "labvm18",
              "labvm19",
              "labvm2",
              "labvm20",
              "labvm21",
              "labvm22",
              "labvm23",
              "labvm24",
              "labvm25",
              "labvm26",
              "labvm3",
              "labvm4",
              "labvm5",
              "labvm6",
              "labvm7",
              "labvm8",
              "labvm9",
              "pfsense-main",
              "stuvm1",
              "stuvm10",
              "stuvm11",
              "stuvm12",
              "stuvm13",
              "stuvm14",
              "stuvm15",
              "stuvm16",
              "stuvm17",
              "stuvm18",
              "stuvm19",
              "stuvm20",
              "stuvm21",
              "stuvm22",
              "stuvm23",
              "stuvm24",
              "stuvm25",
              "stuvm26",
              "stuvm27",
              "stuvm28",
              "stuvm29",
              "stuvm3",
              "stuvm4",
              "stuvm5",
              "stuvm6",
              "stuvm7",
              "stuvm8",
              "stuvm9",
              "test-vm02",
              "tf-ubuntu-MAIN-hacked",
              "ubuntu-24-template",
              "ubuntu-24-tmp02",
              "ubuntu-24-tmp03",
              "ubuntu-temp01",
              "ubuntu-template",
              "vCLS-a7235b07-8021-420d-8fe4-4601c93bb291",
              "vcsa-01",
              "vyos-router",
              "win-10"
            ]
          },
          "sensitive_attributes": [],
          "identity_schema_version": 0
        }
      ]
    },
    {
      "mode": "data",
      "type": "vsphere_datastore",
      "name": "datastore",
      "provider": "provider[\"registry.terraform.io/hashicorp/vsphere\"]",
      "instances": [
        {
          "schema_version": 0,
          "attributes": {
            "datacenter_id": "datacenter-1001",
            "id": "datastore-1013",
            "name": "datastore1",
            "stats": {
              "capacity": "11380589592576",
              "free": "7036423110656"
            }
          },
          "sensitive_attributes": [],
          "identity_schema_version": 0
        }
      ]
    },
    {
      "mode": "data",
      "type": "vsphere_network",
      "name": "network",
      "provider": "provider[\"registry.terraform.io/hashicorp/vsphere\"]",
      "instances": [
        {
          "schema_version": 0,
          "attributes": {
            "datacenter_id": "datacenter-1001",
            "distributed_virtual_switch_uuid": null,
            "filter": null,
            "id": "network-2001",
            "name": "private-192",
            "retry_interval": 500,
            "retry_timeout": 0,
            "type": "Network"
          },
          "sensitive_attributes": [],
          "identity_schema_version": 0
        }
      ]
    },
    {
      "mode": "data",
      "type": "vsphere_virtual_machine",
      "name": "template",
      "provider": "provider[\"registry.terraform.io/hashicorp/vsphere\"]",
      "instances": [
        {
          "schema_version": 0,
          "attributes": {
            "alternate_guest_name": "",
            "annotation": "",
            "boot_delay": 0,
            "boot_retry_delay": 10000,
            "boot_retry_enabled": false,
            "change_version": "2026-06-09T20:30:16.393032Z",
            "cpu_hot_add_enabled": false,
            "cpu_hot_remove_enabled": false,
            "cpu_limit": -1,
            "cpu_performance_counters_enabled": false,
            "cpu_reservation": 0,
            "cpu_share_count": 4000,
            "cpu_share_level": "normal",
            "datacenter_id": "datacenter-1001",
            "default_ip_address": null,
            "disks": [
              {
                "eagerly_scrub": false,
                "label": "Hard disk 1",
                "size": 100,
                "thin_provisioned": false,
                "unit_number": 0
              }
            ],
            "efi_secure_boot_enabled": false,
            "enable_disk_uuid": false,
            "enable_logging": true,
            "ept_rvi_mode": "automatic",
            "extra_config": {},
            "extra_config_reboot_required": true,
            "firmware": "bios",
            "folder": null,
            "guest_id": "debian11_64Guest",
            "guest_ip_addresses": [],
            "hardware_version": 17,
            "hv_mode": "hvAuto",
            "id": "42311489-a49f-699d-7255-d62bb31e9784",
            "ide_controller_scan_count": 2,
            "instance_uuid": "50316774-4d0c-9dd9-8b6e-128326933ad6",
            "latency_sensitivity": "normal",
            "memory": 8192,
            "memory_hot_add_enabled": false,
            "memory_limit": -1,
            "memory_reservation": 0,
            "memory_reservation_locked_to_max": false,
            "memory_share_count": 81920,
            "memory_share_level": "normal",
            "moid": "vm-3149",
            "name": "ubuntu-24-tmp03",
            "nested_hv_enabled": false,
            "network_interface_types": [
              "vmxnet3"
            ],
            "network_interfaces": [
              {
                "adapter_type": "vmxnet3",
                "bandwidth_limit": -1,
                "bandwidth_reservation": 0,
                "bandwidth_share_count": 50,
                "bandwidth_share_level": "normal",
                "mac_address": "00:50:56:b1:08:2c",
                "network_id": "network-2001",
                "physical_function": ""
              }
            ],
            "num_cores_per_socket": 1,
            "num_cpus": 4,
            "nvme_controller_scan_count": 1,
            "replace_trigger": null,
            "run_tools_scripts_after_power_on": true,
            "run_tools_scripts_after_resume": true,
            "run_tools_scripts_before_guest_reboot": false,
            "run_tools_scripts_before_guest_shutdown": true,
            "run_tools_scripts_before_guest_standby": true,
            "sata_controller_scan_count": 0,
            "scsi_bus_sharing": "noSharing",
            "scsi_controller_scan_count": 1,
            "scsi_type": "pvscsi",
            "storage_policy_id": null,
            "swap_placement_policy": "inherit",
            "sync_time_with_host": false,
            "sync_time_with_host_periodically": false,
            "tools_upgrade_policy": "upgradeAtPowerCycle",
            "uuid": "42311489-a49f-699d-7255-d62bb31e9784",
            "vapp": null,
            "vapp_transport": [],
            "vbs_enabled": false,
            "vtpm": false,
            "vvtd_enabled": false
          },
          "sensitive_attributes": [],
          "identity_schema_version": 0
        }
      ]
    },
    {
      "mode": "managed",
      "type": "vsphere_virtual_machine",
      "name": "student_vm",
      "provider": "provider[\"registry.terraform.io/hashicorp/vsphere\"]",
      "instances": [
        {
          "index_key": 0,
          "schema_version": 3,
          "attributes": {
            "alternate_guest_name": "",
            "annotation": "",
            "boot_delay": 0,
            "boot_retry_delay": 10000,
            "boot_retry_enabled": false,
            "cdrom": [],
            "change_version": "2026-06-09T21:03:19.58012Z",
            "clone": [
              {
                "customization_spec": [],
                "customize": [],
                "linked_clone": false,
                "ovf_network_map": {},
                "ovf_storage_map": {},
                "template_uuid": "42311489-a49f-699d-7255-d62bb31e9784",
                "timeout": 30
              }
            ],
            "cpu_hot_add_enabled": false,
            "cpu_hot_remove_enabled": false,
            "cpu_limit": -1,
            "cpu_performance_counters_enabled": false,
            "cpu_reservation": 0,
            "cpu_share_count": 4000,
            "cpu_share_level": "normal",
            "custom_attributes": {},
            "datacenter_id": null,
            "datastore_cluster_id": null,
            "datastore_id": "datastore-1013",
            "default_ip_address": "192.168.1.240",
            "disk": [
              {
                "attach": false,
                "controller_type": "scsi",
                "datastore_id": "datastore-1013",
                "device_address": "scsi:0:0",
                "disk_mode": "persistent",
                "disk_sharing": "sharingNone",
                "eagerly_scrub": false,
                "io_limit": -1,
                "io_reservation": 0,
                "io_share_count": 1000,
                "io_share_level": "normal",
                "keep_on_remove": false,
                "key": 2000,
                "label": "disk0",
                "path": "labvm1/labvm1.vmdk",
                "size": 100,
                "storage_policy_id": "",
                "thin_provisioned": true,
                "unit_number": 0,
                "uuid": "6000C29b-3754-896c-725e-d47ebce15114",
                "write_through": false
              }
            ],
            "efi_secure_boot_enabled": false,
            "enable_disk_uuid": false,
            "enable_logging": false,
            "ept_rvi_mode": "automatic",
            "extra_config": {
              "guestinfo.userdata": "I2Nsb3VkLWNvbmZpZwoKaG9zdG5hbWU6IGxhYnZtMQoKcGFja2FnZV91cGRhdGU6IHRydWUKCnBhY2thZ2VzOgogIC0gdWJ1bnR1LWRlc2t0b3AKCnVzZXJzOgogIC0gZGVmYXVsdAogIC0gbmFtZTogbGFidXNlcgogICAgZ3JvdXBzOiBzdWRvLGRvY2tlcgogICAgc2hlbGw6IC9iaW4vYmFzaAogICAgc3VkbzogQUxMPShBTEwpIE5PUEFTU1dEOkFMTAogICAgbG9ja19wYXNzd2Q6IGZhbHNlCiAgICBwYXNzd2Q6ICQ2JEFOV25QU1VWYTcvWHRNTFgkRkNBYTh6eVdFVWVvZWl4SGZkaGRaZGQ2UnpuUHF1cGdWc2phdjNCOXZGQzNCY0Jpb3Q0OWs1aHU2dGd0cUoycy5SVTd5b0cyVVVpWWZHTy5FYklKVy8KCnNzaF9wd2F1dGg6IHRydWUKCnJ1bmNtZDoKICAtIHN1ZG8gbWtkaXIgLXAgL21udC9uZnNzaGFyZS9sYWJ2bTEKICAtIHN1ZG8gbWtkaXIgLXAgL2hvbWUvc3R1ZGVudC93b3Jrc3BhY2UKICAtIHN1ZG8gbW91bnQgLS1iaW5kIC9tbnQvbmZzc2hhcmUvbGFidm0xIC9ob21lL3N0dWRlbnQvd29ya3NwYWNlCiAgLSBlY2hvICIvbW50L25mc3NoYXJlL2xhYnZtMSAvaG9tZS9zdHVkZW50L3dvcmtzcGFjZSBub25lIGJpbmQgMCAwIiA+PiAvZXRjL2ZzdGFiCiAgLSBzdWRvIGNob3duIC1SIHN0dWRlbnQ6c3R1ZGVudCAvbW50L25mc3NoYXJlL2xhYnZtMQogIC0gc3VkbyBjaG93biAtUiBzdHVkZW50OnN0dWRlbnQgL2hvbWUvc3R1ZGVudC93b3Jrc3BhY2UK",
              "guestinfo.userdata.encoding": "base64"
            },
            "extra_config_reboot_required": true,
            "firmware": "bios",
            "folder": "",
            "force_power_off": true,
            "guest_id": "debian11_64Guest",
            "guest_ip_addresses": [
              "192.168.10.254",
              "192.168.1.240",
              "fe80::250:56ff:feb1:15d1"
            ],
            "hardware_version": 17,
            "host_system_id": "host-1010",
            "hv_mode": "hvAuto",
            "id": "42317999-b240-9fbb-4e08-276e225f409d",
            "ide_controller_count": 2,
            "ignored_guest_ips": null,
            "imported": null,
            "latency_sensitivity": "normal",
            "memory": 8096,
            "memory_hot_add_enabled": false,
            "memory_limit": -1,
            "memory_reservation": 0,
            "memory_reservation_locked_to_max": false,
            "memory_share_count": 80960,
            "memory_share_level": "normal",
            "migrate_wait_timeout": 30,
            "moid": "vm-3152",
            "name": "labvm1",
            "nested_hv_enabled": false,
            "network_interface": [
              {
                "adapter_type": "vmxnet3",
                "bandwidth_limit": -1,
                "bandwidth_reservation": 0,
                "bandwidth_share_count": 50,
                "bandwidth_share_level": "normal",
                "device_address": "pci:0:7",
                "key": 4000,
                "mac_address": "00:50:56:b1:15:d1",
                "network_id": "network-2001",
                "ovf_mapping": "",
                "physical_function": "",
                "use_static_mac": false
              }
            ],
            "num_cores_per_socket": 1,
            "num_cpus": 4,
            "nvme_controller_count": 0,
            "ovf_deploy": [],
            "pci_device_id": [],
            "power_state": "on",
            "poweron_timeout": 300,
            "reboot_required": false,
            "replace_trigger": null,
            "resource_pool_id": "resgroup-1020",
            "run_tools_scripts_after_power_on": true,
            "run_tools_scripts_after_resume": true,
            "run_tools_scripts_before_guest_reboot": false,
            "run_tools_scripts_before_guest_shutdown": true,
            "run_tools_scripts_before_guest_standby": true,
            "sata_controller_count": 0,
            "scsi_bus_sharing": "noSharing",
            "scsi_controller_count": 1,
            "scsi_type": "pvscsi",
            "shutdown_wait_timeout": 3,
            "storage_policy_id": "",
            "swap_placement_policy": "inherit",
            "sync_time_with_host": false,
            "sync_time_with_host_periodically": false,
            "tags": [],
            "tools_upgrade_policy": "manual",
            "uuid": "42317999-b240-9fbb-4e08-276e225f409d",
            "vapp": [],
            "vapp_transport": [],
            "vbs_enabled": false,
            "vmware_tools_status": "guestToolsRunning",
            "vmx_path": "labvm1/labvm1.vmx",
            "vtpm": [],
            "vvtd_enabled": false,
            "wait_for_guest_ip_timeout": 0,
            "wait_for_guest_net_routable": true,
            "wait_for_guest_net_timeout": 5
          },
          "sensitive_attributes": [],
          "identity_schema_version": 0,
          "private": "eyJzY2hlbWFfdmVyc2lvbiI6IjMifQ==",
          "dependencies": [
            "data.vsphere_compute_cluster.cluster",
            "data.vsphere_datacenter.dc",
            "data.vsphere_datastore.datastore",
            "data.vsphere_network.network",
            "data.vsphere_virtual_machine.template"
          ]
        },
        {
          "index_key": 1,
          "schema_version": 3,
          "attributes": {
            "alternate_guest_name": "",
            "annotation": "",
            "boot_delay": 0,
            "boot_retry_delay": 10000,
            "boot_retry_enabled": false,
            "cdrom": [],
            "change_version": "2026-06-09T21:02:32.166958Z",
            "clone": [
              {
                "customization_spec": [],
                "customize": [],
                "linked_clone": false,
                "ovf_network_map": {},
                "ovf_storage_map": {},
                "template_uuid": "42311489-a49f-699d-7255-d62bb31e9784",
                "timeout": 30
              }
            ],
            "cpu_hot_add_enabled": false,
            "cpu_hot_remove_enabled": false,
            "cpu_limit": -1,
            "cpu_performance_counters_enabled": false,
            "cpu_reservation": 0,
            "cpu_share_count": 4000,
            "cpu_share_level": "normal",
            "custom_attributes": {},
            "datacenter_id": null,
            "datastore_cluster_id": null,
            "datastore_id": "datastore-1013",
            "default_ip_address": "192.168.1.238",
            "disk": [
              {
                "attach": false,
                "controller_type": "scsi",
                "datastore_id": "datastore-1013",
                "device_address": "scsi:0:0",
                "disk_mode": "persistent",
                "disk_sharing": "sharingNone",
                "eagerly_scrub": false,
                "io_limit": -1,
                "io_reservation": 0,
                "io_share_count": 1000,
                "io_share_level": "normal",
                "keep_on_remove": false,
                "key": 2000,
                "label": "disk0",
                "path": "labvm2/labvm2.vmdk",
                "size": 100,
                "storage_policy_id": "",
                "thin_provisioned": true,
                "unit_number": 0,
                "uuid": "6000C29c-62ec-fc15-26d0-a7def18af287",
                "write_through": false
              }
            ],
            "efi_secure_boot_enabled": false,
            "enable_disk_uuid": false,
            "enable_logging": false,
            "ept_rvi_mode": "automatic",
            "extra_config": {
              "guestinfo.userdata": "I2Nsb3VkLWNvbmZpZwoKaG9zdG5hbWU6IGxhYnZtMgoKcGFja2FnZV91cGRhdGU6IHRydWUKCnBhY2thZ2VzOgogIC0gdWJ1bnR1LWRlc2t0b3AKCnVzZXJzOgogIC0gZGVmYXVsdAogIC0gbmFtZTogbGFidXNlcgogICAgZ3JvdXBzOiBzdWRvLGRvY2tlcgogICAgc2hlbGw6IC9iaW4vYmFzaAogICAgc3VkbzogQUxMPShBTEwpIE5PUEFTU1dEOkFMTAogICAgbG9ja19wYXNzd2Q6IGZhbHNlCiAgICBwYXNzd2Q6ICQ2JEFOV25QU1VWYTcvWHRNTFgkRkNBYTh6eVdFVWVvZWl4SGZkaGRaZGQ2UnpuUHF1cGdWc2phdjNCOXZGQzNCY0Jpb3Q0OWs1aHU2dGd0cUoycy5SVTd5b0cyVVVpWWZHTy5FYklKVy8KCnNzaF9wd2F1dGg6IHRydWUKCnJ1bmNtZDoKICAtIHN1ZG8gbWtkaXIgLXAgL21udC9uZnNzaGFyZS9sYWJ2bTIKICAtIHN1ZG8gbWtkaXIgLXAgL2hvbWUvc3R1ZGVudC93b3Jrc3BhY2UKICAtIHN1ZG8gbW91bnQgLS1iaW5kIC9tbnQvbmZzc2hhcmUvbGFidm0yIC9ob21lL3N0dWRlbnQvd29ya3NwYWNlCiAgLSBlY2hvICIvbW50L25mc3NoYXJlL2xhYnZtMiAvaG9tZS9zdHVkZW50L3dvcmtzcGFjZSBub25lIGJpbmQgMCAwIiA+PiAvZXRjL2ZzdGFiCiAgLSBzdWRvIGNob3duIC1SIHN0dWRlbnQ6c3R1ZGVudCAvbW50L25mc3NoYXJlL2xhYnZtMgogIC0gc3VkbyBjaG93biAtUiBzdHVkZW50OnN0dWRlbnQgL2hvbWUvc3R1ZGVudC93b3Jrc3BhY2UK",
              "guestinfo.userdata.encoding": "base64"
            },
            "extra_config_reboot_required": true,
            "firmware": "bios",
            "folder": "",
            "force_power_off": true,
            "guest_id": "debian11_64Guest",
            "guest_ip_addresses": [
              "192.168.10.254",
              "192.168.1.238",
              "fe80::250:56ff:feb1:cf61"
            ],
            "hardware_version": 17,
            "host_system_id": "host-1010",
            "hv_mode": "hvAuto",
            "id": "42319240-ef7f-7aba-59bf-f7f4f9a75905",
            "ide_controller_count": 2,
            "ignored_guest_ips": null,
            "imported": null,
            "latency_sensitivity": "normal",
            "memory": 8096,
            "memory_hot_add_enabled": false,
            "memory_limit": -1,
            "memory_reservation": 0,
            "memory_reservation_locked_to_max": false,
            "memory_share_count": 80960,
            "memory_share_level": "normal",
            "migrate_wait_timeout": 30,
            "moid": "vm-3151",
            "name": "labvm2",
            "nested_hv_enabled": false,
            "network_interface": [
              {
                "adapter_type": "vmxnet3",
                "bandwidth_limit": -1,
                "bandwidth_reservation": 0,
                "bandwidth_share_count": 50,
                "bandwidth_share_level": "normal",
                "device_address": "pci:0:7",
                "key": 4000,
                "mac_address": "00:50:56:b1:cf:61",
                "network_id": "network-2001",
                "ovf_mapping": "",
                "physical_function": "",
                "use_static_mac": false
              }
            ],
            "num_cores_per_socket": 1,
            "num_cpus": 4,
            "nvme_controller_count": 0,
            "ovf_deploy": [],
            "pci_device_id": [],
            "power_state": "on",
            "poweron_timeout": 300,
            "reboot_required": false,
            "replace_trigger": null,
            "resource_pool_id": "resgroup-1020",
            "run_tools_scripts_after_power_on": true,
            "run_tools_scripts_after_resume": true,
            "run_tools_scripts_before_guest_reboot": false,
            "run_tools_scripts_before_guest_shutdown": true,
            "run_tools_scripts_before_guest_standby": true,
            "sata_controller_count": 0,
            "scsi_bus_sharing": "noSharing",
            "scsi_controller_count": 1,
            "scsi_type": "pvscsi",
            "shutdown_wait_timeout": 3,
            "storage_policy_id": "",
            "swap_placement_policy": "inherit",
            "sync_time_with_host": false,
            "sync_time_with_host_periodically": false,
            "tags": [],
            "tools_upgrade_policy": "manual",
            "uuid": "42319240-ef7f-7aba-59bf-f7f4f9a75905",
            "vapp": [],
            "vapp_transport": [],
            "vbs_enabled": false,
            "vmware_tools_status": "guestToolsRunning",
            "vmx_path": "labvm2/labvm2.vmx",
            "vtpm": [],
            "vvtd_enabled": false,
            "wait_for_guest_ip_timeout": 0,
            "wait_for_guest_net_routable": true,
            "wait_for_guest_net_timeout": 5
          },
          "sensitive_attributes": [],
          "identity_schema_version": 0,
          "private": "eyJzY2hlbWFfdmVyc2lvbiI6IjMifQ==",
          "dependencies": [
            "data.vsphere_compute_cluster.cluster",
            "data.vsphere_datacenter.dc",
            "data.vsphere_datastore.datastore",
            "data.vsphere_network.network",
            "data.vsphere_virtual_machine.template"
          ]
        },
        {
          "index_key": 2,
          "schema_version": 3,
          "attributes": {
            "alternate_guest_name": "",
            "annotation": "",
            "boot_delay": 0,
            "boot_retry_delay": 10000,
            "boot_retry_enabled": false,
            "cdrom": [],
            "change_version": "2026-06-09T21:03:19.374758Z",
            "clone": [
              {
                "customization_spec": [],
                "customize": [],
                "linked_clone": false,
                "ovf_network_map": {},
                "ovf_storage_map": {},
                "template_uuid": "42311489-a49f-699d-7255-d62bb31e9784",
                "timeout": 30
              }
            ],
            "cpu_hot_add_enabled": false,
            "cpu_hot_remove_enabled": false,
            "cpu_limit": -1,
            "cpu_performance_counters_enabled": false,
            "cpu_reservation": 0,
            "cpu_share_count": 4000,
            "cpu_share_level": "normal",
            "custom_attributes": {},
            "datacenter_id": null,
            "datastore_cluster_id": null,
            "datastore_id": "datastore-1013",
            "default_ip_address": "192.168.1.114",
            "disk": [
              {
                "attach": false,
                "controller_type": "scsi",
                "datastore_id": "datastore-1013",
                "device_address": "scsi:0:0",
                "disk_mode": "persistent",
                "disk_sharing": "sharingNone",
                "eagerly_scrub": false,
                "io_limit": -1,
                "io_reservation": 0,
                "io_share_count": 1000,
                "io_share_level": "normal",
                "keep_on_remove": false,
                "key": 2000,
                "label": "disk0",
                "path": "labvm3/labvm3.vmdk",
                "size": 100,
                "storage_policy_id": "",
                "thin_provisioned": true,
                "unit_number": 0,
                "uuid": "6000C299-387a-72b8-31fa-398dd37059d4",
                "write_through": false
              }
            ],
            "efi_secure_boot_enabled": false,
            "enable_disk_uuid": false,
            "enable_logging": false,
            "ept_rvi_mode": "automatic",
            "extra_config": {
              "guestinfo.userdata": "I2Nsb3VkLWNvbmZpZwoKaG9zdG5hbWU6IGxhYnZtMwoKcGFja2FnZV91cGRhdGU6IHRydWUKCnBhY2thZ2VzOgogIC0gdWJ1bnR1LWRlc2t0b3AKCnVzZXJzOgogIC0gZGVmYXVsdAogIC0gbmFtZTogbGFidXNlcgogICAgZ3JvdXBzOiBzdWRvLGRvY2tlcgogICAgc2hlbGw6IC9iaW4vYmFzaAogICAgc3VkbzogQUxMPShBTEwpIE5PUEFTU1dEOkFMTAogICAgbG9ja19wYXNzd2Q6IGZhbHNlCiAgICBwYXNzd2Q6ICQ2JEFOV25QU1VWYTcvWHRNTFgkRkNBYTh6eVdFVWVvZWl4SGZkaGRaZGQ2UnpuUHF1cGdWc2phdjNCOXZGQzNCY0Jpb3Q0OWs1aHU2dGd0cUoycy5SVTd5b0cyVVVpWWZHTy5FYklKVy8KCnNzaF9wd2F1dGg6IHRydWUKCnJ1bmNtZDoKICAtIHN1ZG8gbWtkaXIgLXAgL21udC9uZnNzaGFyZS9sYWJ2bTMKICAtIHN1ZG8gbWtkaXIgLXAgL2hvbWUvc3R1ZGVudC93b3Jrc3BhY2UKICAtIHN1ZG8gbW91bnQgLS1iaW5kIC9tbnQvbmZzc2hhcmUvbGFidm0zIC9ob21lL3N0dWRlbnQvd29ya3NwYWNlCiAgLSBlY2hvICIvbW50L25mc3NoYXJlL2xhYnZtMyAvaG9tZS9zdHVkZW50L3dvcmtzcGFjZSBub25lIGJpbmQgMCAwIiA+PiAvZXRjL2ZzdGFiCiAgLSBzdWRvIGNob3duIC1SIHN0dWRlbnQ6c3R1ZGVudCAvbW50L25mc3NoYXJlL2xhYnZtMwogIC0gc3VkbyBjaG93biAtUiBzdHVkZW50OnN0dWRlbnQgL2hvbWUvc3R1ZGVudC93b3Jrc3BhY2UK",
              "guestinfo.userdata.encoding": "base64"
            },
            "extra_config_reboot_required": true,
            "firmware": "bios",
            "folder": "",
            "force_power_off": true,
            "guest_id": "debian11_64Guest",
            "guest_ip_addresses": [
              "192.168.10.254",
              "192.168.1.114",
              "fe80::250:56ff:feb1:f207"
            ],
            "hardware_version": 17,
            "host_system_id": "host-1010",
            "hv_mode": "hvAuto",
            "id": "42315136-c2d7-cf34-4dae-2c4a669357e8",
            "ide_controller_count": 2,
            "ignored_guest_ips": null,
            "imported": null,
            "latency_sensitivity": "normal",
            "memory": 8096,
            "memory_hot_add_enabled": false,
            "memory_limit": -1,
            "memory_reservation": 0,
            "memory_reservation_locked_to_max": false,
            "memory_share_count": 80960,
            "memory_share_level": "normal",
            "migrate_wait_timeout": 30,
            "moid": "vm-3166",
            "name": "labvm3",
            "nested_hv_enabled": false,
            "network_interface": [
              {
                "adapter_type": "vmxnet3",
                "bandwidth_limit": -1,
                "bandwidth_reservation": 0,
                "bandwidth_share_count": 50,
                "bandwidth_share_level": "normal",
                "device_address": "pci:0:7",
                "key": 4000,
                "mac_address": "00:50:56:b1:f2:07",
                "network_id": "network-2001",
                "ovf_mapping": "",
                "physical_function": "",
                "use_static_mac": false
              }
            ],
            "num_cores_per_socket": 1,
            "num_cpus": 4,
            "nvme_controller_count": 0,
            "ovf_deploy": [],
            "pci_device_id": [],
            "power_state": "on",
            "poweron_timeout": 300,
            "reboot_required": false,
            "replace_trigger": null,
            "resource_pool_id": "resgroup-1020",
            "run_tools_scripts_after_power_on": true,
            "run_tools_scripts_after_resume": true,
            "run_tools_scripts_before_guest_reboot": false,
            "run_tools_scripts_before_guest_shutdown": true,
            "run_tools_scripts_before_guest_standby": true,
            "sata_controller_count": 0,
            "scsi_bus_sharing": "noSharing",
            "scsi_controller_count": 1,
            "scsi_type": "pvscsi",
            "shutdown_wait_timeout": 3,
            "storage_policy_id": "",
            "swap_placement_policy": "inherit",
            "sync_time_with_host": false,
            "sync_time_with_host_periodically": false,
            "tags": [],
            "tools_upgrade_policy": "manual",
            "uuid": "42315136-c2d7-cf34-4dae-2c4a669357e8",
            "vapp": [],
            "vapp_transport": [],
            "vbs_enabled": false,
            "vmware_tools_status": "guestToolsRunning",
            "vmx_path": "labvm3/labvm3.vmx",
            "vtpm": [],
            "vvtd_enabled": false,
            "wait_for_guest_ip_timeout": 0,
            "wait_for_guest_net_routable": true,
            "wait_for_guest_net_timeout": 5
          },
          "sensitive_attributes": [],
          "identity_schema_version": 0,
          "private": "eyJzY2hlbWFfdmVyc2lvbiI6IjMifQ==",
          "dependencies": [
            "data.vsphere_compute_cluster.cluster",
            "data.vsphere_datacenter.dc",
            "data.vsphere_datastore.datastore",
            "data.vsphere_network.network",
            "data.vsphere_virtual_machine.template"
          ]
        },
        {
          "index_key": 4,
          "schema_version": 3,
          "attributes": {
            "alternate_guest_name": "",
            "annotation": "",
            "boot_delay": 0,
            "boot_retry_delay": 10000,
            "boot_retry_enabled": false,
            "cdrom": [],
            "change_version": "2026-06-09T21:04:12.416175Z",
            "clone": [
              {
                "customization_spec": [],
                "customize": [],
                "linked_clone": false,
                "ovf_network_map": {},
                "ovf_storage_map": {},
                "template_uuid": "42311489-a49f-699d-7255-d62bb31e9784",
                "timeout": 30
              }
            ],
            "cpu_hot_add_enabled": false,
            "cpu_hot_remove_enabled": false,
            "cpu_limit": -1,
            "cpu_performance_counters_enabled": false,
            "cpu_reservation": 0,
            "cpu_share_count": 4000,
            "cpu_share_level": "normal",
            "custom_attributes": {},
            "datacenter_id": null,
            "datastore_cluster_id": null,
            "datastore_id": "datastore-1013",
            "default_ip_address": "192.168.1.103",
            "disk": [
              {
                "attach": false,
                "controller_type": "scsi",
                "datastore_id": "datastore-1013",
                "device_address": "scsi:0:0",
                "disk_mode": "persistent",
                "disk_sharing": "sharingNone",
                "eagerly_scrub": false,
                "io_limit": -1,
                "io_reservation": 0,
                "io_share_count": 1000,
                "io_share_level": "normal",
                "keep_on_remove": false,
                "key": 2000,
                "label": "disk0",
                "path": "labvm5/labvm5.vmdk",
                "size": 100,
                "storage_policy_id": "",
                "thin_provisioned": true,
                "unit_number": 0,
                "uuid": "6000C292-feb3-8c06-f6b0-c3d667b2c64d",
                "write_through": false
              }
            ],
            "efi_secure_boot_enabled": false,
            "enable_disk_uuid": false,
            "enable_logging": false,
            "ept_rvi_mode": "automatic",
            "extra_config": {
              "guestinfo.userdata": "I2Nsb3VkLWNvbmZpZwoKaG9zdG5hbWU6IGxhYnZtNQoKcGFja2FnZV91cGRhdGU6IHRydWUKCnBhY2thZ2VzOgogIC0gdWJ1bnR1LWRlc2t0b3AKCnVzZXJzOgogIC0gZGVmYXVsdAogIC0gbmFtZTogbGFidXNlcgogICAgZ3JvdXBzOiBzdWRvLGRvY2tlcgogICAgc2hlbGw6IC9iaW4vYmFzaAogICAgc3VkbzogQUxMPShBTEwpIE5PUEFTU1dEOkFMTAogICAgbG9ja19wYXNzd2Q6IGZhbHNlCiAgICBwYXNzd2Q6ICQ2JEFOV25QU1VWYTcvWHRNTFgkRkNBYTh6eVdFVWVvZWl4SGZkaGRaZGQ2UnpuUHF1cGdWc2phdjNCOXZGQzNCY0Jpb3Q0OWs1aHU2dGd0cUoycy5SVTd5b0cyVVVpWWZHTy5FYklKVy8KCnNzaF9wd2F1dGg6IHRydWUKCnJ1bmNtZDoKICAtIHN1ZG8gbWtkaXIgLXAgL21udC9uZnNzaGFyZS9sYWJ2bTUKICAtIHN1ZG8gbWtkaXIgLXAgL2hvbWUvc3R1ZGVudC93b3Jrc3BhY2UKICAtIHN1ZG8gbW91bnQgLS1iaW5kIC9tbnQvbmZzc2hhcmUvbGFidm01IC9ob21lL3N0dWRlbnQvd29ya3NwYWNlCiAgLSBlY2hvICIvbW50L25mc3NoYXJlL2xhYnZtNSAvaG9tZS9zdHVkZW50L3dvcmtzcGFjZSBub25lIGJpbmQgMCAwIiA+PiAvZXRjL2ZzdGFiCiAgLSBzdWRvIGNob3duIC1SIHN0dWRlbnQ6c3R1ZGVudCAvbW50L25mc3NoYXJlL2xhYnZtNQogIC0gc3VkbyBjaG93biAtUiBzdHVkZW50OnN0dWRlbnQgL2hvbWUvc3R1ZGVudC93b3Jrc3BhY2UK",
              "guestinfo.userdata.encoding": "base64"
            },
            "extra_config_reboot_required": true,
            "firmware": "bios",
            "folder": "",
            "force_power_off": true,
            "guest_id": "debian11_64Guest",
            "guest_ip_addresses": [
              "192.168.10.254",
              "192.168.1.103",
              "fe80::250:56ff:feb1:56cb"
            ],
            "hardware_version": 17,
            "host_system_id": "host-1010",
            "hv_mode": "hvAuto",
            "id": "42316bde-ecd2-e19b-8cbe-085c35a89728",
            "ide_controller_count": 2,
            "ignored_guest_ips": null,
            "imported": null,
            "latency_sensitivity": "normal",
            "memory": 8096,
            "memory_hot_add_enabled": false,
            "memory_limit": -1,
            "memory_reservation": 0,
            "memory_reservation_locked_to_max": false,
            "memory_share_count": 80960,
            "memory_share_level": "normal",
            "migrate_wait_timeout": 30,
            "moid": "vm-3156",
            "name": "labvm5",
            "nested_hv_enabled": false,
            "network_interface": [
              {
                "adapter_type": "vmxnet3",
                "bandwidth_limit": -1,
                "bandwidth_reservation": 0,
                "bandwidth_share_count": 50,
                "bandwidth_share_level": "normal",
                "device_address": "pci:0:7",
                "key": 4000,
                "mac_address": "00:50:56:b1:56:cb",
                "network_id": "network-2001",
                "ovf_mapping": "",
                "physical_function": "",
                "use_static_mac": false
              }
            ],
            "num_cores_per_socket": 1,
            "num_cpus": 4,
            "nvme_controller_count": 0,
            "ovf_deploy": [],
            "pci_device_id": [],
            "power_state": "on",
            "poweron_timeout": 300,
            "reboot_required": false,
            "replace_trigger": null,
            "resource_pool_id": "resgroup-1020",
            "run_tools_scripts_after_power_on": true,
            "run_tools_scripts_after_resume": true,
            "run_tools_scripts_before_guest_reboot": false,
            "run_tools_scripts_before_guest_shutdown": true,
            "run_tools_scripts_before_guest_standby": true,
            "sata_controller_count": 0,
            "scsi_bus_sharing": "noSharing",
            "scsi_controller_count": 1,
            "scsi_type": "pvscsi",
            "shutdown_wait_timeout": 3,
            "storage_policy_id": "",
            "swap_placement_policy": "inherit",
            "sync_time_with_host": false,
            "sync_time_with_host_periodically": false,
            "tags": [],
            "tools_upgrade_policy": "manual",
            "uuid": "42316bde-ecd2-e19b-8cbe-085c35a89728",
            "vapp": [],
            "vapp_transport": [],
            "vbs_enabled": false,
            "vmware_tools_status": "guestToolsRunning",
            "vmx_path": "labvm5/labvm5.vmx",
            "vtpm": [],
            "vvtd_enabled": false,
            "wait_for_guest_ip_timeout": 0,
            "wait_for_guest_net_routable": true,
            "wait_for_guest_net_timeout": 5
          },
          "sensitive_attributes": [],
          "identity_schema_version": 0,
          "private": "eyJzY2hlbWFfdmVyc2lvbiI6IjMifQ==",
          "dependencies": [
            "data.vsphere_compute_cluster.cluster",
            "data.vsphere_datacenter.dc",
            "data.vsphere_datastore.datastore",
            "data.vsphere_network.network",
            "data.vsphere_virtual_machine.template"
          ]
        },
        {
          "index_key": 5,
          "schema_version": 3,
          "attributes": {
            "alternate_guest_name": "",
            "annotation": "",
            "boot_delay": 0,
            "boot_retry_delay": 10000,
            "boot_retry_enabled": false,
            "cdrom": [],
            "change_version": "2026-06-09T21:03:18.165672Z",
            "clone": [
              {
                "customization_spec": [],
                "customize": [],
                "linked_clone": false,
                "ovf_network_map": {},
                "ovf_storage_map": {},
                "template_uuid": "42311489-a49f-699d-7255-d62bb31e9784",
                "timeout": 30
              }
            ],
            "cpu_hot_add_enabled": false,
            "cpu_hot_remove_enabled": false,
            "cpu_limit": -1,
            "cpu_performance_counters_enabled": false,
            "cpu_reservation": 0,
            "cpu_share_count": 4000,
            "cpu_share_level": "normal",
            "custom_attributes": {},
            "datacenter_id": null,
            "datastore_cluster_id": null,
            "datastore_id": "datastore-1013",
            "default_ip_address": "192.168.1.120",
            "disk": [
              {
                "attach": false,
                "controller_type": "scsi",
                "datastore_id": "datastore-1013",
                "device_address": "scsi:0:0",
                "disk_mode": "persistent",
                "disk_sharing": "sharingNone",
                "eagerly_scrub": false,
                "io_limit": -1,
                "io_reservation": 0,
                "io_share_count": 1000,
                "io_share_level": "normal",
                "keep_on_remove": false,
                "key": 2000,
                "label": "disk0",
                "path": "labvm6/labvm6.vmdk",
                "size": 100,
                "storage_policy_id": "",
                "thin_provisioned": true,
                "unit_number": 0,
                "uuid": "6000C291-1e47-4d24-04a2-270a9cdb16ed",
                "write_through": false
              }
            ],
            "efi_secure_boot_enabled": false,
            "enable_disk_uuid": false,
            "enable_logging": false,
            "ept_rvi_mode": "automatic",
            "extra_config": {
              "guestinfo.userdata": "I2Nsb3VkLWNvbmZpZwoKaG9zdG5hbWU6IGxhYnZtNgoKcGFja2FnZV91cGRhdGU6IHRydWUKCnBhY2thZ2VzOgogIC0gdWJ1bnR1LWRlc2t0b3AKCnVzZXJzOgogIC0gZGVmYXVsdAogIC0gbmFtZTogbGFidXNlcgogICAgZ3JvdXBzOiBzdWRvLGRvY2tlcgogICAgc2hlbGw6IC9iaW4vYmFzaAogICAgc3VkbzogQUxMPShBTEwpIE5PUEFTU1dEOkFMTAogICAgbG9ja19wYXNzd2Q6IGZhbHNlCiAgICBwYXNzd2Q6ICQ2JEFOV25QU1VWYTcvWHRNTFgkRkNBYTh6eVdFVWVvZWl4SGZkaGRaZGQ2UnpuUHF1cGdWc2phdjNCOXZGQzNCY0Jpb3Q0OWs1aHU2dGd0cUoycy5SVTd5b0cyVVVpWWZHTy5FYklKVy8KCnNzaF9wd2F1dGg6IHRydWUKCnJ1bmNtZDoKICAtIHN1ZG8gbWtkaXIgLXAgL21udC9uZnNzaGFyZS9sYWJ2bTYKICAtIHN1ZG8gbWtkaXIgLXAgL2hvbWUvc3R1ZGVudC93b3Jrc3BhY2UKICAtIHN1ZG8gbW91bnQgLS1iaW5kIC9tbnQvbmZzc2hhcmUvbGFidm02IC9ob21lL3N0dWRlbnQvd29ya3NwYWNlCiAgLSBlY2hvICIvbW50L25mc3NoYXJlL2xhYnZtNiAvaG9tZS9zdHVkZW50L3dvcmtzcGFjZSBub25lIGJpbmQgMCAwIiA+PiAvZXRjL2ZzdGFiCiAgLSBzdWRvIGNob3duIC1SIHN0dWRlbnQ6c3R1ZGVudCAvbW50L25mc3NoYXJlL2xhYnZtNgogIC0gc3VkbyBjaG93biAtUiBzdHVkZW50OnN0dWRlbnQgL2hvbWUvc3R1ZGVudC93b3Jrc3BhY2UK",
              "guestinfo.userdata.encoding": "base64"
            },
            "extra_config_reboot_required": true,
            "firmware": "bios",
            "folder": "",
            "force_power_off": true,
            "guest_id": "debian11_64Guest",
            "guest_ip_addresses": [
              "192.168.10.254",
              "192.168.1.120",
              "fe80::250:56ff:feb1:328e"
            ],
            "hardware_version": 17,
            "host_system_id": "host-1010",
            "hv_mode": "hvAuto",
            "id": "42319ece-98cb-10ad-687d-661b3a8fb999",
            "ide_controller_count": 2,
            "ignored_guest_ips": null,
            "imported": null,
            "latency_sensitivity": "normal",
            "memory": 8096,
            "memory_hot_add_enabled": false,
            "memory_limit": -1,
            "memory_reservation": 0,
            "memory_reservation_locked_to_max": false,
            "memory_share_count": 80960,
            "memory_share_level": "normal",
            "migrate_wait_timeout": 30,
            "moid": "vm-3173",
            "name": "labvm6",
            "nested_hv_enabled": false,
            "network_interface": [
              {
                "adapter_type": "vmxnet3",
                "bandwidth_limit": -1,
                "bandwidth_reservation": 0,
                "bandwidth_share_count": 50,
                "bandwidth_share_level": "normal",
                "device_address": "pci:0:7",
                "key": 4000,
                "mac_address": "00:50:56:b1:32:8e",
                "network_id": "network-2001",
                "ovf_mapping": "",
                "physical_function": "",
                "use_static_mac": false
              }
            ],
            "num_cores_per_socket": 1,
            "num_cpus": 4,
            "nvme_controller_count": 0,
            "ovf_deploy": [],
            "pci_device_id": [],
            "power_state": "on",
            "poweron_timeout": 300,
            "reboot_required": false,
            "replace_trigger": null,
            "resource_pool_id": "resgroup-1020",
            "run_tools_scripts_after_power_on": true,
            "run_tools_scripts_after_resume": true,
            "run_tools_scripts_before_guest_reboot": false,
            "run_tools_scripts_before_guest_shutdown": true,
            "run_tools_scripts_before_guest_standby": true,
            "sata_controller_count": 0,
            "scsi_bus_sharing": "noSharing",
            "scsi_controller_count": 1,
            "scsi_type": "pvscsi",
            "shutdown_wait_timeout": 3,
            "storage_policy_id": "",
            "swap_placement_policy": "inherit",
            "sync_time_with_host": false,
            "sync_time_with_host_periodically": false,
            "tags": [],
            "tools_upgrade_policy": "manual",
            "uuid": "42319ece-98cb-10ad-687d-661b3a8fb999",
            "vapp": [],
            "vapp_transport": [],
            "vbs_enabled": false,
            "vmware_tools_status": "guestToolsRunning",
            "vmx_path": "labvm6/labvm6.vmx",
            "vtpm": [],
            "vvtd_enabled": false,
            "wait_for_guest_ip_timeout": 0,
            "wait_for_guest_net_routable": true,
            "wait_for_guest_net_timeout": 5
          },
          "sensitive_attributes": [],
          "identity_schema_version": 0,
          "private": "eyJzY2hlbWFfdmVyc2lvbiI6IjMifQ==",
          "dependencies": [
            "data.vsphere_compute_cluster.cluster",
            "data.vsphere_datacenter.dc",
            "data.vsphere_datastore.datastore",
            "data.vsphere_network.network",
            "data.vsphere_virtual_machine.template"
          ]
        },
        {
          "index_key": 6,
          "schema_version": 3,
          "attributes": {
            "alternate_guest_name": "",
            "annotation": "",
            "boot_delay": 0,
            "boot_retry_delay": 10000,
            "boot_retry_enabled": false,
            "cdrom": [],
            "change_version": "2026-06-09T21:02:32.315864Z",
            "clone": [
              {
                "customization_spec": [],
                "customize": [],
                "linked_clone": false,
                "ovf_network_map": {},
                "ovf_storage_map": {},
                "template_uuid": "42311489-a49f-699d-7255-d62bb31e9784",
                "timeout": 30
              }
            ],
            "cpu_hot_add_enabled": false,
            "cpu_hot_remove_enabled": false,
            "cpu_limit": -1,
            "cpu_performance_counters_enabled": false,
            "cpu_reservation": 0,
            "cpu_share_count": 4000,
            "cpu_share_level": "normal",
            "custom_attributes": {},
            "datacenter_id": null,
            "datastore_cluster_id": null,
            "datastore_id": "datastore-1013",
            "default_ip_address": "192.168.1.121",
            "disk": [
              {
                "attach": false,
                "controller_type": "scsi",
                "datastore_id": "datastore-1013",
                "device_address": "scsi:0:0",
                "disk_mode": "persistent",
                "disk_sharing": "sharingNone",
                "eagerly_scrub": false,
                "io_limit": -1,
                "io_reservation": 0,
                "io_share_count": 1000,
                "io_share_level": "normal",
                "keep_on_remove": false,
                "key": 2000,
                "label": "disk0",
                "path": "labvm7/labvm7.vmdk",
                "size": 100,
                "storage_policy_id": "",
                "thin_provisioned": true,
                "unit_number": 0,
                "uuid": "6000C29a-1755-3cc1-d2bc-c9bbac78ca0a",
                "write_through": false
              }
            ],
            "efi_secure_boot_enabled": false,
            "enable_disk_uuid": false,
            "enable_logging": false,
            "ept_rvi_mode": "automatic",
            "extra_config": {
              "guestinfo.userdata": "I2Nsb3VkLWNvbmZpZwoKaG9zdG5hbWU6IGxhYnZtNwoKcGFja2FnZV91cGRhdGU6IHRydWUKCnBhY2thZ2VzOgogIC0gdWJ1bnR1LWRlc2t0b3AKCnVzZXJzOgogIC0gZGVmYXVsdAogIC0gbmFtZTogbGFidXNlcgogICAgZ3JvdXBzOiBzdWRvLGRvY2tlcgogICAgc2hlbGw6IC9iaW4vYmFzaAogICAgc3VkbzogQUxMPShBTEwpIE5PUEFTU1dEOkFMTAogICAgbG9ja19wYXNzd2Q6IGZhbHNlCiAgICBwYXNzd2Q6ICQ2JEFOV25QU1VWYTcvWHRNTFgkRkNBYTh6eVdFVWVvZWl4SGZkaGRaZGQ2UnpuUHF1cGdWc2phdjNCOXZGQzNCY0Jpb3Q0OWs1aHU2dGd0cUoycy5SVTd5b0cyVVVpWWZHTy5FYklKVy8KCnNzaF9wd2F1dGg6IHRydWUKCnJ1bmNtZDoKICAtIHN1ZG8gbWtkaXIgLXAgL21udC9uZnNzaGFyZS9sYWJ2bTcKICAtIHN1ZG8gbWtkaXIgLXAgL2hvbWUvc3R1ZGVudC93b3Jrc3BhY2UKICAtIHN1ZG8gbW91bnQgLS1iaW5kIC9tbnQvbmZzc2hhcmUvbGFidm03IC9ob21lL3N0dWRlbnQvd29ya3NwYWNlCiAgLSBlY2hvICIvbW50L25mc3NoYXJlL2xhYnZtNyAvaG9tZS9zdHVkZW50L3dvcmtzcGFjZSBub25lIGJpbmQgMCAwIiA+PiAvZXRjL2ZzdGFiCiAgLSBzdWRvIGNob3duIC1SIHN0dWRlbnQ6c3R1ZGVudCAvbW50L25mc3NoYXJlL2xhYnZtNwogIC0gc3VkbyBjaG93biAtUiBzdHVkZW50OnN0dWRlbnQgL2hvbWUvc3R1ZGVudC93b3Jrc3BhY2UK",
              "guestinfo.userdata.encoding": "base64"
            },
            "extra_config_reboot_required": true,
            "firmware": "bios",
            "folder": "",
            "force_power_off": true,
            "guest_id": "debian11_64Guest",
            "guest_ip_addresses": [
              "192.168.10.254",
              "192.168.1.121",
              "fe80::250:56ff:feb1:60e9"
            ],
            "hardware_version": 17,
            "host_system_id": "host-1010",
            "hv_mode": "hvAuto",
            "id": "42314e50-f86e-0d4b-c6ff-f791dc3ba5b5",
            "ide_controller_count": 2,
            "ignored_guest_ips": null,
            "imported": null,
            "latency_sensitivity": "normal",
            "memory": 8096,
            "memory_hot_add_enabled": false,
            "memory_limit": -1,
            "memory_reservation": 0,
            "memory_reservation_locked_to_max": false,
            "memory_share_count": 80960,
            "memory_share_level": "normal",
            "migrate_wait_timeout": 30,
            "moid": "vm-3174",
            "name": "labvm7",
            "nested_hv_enabled": false,
            "network_interface": [
              {
                "adapter_type": "vmxnet3",
                "bandwidth_limit": -1,
                "bandwidth_reservation": 0,
                "bandwidth_share_count": 50,
                "bandwidth_share_level": "normal",
                "device_address": "pci:0:7",
                "key": 4000,
                "mac_address": "00:50:56:b1:60:e9",
                "network_id": "network-2001",
                "ovf_mapping": "",
                "physical_function": "",
                "use_static_mac": false
              }
            ],
            "num_cores_per_socket": 1,
            "num_cpus": 4,
            "nvme_controller_count": 0,
            "ovf_deploy": [],
            "pci_device_id": [],
            "power_state": "on",
            "poweron_timeout": 300,
            "reboot_required": false,
            "replace_trigger": null,
            "resource_pool_id": "resgroup-1020",
            "run_tools_scripts_after_power_on": true,
            "run_tools_scripts_after_resume": true,
            "run_tools_scripts_before_guest_reboot": false,
            "run_tools_scripts_before_guest_shutdown": true,
            "run_tools_scripts_before_guest_standby": true,
            "sata_controller_count": 0,
            "scsi_bus_sharing": "noSharing",
            "scsi_controller_count": 1,
            "scsi_type": "pvscsi",
            "shutdown_wait_timeout": 3,
            "storage_policy_id": "",
            "swap_placement_policy": "inherit",
            "sync_time_with_host": false,
            "sync_time_with_host_periodically": false,
            "tags": [],
            "tools_upgrade_policy": "manual",
            "uuid": "42314e50-f86e-0d4b-c6ff-f791dc3ba5b5",
            "vapp": [],
            "vapp_transport": [],
            "vbs_enabled": false,
            "vmware_tools_status": "guestToolsRunning",
            "vmx_path": "labvm7/labvm7.vmx",
            "vtpm": [],
            "vvtd_enabled": false,
            "wait_for_guest_ip_timeout": 0,
            "wait_for_guest_net_routable": true,
            "wait_for_guest_net_timeout": 5
          },
          "sensitive_attributes": [],
          "identity_schema_version": 0,
          "private": "eyJzY2hlbWFfdmVyc2lvbiI6IjMifQ==",
          "dependencies": [
            "data.vsphere_compute_cluster.cluster",
            "data.vsphere_datacenter.dc",
            "data.vsphere_datastore.datastore",
            "data.vsphere_network.network",
            "data.vsphere_virtual_machine.template"
          ]
        },
        {
          "index_key": 7,
          "schema_version": 3,
          "attributes": {
            "alternate_guest_name": "",
            "annotation": "",
            "boot_delay": 0,
            "boot_retry_delay": 10000,
            "boot_retry_enabled": false,
            "cdrom": [],
            "change_version": "2026-06-09T21:02:32.179853Z",
            "clone": [
              {
                "customization_spec": [],
                "customize": [],
                "linked_clone": false,
                "ovf_network_map": {},
                "ovf_storage_map": {},
                "template_uuid": "42311489-a49f-699d-7255-d62bb31e9784",
                "timeout": 30
              }
            ],
            "cpu_hot_add_enabled": false,
            "cpu_hot_remove_enabled": false,
            "cpu_limit": -1,
            "cpu_performance_counters_enabled": false,
            "cpu_reservation": 0,
            "cpu_share_count": 4000,
            "cpu_share_level": "normal",
            "custom_attributes": {},
            "datacenter_id": null,
            "datastore_cluster_id": null,
            "datastore_id": "datastore-1013",
            "default_ip_address": "192.168.1.110",
            "disk": [
              {
                "attach": false,
                "controller_type": "scsi",
                "datastore_id": "datastore-1013",
                "device_address": "scsi:0:0",
                "disk_mode": "persistent",
                "disk_sharing": "sharingNone",
                "eagerly_scrub": false,
                "io_limit": -1,
                "io_reservation": 0,
                "io_share_count": 1000,
                "io_share_level": "normal",
                "keep_on_remove": false,
                "key": 2000,
                "label": "disk0",
                "path": "labvm8/labvm8.vmdk",
                "size": 100,
                "storage_policy_id": "",
                "thin_provisioned": true,
                "unit_number": 0,
                "uuid": "6000C29b-f7e4-5280-555b-6bac5c0acb57",
                "write_through": false
              }
            ],
            "efi_secure_boot_enabled": false,
            "enable_disk_uuid": false,
            "enable_logging": false,
            "ept_rvi_mode": "automatic",
            "extra_config": {
              "guestinfo.userdata": "I2Nsb3VkLWNvbmZpZwoKaG9zdG5hbWU6IGxhYnZtOAoKcGFja2FnZV91cGRhdGU6IHRydWUKCnBhY2thZ2VzOgogIC0gdWJ1bnR1LWRlc2t0b3AKCnVzZXJzOgogIC0gZGVmYXVsdAogIC0gbmFtZTogbGFidXNlcgogICAgZ3JvdXBzOiBzdWRvLGRvY2tlcgogICAgc2hlbGw6IC9iaW4vYmFzaAogICAgc3VkbzogQUxMPShBTEwpIE5PUEFTU1dEOkFMTAogICAgbG9ja19wYXNzd2Q6IGZhbHNlCiAgICBwYXNzd2Q6ICQ2JEFOV25QU1VWYTcvWHRNTFgkRkNBYTh6eVdFVWVvZWl4SGZkaGRaZGQ2UnpuUHF1cGdWc2phdjNCOXZGQzNCY0Jpb3Q0OWs1aHU2dGd0cUoycy5SVTd5b0cyVVVpWWZHTy5FYklKVy8KCnNzaF9wd2F1dGg6IHRydWUKCnJ1bmNtZDoKICAtIHN1ZG8gbWtkaXIgLXAgL21udC9uZnNzaGFyZS9sYWJ2bTgKICAtIHN1ZG8gbWtkaXIgLXAgL2hvbWUvc3R1ZGVudC93b3Jrc3BhY2UKICAtIHN1ZG8gbW91bnQgLS1iaW5kIC9tbnQvbmZzc2hhcmUvbGFidm04IC9ob21lL3N0dWRlbnQvd29ya3NwYWNlCiAgLSBlY2hvICIvbW50L25mc3NoYXJlL2xhYnZtOCAvaG9tZS9zdHVkZW50L3dvcmtzcGFjZSBub25lIGJpbmQgMCAwIiA+PiAvZXRjL2ZzdGFiCiAgLSBzdWRvIGNob3duIC1SIHN0dWRlbnQ6c3R1ZGVudCAvbW50L25mc3NoYXJlL2xhYnZtOAogIC0gc3VkbyBjaG93biAtUiBzdHVkZW50OnN0dWRlbnQgL2hvbWUvc3R1ZGVudC93b3Jrc3BhY2UK",
              "guestinfo.userdata.encoding": "base64"
            },
            "extra_config_reboot_required": true,
            "firmware": "bios",
            "folder": "",
            "force_power_off": true,
            "guest_id": "debian11_64Guest",
            "guest_ip_addresses": [
              "192.168.10.254",
              "192.168.1.110",
              "fe80::250:56ff:feb1:6f95"
            ],
            "hardware_version": 17,
            "host_system_id": "host-1010",
            "hv_mode": "hvAuto",
            "id": "4231de4f-26c5-9639-6f8d-1d7e65fccfad",
            "ide_controller_count": 2,
            "ignored_guest_ips": null,
            "imported": null,
            "latency_sensitivity": "normal",
            "memory": 8096,
            "memory_hot_add_enabled": false,
            "memory_limit": -1,
            "memory_reservation": 0,
            "memory_reservation_locked_to_max": false,
            "memory_share_count": 80960,
            "memory_share_level": "normal",
            "migrate_wait_timeout": 30,
            "moid": "vm-3161",
            "name": "labvm8",
            "nested_hv_enabled": false,
            "network_interface": [
              {
                "adapter_type": "vmxnet3",
                "bandwidth_limit": -1,
                "bandwidth_reservation": 0,
                "bandwidth_share_count": 50,
                "bandwidth_share_level": "normal",
                "device_address": "pci:0:7",
                "key": 4000,
                "mac_address": "00:50:56:b1:6f:95",
                "network_id": "network-2001",
                "ovf_mapping": "",
                "physical_function": "",
                "use_static_mac": false
              }
            ],
            "num_cores_per_socket": 1,
            "num_cpus": 4,
            "nvme_controller_count": 0,
            "ovf_deploy": [],
            "pci_device_id": [],
            "power_state": "on",
            "poweron_timeout": 300,
            "reboot_required": false,
            "replace_trigger": null,
            "resource_pool_id": "resgroup-1020",
            "run_tools_scripts_after_power_on": true,
            "run_tools_scripts_after_resume": true,
            "run_tools_scripts_before_guest_reboot": false,
            "run_tools_scripts_before_guest_shutdown": true,
            "run_tools_scripts_before_guest_standby": true,
            "sata_controller_count": 0,
            "scsi_bus_sharing": "noSharing",
            "scsi_controller_count": 1,
            "scsi_type": "pvscsi",
            "shutdown_wait_timeout": 3,
            "storage_policy_id": "",
            "swap_placement_policy": "inherit",
            "sync_time_with_host": false,
            "sync_time_with_host_periodically": false,
            "tags": [],
            "tools_upgrade_policy": "manual",
            "uuid": "4231de4f-26c5-9639-6f8d-1d7e65fccfad",
            "vapp": [],
            "vapp_transport": [],
            "vbs_enabled": false,
            "vmware_tools_status": "guestToolsRunning",
            "vmx_path": "labvm8/labvm8.vmx",
            "vtpm": [],
            "vvtd_enabled": false,
            "wait_for_guest_ip_timeout": 0,
            "wait_for_guest_net_routable": true,
            "wait_for_guest_net_timeout": 5
          },
          "sensitive_attributes": [],
          "identity_schema_version": 0,
          "private": "eyJzY2hlbWFfdmVyc2lvbiI6IjMifQ==",
          "dependencies": [
            "data.vsphere_compute_cluster.cluster",
            "data.vsphere_datacenter.dc",
            "data.vsphere_datastore.datastore",
            "data.vsphere_network.network",
            "data.vsphere_virtual_machine.template"
          ]
        },
        {
          "index_key": 8,
          "schema_version": 3,
          "attributes": {
            "alternate_guest_name": "",
            "annotation": "",
            "boot_delay": 0,
            "boot_retry_delay": 10000,
            "boot_retry_enabled": false,
            "cdrom": [],
            "change_version": "2026-06-09T21:03:56.451116Z",
            "clone": [
              {
                "customization_spec": [],
                "customize": [],
                "linked_clone": false,
                "ovf_network_map": {},
                "ovf_storage_map": {},
                "template_uuid": "42311489-a49f-699d-7255-d62bb31e9784",
                "timeout": 30
              }
            ],
            "cpu_hot_add_enabled": false,
            "cpu_hot_remove_enabled": false,
            "cpu_limit": -1,
            "cpu_performance_counters_enabled": false,
            "cpu_reservation": 0,
            "cpu_share_count": 4000,
            "cpu_share_level": "normal",
            "custom_attributes": {},
            "datacenter_id": null,
            "datastore_cluster_id": null,
            "datastore_id": "datastore-1013",
            "default_ip_address": "192.168.1.101",
            "disk": [
              {
                "attach": false,
                "controller_type": "scsi",
                "datastore_id": "datastore-1013",
                "device_address": "scsi:0:0",
                "disk_mode": "persistent",
                "disk_sharing": "sharingNone",
                "eagerly_scrub": false,
                "io_limit": -1,
                "io_reservation": 0,
                "io_share_count": 1000,
                "io_share_level": "normal",
                "keep_on_remove": false,
                "key": 2000,
                "label": "disk0",
                "path": "labvm9/labvm9.vmdk",
                "size": 100,
                "storage_policy_id": "",
                "thin_provisioned": true,
                "unit_number": 0,
                "uuid": "6000C290-fc37-2f72-307f-93546f918a0f",
                "write_through": false
              }
            ],
            "efi_secure_boot_enabled": false,
            "enable_disk_uuid": false,
            "enable_logging": false,
            "ept_rvi_mode": "automatic",
            "extra_config": {
              "guestinfo.userdata": "I2Nsb3VkLWNvbmZpZwoKaG9zdG5hbWU6IGxhYnZtOQoKcGFja2FnZV91cGRhdGU6IHRydWUKCnBhY2thZ2VzOgogIC0gdWJ1bnR1LWRlc2t0b3AKCnVzZXJzOgogIC0gZGVmYXVsdAogIC0gbmFtZTogbGFidXNlcgogICAgZ3JvdXBzOiBzdWRvLGRvY2tlcgogICAgc2hlbGw6IC9iaW4vYmFzaAogICAgc3VkbzogQUxMPShBTEwpIE5PUEFTU1dEOkFMTAogICAgbG9ja19wYXNzd2Q6IGZhbHNlCiAgICBwYXNzd2Q6ICQ2JEFOV25QU1VWYTcvWHRNTFgkRkNBYTh6eVdFVWVvZWl4SGZkaGRaZGQ2UnpuUHF1cGdWc2phdjNCOXZGQzNCY0Jpb3Q0OWs1aHU2dGd0cUoycy5SVTd5b0cyVVVpWWZHTy5FYklKVy8KCnNzaF9wd2F1dGg6IHRydWUKCnJ1bmNtZDoKICAtIHN1ZG8gbWtkaXIgLXAgL21udC9uZnNzaGFyZS9sYWJ2bTkKICAtIHN1ZG8gbWtkaXIgLXAgL2hvbWUvc3R1ZGVudC93b3Jrc3BhY2UKICAtIHN1ZG8gbW91bnQgLS1iaW5kIC9tbnQvbmZzc2hhcmUvbGFidm05IC9ob21lL3N0dWRlbnQvd29ya3NwYWNlCiAgLSBlY2hvICIvbW50L25mc3NoYXJlL2xhYnZtOSAvaG9tZS9zdHVkZW50L3dvcmtzcGFjZSBub25lIGJpbmQgMCAwIiA+PiAvZXRjL2ZzdGFiCiAgLSBzdWRvIGNob3duIC1SIHN0dWRlbnQ6c3R1ZGVudCAvbW50L25mc3NoYXJlL2xhYnZtOQogIC0gc3VkbyBjaG93biAtUiBzdHVkZW50OnN0dWRlbnQgL2hvbWUvc3R1ZGVudC93b3Jrc3BhY2UK",
              "guestinfo.userdata.encoding": "base64"
            },
            "extra_config_reboot_required": true,
            "firmware": "bios",
            "folder": "",
            "force_power_off": true,
            "guest_id": "debian11_64Guest",
            "guest_ip_addresses": [
              "192.168.10.254",
              "192.168.1.101",
              "fe80::250:56ff:feb1:c984"
            ],
            "hardware_version": 17,
            "host_system_id": "host-1010",
            "hv_mode": "hvAuto",
            "id": "4231a04e-e69d-a25e-b8eb-d7794c4d6a1e",
            "ide_controller_count": 2,
            "ignored_guest_ips": null,
            "imported": null,
            "latency_sensitivity": "normal",
            "memory": 8096,
            "memory_hot_add_enabled": false,
            "memory_limit": -1,
            "memory_reservation": 0,
            "memory_reservation_locked_to_max": false,
            "memory_share_count": 80960,
            "memory_share_level": "normal",
            "migrate_wait_timeout": 30,
            "moid": "vm-3155",
            "name": "labvm9",
            "nested_hv_enabled": false,
            "network_interface": [
              {
                "adapter_type": "vmxnet3",
                "bandwidth_limit": -1,
                "bandwidth_reservation": 0,
                "bandwidth_share_count": 50,
                "bandwidth_share_level": "normal",
                "device_address": "pci:0:7",
                "key": 4000,
                "mac_address": "00:50:56:b1:c9:84",
                "network_id": "network-2001",
                "ovf_mapping": "",
                "physical_function": "",
                "use_static_mac": false
              }
            ],
            "num_cores_per_socket": 1,
            "num_cpus": 4,
            "nvme_controller_count": 0,
            "ovf_deploy": [],
            "pci_device_id": [],
            "power_state": "on",
            "poweron_timeout": 300,
            "reboot_required": false,
            "replace_trigger": null,
            "resource_pool_id": "resgroup-1020",
            "run_tools_scripts_after_power_on": true,
            "run_tools_scripts_after_resume": true,
            "run_tools_scripts_before_guest_reboot": false,
            "run_tools_scripts_before_guest_shutdown": true,
            "run_tools_scripts_before_guest_standby": true,
            "sata_controller_count": 0,
            "scsi_bus_sharing": "noSharing",
            "scsi_controller_count": 1,
            "scsi_type": "pvscsi",
            "shutdown_wait_timeout": 3,
            "storage_policy_id": "",
            "swap_placement_policy": "inherit",
            "sync_time_with_host": false,
            "sync_time_with_host_periodically": false,
            "tags": [],
            "tools_upgrade_policy": "manual",
            "uuid": "4231a04e-e69d-a25e-b8eb-d7794c4d6a1e",
            "vapp": [],
            "vapp_transport": [],
            "vbs_enabled": false,
            "vmware_tools_status": "guestToolsRunning",
            "vmx_path": "labvm9/labvm9.vmx",
            "vtpm": [],
            "vvtd_enabled": false,
            "wait_for_guest_ip_timeout": 0,
            "wait_for_guest_net_routable": true,
            "wait_for_guest_net_timeout": 5
          },
          "sensitive_attributes": [],
          "identity_schema_version": 0,
          "private": "eyJzY2hlbWFfdmVyc2lvbiI6IjMifQ==",
          "dependencies": [
            "data.vsphere_compute_cluster.cluster",
            "data.vsphere_datacenter.dc",
            "data.vsphere_datastore.datastore",
            "data.vsphere_network.network",
            "data.vsphere_virtual_machine.template"
          ]
        },
        {
          "index_key": 9,
          "schema_version": 3,
          "attributes": {
            "alternate_guest_name": "",
            "annotation": "",
            "boot_delay": 0,
            "boot_retry_delay": 10000,
            "boot_retry_enabled": false,
            "cdrom": [],
            "change_version": "2026-06-09T21:02:27.347582Z",
            "clone": [
              {
                "customization_spec": [],
                "customize": [],
                "linked_clone": false,
                "ovf_network_map": {},
                "ovf_storage_map": {},
                "template_uuid": "42311489-a49f-699d-7255-d62bb31e9784",
                "timeout": 30
              }
            ],
            "cpu_hot_add_enabled": false,
            "cpu_hot_remove_enabled": false,
            "cpu_limit": -1,
            "cpu_performance_counters_enabled": false,
            "cpu_reservation": 0,
            "cpu_share_count": 4000,
            "cpu_share_level": "normal",
            "custom_attributes": {},
            "datacenter_id": null,
            "datastore_cluster_id": null,
            "datastore_id": "datastore-1013",
            "default_ip_address": "192.168.1.112",
            "disk": [
              {
                "attach": false,
                "controller_type": "scsi",
                "datastore_id": "datastore-1013",
                "device_address": "scsi:0:0",
                "disk_mode": "persistent",
                "disk_sharing": "sharingNone",
                "eagerly_scrub": false,
                "io_limit": -1,
                "io_reservation": 0,
                "io_share_count": 1000,
                "io_share_level": "normal",
                "keep_on_remove": false,
                "key": 2000,
                "label": "disk0",
                "path": "labvm10/labvm10.vmdk",
                "size": 100,
                "storage_policy_id": "",
                "thin_provisioned": true,
                "unit_number": 0,
                "uuid": "6000C29d-d3b7-dbac-584f-5791d5f7f79c",
                "write_through": false
              }
            ],
            "efi_secure_boot_enabled": false,
            "enable_disk_uuid": false,
            "enable_logging": false,
            "ept_rvi_mode": "automatic",
            "extra_config": {
              "guestinfo.userdata": "I2Nsb3VkLWNvbmZpZwoKaG9zdG5hbWU6IGxhYnZtMTAKCnBhY2thZ2VfdXBkYXRlOiB0cnVlCgpwYWNrYWdlczoKICAtIHVidW50dS1kZXNrdG9wCgp1c2VyczoKICAtIGRlZmF1bHQKICAtIG5hbWU6IGxhYnVzZXIKICAgIGdyb3Vwczogc3Vkbyxkb2NrZXIKICAgIHNoZWxsOiAvYmluL2Jhc2gKICAgIHN1ZG86IEFMTD0oQUxMKSBOT1BBU1NXRDpBTEwKICAgIGxvY2tfcGFzc3dkOiBmYWxzZQogICAgcGFzc3dkOiAkNiRBTlduUFNVVmE3L1h0TUxYJEZDQWE4enlXRVVlb2VpeEhmZGhkWmRkNlJ6blBxdXBnVnNqYXYzQjl2RkMzQmNCaW90NDlrNWh1NnRndHFKMnMuUlU3eW9HMlVVaVlmR08uRWJJSlcvCgpzc2hfcHdhdXRoOiB0cnVlCgpydW5jbWQ6CiAgLSBzdWRvIG1rZGlyIC1wIC9tbnQvbmZzc2hhcmUvbGFidm0xMAogIC0gc3VkbyBta2RpciAtcCAvaG9tZS9zdHVkZW50L3dvcmtzcGFjZQogIC0gc3VkbyBtb3VudCAtLWJpbmQgL21udC9uZnNzaGFyZS9sYWJ2bTEwIC9ob21lL3N0dWRlbnQvd29ya3NwYWNlCiAgLSBlY2hvICIvbW50L25mc3NoYXJlL2xhYnZtMTAgL2hvbWUvc3R1ZGVudC93b3Jrc3BhY2Ugbm9uZSBiaW5kIDAgMCIgPj4gL2V0Yy9mc3RhYgogIC0gc3VkbyBjaG93biAtUiBzdHVkZW50OnN0dWRlbnQgL21udC9uZnNzaGFyZS9sYWJ2bTEwCiAgLSBzdWRvIGNob3duIC1SIHN0dWRlbnQ6c3R1ZGVudCAvaG9tZS9zdHVkZW50L3dvcmtzcGFjZQo=",
              "guestinfo.userdata.encoding": "base64"
            },
            "extra_config_reboot_required": true,
            "firmware": "bios",
            "folder": "",
            "force_power_off": true,
            "guest_id": "debian11_64Guest",
            "guest_ip_addresses": [
              "192.168.10.254",
              "192.168.1.112",
              "fe80::250:56ff:feb1:ab07"
            ],
            "hardware_version": 17,
            "host_system_id": "host-1010",
            "hv_mode": "hvAuto",
            "id": "42314d6b-549a-42cf-703b-578cb655c3b3",
            "ide_controller_count": 2,
            "ignored_guest_ips": null,
            "imported": null,
            "latency_sensitivity": "normal",
            "memory": 8096,
            "memory_hot_add_enabled": false,
            "memory_limit": -1,
            "memory_reservation": 0,
            "memory_reservation_locked_to_max": false,
            "memory_share_count": 80960,
            "memory_share_level": "normal",
            "migrate_wait_timeout": 30,
            "moid": "vm-3170",
            "name": "labvm10",
            "nested_hv_enabled": false,
            "network_interface": [
              {
                "adapter_type": "vmxnet3",
                "bandwidth_limit": -1,
                "bandwidth_reservation": 0,
                "bandwidth_share_count": 50,
                "bandwidth_share_level": "normal",
                "device_address": "pci:0:7",
                "key": 4000,
                "mac_address": "00:50:56:b1:ab:07",
                "network_id": "network-2001",
                "ovf_mapping": "",
                "physical_function": "",
                "use_static_mac": false
              }
            ],
            "num_cores_per_socket": 1,
            "num_cpus": 4,
            "nvme_controller_count": 0,
            "ovf_deploy": [],
            "pci_device_id": [],
            "power_state": "on",
            "poweron_timeout": 300,
            "reboot_required": false,
            "replace_trigger": null,
            "resource_pool_id": "resgroup-1020",
            "run_tools_scripts_after_power_on": true,
            "run_tools_scripts_after_resume": true,
            "run_tools_scripts_before_guest_reboot": false,
            "run_tools_scripts_before_guest_shutdown": true,
            "run_tools_scripts_before_guest_standby": true,
            "sata_controller_count": 0,
            "scsi_bus_sharing": "noSharing",
            "scsi_controller_count": 1,
            "scsi_type": "pvscsi",
            "shutdown_wait_timeout": 3,
            "storage_policy_id": "",
            "swap_placement_policy": "inherit",
            "sync_time_with_host": false,
            "sync_time_with_host_periodically": false,
            "tags": [],
            "tools_upgrade_policy": "manual",
            "uuid": "42314d6b-549a-42cf-703b-578cb655c3b3",
            "vapp": [],
            "vapp_transport": [],
            "vbs_enabled": false,
            "vmware_tools_status": "guestToolsRunning",
            "vmx_path": "labvm10/labvm10.vmx",
            "vtpm": [],
            "vvtd_enabled": false,
            "wait_for_guest_ip_timeout": 0,
            "wait_for_guest_net_routable": true,
            "wait_for_guest_net_timeout": 5
          },
          "sensitive_attributes": [],
          "identity_schema_version": 0,
          "private": "eyJzY2hlbWFfdmVyc2lvbiI6IjMifQ==",
          "dependencies": [
            "data.vsphere_compute_cluster.cluster",
            "data.vsphere_datacenter.dc",
            "data.vsphere_datastore.datastore",
            "data.vsphere_network.network",
            "data.vsphere_virtual_machine.template"
          ]
        },
        {
          "index_key": 10,
          "schema_version": 3,
          "attributes": {
            "alternate_guest_name": "",
            "annotation": "",
            "boot_delay": 0,
            "boot_retry_delay": 10000,
            "boot_retry_enabled": false,
            "cdrom": [],
            "change_version": "2026-06-09T21:02:28.810226Z",
            "clone": [
              {
                "customization_spec": [],
                "customize": [],
                "linked_clone": false,
                "ovf_network_map": {},
                "ovf_storage_map": {},
                "template_uuid": "42311489-a49f-699d-7255-d62bb31e9784",
                "timeout": 30
              }
            ],
            "cpu_hot_add_enabled": false,
            "cpu_hot_remove_enabled": false,
            "cpu_limit": -1,
            "cpu_performance_counters_enabled": false,
            "cpu_reservation": 0,
            "cpu_share_count": 4000,
            "cpu_share_level": "normal",
            "custom_attributes": {},
            "datacenter_id": null,
            "datastore_cluster_id": null,
            "datastore_id": "datastore-1013",
            "default_ip_address": "192.168.1.102",
            "disk": [
              {
                "attach": false,
                "controller_type": "scsi",
                "datastore_id": "datastore-1013",
                "device_address": "scsi:0:0",
                "disk_mode": "persistent",
                "disk_sharing": "sharingNone",
                "eagerly_scrub": false,
                "io_limit": -1,
                "io_reservation": 0,
                "io_share_count": 1000,
                "io_share_level": "normal",
                "keep_on_remove": false,
                "key": 2000,
                "label": "disk0",
                "path": "labvm11/labvm11.vmdk",
                "size": 100,
                "storage_policy_id": "",
                "thin_provisioned": true,
                "unit_number": 0,
                "uuid": "6000C292-5edd-0ac2-d105-e8299998558e",
                "write_through": false
              }
            ],
            "efi_secure_boot_enabled": false,
            "enable_disk_uuid": false,
            "enable_logging": false,
            "ept_rvi_mode": "automatic",
            "extra_config": {
              "guestinfo.userdata": "I2Nsb3VkLWNvbmZpZwoKaG9zdG5hbWU6IGxhYnZtMTEKCnBhY2thZ2VfdXBkYXRlOiB0cnVlCgpwYWNrYWdlczoKICAtIHVidW50dS1kZXNrdG9wCgp1c2VyczoKICAtIGRlZmF1bHQKICAtIG5hbWU6IGxhYnVzZXIKICAgIGdyb3Vwczogc3Vkbyxkb2NrZXIKICAgIHNoZWxsOiAvYmluL2Jhc2gKICAgIHN1ZG86IEFMTD0oQUxMKSBOT1BBU1NXRDpBTEwKICAgIGxvY2tfcGFzc3dkOiBmYWxzZQogICAgcGFzc3dkOiAkNiRBTlduUFNVVmE3L1h0TUxYJEZDQWE4enlXRVVlb2VpeEhmZGhkWmRkNlJ6blBxdXBnVnNqYXYzQjl2RkMzQmNCaW90NDlrNWh1NnRndHFKMnMuUlU3eW9HMlVVaVlmR08uRWJJSlcvCgpzc2hfcHdhdXRoOiB0cnVlCgpydW5jbWQ6CiAgLSBzdWRvIG1rZGlyIC1wIC9tbnQvbmZzc2hhcmUvbGFidm0xMQogIC0gc3VkbyBta2RpciAtcCAvaG9tZS9zdHVkZW50L3dvcmtzcGFjZQogIC0gc3VkbyBtb3VudCAtLWJpbmQgL21udC9uZnNzaGFyZS9sYWJ2bTExIC9ob21lL3N0dWRlbnQvd29ya3NwYWNlCiAgLSBlY2hvICIvbW50L25mc3NoYXJlL2xhYnZtMTEgL2hvbWUvc3R1ZGVudC93b3Jrc3BhY2Ugbm9uZSBiaW5kIDAgMCIgPj4gL2V0Yy9mc3RhYgogIC0gc3VkbyBjaG93biAtUiBzdHVkZW50OnN0dWRlbnQgL21udC9uZnNzaGFyZS9sYWJ2bTExCiAgLSBzdWRvIGNob3duIC1SIHN0dWRlbnQ6c3R1ZGVudCAvaG9tZS9zdHVkZW50L3dvcmtzcGFjZQo=",
              "guestinfo.userdata.encoding": "base64"
            },
            "extra_config_reboot_required": true,
            "firmware": "bios",
            "folder": "",
            "force_power_off": true,
            "guest_id": "debian11_64Guest",
            "guest_ip_addresses": [
              "192.168.10.254",
              "192.168.1.102",
              "fe80::250:56ff:feb1:c3cd"
            ],
            "hardware_version": 17,
            "host_system_id": "host-1010",
            "hv_mode": "hvAuto",
            "id": "42317a4b-ace3-25c9-91c0-7b87367cca8a",
            "ide_controller_count": 2,
            "ignored_guest_ips": null,
            "imported": null,
            "latency_sensitivity": "normal",
            "memory": 8096,
            "memory_hot_add_enabled": false,
            "memory_limit": -1,
            "memory_reservation": 0,
            "memory_reservation_locked_to_max": false,
            "memory_share_count": 80960,
            "memory_share_level": "normal",
            "migrate_wait_timeout": 30,
            "moid": "vm-3153",
            "name": "labvm11",
            "nested_hv_enabled": false,
            "network_interface": [
              {
                "adapter_type": "vmxnet3",
                "bandwidth_limit": -1,
                "bandwidth_reservation": 0,
                "bandwidth_share_count": 50,
                "bandwidth_share_level": "normal",
                "device_address": "pci:0:7",
                "key": 4000,
                "mac_address": "00:50:56:b1:c3:cd",
                "network_id": "network-2001",
                "ovf_mapping": "",
                "physical_function": "",
                "use_static_mac": false
              }
            ],
            "num_cores_per_socket": 1,
            "num_cpus": 4,
            "nvme_controller_count": 0,
            "ovf_deploy": [],
            "pci_device_id": [],
            "power_state": "on",
            "poweron_timeout": 300,
            "reboot_required": false,
            "replace_trigger": null,
            "resource_pool_id": "resgroup-1020",
            "run_tools_scripts_after_power_on": true,
            "run_tools_scripts_after_resume": true,
            "run_tools_scripts_before_guest_reboot": false,
            "run_tools_scripts_before_guest_shutdown": true,
            "run_tools_scripts_before_guest_standby": true,
            "sata_controller_count": 0,
            "scsi_bus_sharing": "noSharing",
            "scsi_controller_count": 1,
            "scsi_type": "pvscsi",
            "shutdown_wait_timeout": 3,
            "storage_policy_id": "",
            "swap_placement_policy": "inherit",
            "sync_time_with_host": false,
            "sync_time_with_host_periodically": false,
            "tags": [],
            "tools_upgrade_policy": "manual",
            "uuid": "42317a4b-ace3-25c9-91c0-7b87367cca8a",
            "vapp": [],
            "vapp_transport": [],
            "vbs_enabled": false,
            "vmware_tools_status": "guestToolsRunning",
            "vmx_path": "labvm11/labvm11.vmx",
            "vtpm": [],
            "vvtd_enabled": false,
            "wait_for_guest_ip_timeout": 0,
            "wait_for_guest_net_routable": true,
            "wait_for_guest_net_timeout": 5
          },
          "sensitive_attributes": [],
          "identity_schema_version": 0,
          "private": "eyJzY2hlbWFfdmVyc2lvbiI6IjMifQ==",
          "dependencies": [
            "data.vsphere_compute_cluster.cluster",
            "data.vsphere_datacenter.dc",
            "data.vsphere_datastore.datastore",
            "data.vsphere_network.network",
            "data.vsphere_virtual_machine.template"
          ]
        },
        {
          "index_key": 11,
          "schema_version": 3,
          "attributes": {
            "alternate_guest_name": "",
            "annotation": "",
            "boot_delay": 0,
            "boot_retry_delay": 10000,
            "boot_retry_enabled": false,
            "cdrom": [],
            "change_version": "2026-06-09T21:02:50.119257Z",
            "clone": [
              {
                "customization_spec": [],
                "customize": [],
                "linked_clone": false,
                "ovf_network_map": {},
                "ovf_storage_map": {},
                "template_uuid": "42311489-a49f-699d-7255-d62bb31e9784",
                "timeout": 30
              }
            ],
            "cpu_hot_add_enabled": false,
            "cpu_hot_remove_enabled": false,
            "cpu_limit": -1,
            "cpu_performance_counters_enabled": false,
            "cpu_reservation": 0,
            "cpu_share_count": 4000,
            "cpu_share_level": "normal",
            "custom_attributes": {},
            "datacenter_id": null,
            "datastore_cluster_id": null,
            "datastore_id": "datastore-1013",
            "default_ip_address": "192.168.1.111",
            "disk": [
              {
                "attach": false,
                "controller_type": "scsi",
                "datastore_id": "datastore-1013",
                "device_address": "scsi:0:0",
                "disk_mode": "persistent",
                "disk_sharing": "sharingNone",
                "eagerly_scrub": false,
                "io_limit": -1,
                "io_reservation": 0,
                "io_share_count": 1000,
                "io_share_level": "normal",
                "keep_on_remove": false,
                "key": 2000,
                "label": "disk0",
                "path": "labvm12/labvm12.vmdk",
                "size": 100,
                "storage_policy_id": "",
                "thin_provisioned": true,
                "unit_number": 0,
                "uuid": "6000C29d-8d29-4d79-fc23-605e31e32084",
                "write_through": false
              }
            ],
            "efi_secure_boot_enabled": false,
            "enable_disk_uuid": false,
            "enable_logging": false,
            "ept_rvi_mode": "automatic",
            "extra_config": {
              "guestinfo.userdata": "I2Nsb3VkLWNvbmZpZwoKaG9zdG5hbWU6IGxhYnZtMTIKCnBhY2thZ2VfdXBkYXRlOiB0cnVlCgpwYWNrYWdlczoKICAtIHVidW50dS1kZXNrdG9wCgp1c2VyczoKICAtIGRlZmF1bHQKICAtIG5hbWU6IGxhYnVzZXIKICAgIGdyb3Vwczogc3Vkbyxkb2NrZXIKICAgIHNoZWxsOiAvYmluL2Jhc2gKICAgIHN1ZG86IEFMTD0oQUxMKSBOT1BBU1NXRDpBTEwKICAgIGxvY2tfcGFzc3dkOiBmYWxzZQogICAgcGFzc3dkOiAkNiRBTlduUFNVVmE3L1h0TUxYJEZDQWE4enlXRVVlb2VpeEhmZGhkWmRkNlJ6blBxdXBnVnNqYXYzQjl2RkMzQmNCaW90NDlrNWh1NnRndHFKMnMuUlU3eW9HMlVVaVlmR08uRWJJSlcvCgpzc2hfcHdhdXRoOiB0cnVlCgpydW5jbWQ6CiAgLSBzdWRvIG1rZGlyIC1wIC9tbnQvbmZzc2hhcmUvbGFidm0xMgogIC0gc3VkbyBta2RpciAtcCAvaG9tZS9zdHVkZW50L3dvcmtzcGFjZQogIC0gc3VkbyBtb3VudCAtLWJpbmQgL21udC9uZnNzaGFyZS9sYWJ2bTEyIC9ob21lL3N0dWRlbnQvd29ya3NwYWNlCiAgLSBlY2hvICIvbW50L25mc3NoYXJlL2xhYnZtMTIgL2hvbWUvc3R1ZGVudC93b3Jrc3BhY2Ugbm9uZSBiaW5kIDAgMCIgPj4gL2V0Yy9mc3RhYgogIC0gc3VkbyBjaG93biAtUiBzdHVkZW50OnN0dWRlbnQgL21udC9uZnNzaGFyZS9sYWJ2bTEyCiAgLSBzdWRvIGNob3duIC1SIHN0dWRlbnQ6c3R1ZGVudCAvaG9tZS9zdHVkZW50L3dvcmtzcGFjZQo=",
              "guestinfo.userdata.encoding": "base64"
            },
            "extra_config_reboot_required": true,
            "firmware": "bios",
            "folder": "",
            "force_power_off": true,
            "guest_id": "debian11_64Guest",
            "guest_ip_addresses": [
              "192.168.10.254",
              "192.168.1.111",
              "fe80::250:56ff:feb1:bdbc"
            ],
            "hardware_version": 17,
            "host_system_id": "host-1010",
            "hv_mode": "hvAuto",
            "id": "4231fd2b-bd05-8ba0-ab15-d43030beff45",
            "ide_controller_count": 2,
            "ignored_guest_ips": null,
            "imported": null,
            "latency_sensitivity": "normal",
            "memory": 8096,
            "memory_hot_add_enabled": false,
            "memory_limit": -1,
            "memory_reservation": 0,
            "memory_reservation_locked_to_max": false,
            "memory_share_count": 80960,
            "memory_share_level": "normal",
            "migrate_wait_timeout": 30,
            "moid": "vm-3175",
            "name": "labvm12",
            "nested_hv_enabled": false,
            "network_interface": [
              {
                "adapter_type": "vmxnet3",
                "bandwidth_limit": -1,
                "bandwidth_reservation": 0,
                "bandwidth_share_count": 50,
                "bandwidth_share_level": "normal",
                "device_address": "pci:0:7",
                "key": 4000,
                "mac_address": "00:50:56:b1:bd:bc",
                "network_id": "network-2001",
                "ovf_mapping": "",
                "physical_function": "",
                "use_static_mac": false
              }
            ],
            "num_cores_per_socket": 1,
            "num_cpus": 4,
            "nvme_controller_count": 0,
            "ovf_deploy": [],
            "pci_device_id": [],
            "power_state": "on",
            "poweron_timeout": 300,
            "reboot_required": false,
            "replace_trigger": null,
            "resource_pool_id": "resgroup-1020",
            "run_tools_scripts_after_power_on": true,
            "run_tools_scripts_after_resume": true,
            "run_tools_scripts_before_guest_reboot": false,
            "run_tools_scripts_before_guest_shutdown": true,
            "run_tools_scripts_before_guest_standby": true,
            "sata_controller_count": 0,
            "scsi_bus_sharing": "noSharing",
            "scsi_controller_count": 1,
            "scsi_type": "pvscsi",
            "shutdown_wait_timeout": 3,
            "storage_policy_id": "",
            "swap_placement_policy": "inherit",
            "sync_time_with_host": false,
            "sync_time_with_host_periodically": false,
            "tags": [],
            "tools_upgrade_policy": "manual",
            "uuid": "4231fd2b-bd05-8ba0-ab15-d43030beff45",
            "vapp": [],
            "vapp_transport": [],
            "vbs_enabled": false,
            "vmware_tools_status": "guestToolsRunning",
            "vmx_path": "labvm12/labvm12.vmx",
            "vtpm": [],
            "vvtd_enabled": false,
            "wait_for_guest_ip_timeout": 0,
            "wait_for_guest_net_routable": true,
            "wait_for_guest_net_timeout": 5
          },
          "sensitive_attributes": [],
          "identity_schema_version": 0,
          "private": "eyJzY2hlbWFfdmVyc2lvbiI6IjMifQ==",
          "dependencies": [
            "data.vsphere_compute_cluster.cluster",
            "data.vsphere_datacenter.dc",
            "data.vsphere_datastore.datastore",
            "data.vsphere_network.network",
            "data.vsphere_virtual_machine.template"
          ]
        },
        {
          "index_key": 12,
          "schema_version": 3,
          "attributes": {
            "alternate_guest_name": "",
            "annotation": "",
            "boot_delay": 0,
            "boot_retry_delay": 10000,
            "boot_retry_enabled": false,
            "cdrom": [],
            "change_version": "2026-06-09T21:03:19.211312Z",
            "clone": [
              {
                "customization_spec": [],
                "customize": [],
                "linked_clone": false,
                "ovf_network_map": {},
                "ovf_storage_map": {},
                "template_uuid": "42311489-a49f-699d-7255-d62bb31e9784",
                "timeout": 30
              }
            ],
            "cpu_hot_add_enabled": false,
            "cpu_hot_remove_enabled": false,
            "cpu_limit": -1,
            "cpu_performance_counters_enabled": false,
            "cpu_reservation": 0,
            "cpu_share_count": 4000,
            "cpu_share_level": "normal",
            "custom_attributes": {},
            "datacenter_id": null,
            "datastore_cluster_id": null,
            "datastore_id": "datastore-1013",
            "default_ip_address": "192.168.1.122",
            "disk": [
              {
                "attach": false,
                "controller_type": "scsi",
                "datastore_id": "datastore-1013",
                "device_address": "scsi:0:0",
                "disk_mode": "persistent",
                "disk_sharing": "sharingNone",
                "eagerly_scrub": false,
                "io_limit": -1,
                "io_reservation": 0,
                "io_share_count": 1000,
                "io_share_level": "normal",
                "keep_on_remove": false,
                "key": 2000,
                "label": "disk0",
                "path": "labvm13/labvm13.vmdk",
                "size": 100,
                "storage_policy_id": "",
                "thin_provisioned": true,
                "unit_number": 0,
                "uuid": "6000C296-6c67-44e5-ebe8-00e5ade7b0af",
                "write_through": false
              }
            ],
            "efi_secure_boot_enabled": false,
            "enable_disk_uuid": false,
            "enable_logging": false,
            "ept_rvi_mode": "automatic",
            "extra_config": {
              "guestinfo.userdata": "I2Nsb3VkLWNvbmZpZwoKaG9zdG5hbWU6IGxhYnZtMTMKCnBhY2thZ2VfdXBkYXRlOiB0cnVlCgpwYWNrYWdlczoKICAtIHVidW50dS1kZXNrdG9wCgp1c2VyczoKICAtIGRlZmF1bHQKICAtIG5hbWU6IGxhYnVzZXIKICAgIGdyb3Vwczogc3Vkbyxkb2NrZXIKICAgIHNoZWxsOiAvYmluL2Jhc2gKICAgIHN1ZG86IEFMTD0oQUxMKSBOT1BBU1NXRDpBTEwKICAgIGxvY2tfcGFzc3dkOiBmYWxzZQogICAgcGFzc3dkOiAkNiRBTlduUFNVVmE3L1h0TUxYJEZDQWE4enlXRVVlb2VpeEhmZGhkWmRkNlJ6blBxdXBnVnNqYXYzQjl2RkMzQmNCaW90NDlrNWh1NnRndHFKMnMuUlU3eW9HMlVVaVlmR08uRWJJSlcvCgpzc2hfcHdhdXRoOiB0cnVlCgpydW5jbWQ6CiAgLSBzdWRvIG1rZGlyIC1wIC9tbnQvbmZzc2hhcmUvbGFidm0xMwogIC0gc3VkbyBta2RpciAtcCAvaG9tZS9zdHVkZW50L3dvcmtzcGFjZQogIC0gc3VkbyBtb3VudCAtLWJpbmQgL21udC9uZnNzaGFyZS9sYWJ2bTEzIC9ob21lL3N0dWRlbnQvd29ya3NwYWNlCiAgLSBlY2hvICIvbW50L25mc3NoYXJlL2xhYnZtMTMgL2hvbWUvc3R1ZGVudC93b3Jrc3BhY2Ugbm9uZSBiaW5kIDAgMCIgPj4gL2V0Yy9mc3RhYgogIC0gc3VkbyBjaG93biAtUiBzdHVkZW50OnN0dWRlbnQgL21udC9uZnNzaGFyZS9sYWJ2bTEzCiAgLSBzdWRvIGNob3duIC1SIHN0dWRlbnQ6c3R1ZGVudCAvaG9tZS9zdHVkZW50L3dvcmtzcGFjZQo=",
              "guestinfo.userdata.encoding": "base64"
            },
            "extra_config_reboot_required": true,
            "firmware": "bios",
            "folder": "",
            "force_power_off": true,
            "guest_id": "debian11_64Guest",
            "guest_ip_addresses": [
              "192.168.10.254",
              "192.168.1.122",
              "fe80::250:56ff:feb1:c7c0"
            ],
            "hardware_version": 17,
            "host_system_id": "host-1010",
            "hv_mode": "hvAuto",
            "id": "423165a7-a615-3d5d-0b44-780fba1ac976",
            "ide_controller_count": 2,
            "ignored_guest_ips": null,
            "imported": null,
            "latency_sensitivity": "normal",
            "memory": 8096,
            "memory_hot_add_enabled": false,
            "memory_limit": -1,
            "memory_reservation": 0,
            "memory_reservation_locked_to_max": false,
            "memory_share_count": 80960,
            "memory_share_level": "normal",
            "migrate_wait_timeout": 30,
            "moid": "vm-3167",
            "name": "labvm13",
            "nested_hv_enabled": false,
            "network_interface": [
              {
                "adapter_type": "vmxnet3",
                "bandwidth_limit": -1,
                "bandwidth_reservation": 0,
                "bandwidth_share_count": 50,
                "bandwidth_share_level": "normal",
                "device_address": "pci:0:7",
                "key": 4000,
                "mac_address": "00:50:56:b1:c7:c0",
                "network_id": "network-2001",
                "ovf_mapping": "",
                "physical_function": "",
                "use_static_mac": false
              }
            ],
            "num_cores_per_socket": 1,
            "num_cpus": 4,
            "nvme_controller_count": 0,
            "ovf_deploy": [],
            "pci_device_id": [],
            "power_state": "on",
            "poweron_timeout": 300,
            "reboot_required": false,
            "replace_trigger": null,
            "resource_pool_id": "resgroup-1020",
            "run_tools_scripts_after_power_on": true,
            "run_tools_scripts_after_resume": true,
            "run_tools_scripts_before_guest_reboot": false,
            "run_tools_scripts_before_guest_shutdown": true,
            "run_tools_scripts_before_guest_standby": true,
            "sata_controller_count": 0,
            "scsi_bus_sharing": "noSharing",
            "scsi_controller_count": 1,
            "scsi_type": "pvscsi",
            "shutdown_wait_timeout": 3,
            "storage_policy_id": "",
            "swap_placement_policy": "inherit",
            "sync_time_with_host": false,
            "sync_time_with_host_periodically": false,
            "tags": [],
            "tools_upgrade_policy": "manual",
            "uuid": "423165a7-a615-3d5d-0b44-780fba1ac976",
            "vapp": [],
            "vapp_transport": [],
            "vbs_enabled": false,
            "vmware_tools_status": "guestToolsRunning",
            "vmx_path": "labvm13/labvm13.vmx",
            "vtpm": [],
            "vvtd_enabled": false,
            "wait_for_guest_ip_timeout": 0,
            "wait_for_guest_net_routable": true,
            "wait_for_guest_net_timeout": 5
          },
          "sensitive_attributes": [],
          "identity_schema_version": 0,
          "private": "eyJzY2hlbWFfdmVyc2lvbiI6IjMifQ==",
          "dependencies": [
            "data.vsphere_compute_cluster.cluster",
            "data.vsphere_datacenter.dc",
            "data.vsphere_datastore.datastore",
            "data.vsphere_network.network",
            "data.vsphere_virtual_machine.template"
          ]
        },
        {
          "index_key": 13,
          "schema_version": 3,
          "attributes": {
            "alternate_guest_name": "",
            "annotation": "",
            "boot_delay": 0,
            "boot_retry_delay": 10000,
            "boot_retry_enabled": false,
            "cdrom": [],
            "change_version": "2026-06-09T21:03:18.493111Z",
            "clone": [
              {
                "customization_spec": [],
                "customize": [],
                "linked_clone": false,
                "ovf_network_map": {},
                "ovf_storage_map": {},
                "template_uuid": "42311489-a49f-699d-7255-d62bb31e9784",
                "timeout": 30
              }
            ],
            "cpu_hot_add_enabled": false,
            "cpu_hot_remove_enabled": false,
            "cpu_limit": -1,
            "cpu_performance_counters_enabled": false,
            "cpu_reservation": 0,
            "cpu_share_count": 4000,
            "cpu_share_level": "normal",
            "custom_attributes": {},
            "datacenter_id": null,
            "datastore_cluster_id": null,
            "datastore_id": "datastore-1013",
            "default_ip_address": "192.168.1.104",
            "disk": [
              {
                "attach": false,
                "controller_type": "scsi",
                "datastore_id": "datastore-1013",
                "device_address": "scsi:0:0",
                "disk_mode": "persistent",
                "disk_sharing": "sharingNone",
                "eagerly_scrub": false,
                "io_limit": -1,
                "io_reservation": 0,
                "io_share_count": 1000,
                "io_share_level": "normal",
                "keep_on_remove": false,
                "key": 2000,
                "label": "disk0",
                "path": "labvm14/labvm14.vmdk",
                "size": 100,
                "storage_policy_id": "",
                "thin_provisioned": true,
                "unit_number": 0,
                "uuid": "6000C29d-84bb-ac9c-a650-bf4794af4e08",
                "write_through": false
              }
            ],
            "efi_secure_boot_enabled": false,
            "enable_disk_uuid": false,
            "enable_logging": false,
            "ept_rvi_mode": "automatic",
            "extra_config": {
              "guestinfo.userdata": "I2Nsb3VkLWNvbmZpZwoKaG9zdG5hbWU6IGxhYnZtMTQKCnBhY2thZ2VfdXBkYXRlOiB0cnVlCgpwYWNrYWdlczoKICAtIHVidW50dS1kZXNrdG9wCgp1c2VyczoKICAtIGRlZmF1bHQKICAtIG5hbWU6IGxhYnVzZXIKICAgIGdyb3Vwczogc3Vkbyxkb2NrZXIKICAgIHNoZWxsOiAvYmluL2Jhc2gKICAgIHN1ZG86IEFMTD0oQUxMKSBOT1BBU1NXRDpBTEwKICAgIGxvY2tfcGFzc3dkOiBmYWxzZQogICAgcGFzc3dkOiAkNiRBTlduUFNVVmE3L1h0TUxYJEZDQWE4enlXRVVlb2VpeEhmZGhkWmRkNlJ6blBxdXBnVnNqYXYzQjl2RkMzQmNCaW90NDlrNWh1NnRndHFKMnMuUlU3eW9HMlVVaVlmR08uRWJJSlcvCgpzc2hfcHdhdXRoOiB0cnVlCgpydW5jbWQ6CiAgLSBzdWRvIG1rZGlyIC1wIC9tbnQvbmZzc2hhcmUvbGFidm0xNAogIC0gc3VkbyBta2RpciAtcCAvaG9tZS9zdHVkZW50L3dvcmtzcGFjZQogIC0gc3VkbyBtb3VudCAtLWJpbmQgL21udC9uZnNzaGFyZS9sYWJ2bTE0IC9ob21lL3N0dWRlbnQvd29ya3NwYWNlCiAgLSBlY2hvICIvbW50L25mc3NoYXJlL2xhYnZtMTQgL2hvbWUvc3R1ZGVudC93b3Jrc3BhY2Ugbm9uZSBiaW5kIDAgMCIgPj4gL2V0Yy9mc3RhYgogIC0gc3VkbyBjaG93biAtUiBzdHVkZW50OnN0dWRlbnQgL21udC9uZnNzaGFyZS9sYWJ2bTE0CiAgLSBzdWRvIGNob3duIC1SIHN0dWRlbnQ6c3R1ZGVudCAvaG9tZS9zdHVkZW50L3dvcmtzcGFjZQo=",
              "guestinfo.userdata.encoding": "base64"
            },
            "extra_config_reboot_required": true,
            "firmware": "bios",
            "folder": "",
            "force_power_off": true,
            "guest_id": "debian11_64Guest",
            "guest_ip_addresses": [
              "192.168.10.254",
              "192.168.1.104",
              "fe80::250:56ff:feb1:b55e"
            ],
            "hardware_version": 17,
            "host_system_id": "host-1010",
            "hv_mode": "hvAuto",
            "id": "4231d17c-7125-00c5-79a4-008cd1ff4b3d",
            "ide_controller_count": 2,
            "ignored_guest_ips": null,
            "imported": null,
            "latency_sensitivity": "normal",
            "memory": 8096,
            "memory_hot_add_enabled": false,
            "memory_limit": -1,
            "memory_reservation": 0,
            "memory_reservation_locked_to_max": false,
            "memory_share_count": 80960,
            "memory_share_level": "normal",
            "migrate_wait_timeout": 30,
            "moid": "vm-3158",
            "name": "labvm14",
            "nested_hv_enabled": false,
            "network_interface": [
              {
                "adapter_type": "vmxnet3",
                "bandwidth_limit": -1,
                "bandwidth_reservation": 0,
                "bandwidth_share_count": 50,
                "bandwidth_share_level": "normal",
                "device_address": "pci:0:7",
                "key": 4000,
                "mac_address": "00:50:56:b1:b5:5e",
                "network_id": "network-2001",
                "ovf_mapping": "",
                "physical_function": "",
                "use_static_mac": false
              }
            ],
            "num_cores_per_socket": 1,
            "num_cpus": 4,
            "nvme_controller_count": 0,
            "ovf_deploy": [],
            "pci_device_id": [],
            "power_state": "on",
            "poweron_timeout": 300,
            "reboot_required": false,
            "replace_trigger": null,
            "resource_pool_id": "resgroup-1020",
            "run_tools_scripts_after_power_on": true,
            "run_tools_scripts_after_resume": true,
            "run_tools_scripts_before_guest_reboot": false,
            "run_tools_scripts_before_guest_shutdown": true,
            "run_tools_scripts_before_guest_standby": true,
            "sata_controller_count": 0,
            "scsi_bus_sharing": "noSharing",
            "scsi_controller_count": 1,
            "scsi_type": "pvscsi",
            "shutdown_wait_timeout": 3,
            "storage_policy_id": "",
            "swap_placement_policy": "inherit",
            "sync_time_with_host": false,
            "sync_time_with_host_periodically": false,
            "tags": [],
            "tools_upgrade_policy": "manual",
            "uuid": "4231d17c-7125-00c5-79a4-008cd1ff4b3d",
            "vapp": [],
            "vapp_transport": [],
            "vbs_enabled": false,
            "vmware_tools_status": "guestToolsRunning",
            "vmx_path": "labvm14/labvm14.vmx",
            "vtpm": [],
            "vvtd_enabled": false,
            "wait_for_guest_ip_timeout": 0,
            "wait_for_guest_net_routable": true,
            "wait_for_guest_net_timeout": 5
          },
          "sensitive_attributes": [],
          "identity_schema_version": 0,
          "private": "eyJzY2hlbWFfdmVyc2lvbiI6IjMifQ==",
          "dependencies": [
            "data.vsphere_compute_cluster.cluster",
            "data.vsphere_datacenter.dc",
            "data.vsphere_datastore.datastore",
            "data.vsphere_network.network",
            "data.vsphere_virtual_machine.template"
          ]
        },
        {
          "index_key": 14,
          "schema_version": 3,
          "attributes": {
            "alternate_guest_name": "",
            "annotation": "",
            "boot_delay": 0,
            "boot_retry_delay": 10000,
            "boot_retry_enabled": false,
            "cdrom": [],
            "change_version": "2026-06-09T21:02:30.873719Z",
            "clone": [
              {
                "customization_spec": [],
                "customize": [],
                "linked_clone": false,
                "ovf_network_map": {},
                "ovf_storage_map": {},
                "template_uuid": "42311489-a49f-699d-7255-d62bb31e9784",
                "timeout": 30
              }
            ],
            "cpu_hot_add_enabled": false,
            "cpu_hot_remove_enabled": false,
            "cpu_limit": -1,
            "cpu_performance_counters_enabled": false,
            "cpu_reservation": 0,
            "cpu_share_count": 4000,
            "cpu_share_level": "normal",
            "custom_attributes": {},
            "datacenter_id": null,
            "datastore_cluster_id": null,
            "datastore_id": "datastore-1013",
            "default_ip_address": "192.168.1.124",
            "disk": [
              {
                "attach": false,
                "controller_type": "scsi",
                "datastore_id": "datastore-1013",
                "device_address": "scsi:0:0",
                "disk_mode": "persistent",
                "disk_sharing": "sharingNone",
                "eagerly_scrub": false,
                "io_limit": -1,
                "io_reservation": 0,
                "io_share_count": 1000,
                "io_share_level": "normal",
                "keep_on_remove": false,
                "key": 2000,
                "label": "disk0",
                "path": "labvm15/labvm15.vmdk",
                "size": 100,
                "storage_policy_id": "",
                "thin_provisioned": true,
                "unit_number": 0,
                "uuid": "6000C294-72a8-ed81-924d-76257173625f",
                "write_through": false
              }
            ],
            "efi_secure_boot_enabled": false,
            "enable_disk_uuid": false,
            "enable_logging": false,
            "ept_rvi_mode": "automatic",
            "extra_config": {
              "guestinfo.userdata": "I2Nsb3VkLWNvbmZpZwoKaG9zdG5hbWU6IGxhYnZtMTUKCnBhY2thZ2VfdXBkYXRlOiB0cnVlCgpwYWNrYWdlczoKICAtIHVidW50dS1kZXNrdG9wCgp1c2VyczoKICAtIGRlZmF1bHQKICAtIG5hbWU6IGxhYnVzZXIKICAgIGdyb3Vwczogc3Vkbyxkb2NrZXIKICAgIHNoZWxsOiAvYmluL2Jhc2gKICAgIHN1ZG86IEFMTD0oQUxMKSBOT1BBU1NXRDpBTEwKICAgIGxvY2tfcGFzc3dkOiBmYWxzZQogICAgcGFzc3dkOiAkNiRBTlduUFNVVmE3L1h0TUxYJEZDQWE4enlXRVVlb2VpeEhmZGhkWmRkNlJ6blBxdXBnVnNqYXYzQjl2RkMzQmNCaW90NDlrNWh1NnRndHFKMnMuUlU3eW9HMlVVaVlmR08uRWJJSlcvCgpzc2hfcHdhdXRoOiB0cnVlCgpydW5jbWQ6CiAgLSBzdWRvIG1rZGlyIC1wIC9tbnQvbmZzc2hhcmUvbGFidm0xNQogIC0gc3VkbyBta2RpciAtcCAvaG9tZS9zdHVkZW50L3dvcmtzcGFjZQogIC0gc3VkbyBtb3VudCAtLWJpbmQgL21udC9uZnNzaGFyZS9sYWJ2bTE1IC9ob21lL3N0dWRlbnQvd29ya3NwYWNlCiAgLSBlY2hvICIvbW50L25mc3NoYXJlL2xhYnZtMTUgL2hvbWUvc3R1ZGVudC93b3Jrc3BhY2Ugbm9uZSBiaW5kIDAgMCIgPj4gL2V0Yy9mc3RhYgogIC0gc3VkbyBjaG93biAtUiBzdHVkZW50OnN0dWRlbnQgL21udC9uZnNzaGFyZS9sYWJ2bTE1CiAgLSBzdWRvIGNob3duIC1SIHN0dWRlbnQ6c3R1ZGVudCAvaG9tZS9zdHVkZW50L3dvcmtzcGFjZQo=",
              "guestinfo.userdata.encoding": "base64"
            },
            "extra_config_reboot_required": true,
            "firmware": "bios",
            "folder": "",
            "force_power_off": true,
            "guest_id": "debian11_64Guest",
            "guest_ip_addresses": [
              "192.168.10.254",
              "192.168.1.124",
              "fe80::250:56ff:feb1:a5c6"
            ],
            "hardware_version": 17,
            "host_system_id": "host-1010",
            "hv_mode": "hvAuto",
            "id": "4231a4db-7999-b2d0-d50a-ecdbc978c87c",
            "ide_controller_count": 2,
            "ignored_guest_ips": null,
            "imported": null,
            "latency_sensitivity": "normal",
            "memory": 8096,
            "memory_hot_add_enabled": false,
            "memory_limit": -1,
            "memory_reservation": 0,
            "memory_reservation_locked_to_max": false,
            "memory_share_count": 80960,
            "memory_share_level": "normal",
            "migrate_wait_timeout": 30,
            "moid": "vm-3179",
            "name": "labvm15",
            "nested_hv_enabled": false,
            "network_interface": [
              {
                "adapter_type": "vmxnet3",
                "bandwidth_limit": -1,
                "bandwidth_reservation": 0,
                "bandwidth_share_count": 50,
                "bandwidth_share_level": "normal",
                "device_address": "pci:0:7",
                "key": 4000,
                "mac_address": "00:50:56:b1:a5:c6",
                "network_id": "network-2001",
                "ovf_mapping": "",
                "physical_function": "",
                "use_static_mac": false
              }
            ],
            "num_cores_per_socket": 1,
            "num_cpus": 4,
            "nvme_controller_count": 0,
            "ovf_deploy": [],
            "pci_device_id": [],
            "power_state": "on",
            "poweron_timeout": 300,
            "reboot_required": false,
            "replace_trigger": null,
            "resource_pool_id": "resgroup-1020",
            "run_tools_scripts_after_power_on": true,
            "run_tools_scripts_after_resume": true,
            "run_tools_scripts_before_guest_reboot": false,
            "run_tools_scripts_before_guest_shutdown": true,
            "run_tools_scripts_before_guest_standby": true,
            "sata_controller_count": 0,
            "scsi_bus_sharing": "noSharing",
            "scsi_controller_count": 1,
            "scsi_type": "pvscsi",
            "shutdown_wait_timeout": 3,
            "storage_policy_id": "",
            "swap_placement_policy": "inherit",
            "sync_time_with_host": false,
            "sync_time_with_host_periodically": false,
            "tags": [],
            "tools_upgrade_policy": "manual",
            "uuid": "4231a4db-7999-b2d0-d50a-ecdbc978c87c",
            "vapp": [],
            "vapp_transport": [],
            "vbs_enabled": false,
            "vmware_tools_status": "guestToolsRunning",
            "vmx_path": "labvm15/labvm15.vmx",
            "vtpm": [],
            "vvtd_enabled": false,
            "wait_for_guest_ip_timeout": 0,
            "wait_for_guest_net_routable": true,
            "wait_for_guest_net_timeout": 5
          },
          "sensitive_attributes": [],
          "identity_schema_version": 0,
          "private": "eyJzY2hlbWFfdmVyc2lvbiI6IjMifQ==",
          "dependencies": [
            "data.vsphere_compute_cluster.cluster",
            "data.vsphere_datacenter.dc",
            "data.vsphere_datastore.datastore",
            "data.vsphere_network.network",
            "data.vsphere_virtual_machine.template"
          ]
        },
        {
          "index_key": 15,
          "schema_version": 3,
          "attributes": {
            "alternate_guest_name": "",
            "annotation": "",
            "boot_delay": 0,
            "boot_retry_delay": 10000,
            "boot_retry_enabled": false,
            "cdrom": [],
            "change_version": "2026-06-09T21:04:09.897791Z",
            "clone": [
              {
                "customization_spec": [],
                "customize": [],
                "linked_clone": false,
                "ovf_network_map": {},
                "ovf_storage_map": {},
                "template_uuid": "42311489-a49f-699d-7255-d62bb31e9784",
                "timeout": 30
              }
            ],
            "cpu_hot_add_enabled": false,
            "cpu_hot_remove_enabled": false,
            "cpu_limit": -1,
            "cpu_performance_counters_enabled": false,
            "cpu_reservation": 0,
            "cpu_share_count": 4000,
            "cpu_share_level": "normal",
            "custom_attributes": {},
            "datacenter_id": null,
            "datastore_cluster_id": null,
            "datastore_id": "datastore-1013",
            "default_ip_address": "192.168.1.106",
            "disk": [
              {
                "attach": false,
                "controller_type": "scsi",
                "datastore_id": "datastore-1013",
                "device_address": "scsi:0:0",
                "disk_mode": "persistent",
                "disk_sharing": "sharingNone",
                "eagerly_scrub": false,
                "io_limit": -1,
                "io_reservation": 0,
                "io_share_count": 1000,
                "io_share_level": "normal",
                "keep_on_remove": false,
                "key": 2000,
                "label": "disk0",
                "path": "labvm16/labvm16.vmdk",
                "size": 100,
                "storage_policy_id": "",
                "thin_provisioned": true,
                "unit_number": 0,
                "uuid": "6000C29e-5468-2b47-5e6d-031ff8315fd5",
                "write_through": false
              }
            ],
            "efi_secure_boot_enabled": false,
            "enable_disk_uuid": false,
            "enable_logging": false,
            "ept_rvi_mode": "automatic",
            "extra_config": {
              "guestinfo.userdata": "I2Nsb3VkLWNvbmZpZwoKaG9zdG5hbWU6IGxhYnZtMTYKCnBhY2thZ2VfdXBkYXRlOiB0cnVlCgpwYWNrYWdlczoKICAtIHVidW50dS1kZXNrdG9wCgp1c2VyczoKICAtIGRlZmF1bHQKICAtIG5hbWU6IGxhYnVzZXIKICAgIGdyb3Vwczogc3Vkbyxkb2NrZXIKICAgIHNoZWxsOiAvYmluL2Jhc2gKICAgIHN1ZG86IEFMTD0oQUxMKSBOT1BBU1NXRDpBTEwKICAgIGxvY2tfcGFzc3dkOiBmYWxzZQogICAgcGFzc3dkOiAkNiRBTlduUFNVVmE3L1h0TUxYJEZDQWE4enlXRVVlb2VpeEhmZGhkWmRkNlJ6blBxdXBnVnNqYXYzQjl2RkMzQmNCaW90NDlrNWh1NnRndHFKMnMuUlU3eW9HMlVVaVlmR08uRWJJSlcvCgpzc2hfcHdhdXRoOiB0cnVlCgpydW5jbWQ6CiAgLSBzdWRvIG1rZGlyIC1wIC9tbnQvbmZzc2hhcmUvbGFidm0xNgogIC0gc3VkbyBta2RpciAtcCAvaG9tZS9zdHVkZW50L3dvcmtzcGFjZQogIC0gc3VkbyBtb3VudCAtLWJpbmQgL21udC9uZnNzaGFyZS9sYWJ2bTE2IC9ob21lL3N0dWRlbnQvd29ya3NwYWNlCiAgLSBlY2hvICIvbW50L25mc3NoYXJlL2xhYnZtMTYgL2hvbWUvc3R1ZGVudC93b3Jrc3BhY2Ugbm9uZSBiaW5kIDAgMCIgPj4gL2V0Yy9mc3RhYgogIC0gc3VkbyBjaG93biAtUiBzdHVkZW50OnN0dWRlbnQgL21udC9uZnNzaGFyZS9sYWJ2bTE2CiAgLSBzdWRvIGNob3duIC1SIHN0dWRlbnQ6c3R1ZGVudCAvaG9tZS9zdHVkZW50L3dvcmtzcGFjZQo=",
              "guestinfo.userdata.encoding": "base64"
            },
            "extra_config_reboot_required": true,
            "firmware": "bios",
            "folder": "",
            "force_power_off": true,
            "guest_id": "debian11_64Guest",
            "guest_ip_addresses": [
              "192.168.10.254",
              "192.168.1.106",
              "fe80::250:56ff:feb1:a5ca"
            ],
            "hardware_version": 17,
            "host_system_id": "host-1010",
            "hv_mode": "hvAuto",
            "id": "4231381f-7a45-e538-6d66-cb762e68b8ab",
            "ide_controller_count": 2,
            "ignored_guest_ips": null,
            "imported": null,
            "latency_sensitivity": "normal",
            "memory": 8096,
            "memory_hot_add_enabled": false,
            "memory_limit": -1,
            "memory_reservation": 0,
            "memory_reservation_locked_to_max": false,
            "memory_share_count": 80960,
            "memory_share_level": "normal",
            "migrate_wait_timeout": 30,
            "moid": "vm-3160",
            "name": "labvm16",
            "nested_hv_enabled": false,
            "network_interface": [
              {
                "adapter_type": "vmxnet3",
                "bandwidth_limit": -1,
                "bandwidth_reservation": 0,
                "bandwidth_share_count": 50,
                "bandwidth_share_level": "normal",
                "device_address": "pci:0:7",
                "key": 4000,
                "mac_address": "00:50:56:b1:a5:ca",
                "network_id": "network-2001",
                "ovf_mapping": "",
                "physical_function": "",
                "use_static_mac": false
              }
            ],
            "num_cores_per_socket": 1,
            "num_cpus": 4,
            "nvme_controller_count": 0,
            "ovf_deploy": [],
            "pci_device_id": [],
            "power_state": "on",
            "poweron_timeout": 300,
            "reboot_required": false,
            "replace_trigger": null,
            "resource_pool_id": "resgroup-1020",
            "run_tools_scripts_after_power_on": true,
            "run_tools_scripts_after_resume": true,
            "run_tools_scripts_before_guest_reboot": false,
            "run_tools_scripts_before_guest_shutdown": true,
            "run_tools_scripts_before_guest_standby": true,
            "sata_controller_count": 0,
            "scsi_bus_sharing": "noSharing",
            "scsi_controller_count": 1,
            "scsi_type": "pvscsi",
            "shutdown_wait_timeout": 3,
            "storage_policy_id": "",
            "swap_placement_policy": "inherit",
            "sync_time_with_host": false,
            "sync_time_with_host_periodically": false,
            "tags": [],
            "tools_upgrade_policy": "manual",
            "uuid": "4231381f-7a45-e538-6d66-cb762e68b8ab",
            "vapp": [],
            "vapp_transport": [],
            "vbs_enabled": false,
            "vmware_tools_status": "guestToolsRunning",
            "vmx_path": "labvm16/labvm16.vmx",
            "vtpm": [],
            "vvtd_enabled": false,
            "wait_for_guest_ip_timeout": 0,
            "wait_for_guest_net_routable": true,
            "wait_for_guest_net_timeout": 5
          },
          "sensitive_attributes": [],
          "identity_schema_version": 0,
          "private": "eyJzY2hlbWFfdmVyc2lvbiI6IjMifQ==",
          "dependencies": [
            "data.vsphere_compute_cluster.cluster",
            "data.vsphere_datacenter.dc",
            "data.vsphere_datastore.datastore",
            "data.vsphere_network.network",
            "data.vsphere_virtual_machine.template"
          ]
        },
        {
          "index_key": 16,
          "schema_version": 3,
          "attributes": {
            "alternate_guest_name": "",
            "annotation": "",
            "boot_delay": 0,
            "boot_retry_delay": 10000,
            "boot_retry_enabled": false,
            "cdrom": [],
            "change_version": "2026-06-09T21:03:55.652186Z",
            "clone": [
              {
                "customization_spec": [],
                "customize": [],
                "linked_clone": false,
                "ovf_network_map": {},
                "ovf_storage_map": {},
                "template_uuid": "42311489-a49f-699d-7255-d62bb31e9784",
                "timeout": 30
              }
            ],
            "cpu_hot_add_enabled": false,
            "cpu_hot_remove_enabled": false,
            "cpu_limit": -1,
            "cpu_performance_counters_enabled": false,
            "cpu_reservation": 0,
            "cpu_share_count": 4000,
            "cpu_share_level": "normal",
            "custom_attributes": {},
            "datacenter_id": null,
            "datastore_cluster_id": null,
            "datastore_id": "datastore-1013",
            "default_ip_address": "192.168.1.105",
            "disk": [
              {
                "attach": false,
                "controller_type": "scsi",
                "datastore_id": "datastore-1013",
                "device_address": "scsi:0:0",
                "disk_mode": "persistent",
                "disk_sharing": "sharingNone",
                "eagerly_scrub": false,
                "io_limit": -1,
                "io_reservation": 0,
                "io_share_count": 1000,
                "io_share_level": "normal",
                "keep_on_remove": false,
                "key": 2000,
                "label": "disk0",
                "path": "labvm17/labvm17.vmdk",
                "size": 100,
                "storage_policy_id": "",
                "thin_provisioned": true,
                "unit_number": 0,
                "uuid": "6000C296-5876-4e3c-6514-73e8b5a57a37",
                "write_through": false
              }
            ],
            "efi_secure_boot_enabled": false,
            "enable_disk_uuid": false,
            "enable_logging": false,
            "ept_rvi_mode": "automatic",
            "extra_config": {
              "guestinfo.userdata": "I2Nsb3VkLWNvbmZpZwoKaG9zdG5hbWU6IGxhYnZtMTcKCnBhY2thZ2VfdXBkYXRlOiB0cnVlCgpwYWNrYWdlczoKICAtIHVidW50dS1kZXNrdG9wCgp1c2VyczoKICAtIGRlZmF1bHQKICAtIG5hbWU6IGxhYnVzZXIKICAgIGdyb3Vwczogc3Vkbyxkb2NrZXIKICAgIHNoZWxsOiAvYmluL2Jhc2gKICAgIHN1ZG86IEFMTD0oQUxMKSBOT1BBU1NXRDpBTEwKICAgIGxvY2tfcGFzc3dkOiBmYWxzZQogICAgcGFzc3dkOiAkNiRBTlduUFNVVmE3L1h0TUxYJEZDQWE4enlXRVVlb2VpeEhmZGhkWmRkNlJ6blBxdXBnVnNqYXYzQjl2RkMzQmNCaW90NDlrNWh1NnRndHFKMnMuUlU3eW9HMlVVaVlmR08uRWJJSlcvCgpzc2hfcHdhdXRoOiB0cnVlCgpydW5jbWQ6CiAgLSBzdWRvIG1rZGlyIC1wIC9tbnQvbmZzc2hhcmUvbGFidm0xNwogIC0gc3VkbyBta2RpciAtcCAvaG9tZS9zdHVkZW50L3dvcmtzcGFjZQogIC0gc3VkbyBtb3VudCAtLWJpbmQgL21udC9uZnNzaGFyZS9sYWJ2bTE3IC9ob21lL3N0dWRlbnQvd29ya3NwYWNlCiAgLSBlY2hvICIvbW50L25mc3NoYXJlL2xhYnZtMTcgL2hvbWUvc3R1ZGVudC93b3Jrc3BhY2Ugbm9uZSBiaW5kIDAgMCIgPj4gL2V0Yy9mc3RhYgogIC0gc3VkbyBjaG93biAtUiBzdHVkZW50OnN0dWRlbnQgL21udC9uZnNzaGFyZS9sYWJ2bTE3CiAgLSBzdWRvIGNob3duIC1SIHN0dWRlbnQ6c3R1ZGVudCAvaG9tZS9zdHVkZW50L3dvcmtzcGFjZQo=",
              "guestinfo.userdata.encoding": "base64"
            },
            "extra_config_reboot_required": true,
            "firmware": "bios",
            "folder": "",
            "force_power_off": true,
            "guest_id": "debian11_64Guest",
            "guest_ip_addresses": [
              "192.168.10.254",
              "192.168.1.105",
              "fe80::250:56ff:feb1:4403"
            ],
            "hardware_version": 17,
            "host_system_id": "host-1010",
            "hv_mode": "hvAuto",
            "id": "4231cc7a-b836-0fa2-1fd7-87f034200df5",
            "ide_controller_count": 2,
            "ignored_guest_ips": null,
            "imported": null,
            "latency_sensitivity": "normal",
            "memory": 8096,
            "memory_hot_add_enabled": false,
            "memory_limit": -1,
            "memory_reservation": 0,
            "memory_reservation_locked_to_max": false,
            "memory_share_count": 80960,
            "memory_share_level": "normal",
            "migrate_wait_timeout": 30,
            "moid": "vm-3159",
            "name": "labvm17",
            "nested_hv_enabled": false,
            "network_interface": [
              {
                "adapter_type": "vmxnet3",
                "bandwidth_limit": -1,
                "bandwidth_reservation": 0,
                "bandwidth_share_count": 50,
                "bandwidth_share_level": "normal",
                "device_address": "pci:0:7",
                "key": 4000,
                "mac_address": "00:50:56:b1:44:03",
                "network_id": "network-2001",
                "ovf_mapping": "",
                "physical_function": "",
                "use_static_mac": false
              }
            ],
            "num_cores_per_socket": 1,
            "num_cpus": 4,
            "nvme_controller_count": 0,
            "ovf_deploy": [],
            "pci_device_id": [],
            "power_state": "on",
            "poweron_timeout": 300,
            "reboot_required": false,
            "replace_trigger": null,
            "resource_pool_id": "resgroup-1020",
            "run_tools_scripts_after_power_on": true,
            "run_tools_scripts_after_resume": true,
            "run_tools_scripts_before_guest_reboot": false,
            "run_tools_scripts_before_guest_shutdown": true,
            "run_tools_scripts_before_guest_standby": true,
            "sata_controller_count": 0,
            "scsi_bus_sharing": "noSharing",
            "scsi_controller_count": 1,
            "scsi_type": "pvscsi",
            "shutdown_wait_timeout": 3,
            "storage_policy_id": "",
            "swap_placement_policy": "inherit",
            "sync_time_with_host": false,
            "sync_time_with_host_periodically": false,
            "tags": [],
            "tools_upgrade_policy": "manual",
            "uuid": "4231cc7a-b836-0fa2-1fd7-87f034200df5",
            "vapp": [],
            "vapp_transport": [],
            "vbs_enabled": false,
            "vmware_tools_status": "guestToolsRunning",
            "vmx_path": "labvm17/labvm17.vmx",
            "vtpm": [],
            "vvtd_enabled": false,
            "wait_for_guest_ip_timeout": 0,
            "wait_for_guest_net_routable": true,
            "wait_for_guest_net_timeout": 5
          },
          "sensitive_attributes": [],
          "identity_schema_version": 0,
          "private": "eyJzY2hlbWFfdmVyc2lvbiI6IjMifQ==",
          "dependencies": [
            "data.vsphere_compute_cluster.cluster",
            "data.vsphere_datacenter.dc",
            "data.vsphere_datastore.datastore",
            "data.vsphere_network.network",
            "data.vsphere_virtual_machine.template"
          ]
        },
        {
          "index_key": 17,
          "schema_version": 3,
          "attributes": {
            "alternate_guest_name": "",
            "annotation": "",
            "boot_delay": 0,
            "boot_retry_delay": 10000,
            "boot_retry_enabled": false,
            "cdrom": [],
            "change_version": "2026-06-09T21:04:12.174062Z",
            "clone": [
              {
                "customization_spec": [],
                "customize": [],
                "linked_clone": false,
                "ovf_network_map": {},
                "ovf_storage_map": {},
                "template_uuid": "42311489-a49f-699d-7255-d62bb31e9784",
                "timeout": 30
              }
            ],
            "cpu_hot_add_enabled": false,
            "cpu_hot_remove_enabled": false,
            "cpu_limit": -1,
            "cpu_performance_counters_enabled": false,
            "cpu_reservation": 0,
            "cpu_share_count": 4000,
            "cpu_share_level": "normal",
            "custom_attributes": {},
            "datacenter_id": null,
            "datastore_cluster_id": null,
            "datastore_id": "datastore-1013",
            "default_ip_address": "192.168.1.116",
            "disk": [
              {
                "attach": false,
                "controller_type": "scsi",
                "datastore_id": "datastore-1013",
                "device_address": "scsi:0:0",
                "disk_mode": "persistent",
                "disk_sharing": "sharingNone",
                "eagerly_scrub": false,
                "io_limit": -1,
                "io_reservation": 0,
                "io_share_count": 1000,
                "io_share_level": "normal",
                "keep_on_remove": false,
                "key": 2000,
                "label": "disk0",
                "path": "labvm18/labvm18.vmdk",
                "size": 100,
                "storage_policy_id": "",
                "thin_provisioned": true,
                "unit_number": 0,
                "uuid": "6000C29a-d735-b053-d3f2-6a8028c59673",
                "write_through": false
              }
            ],
            "efi_secure_boot_enabled": false,
            "enable_disk_uuid": false,
            "enable_logging": false,
            "ept_rvi_mode": "automatic",
            "extra_config": {
              "guestinfo.userdata": "I2Nsb3VkLWNvbmZpZwoKaG9zdG5hbWU6IGxhYnZtMTgKCnBhY2thZ2VfdXBkYXRlOiB0cnVlCgpwYWNrYWdlczoKICAtIHVidW50dS1kZXNrdG9wCgp1c2VyczoKICAtIGRlZmF1bHQKICAtIG5hbWU6IGxhYnVzZXIKICAgIGdyb3Vwczogc3Vkbyxkb2NrZXIKICAgIHNoZWxsOiAvYmluL2Jhc2gKICAgIHN1ZG86IEFMTD0oQUxMKSBOT1BBU1NXRDpBTEwKICAgIGxvY2tfcGFzc3dkOiBmYWxzZQogICAgcGFzc3dkOiAkNiRBTlduUFNVVmE3L1h0TUxYJEZDQWE4enlXRVVlb2VpeEhmZGhkWmRkNlJ6blBxdXBnVnNqYXYzQjl2RkMzQmNCaW90NDlrNWh1NnRndHFKMnMuUlU3eW9HMlVVaVlmR08uRWJJSlcvCgpzc2hfcHdhdXRoOiB0cnVlCgpydW5jbWQ6CiAgLSBzdWRvIG1rZGlyIC1wIC9tbnQvbmZzc2hhcmUvbGFidm0xOAogIC0gc3VkbyBta2RpciAtcCAvaG9tZS9zdHVkZW50L3dvcmtzcGFjZQogIC0gc3VkbyBtb3VudCAtLWJpbmQgL21udC9uZnNzaGFyZS9sYWJ2bTE4IC9ob21lL3N0dWRlbnQvd29ya3NwYWNlCiAgLSBlY2hvICIvbW50L25mc3NoYXJlL2xhYnZtMTggL2hvbWUvc3R1ZGVudC93b3Jrc3BhY2Ugbm9uZSBiaW5kIDAgMCIgPj4gL2V0Yy9mc3RhYgogIC0gc3VkbyBjaG93biAtUiBzdHVkZW50OnN0dWRlbnQgL21udC9uZnNzaGFyZS9sYWJ2bTE4CiAgLSBzdWRvIGNob3duIC1SIHN0dWRlbnQ6c3R1ZGVudCAvaG9tZS9zdHVkZW50L3dvcmtzcGFjZQo=",
              "guestinfo.userdata.encoding": "base64"
            },
            "extra_config_reboot_required": true,
            "firmware": "bios",
            "folder": "",
            "force_power_off": true,
            "guest_id": "debian11_64Guest",
            "guest_ip_addresses": [
              "192.168.10.254",
              "192.168.1.116",
              "fe80::250:56ff:feb1:ed3e"
            ],
            "hardware_version": 17,
            "host_system_id": "host-1010",
            "hv_mode": "hvAuto",
            "id": "423153cb-9f2b-3e63-81f3-7e7e4794fd14",
            "ide_controller_count": 2,
            "ignored_guest_ips": null,
            "imported": null,
            "latency_sensitivity": "normal",
            "memory": 8096,
            "memory_hot_add_enabled": false,
            "memory_limit": -1,
            "memory_reservation": 0,
            "memory_reservation_locked_to_max": false,
            "memory_share_count": 80960,
            "memory_share_level": "normal",
            "migrate_wait_timeout": 30,
            "moid": "vm-3169",
            "name": "labvm18",
            "nested_hv_enabled": false,
            "network_interface": [
              {
                "adapter_type": "vmxnet3",
                "bandwidth_limit": -1,
                "bandwidth_reservation": 0,
                "bandwidth_share_count": 50,
                "bandwidth_share_level": "normal",
                "device_address": "pci:0:7",
                "key": 4000,
                "mac_address": "00:50:56:b1:ed:3e",
                "network_id": "network-2001",
                "ovf_mapping": "",
                "physical_function": "",
                "use_static_mac": false
              }
            ],
            "num_cores_per_socket": 1,
            "num_cpus": 4,
            "nvme_controller_count": 0,
            "ovf_deploy": [],
            "pci_device_id": [],
            "power_state": "on",
            "poweron_timeout": 300,
            "reboot_required": false,
            "replace_trigger": null,
            "resource_pool_id": "resgroup-1020",
            "run_tools_scripts_after_power_on": true,
            "run_tools_scripts_after_resume": true,
            "run_tools_scripts_before_guest_reboot": false,
            "run_tools_scripts_before_guest_shutdown": true,
            "run_tools_scripts_before_guest_standby": true,
            "sata_controller_count": 0,
            "scsi_bus_sharing": "noSharing",
            "scsi_controller_count": 1,
            "scsi_type": "pvscsi",
            "shutdown_wait_timeout": 3,
            "storage_policy_id": "",
            "swap_placement_policy": "inherit",
            "sync_time_with_host": false,
            "sync_time_with_host_periodically": false,
            "tags": [],
            "tools_upgrade_policy": "manual",
            "uuid": "423153cb-9f2b-3e63-81f3-7e7e4794fd14",
            "vapp": [],
            "vapp_transport": [],
            "vbs_enabled": false,
            "vmware_tools_status": "guestToolsRunning",
            "vmx_path": "labvm18/labvm18.vmx",
            "vtpm": [],
            "vvtd_enabled": false,
            "wait_for_guest_ip_timeout": 0,
            "wait_for_guest_net_routable": true,
            "wait_for_guest_net_timeout": 5
          },
          "sensitive_attributes": [],
          "identity_schema_version": 0,
          "private": "eyJzY2hlbWFfdmVyc2lvbiI6IjMifQ==",
          "dependencies": [
            "data.vsphere_compute_cluster.cluster",
            "data.vsphere_datacenter.dc",
            "data.vsphere_datastore.datastore",
            "data.vsphere_network.network",
            "data.vsphere_virtual_machine.template"
          ]
        },
        {
          "index_key": 18,
          "schema_version": 3,
          "attributes": {
            "alternate_guest_name": "",
            "annotation": "",
            "boot_delay": 0,
            "boot_retry_delay": 10000,
            "boot_retry_enabled": false,
            "cdrom": [],
            "change_version": "2026-06-09T21:02:28.801549Z",
            "clone": [
              {
                "customization_spec": [],
                "customize": [],
                "linked_clone": false,
                "ovf_network_map": {},
                "ovf_storage_map": {},
                "template_uuid": "42311489-a49f-699d-7255-d62bb31e9784",
                "timeout": 30
              }
            ],
            "cpu_hot_add_enabled": false,
            "cpu_hot_remove_enabled": false,
            "cpu_limit": -1,
            "cpu_performance_counters_enabled": false,
            "cpu_reservation": 0,
            "cpu_share_count": 4000,
            "cpu_share_level": "normal",
            "custom_attributes": {},
            "datacenter_id": null,
            "datastore_cluster_id": null,
            "datastore_id": "datastore-1013",
            "default_ip_address": "192.168.1.108",
            "disk": [
              {
                "attach": false,
                "controller_type": "scsi",
                "datastore_id": "datastore-1013",
                "device_address": "scsi:0:0",
                "disk_mode": "persistent",
                "disk_sharing": "sharingNone",
                "eagerly_scrub": false,
                "io_limit": -1,
                "io_reservation": 0,
                "io_share_count": 1000,
                "io_share_level": "normal",
                "keep_on_remove": false,
                "key": 2000,
                "label": "disk0",
                "path": "labvm19/labvm19.vmdk",
                "size": 100,
                "storage_policy_id": "",
                "thin_provisioned": true,
                "unit_number": 0,
                "uuid": "6000C29d-e0f3-0ce4-0eba-d57531f1a6b9",
                "write_through": false
              }
            ],
            "efi_secure_boot_enabled": false,
            "enable_disk_uuid": false,
            "enable_logging": false,
            "ept_rvi_mode": "automatic",
            "extra_config": {
              "guestinfo.userdata": "I2Nsb3VkLWNvbmZpZwoKaG9zdG5hbWU6IGxhYnZtMTkKCnBhY2thZ2VfdXBkYXRlOiB0cnVlCgpwYWNrYWdlczoKICAtIHVidW50dS1kZXNrdG9wCgp1c2VyczoKICAtIGRlZmF1bHQKICAtIG5hbWU6IGxhYnVzZXIKICAgIGdyb3Vwczogc3Vkbyxkb2NrZXIKICAgIHNoZWxsOiAvYmluL2Jhc2gKICAgIHN1ZG86IEFMTD0oQUxMKSBOT1BBU1NXRDpBTEwKICAgIGxvY2tfcGFzc3dkOiBmYWxzZQogICAgcGFzc3dkOiAkNiRBTlduUFNVVmE3L1h0TUxYJEZDQWE4enlXRVVlb2VpeEhmZGhkWmRkNlJ6blBxdXBnVnNqYXYzQjl2RkMzQmNCaW90NDlrNWh1NnRndHFKMnMuUlU3eW9HMlVVaVlmR08uRWJJSlcvCgpzc2hfcHdhdXRoOiB0cnVlCgpydW5jbWQ6CiAgLSBzdWRvIG1rZGlyIC1wIC9tbnQvbmZzc2hhcmUvbGFidm0xOQogIC0gc3VkbyBta2RpciAtcCAvaG9tZS9zdHVkZW50L3dvcmtzcGFjZQogIC0gc3VkbyBtb3VudCAtLWJpbmQgL21udC9uZnNzaGFyZS9sYWJ2bTE5IC9ob21lL3N0dWRlbnQvd29ya3NwYWNlCiAgLSBlY2hvICIvbW50L25mc3NoYXJlL2xhYnZtMTkgL2hvbWUvc3R1ZGVudC93b3Jrc3BhY2Ugbm9uZSBiaW5kIDAgMCIgPj4gL2V0Yy9mc3RhYgogIC0gc3VkbyBjaG93biAtUiBzdHVkZW50OnN0dWRlbnQgL21udC9uZnNzaGFyZS9sYWJ2bTE5CiAgLSBzdWRvIGNob3duIC1SIHN0dWRlbnQ6c3R1ZGVudCAvaG9tZS9zdHVkZW50L3dvcmtzcGFjZQo=",
              "guestinfo.userdata.encoding": "base64"
            },
            "extra_config_reboot_required": true,
            "firmware": "bios",
            "folder": "",
            "force_power_off": true,
            "guest_id": "debian11_64Guest",
            "guest_ip_addresses": [
              "192.168.10.254",
              "192.168.1.108",
              "fe80::250:56ff:feb1:383c"
            ],
            "hardware_version": 17,
            "host_system_id": "host-1010",
            "hv_mode": "hvAuto",
            "id": "42313c36-2dc3-5345-7742-1ca7bff46e03",
            "ide_controller_count": 2,
            "ignored_guest_ips": null,
            "imported": null,
            "latency_sensitivity": "normal",
            "memory": 8096,
            "memory_hot_add_enabled": false,
            "memory_limit": -1,
            "memory_reservation": 0,
            "memory_reservation_locked_to_max": false,
            "memory_share_count": 80960,
            "memory_share_level": "normal",
            "migrate_wait_timeout": 30,
            "moid": "vm-3157",
            "name": "labvm19",
            "nested_hv_enabled": false,
            "network_interface": [
              {
                "adapter_type": "vmxnet3",
                "bandwidth_limit": -1,
                "bandwidth_reservation": 0,
                "bandwidth_share_count": 50,
                "bandwidth_share_level": "normal",
                "device_address": "pci:0:7",
                "key": 4000,
                "mac_address": "00:50:56:b1:38:3c",
                "network_id": "network-2001",
                "ovf_mapping": "",
                "physical_function": "",
                "use_static_mac": false
              }
            ],
            "num_cores_per_socket": 1,
            "num_cpus": 4,
            "nvme_controller_count": 0,
            "ovf_deploy": [],
            "pci_device_id": [],
            "power_state": "on",
            "poweron_timeout": 300,
            "reboot_required": false,
            "replace_trigger": null,
            "resource_pool_id": "resgroup-1020",
            "run_tools_scripts_after_power_on": true,
            "run_tools_scripts_after_resume": true,
            "run_tools_scripts_before_guest_reboot": false,
            "run_tools_scripts_before_guest_shutdown": true,
            "run_tools_scripts_before_guest_standby": true,
            "sata_controller_count": 0,
            "scsi_bus_sharing": "noSharing",
            "scsi_controller_count": 1,
            "scsi_type": "pvscsi",
            "shutdown_wait_timeout": 3,
            "storage_policy_id": "",
            "swap_placement_policy": "inherit",
            "sync_time_with_host": false,
            "sync_time_with_host_periodically": false,
            "tags": [],
            "tools_upgrade_policy": "manual",
            "uuid": "42313c36-2dc3-5345-7742-1ca7bff46e03",
            "vapp": [],
            "vapp_transport": [],
            "vbs_enabled": false,
            "vmware_tools_status": "guestToolsRunning",
            "vmx_path": "labvm19/labvm19.vmx",
            "vtpm": [],
            "vvtd_enabled": false,
            "wait_for_guest_ip_timeout": 0,
            "wait_for_guest_net_routable": true,
            "wait_for_guest_net_timeout": 5
          },
          "sensitive_attributes": [],
          "identity_schema_version": 0,
          "private": "eyJzY2hlbWFfdmVyc2lvbiI6IjMifQ==",
          "dependencies": [
            "data.vsphere_compute_cluster.cluster",
            "data.vsphere_datacenter.dc",
            "data.vsphere_datastore.datastore",
            "data.vsphere_network.network",
            "data.vsphere_virtual_machine.template"
          ]
        },
        {
          "index_key": 20,
          "schema_version": 3,
          "attributes": {
            "alternate_guest_name": "",
            "annotation": "",
            "boot_delay": 0,
            "boot_retry_delay": 10000,
            "boot_retry_enabled": false,
            "cdrom": [],
            "change_version": "2026-06-09T21:02:39.136066Z",
            "clone": [
              {
                "customization_spec": [],
                "customize": [],
                "linked_clone": false,
                "ovf_network_map": {},
                "ovf_storage_map": {},
                "template_uuid": "42311489-a49f-699d-7255-d62bb31e9784",
                "timeout": 30
              }
            ],
            "cpu_hot_add_enabled": false,
            "cpu_hot_remove_enabled": false,
            "cpu_limit": -1,
            "cpu_performance_counters_enabled": false,
            "cpu_reservation": 0,
            "cpu_share_count": 4000,
            "cpu_share_level": "normal",
            "custom_attributes": {},
            "datacenter_id": null,
            "datastore_cluster_id": null,
            "datastore_id": "datastore-1013",
            "default_ip_address": "192.168.1.107",
            "disk": [
              {
                "attach": false,
                "controller_type": "scsi",
                "datastore_id": "datastore-1013",
                "device_address": "scsi:0:0",
                "disk_mode": "persistent",
                "disk_sharing": "sharingNone",
                "eagerly_scrub": false,
                "io_limit": -1,
                "io_reservation": 0,
                "io_share_count": 1000,
                "io_share_level": "normal",
                "keep_on_remove": false,
                "key": 2000,
                "label": "disk0",
                "path": "labvm21/labvm21.vmdk",
                "size": 100,
                "storage_policy_id": "",
                "thin_provisioned": true,
                "unit_number": 0,
                "uuid": "6000C291-732e-9a39-efc7-85779a985315",
                "write_through": false
              }
            ],
            "efi_secure_boot_enabled": false,
            "enable_disk_uuid": false,
            "enable_logging": false,
            "ept_rvi_mode": "automatic",
            "extra_config": {
              "guestinfo.userdata": "I2Nsb3VkLWNvbmZpZwoKaG9zdG5hbWU6IGxhYnZtMjEKCnBhY2thZ2VfdXBkYXRlOiB0cnVlCgpwYWNrYWdlczoKICAtIHVidW50dS1kZXNrdG9wCgp1c2VyczoKICAtIGRlZmF1bHQKICAtIG5hbWU6IGxhYnVzZXIKICAgIGdyb3Vwczogc3Vkbyxkb2NrZXIKICAgIHNoZWxsOiAvYmluL2Jhc2gKICAgIHN1ZG86IEFMTD0oQUxMKSBOT1BBU1NXRDpBTEwKICAgIGxvY2tfcGFzc3dkOiBmYWxzZQogICAgcGFzc3dkOiAkNiRBTlduUFNVVmE3L1h0TUxYJEZDQWE4enlXRVVlb2VpeEhmZGhkWmRkNlJ6blBxdXBnVnNqYXYzQjl2RkMzQmNCaW90NDlrNWh1NnRndHFKMnMuUlU3eW9HMlVVaVlmR08uRWJJSlcvCgpzc2hfcHdhdXRoOiB0cnVlCgpydW5jbWQ6CiAgLSBzdWRvIG1rZGlyIC1wIC9tbnQvbmZzc2hhcmUvbGFidm0yMQogIC0gc3VkbyBta2RpciAtcCAvaG9tZS9zdHVkZW50L3dvcmtzcGFjZQogIC0gc3VkbyBtb3VudCAtLWJpbmQgL21udC9uZnNzaGFyZS9sYWJ2bTIxIC9ob21lL3N0dWRlbnQvd29ya3NwYWNlCiAgLSBlY2hvICIvbW50L25mc3NoYXJlL2xhYnZtMjEgL2hvbWUvc3R1ZGVudC93b3Jrc3BhY2Ugbm9uZSBiaW5kIDAgMCIgPj4gL2V0Yy9mc3RhYgogIC0gc3VkbyBjaG93biAtUiBzdHVkZW50OnN0dWRlbnQgL21udC9uZnNzaGFyZS9sYWJ2bTIxCiAgLSBzdWRvIGNob3duIC1SIHN0dWRlbnQ6c3R1ZGVudCAvaG9tZS9zdHVkZW50L3dvcmtzcGFjZQo=",
              "guestinfo.userdata.encoding": "base64"
            },
            "extra_config_reboot_required": true,
            "firmware": "bios",
            "folder": "",
            "force_power_off": true,
            "guest_id": "debian11_64Guest",
            "guest_ip_addresses": [
              "192.168.10.254",
              "192.168.1.107",
              "fe80::250:56ff:feb1:76c6"
            ],
            "hardware_version": 17,
            "host_system_id": "host-1010",
            "hv_mode": "hvAuto",
            "id": "4231082f-4a7e-9ded-9962-08902afdd9da",
            "ide_controller_count": 2,
            "ignored_guest_ips": null,
            "imported": null,
            "latency_sensitivity": "normal",
            "memory": 8096,
            "memory_hot_add_enabled": false,
            "memory_limit": -1,
            "memory_reservation": 0,
            "memory_reservation_locked_to_max": false,
            "memory_share_count": 80960,
            "memory_share_level": "normal",
            "migrate_wait_timeout": 30,
            "moid": "vm-3154",
            "name": "labvm21",
            "nested_hv_enabled": false,
            "network_interface": [
              {
                "adapter_type": "vmxnet3",
                "bandwidth_limit": -1,
                "bandwidth_reservation": 0,
                "bandwidth_share_count": 50,
                "bandwidth_share_level": "normal",
                "device_address": "pci:0:7",
                "key": 4000,
                "mac_address": "00:50:56:b1:76:c6",
                "network_id": "network-2001",
                "ovf_mapping": "",
                "physical_function": "",
                "use_static_mac": false
              }
            ],
            "num_cores_per_socket": 1,
            "num_cpus": 4,
            "nvme_controller_count": 0,
            "ovf_deploy": [],
            "pci_device_id": [],
            "power_state": "on",
            "poweron_timeout": 300,
            "reboot_required": false,
            "replace_trigger": null,
            "resource_pool_id": "resgroup-1020",
            "run_tools_scripts_after_power_on": true,
            "run_tools_scripts_after_resume": true,
            "run_tools_scripts_before_guest_reboot": false,
            "run_tools_scripts_before_guest_shutdown": true,
            "run_tools_scripts_before_guest_standby": true,
            "sata_controller_count": 0,
            "scsi_bus_sharing": "noSharing",
            "scsi_controller_count": 1,
            "scsi_type": "pvscsi",
            "shutdown_wait_timeout": 3,
            "storage_policy_id": "",
            "swap_placement_policy": "inherit",
            "sync_time_with_host": false,
            "sync_time_with_host_periodically": false,
            "tags": [],
            "tools_upgrade_policy": "manual",
            "uuid": "4231082f-4a7e-9ded-9962-08902afdd9da",
            "vapp": [],
            "vapp_transport": [],
            "vbs_enabled": false,
            "vmware_tools_status": "guestToolsRunning",
            "vmx_path": "labvm21/labvm21.vmx",
            "vtpm": [],
            "vvtd_enabled": false,
            "wait_for_guest_ip_timeout": 0,
            "wait_for_guest_net_routable": true,
            "wait_for_guest_net_timeout": 5
          },
          "sensitive_attributes": [],
          "identity_schema_version": 0,
          "private": "eyJzY2hlbWFfdmVyc2lvbiI6IjMifQ==",
          "dependencies": [
            "data.vsphere_compute_cluster.cluster",
            "data.vsphere_datacenter.dc",
            "data.vsphere_datastore.datastore",
            "data.vsphere_network.network",
            "data.vsphere_virtual_machine.template"
          ]
        },
        {
          "index_key": 21,
          "schema_version": 3,
          "attributes": {
            "alternate_guest_name": "",
            "annotation": "",
            "boot_delay": 0,
            "boot_retry_delay": 10000,
            "boot_retry_enabled": false,
            "cdrom": [],
            "change_version": "2026-06-09T21:03:21.664923Z",
            "clone": [
              {
                "customization_spec": [],
                "customize": [],
                "linked_clone": false,
                "ovf_network_map": {},
                "ovf_storage_map": {},
                "template_uuid": "42311489-a49f-699d-7255-d62bb31e9784",
                "timeout": 30
              }
            ],
            "cpu_hot_add_enabled": false,
            "cpu_hot_remove_enabled": false,
            "cpu_limit": -1,
            "cpu_performance_counters_enabled": false,
            "cpu_reservation": 0,
            "cpu_share_count": 4000,
            "cpu_share_level": "normal",
            "custom_attributes": {},
            "datacenter_id": null,
            "datastore_cluster_id": null,
            "datastore_id": "datastore-1013",
            "default_ip_address": "192.168.1.117",
            "disk": [
              {
                "attach": false,
                "controller_type": "scsi",
                "datastore_id": "datastore-1013",
                "device_address": "scsi:0:0",
                "disk_mode": "persistent",
                "disk_sharing": "sharingNone",
                "eagerly_scrub": false,
                "io_limit": -1,
                "io_reservation": 0,
                "io_share_count": 1000,
                "io_share_level": "normal",
                "keep_on_remove": false,
                "key": 2000,
                "label": "disk0",
                "path": "labvm22/labvm22.vmdk",
                "size": 100,
                "storage_policy_id": "",
                "thin_provisioned": true,
                "unit_number": 0,
                "uuid": "6000C290-f325-ed4d-ea2f-f1b63ea96863",
                "write_through": false
              }
            ],
            "efi_secure_boot_enabled": false,
            "enable_disk_uuid": false,
            "enable_logging": false,
            "ept_rvi_mode": "automatic",
            "extra_config": {
              "guestinfo.userdata": "I2Nsb3VkLWNvbmZpZwoKaG9zdG5hbWU6IGxhYnZtMjIKCnBhY2thZ2VfdXBkYXRlOiB0cnVlCgpwYWNrYWdlczoKICAtIHVidW50dS1kZXNrdG9wCgp1c2VyczoKICAtIGRlZmF1bHQKICAtIG5hbWU6IGxhYnVzZXIKICAgIGdyb3Vwczogc3Vkbyxkb2NrZXIKICAgIHNoZWxsOiAvYmluL2Jhc2gKICAgIHN1ZG86IEFMTD0oQUxMKSBOT1BBU1NXRDpBTEwKICAgIGxvY2tfcGFzc3dkOiBmYWxzZQogICAgcGFzc3dkOiAkNiRBTlduUFNVVmE3L1h0TUxYJEZDQWE4enlXRVVlb2VpeEhmZGhkWmRkNlJ6blBxdXBnVnNqYXYzQjl2RkMzQmNCaW90NDlrNWh1NnRndHFKMnMuUlU3eW9HMlVVaVlmR08uRWJJSlcvCgpzc2hfcHdhdXRoOiB0cnVlCgpydW5jbWQ6CiAgLSBzdWRvIG1rZGlyIC1wIC9tbnQvbmZzc2hhcmUvbGFidm0yMgogIC0gc3VkbyBta2RpciAtcCAvaG9tZS9zdHVkZW50L3dvcmtzcGFjZQogIC0gc3VkbyBtb3VudCAtLWJpbmQgL21udC9uZnNzaGFyZS9sYWJ2bTIyIC9ob21lL3N0dWRlbnQvd29ya3NwYWNlCiAgLSBlY2hvICIvbW50L25mc3NoYXJlL2xhYnZtMjIgL2hvbWUvc3R1ZGVudC93b3Jrc3BhY2Ugbm9uZSBiaW5kIDAgMCIgPj4gL2V0Yy9mc3RhYgogIC0gc3VkbyBjaG93biAtUiBzdHVkZW50OnN0dWRlbnQgL21udC9uZnNzaGFyZS9sYWJ2bTIyCiAgLSBzdWRvIGNob3duIC1SIHN0dWRlbnQ6c3R1ZGVudCAvaG9tZS9zdHVkZW50L3dvcmtzcGFjZQo=",
              "guestinfo.userdata.encoding": "base64"
            },
            "extra_config_reboot_required": true,
            "firmware": "bios",
            "folder": "",
            "force_power_off": true,
            "guest_id": "debian11_64Guest",
            "guest_ip_addresses": [
              "192.168.10.254",
              "192.168.1.117",
              "fe80::250:56ff:feb1:294f"
            ],
            "hardware_version": 17,
            "host_system_id": "host-1010",
            "hv_mode": "hvAuto",
            "id": "42316687-57b0-2863-6b62-1a32814ecb9e",
            "ide_controller_count": 2,
            "ignored_guest_ips": null,
            "imported": null,
            "latency_sensitivity": "normal",
            "memory": 8096,
            "memory_hot_add_enabled": false,
            "memory_limit": -1,
            "memory_reservation": 0,
            "memory_reservation_locked_to_max": false,
            "memory_share_count": 80960,
            "memory_share_level": "normal",
            "migrate_wait_timeout": 30,
            "moid": "vm-3165",
            "name": "labvm22",
            "nested_hv_enabled": false,
            "network_interface": [
              {
                "adapter_type": "vmxnet3",
                "bandwidth_limit": -1,
                "bandwidth_reservation": 0,
                "bandwidth_share_count": 50,
                "bandwidth_share_level": "normal",
                "device_address": "pci:0:7",
                "key": 4000,
                "mac_address": "00:50:56:b1:29:4f",
                "network_id": "network-2001",
                "ovf_mapping": "",
                "physical_function": "",
                "use_static_mac": false
              }
            ],
            "num_cores_per_socket": 1,
            "num_cpus": 4,
            "nvme_controller_count": 0,
            "ovf_deploy": [],
            "pci_device_id": [],
            "power_state": "on",
            "poweron_timeout": 300,
            "reboot_required": false,
            "replace_trigger": null,
            "resource_pool_id": "resgroup-1020",
            "run_tools_scripts_after_power_on": true,
            "run_tools_scripts_after_resume": true,
            "run_tools_scripts_before_guest_reboot": false,
            "run_tools_scripts_before_guest_shutdown": true,
            "run_tools_scripts_before_guest_standby": true,
            "sata_controller_count": 0,
            "scsi_bus_sharing": "noSharing",
            "scsi_controller_count": 1,
            "scsi_type": "pvscsi",
            "shutdown_wait_timeout": 3,
            "storage_policy_id": "",
            "swap_placement_policy": "inherit",
            "sync_time_with_host": false,
            "sync_time_with_host_periodically": false,
            "tags": [],
            "tools_upgrade_policy": "manual",
            "uuid": "42316687-57b0-2863-6b62-1a32814ecb9e",
            "vapp": [],
            "vapp_transport": [],
            "vbs_enabled": false,
            "vmware_tools_status": "guestToolsRunning",
            "vmx_path": "labvm22/labvm22.vmx",
            "vtpm": [],
            "vvtd_enabled": false,
            "wait_for_guest_ip_timeout": 0,
            "wait_for_guest_net_routable": true,
            "wait_for_guest_net_timeout": 5
          },
          "sensitive_attributes": [],
          "identity_schema_version": 0,
          "private": "eyJzY2hlbWFfdmVyc2lvbiI6IjMifQ==",
          "dependencies": [
            "data.vsphere_compute_cluster.cluster",
            "data.vsphere_datacenter.dc",
            "data.vsphere_datastore.datastore",
            "data.vsphere_network.network",
            "data.vsphere_virtual_machine.template"
          ]
        },
        {
          "index_key": 22,
          "schema_version": 3,
          "attributes": {
            "alternate_guest_name": "",
            "annotation": "",
            "boot_delay": 0,
            "boot_retry_delay": 10000,
            "boot_retry_enabled": false,
            "cdrom": [],
            "change_version": "2026-06-09T21:03:19.250949Z",
            "clone": [
              {
                "customization_spec": [],
                "customize": [],
                "linked_clone": false,
                "ovf_network_map": {},
                "ovf_storage_map": {},
                "template_uuid": "42311489-a49f-699d-7255-d62bb31e9784",
                "timeout": 30
              }
            ],
            "cpu_hot_add_enabled": false,
            "cpu_hot_remove_enabled": false,
            "cpu_limit": -1,
            "cpu_performance_counters_enabled": false,
            "cpu_reservation": 0,
            "cpu_share_count": 4000,
            "cpu_share_level": "normal",
            "custom_attributes": {},
            "datacenter_id": null,
            "datastore_cluster_id": null,
            "datastore_id": "datastore-1013",
            "default_ip_address": "192.168.1.109",
            "disk": [
              {
                "attach": false,
                "controller_type": "scsi",
                "datastore_id": "datastore-1013",
                "device_address": "scsi:0:0",
                "disk_mode": "persistent",
                "disk_sharing": "sharingNone",
                "eagerly_scrub": false,
                "io_limit": -1,
                "io_reservation": 0,
                "io_share_count": 1000,
                "io_share_level": "normal",
                "keep_on_remove": false,
                "key": 2000,
                "label": "disk0",
                "path": "labvm23/labvm23.vmdk",
                "size": 100,
                "storage_policy_id": "",
                "thin_provisioned": true,
                "unit_number": 0,
                "uuid": "6000C29a-5647-3592-eb95-08c550f8b1a7",
                "write_through": false
              }
            ],
            "efi_secure_boot_enabled": false,
            "enable_disk_uuid": false,
            "enable_logging": false,
            "ept_rvi_mode": "automatic",
            "extra_config": {
              "guestinfo.userdata": "I2Nsb3VkLWNvbmZpZwoKaG9zdG5hbWU6IGxhYnZtMjMKCnBhY2thZ2VfdXBkYXRlOiB0cnVlCgpwYWNrYWdlczoKICAtIHVidW50dS1kZXNrdG9wCgp1c2VyczoKICAtIGRlZmF1bHQKICAtIG5hbWU6IGxhYnVzZXIKICAgIGdyb3Vwczogc3Vkbyxkb2NrZXIKICAgIHNoZWxsOiAvYmluL2Jhc2gKICAgIHN1ZG86IEFMTD0oQUxMKSBOT1BBU1NXRDpBTEwKICAgIGxvY2tfcGFzc3dkOiBmYWxzZQogICAgcGFzc3dkOiAkNiRBTlduUFNVVmE3L1h0TUxYJEZDQWE4enlXRVVlb2VpeEhmZGhkWmRkNlJ6blBxdXBnVnNqYXYzQjl2RkMzQmNCaW90NDlrNWh1NnRndHFKMnMuUlU3eW9HMlVVaVlmR08uRWJJSlcvCgpzc2hfcHdhdXRoOiB0cnVlCgpydW5jbWQ6CiAgLSBzdWRvIG1rZGlyIC1wIC9tbnQvbmZzc2hhcmUvbGFidm0yMwogIC0gc3VkbyBta2RpciAtcCAvaG9tZS9zdHVkZW50L3dvcmtzcGFjZQogIC0gc3VkbyBtb3VudCAtLWJpbmQgL21udC9uZnNzaGFyZS9sYWJ2bTIzIC9ob21lL3N0dWRlbnQvd29ya3NwYWNlCiAgLSBlY2hvICIvbW50L25mc3NoYXJlL2xhYnZtMjMgL2hvbWUvc3R1ZGVudC93b3Jrc3BhY2Ugbm9uZSBiaW5kIDAgMCIgPj4gL2V0Yy9mc3RhYgogIC0gc3VkbyBjaG93biAtUiBzdHVkZW50OnN0dWRlbnQgL21udC9uZnNzaGFyZS9sYWJ2bTIzCiAgLSBzdWRvIGNob3duIC1SIHN0dWRlbnQ6c3R1ZGVudCAvaG9tZS9zdHVkZW50L3dvcmtzcGFjZQo=",
              "guestinfo.userdata.encoding": "base64"
            },
            "extra_config_reboot_required": true,
            "firmware": "bios",
            "folder": "",
            "force_power_off": true,
            "guest_id": "debian11_64Guest",
            "guest_ip_addresses": [
              "192.168.10.254",
              "192.168.1.109",
              "fe80::250:56ff:feb1:9dae"
            ],
            "hardware_version": 17,
            "host_system_id": "host-1010",
            "hv_mode": "hvAuto",
            "id": "42313450-97b6-90ae-625e-ffa90545131e",
            "ide_controller_count": 2,
            "ignored_guest_ips": null,
            "imported": null,
            "latency_sensitivity": "normal",
            "memory": 8096,
            "memory_hot_add_enabled": false,
            "memory_limit": -1,
            "memory_reservation": 0,
            "memory_reservation_locked_to_max": false,
            "memory_share_count": 80960,
            "memory_share_level": "normal",
            "migrate_wait_timeout": 30,
            "moid": "vm-3162",
            "name": "labvm23",
            "nested_hv_enabled": false,
            "network_interface": [
              {
                "adapter_type": "vmxnet3",
                "bandwidth_limit": -1,
                "bandwidth_reservation": 0,
                "bandwidth_share_count": 50,
                "bandwidth_share_level": "normal",
                "device_address": "pci:0:7",
                "key": 4000,
                "mac_address": "00:50:56:b1:9d:ae",
                "network_id": "network-2001",
                "ovf_mapping": "",
                "physical_function": "",
                "use_static_mac": false
              }
            ],
            "num_cores_per_socket": 1,
            "num_cpus": 4,
            "nvme_controller_count": 0,
            "ovf_deploy": [],
            "pci_device_id": [],
            "power_state": "on",
            "poweron_timeout": 300,
            "reboot_required": false,
            "replace_trigger": null,
            "resource_pool_id": "resgroup-1020",
            "run_tools_scripts_after_power_on": true,
            "run_tools_scripts_after_resume": true,
            "run_tools_scripts_before_guest_reboot": false,
            "run_tools_scripts_before_guest_shutdown": true,
            "run_tools_scripts_before_guest_standby": true,
            "sata_controller_count": 0,
            "scsi_bus_sharing": "noSharing",
            "scsi_controller_count": 1,
            "scsi_type": "pvscsi",
            "shutdown_wait_timeout": 3,
            "storage_policy_id": "",
            "swap_placement_policy": "inherit",
            "sync_time_with_host": false,
            "sync_time_with_host_periodically": false,
            "tags": [],
            "tools_upgrade_policy": "manual",
            "uuid": "42313450-97b6-90ae-625e-ffa90545131e",
            "vapp": [],
            "vapp_transport": [],
            "vbs_enabled": false,
            "vmware_tools_status": "guestToolsRunning",
            "vmx_path": "labvm23/labvm23.vmx",
            "vtpm": [],
            "vvtd_enabled": false,
            "wait_for_guest_ip_timeout": 0,
            "wait_for_guest_net_routable": true,
            "wait_for_guest_net_timeout": 5
          },
          "sensitive_attributes": [],
          "identity_schema_version": 0,
          "private": "eyJzY2hlbWFfdmVyc2lvbiI6IjMifQ==",
          "dependencies": [
            "data.vsphere_compute_cluster.cluster",
            "data.vsphere_datacenter.dc",
            "data.vsphere_datastore.datastore",
            "data.vsphere_network.network",
            "data.vsphere_virtual_machine.template"
          ]
        },
        {
          "index_key": 23,
          "schema_version": 3,
          "attributes": {
            "alternate_guest_name": "",
            "annotation": "",
            "boot_delay": 0,
            "boot_retry_delay": 10000,
            "boot_retry_enabled": false,
            "cdrom": [],
            "change_version": "2026-06-09T21:02:30.984091Z",
            "clone": [
              {
                "customization_spec": [],
                "customize": [],
                "linked_clone": false,
                "ovf_network_map": {},
                "ovf_storage_map": {},
                "template_uuid": "42311489-a49f-699d-7255-d62bb31e9784",
                "timeout": 30
              }
            ],
            "cpu_hot_add_enabled": false,
            "cpu_hot_remove_enabled": false,
            "cpu_limit": -1,
            "cpu_performance_counters_enabled": false,
            "cpu_reservation": 0,
            "cpu_share_count": 4000,
            "cpu_share_level": "normal",
            "custom_attributes": {},
            "datacenter_id": null,
            "datastore_cluster_id": null,
            "datastore_id": "datastore-1013",
            "default_ip_address": "192.168.1.119",
            "disk": [
              {
                "attach": false,
                "controller_type": "scsi",
                "datastore_id": "datastore-1013",
                "device_address": "scsi:0:0",
                "disk_mode": "persistent",
                "disk_sharing": "sharingNone",
                "eagerly_scrub": false,
                "io_limit": -1,
                "io_reservation": 0,
                "io_share_count": 1000,
                "io_share_level": "normal",
                "keep_on_remove": false,
                "key": 2000,
                "label": "disk0",
                "path": "labvm24/labvm24.vmdk",
                "size": 100,
                "storage_policy_id": "",
                "thin_provisioned": true,
                "unit_number": 0,
                "uuid": "6000C295-a962-36d6-687b-84ede86a120a",
                "write_through": false
              }
            ],
            "efi_secure_boot_enabled": false,
            "enable_disk_uuid": false,
            "enable_logging": false,
            "ept_rvi_mode": "automatic",
            "extra_config": {
              "guestinfo.userdata": "I2Nsb3VkLWNvbmZpZwoKaG9zdG5hbWU6IGxhYnZtMjQKCnBhY2thZ2VfdXBkYXRlOiB0cnVlCgpwYWNrYWdlczoKICAtIHVidW50dS1kZXNrdG9wCgp1c2VyczoKICAtIGRlZmF1bHQKICAtIG5hbWU6IGxhYnVzZXIKICAgIGdyb3Vwczogc3Vkbyxkb2NrZXIKICAgIHNoZWxsOiAvYmluL2Jhc2gKICAgIHN1ZG86IEFMTD0oQUxMKSBOT1BBU1NXRDpBTEwKICAgIGxvY2tfcGFzc3dkOiBmYWxzZQogICAgcGFzc3dkOiAkNiRBTlduUFNVVmE3L1h0TUxYJEZDQWE4enlXRVVlb2VpeEhmZGhkWmRkNlJ6blBxdXBnVnNqYXYzQjl2RkMzQmNCaW90NDlrNWh1NnRndHFKMnMuUlU3eW9HMlVVaVlmR08uRWJJSlcvCgpzc2hfcHdhdXRoOiB0cnVlCgpydW5jbWQ6CiAgLSBzdWRvIG1rZGlyIC1wIC9tbnQvbmZzc2hhcmUvbGFidm0yNAogIC0gc3VkbyBta2RpciAtcCAvaG9tZS9zdHVkZW50L3dvcmtzcGFjZQogIC0gc3VkbyBtb3VudCAtLWJpbmQgL21udC9uZnNzaGFyZS9sYWJ2bTI0IC9ob21lL3N0dWRlbnQvd29ya3NwYWNlCiAgLSBlY2hvICIvbW50L25mc3NoYXJlL2xhYnZtMjQgL2hvbWUvc3R1ZGVudC93b3Jrc3BhY2Ugbm9uZSBiaW5kIDAgMCIgPj4gL2V0Yy9mc3RhYgogIC0gc3VkbyBjaG93biAtUiBzdHVkZW50OnN0dWRlbnQgL21udC9uZnNzaGFyZS9sYWJ2bTI0CiAgLSBzdWRvIGNob3duIC1SIHN0dWRlbnQ6c3R1ZGVudCAvaG9tZS9zdHVkZW50L3dvcmtzcGFjZQo=",
              "guestinfo.userdata.encoding": "base64"
            },
            "extra_config_reboot_required": true,
            "firmware": "bios",
            "folder": "",
            "force_power_off": true,
            "guest_id": "debian11_64Guest",
            "guest_ip_addresses": [
              "192.168.10.254",
              "192.168.1.119",
              "fe80::250:56ff:feb1:55e"
            ],
            "hardware_version": 17,
            "host_system_id": "host-1010",
            "hv_mode": "hvAuto",
            "id": "423134ca-cd69-ca9c-d78a-954688bad1c6",
            "ide_controller_count": 2,
            "ignored_guest_ips": null,
            "imported": null,
            "latency_sensitivity": "normal",
            "memory": 8096,
            "memory_hot_add_enabled": false,
            "memory_limit": -1,
            "memory_reservation": 0,
            "memory_reservation_locked_to_max": false,
            "memory_share_count": 80960,
            "memory_share_level": "normal",
            "migrate_wait_timeout": 30,
            "moid": "vm-3164",
            "name": "labvm24",
            "nested_hv_enabled": false,
            "network_interface": [
              {
                "adapter_type": "vmxnet3",
                "bandwidth_limit": -1,
                "bandwidth_reservation": 0,
                "bandwidth_share_count": 50,
                "bandwidth_share_level": "normal",
                "device_address": "pci:0:7",
                "key": 4000,
                "mac_address": "00:50:56:b1:05:5e",
                "network_id": "network-2001",
                "ovf_mapping": "",
                "physical_function": "",
                "use_static_mac": false
              }
            ],
            "num_cores_per_socket": 1,
            "num_cpus": 4,
            "nvme_controller_count": 0,
            "ovf_deploy": [],
            "pci_device_id": [],
            "power_state": "on",
            "poweron_timeout": 300,
            "reboot_required": false,
            "replace_trigger": null,
            "resource_pool_id": "resgroup-1020",
            "run_tools_scripts_after_power_on": true,
            "run_tools_scripts_after_resume": true,
            "run_tools_scripts_before_guest_reboot": false,
            "run_tools_scripts_before_guest_shutdown": true,
            "run_tools_scripts_before_guest_standby": true,
            "sata_controller_count": 0,
            "scsi_bus_sharing": "noSharing",
            "scsi_controller_count": 1,
            "scsi_type": "pvscsi",
            "shutdown_wait_timeout": 3,
            "storage_policy_id": "",
            "swap_placement_policy": "inherit",
            "sync_time_with_host": false,
            "sync_time_with_host_periodically": false,
            "tags": [],
            "tools_upgrade_policy": "manual",
            "uuid": "423134ca-cd69-ca9c-d78a-954688bad1c6",
            "vapp": [],
            "vapp_transport": [],
            "vbs_enabled": false,
            "vmware_tools_status": "guestToolsRunning",
            "vmx_path": "labvm24/labvm24.vmx",
            "vtpm": [],
            "vvtd_enabled": false,
            "wait_for_guest_ip_timeout": 0,
            "wait_for_guest_net_routable": true,
            "wait_for_guest_net_timeout": 5
          },
          "sensitive_attributes": [],
          "identity_schema_version": 0,
          "private": "eyJzY2hlbWFfdmVyc2lvbiI6IjMifQ==",
          "dependencies": [
            "data.vsphere_compute_cluster.cluster",
            "data.vsphere_datacenter.dc",
            "data.vsphere_datastore.datastore",
            "data.vsphere_network.network",
            "data.vsphere_virtual_machine.template"
          ]
        },
        {
          "index_key": 24,
          "schema_version": 3,
          "attributes": {
            "alternate_guest_name": "",
            "annotation": "",
            "boot_delay": 0,
            "boot_retry_delay": 10000,
            "boot_retry_enabled": false,
            "cdrom": [],
            "change_version": "2026-06-09T21:03:57.633262Z",
            "clone": [
              {
                "customization_spec": [],
                "customize": [],
                "linked_clone": false,
                "ovf_network_map": {},
                "ovf_storage_map": {},
                "template_uuid": "42311489-a49f-699d-7255-d62bb31e9784",
                "timeout": 30
              }
            ],
            "cpu_hot_add_enabled": false,
            "cpu_hot_remove_enabled": false,
            "cpu_limit": -1,
            "cpu_performance_counters_enabled": false,
            "cpu_reservation": 0,
            "cpu_share_count": 4000,
            "cpu_share_level": "normal",
            "custom_attributes": {},
            "datacenter_id": null,
            "datastore_cluster_id": null,
            "datastore_id": "datastore-1013",
            "default_ip_address": "192.168.1.115",
            "disk": [
              {
                "attach": false,
                "controller_type": "scsi",
                "datastore_id": "datastore-1013",
                "device_address": "scsi:0:0",
                "disk_mode": "persistent",
                "disk_sharing": "sharingNone",
                "eagerly_scrub": false,
                "io_limit": -1,
                "io_reservation": 0,
                "io_share_count": 1000,
                "io_share_level": "normal",
                "keep_on_remove": false,
                "key": 2000,
                "label": "disk0",
                "path": "labvm25/labvm25.vmdk",
                "size": 100,
                "storage_policy_id": "",
                "thin_provisioned": true,
                "unit_number": 0,
                "uuid": "6000C29c-a45f-b178-8c5e-929c0c9a63bf",
                "write_through": false
              }
            ],
            "efi_secure_boot_enabled": false,
            "enable_disk_uuid": false,
            "enable_logging": false,
            "ept_rvi_mode": "automatic",
            "extra_config": {
              "guestinfo.userdata": "I2Nsb3VkLWNvbmZpZwoKaG9zdG5hbWU6IGxhYnZtMjUKCnBhY2thZ2VfdXBkYXRlOiB0cnVlCgpwYWNrYWdlczoKICAtIHVidW50dS1kZXNrdG9wCgp1c2VyczoKICAtIGRlZmF1bHQKICAtIG5hbWU6IGxhYnVzZXIKICAgIGdyb3Vwczogc3Vkbyxkb2NrZXIKICAgIHNoZWxsOiAvYmluL2Jhc2gKICAgIHN1ZG86IEFMTD0oQUxMKSBOT1BBU1NXRDpBTEwKICAgIGxvY2tfcGFzc3dkOiBmYWxzZQogICAgcGFzc3dkOiAkNiRBTlduUFNVVmE3L1h0TUxYJEZDQWE4enlXRVVlb2VpeEhmZGhkWmRkNlJ6blBxdXBnVnNqYXYzQjl2RkMzQmNCaW90NDlrNWh1NnRndHFKMnMuUlU3eW9HMlVVaVlmR08uRWJJSlcvCgpzc2hfcHdhdXRoOiB0cnVlCgpydW5jbWQ6CiAgLSBzdWRvIG1rZGlyIC1wIC9tbnQvbmZzc2hhcmUvbGFidm0yNQogIC0gc3VkbyBta2RpciAtcCAvaG9tZS9zdHVkZW50L3dvcmtzcGFjZQogIC0gc3VkbyBtb3VudCAtLWJpbmQgL21udC9uZnNzaGFyZS9sYWJ2bTI1IC9ob21lL3N0dWRlbnQvd29ya3NwYWNlCiAgLSBlY2hvICIvbW50L25mc3NoYXJlL2xhYnZtMjUgL2hvbWUvc3R1ZGVudC93b3Jrc3BhY2Ugbm9uZSBiaW5kIDAgMCIgPj4gL2V0Yy9mc3RhYgogIC0gc3VkbyBjaG93biAtUiBzdHVkZW50OnN0dWRlbnQgL21udC9uZnNzaGFyZS9sYWJ2bTI1CiAgLSBzdWRvIGNob3duIC1SIHN0dWRlbnQ6c3R1ZGVudCAvaG9tZS9zdHVkZW50L3dvcmtzcGFjZQo=",
              "guestinfo.userdata.encoding": "base64"
            },
            "extra_config_reboot_required": true,
            "firmware": "bios",
            "folder": "",
            "force_power_off": true,
            "guest_id": "debian11_64Guest",
            "guest_ip_addresses": [
              "192.168.10.254",
              "192.168.1.115",
              "fe80::250:56ff:feb1:cc26"
            ],
            "hardware_version": 17,
            "host_system_id": "host-1010",
            "hv_mode": "hvAuto",
            "id": "42316124-f2da-9056-bfad-13f11056c202",
            "ide_controller_count": 2,
            "ignored_guest_ips": null,
            "imported": null,
            "latency_sensitivity": "normal",
            "memory": 8096,
            "memory_hot_add_enabled": false,
            "memory_limit": -1,
            "memory_reservation": 0,
            "memory_reservation_locked_to_max": false,
            "memory_share_count": 80960,
            "memory_share_level": "normal",
            "migrate_wait_timeout": 30,
            "moid": "vm-3163",
            "name": "labvm25",
            "nested_hv_enabled": false,
            "network_interface": [
              {
                "adapter_type": "vmxnet3",
                "bandwidth_limit": -1,
                "bandwidth_reservation": 0,
                "bandwidth_share_count": 50,
                "bandwidth_share_level": "normal",
                "device_address": "pci:0:7",
                "key": 4000,
                "mac_address": "00:50:56:b1:cc:26",
                "network_id": "network-2001",
                "ovf_mapping": "",
                "physical_function": "",
                "use_static_mac": false
              }
            ],
            "num_cores_per_socket": 1,
            "num_cpus": 4,
            "nvme_controller_count": 0,
            "ovf_deploy": [],
            "pci_device_id": [],
            "power_state": "on",
            "poweron_timeout": 300,
            "reboot_required": false,
            "replace_trigger": null,
            "resource_pool_id": "resgroup-1020",
            "run_tools_scripts_after_power_on": true,
            "run_tools_scripts_after_resume": true,
            "run_tools_scripts_before_guest_reboot": false,
            "run_tools_scripts_before_guest_shutdown": true,
            "run_tools_scripts_before_guest_standby": true,
            "sata_controller_count": 0,
            "scsi_bus_sharing": "noSharing",
            "scsi_controller_count": 1,
            "scsi_type": "pvscsi",
            "shutdown_wait_timeout": 3,
            "storage_policy_id": "",
            "swap_placement_policy": "inherit",
            "sync_time_with_host": false,
            "sync_time_with_host_periodically": false,
            "tags": [],
            "tools_upgrade_policy": "manual",
            "uuid": "42316124-f2da-9056-bfad-13f11056c202",
            "vapp": [],
            "vapp_transport": [],
            "vbs_enabled": false,
            "vmware_tools_status": "guestToolsRunning",
            "vmx_path": "labvm25/labvm25.vmx",
            "vtpm": [],
            "vvtd_enabled": false,
            "wait_for_guest_ip_timeout": 0,
            "wait_for_guest_net_routable": true,
            "wait_for_guest_net_timeout": 5
          },
          "sensitive_attributes": [],
          "identity_schema_version": 0,
          "private": "eyJzY2hlbWFfdmVyc2lvbiI6IjMifQ==",
          "dependencies": [
            "data.vsphere_compute_cluster.cluster",
            "data.vsphere_datacenter.dc",
            "data.vsphere_datastore.datastore",
            "data.vsphere_network.network",
            "data.vsphere_virtual_machine.template"
          ]
        },
        {
          "index_key": 25,
          "schema_version": 3,
          "attributes": {
            "alternate_guest_name": "",
            "annotation": "",
            "boot_delay": 0,
            "boot_retry_delay": 10000,
            "boot_retry_enabled": false,
            "cdrom": [],
            "change_version": "2026-06-09T21:03:19.132567Z",
            "clone": [
              {
                "customization_spec": [],
                "customize": [],
                "linked_clone": false,
                "ovf_network_map": {},
                "ovf_storage_map": {},
                "template_uuid": "42311489-a49f-699d-7255-d62bb31e9784",
                "timeout": 30
              }
            ],
            "cpu_hot_add_enabled": false,
            "cpu_hot_remove_enabled": false,
            "cpu_limit": -1,
            "cpu_performance_counters_enabled": false,
            "cpu_reservation": 0,
            "cpu_share_count": 4000,
            "cpu_share_level": "normal",
            "custom_attributes": {},
            "datacenter_id": null,
            "datastore_cluster_id": null,
            "datastore_id": "datastore-1013",
            "default_ip_address": "192.168.1.123",
            "disk": [
              {
                "attach": false,
                "controller_type": "scsi",
                "datastore_id": "datastore-1013",
                "device_address": "scsi:0:0",
                "disk_mode": "persistent",
                "disk_sharing": "sharingNone",
                "eagerly_scrub": false,
                "io_limit": -1,
                "io_reservation": 0,
                "io_share_count": 1000,
                "io_share_level": "normal",
                "keep_on_remove": false,
                "key": 2000,
                "label": "disk0",
                "path": "labvm26/labvm26.vmdk",
                "size": 100,
                "storage_policy_id": "",
                "thin_provisioned": true,
                "unit_number": 0,
                "uuid": "6000C29f-3f81-31e0-2857-a6a2446d45f9",
                "write_through": false
              }
            ],
            "efi_secure_boot_enabled": false,
            "enable_disk_uuid": false,
            "enable_logging": false,
            "ept_rvi_mode": "automatic",
            "extra_config": {
              "guestinfo.userdata": "I2Nsb3VkLWNvbmZpZwoKaG9zdG5hbWU6IGxhYnZtMjYKCnBhY2thZ2VfdXBkYXRlOiB0cnVlCgpwYWNrYWdlczoKICAtIHVidW50dS1kZXNrdG9wCgp1c2VyczoKICAtIGRlZmF1bHQKICAtIG5hbWU6IGxhYnVzZXIKICAgIGdyb3Vwczogc3Vkbyxkb2NrZXIKICAgIHNoZWxsOiAvYmluL2Jhc2gKICAgIHN1ZG86IEFMTD0oQUxMKSBOT1BBU1NXRDpBTEwKICAgIGxvY2tfcGFzc3dkOiBmYWxzZQogICAgcGFzc3dkOiAkNiRBTlduUFNVVmE3L1h0TUxYJEZDQWE4enlXRVVlb2VpeEhmZGhkWmRkNlJ6blBxdXBnVnNqYXYzQjl2RkMzQmNCaW90NDlrNWh1NnRndHFKMnMuUlU3eW9HMlVVaVlmR08uRWJJSlcvCgpzc2hfcHdhdXRoOiB0cnVlCgpydW5jbWQ6CiAgLSBzdWRvIG1rZGlyIC1wIC9tbnQvbmZzc2hhcmUvbGFidm0yNgogIC0gc3VkbyBta2RpciAtcCAvaG9tZS9zdHVkZW50L3dvcmtzcGFjZQogIC0gc3VkbyBtb3VudCAtLWJpbmQgL21udC9uZnNzaGFyZS9sYWJ2bTI2IC9ob21lL3N0dWRlbnQvd29ya3NwYWNlCiAgLSBlY2hvICIvbW50L25mc3NoYXJlL2xhYnZtMjYgL2hvbWUvc3R1ZGVudC93b3Jrc3BhY2Ugbm9uZSBiaW5kIDAgMCIgPj4gL2V0Yy9mc3RhYgogIC0gc3VkbyBjaG93biAtUiBzdHVkZW50OnN0dWRlbnQgL21udC9uZnNzaGFyZS9sYWJ2bTI2CiAgLSBzdWRvIGNob3duIC1SIHN0dWRlbnQ6c3R1ZGVudCAvaG9tZS9zdHVkZW50L3dvcmtzcGFjZQo=",
              "guestinfo.userdata.encoding": "base64"
            },
            "extra_config_reboot_required": true,
            "firmware": "bios",
            "folder": "",
            "force_power_off": true,
            "guest_id": "debian11_64Guest",
            "guest_ip_addresses": [
              "192.168.10.254",
              "192.168.1.123",
              "fe80::250:56ff:feb1:3fba"
            ],
            "hardware_version": 17,
            "host_system_id": "host-1010",
            "hv_mode": "hvAuto",
            "id": "4231ba96-4d44-8130-b097-6e5f38d74be3",
            "ide_controller_count": 2,
            "ignored_guest_ips": null,
            "imported": null,
            "latency_sensitivity": "normal",
            "memory": 8096,
            "memory_hot_add_enabled": false,
            "memory_limit": -1,
            "memory_reservation": 0,
            "memory_reservation_locked_to_max": false,
            "memory_share_count": 80960,
            "memory_share_level": "normal",
            "migrate_wait_timeout": 30,
            "moid": "vm-3176",
            "name": "labvm26",
            "nested_hv_enabled": false,
            "network_interface": [
              {
                "adapter_type": "vmxnet3",
                "bandwidth_limit": -1,
                "bandwidth_reservation": 0,
                "bandwidth_share_count": 50,
                "bandwidth_share_level": "normal",
                "device_address": "pci:0:7",
                "key": 4000,
                "mac_address": "00:50:56:b1:3f:ba",
                "network_id": "network-2001",
                "ovf_mapping": "",
                "physical_function": "",
                "use_static_mac": false
              }
            ],
            "num_cores_per_socket": 1,
            "num_cpus": 4,
            "nvme_controller_count": 0,
            "ovf_deploy": [],
            "pci_device_id": [],
            "power_state": "on",
            "poweron_timeout": 300,
            "reboot_required": false,
            "replace_trigger": null,
            "resource_pool_id": "resgroup-1020",
            "run_tools_scripts_after_power_on": true,
            "run_tools_scripts_after_resume": true,
            "run_tools_scripts_before_guest_reboot": false,
            "run_tools_scripts_before_guest_shutdown": true,
            "run_tools_scripts_before_guest_standby": true,
            "sata_controller_count": 0,
            "scsi_bus_sharing": "noSharing",
            "scsi_controller_count": 1,
            "scsi_type": "pvscsi",
            "shutdown_wait_timeout": 3,
            "storage_policy_id": "",
            "swap_placement_policy": "inherit",
            "sync_time_with_host": false,
            "sync_time_with_host_periodically": false,
            "tags": [],
            "tools_upgrade_policy": "manual",
            "uuid": "4231ba96-4d44-8130-b097-6e5f38d74be3",
            "vapp": [],
            "vapp_transport": [],
            "vbs_enabled": false,
            "vmware_tools_status": "guestToolsRunning",
            "vmx_path": "labvm26/labvm26.vmx",
            "vtpm": [],
            "vvtd_enabled": false,
            "wait_for_guest_ip_timeout": 0,
            "wait_for_guest_net_routable": true,
            "wait_for_guest_net_timeout": 5
          },
          "sensitive_attributes": [],
          "identity_schema_version": 0,
          "private": "eyJzY2hlbWFfdmVyc2lvbiI6IjMifQ==",
          "dependencies": [
            "data.vsphere_compute_cluster.cluster",
            "data.vsphere_datacenter.dc",
            "data.vsphere_datastore.datastore",
            "data.vsphere_network.network",
            "data.vsphere_virtual_machine.template"
          ]
        }
      ]
    }
  ],
  "check_results": null
}
